{
  "version": 4,
  "terraform_version": "1.5.5",
  "serial": 188,
  "lineage": "cba70c71-dbdf-d30f-33c4-7cbb49e21b16",
  "outputs": {
    "configure_kubectl": {
      "value": "aws eks --region eu-west-1 update-kubeconfig --name aerospike-on-eks",
      "type": "string"
    }
  },
  "resources": [
    {
      "mode": "data",
      "type": "aws_availability_zones",
      "name": "available",
      "provider": "provider[\"registry.terraform.io/hashicorp/aws\"]",
      "instances": [
        {
          "schema_version": 0,
          "attributes": {
            "all_availability_zones": null,
            "exclude_names": null,
            "exclude_zone_ids": null,
            "filter": null,
            "group_names": [
              "eu-west-1"
            ],
            "id": "eu-west-1",
            "names": [
              "eu-west-1a",
              "eu-west-1b",
              "eu-west-1c"
            ],
            "state": null,
            "timeouts": null,
            "zone_ids": [
              "euw1-az1",
              "euw1-az2",
              "euw1-az3"
            ]
          },
          "sensitive_attributes": []
        }
      ]
    },
    {
      "mode": "data",
      "type": "aws_caller_identity",
      "name": "current",
      "provider": "provider[\"registry.terraform.io/hashicorp/aws\"]",
      "instances": [
        {
          "schema_version": 0,
          "attributes": {
            "account_id": "889947746832",
            "arn": "arn:aws:sts::889947746832:assumed-role/admin/chrismld-Isengard",
            "id": "889947746832",
            "user_id": "AROA46NIE6IIDYJHZNCNC:chrismld-Isengard"
          },
          "sensitive_attributes": []
        }
      ]
    },
    {
      "mode": "data",
      "type": "aws_ecrpublic_authorization_token",
      "name": "token",
      "provider": "provider[\"registry.terraform.io/hashicorp/aws\"].virginia",
      "instances": [
        {
          "schema_version": 0,
          "attributes": {
            "authorization_token": "QVdTOmV5SndZWGxzYjJGa0lqb2lVazlwUWxnM0swWkdlREJDYmpWTlVIWkdhQ3RLZGxoUVltSlJTMWgzY2pST2FreDFORGxPU1RONmNtWndXV3RoU1VKVlVXeDBOVFZQY3pSd1RWRlpiMVEyT1Vab2VUSlZMM0JLYVRaQ1NsRnFMMEYxZFVrMGJHRnBiV0pGUkZwT1ZtbEZVa2hGU0Zac1prUlFRbnBUT1ZsWU0xTjBNRVpZZUhWalNXdHNNMDFKY0hZM1dUSkhhRXg0YW1wT1ZrcEJhM2RIYkdwT09HOUROamRGVFRoUE1tMTZNM05zTm1FMmRtTmFVMVpFZENzck1VVm9kMHBtTjNoaksxUjRTMGhTUzJ0ck9YbzNTMEUwY25Od1pVRTVVVkpJZEd4c1MyaG5ZWFoyZFZkbVZ6azRlWEJ1ZFhCUldFSlhhMjVQT0RSeFN5OHhXVU5UTW5sRE9EVkVLekJyVFdaUmRDdG9kUzk1TkhGMVQxUXdVMU0zVlZkV1ZGRXdZVlVyUzA0eU1GUXpRazl6VDNwcGNFZDBUbUoxWTIxWVNYUkVUakZWT0ZCRVVFOXViMmMzV2xGcE5XRlpObXB6T1VZd2RGbElRWGcwSzJaUWJYazRRVzFSTDIxU05IZDZOM0YzTVdRd0syY3JVR1ZPWmpWcmVrdFBUVVJFVW1WWVRHMDRiRU5wVFdJd2N6VlFVemg1WVRKQ2QyOUthbE1yYTFRM1UxVmxjVGhuVHpFNGJFcGtNSFkzZFhCd1RuSnFSVWg0VlRsNVVteGFha0ZFUkhsaU1IWndRMEYwTWl0cWFGQXlNVEYyTWl0Nk1XMXVSbmRWZDFaS2MwdGlURWM1UWpkbmNFVnNhaTlrUlRWRmJVMWphamtyTVhFdldVRTVNMVp0V0dKMFNrdEdSalV5ZURRNFNFdEhjSFZhZVdGclNUZDZiMjFHYUZwb05YTmpMM0pIWTNCR05GbE9Ua2hqZFZCV1NGSnBNMVpGVEhFeFExWjFVRlJtYW1SRlNWSnRZbTlNTkVkQmRHUmpTa1ZFYkRNMGJGbElPRlpwTDBORU5rMTBOR0l5YlcxNVdHZGpWekZKV210U1owSnVTVEZVYVZCaVkyaDVOSFJDTUV0VldtaGlSUzgwVDBGQ1pWWkxTWGxXVHpWdVZuTlhVaTlMUmxaTFZIbE5MMHhxYnpNeGVVSkpibUpUY0hnd2NURXliVGh3YTFORVFsWmlRbnBzT1VSS2RVWmFNeXM0YWl0MWVESlJVRWtyYXpCMVNFWlVSbU5CVGtSNU55dHRTVU5QY1haVGJYWnBWbFphTW5wQlZUSnBWRVEyYjBSYWQxcFpRbEpSUjBwTWNXMUZPVFJOVUZOcmRsZDJiRWhhVTFwUlRVeExUbVJ6WjNGWGJ6TnBUWEpTWTA1b1ZqVnFXRFpDUTJkNGFVUTFUa2hoVDFkU1VYRkZiWFp5VjJsVk9HRldjSHB6VUhvelJtWTBUSGQxZVhsaWVFdHRka1pWTWtOd2NHcHBiRzV0V1hCcU4wVTJZVzh3T1dSTlNHaG9lVmhXVGt4bVdFZHJiRTlhYUZwaGJsUlJXa0prU3pScFNHSk5lVmxxWm5Gc05pOUJlblJHVUd0UFVtSkRWbGhPUTBzclozcFdURGRFZVN0NFNqWnllbU53U1ZoSmFYbE9jeXRyWVVwTFZXZ3lWMk12TkdjMmFYVXdLekZMY2pNME4wVmlXVk5zZEc5bWNYRnlWbVZNVEdwTmVsbFFUMHcyTW1zNWRVSm9RVmwwT0RaRFYwMTNlRlpxWVhGSlRVNXVkR2d2YjJkTlZFRkpWVE0yUlc5UU1uRm5iRzVzYnl0aWFUbHVZbkZNS3k4MGVXVlBlVEJZYjNwdGNIRkpZV015YjFsVGJVODRkWGRXWkdnNE5UVmhWV2RqUVhnNUsxTlBOMHRpTmtwcmFXOUVTMjFCTlZRMVFrTlBNMmRFWVVNM1EwZEZXVE5tZUhJNGVUVTVZbFZ2UlRWa05IVXZPVmhsWVRVMWNEVTNNblJHSzFJeVR6UjVVakZvY21kTVV6VnpZamQ2S3pCMFpXWlRkSGRLVnpWemNFOVBUa1JvWVdFM1NubFJOVVZzVHpBNE1IazBha2RrWm1aQ2JWWTNUalpSVDNOWFJFcEtUMWxrWkZoaksydDZZa3hRVFVOVmNsWm1NRGM0Tkhwek1WQnRUbEJFZFV0WGEzVm1hVkpEVVNzcmNqVlJUbTQzVTJwUldHVjFRV2hzTkZKNFF5OXBWMmh0WTJoWkwwaDBSVTVHZVN0cFNrWXdPSFJ4YlRsamNITndRMmM5UFNJc0ltUmhkR0ZyWlhraU9pSmxlVXBSVWtabmFVOXBTbkJXTTBZelVrVXhWRlJXV2xkTlIwcDBXVmRTTkUwd05WcGtNMDAxVWtjd01tTnFUalZoUjJReFVrUlNOVkp0TlVsVlNFSnFZekk1UmxwSWJETmFNalZQVkRKNFFtRXpiRmRPUlhoSVZESTFibEZ0VmxCa2JrWllVMnhDTlUxdFRYWlBWa294VGxkU1dGSkViRE5SVjNCTVRrVm9VVTU2UW10TE1sSkpXVEJrVDBzeWQzcFJWelZ6WXpGa1lVeDZTazlMTUVZeFVUQXhUMk5XWTNoVk1IaE1UV3N4V1ZGcldqVldNamxxU3pGcmVrMXNUbEJTVlZaT1pESjBhbVJ0Y0RCWGJsWjJWMFJrYzFwSFdtdGhSVnBMWWtWb2NGWllhRzlTYlZwYVkyeFNSRk50UmpST1YwWlNVakJPVmxsdFJqTmhWVVpNVVd0c05XVnRNVmxpVlZac1UyeE9hVkZVUW5kWFJra3pVa2hhYVdWdE1WaGlSbVEwWlZSb2NWa3dValJMTTBadFRsWkNTV1F5WkRGUlYxSnlZVlJPVEUxRmNGTlNWVGw0VDBVNVEySXpjSFJUYTFwcVltMUtZVTF1U2toak0wcE1ZVlJzTldJeVpIRk9SMlI0VEROYVJVNUZWakpQU0d3d1YyMWtSbFV5YUV0amVrcE9VVE5uTTJSRVZrOWFWRlpTVDBWSk5HRkhWWGRXYTBwS1lrWmFkMUp1VmpKbFJWcHZVbTV3YmxKSGJIRlhhbVJzVW14T2ExSllVWGhOUm1oYVkxUmFNRkZ0VW5CUFIxbzFZMjVzTlZZd1JUbFFVMGx6U1d0c1FsSkRTVFpKYlhjMFRqTmtWRlpJYkZWYU1sRjVWVEZCZDJKV1JtbGlSMng1VTIweGRtVnVhRWRUYkVaT1VYazRNMHQ2YUZST1JscExTek5LYTFSdGFFWk5WRmt5V1Zod2NXVnRNVXhWVkdSQ1MzbDBOVnBIVmsxU1NGSlFXa1ZPVm1GdE1VOWpSVGh5VlVWd1FsSnJUa2RUZWxZd1pIcFNNRk14YXpGVE1VWTBXbFY0U21OVldqUmhia0pPWW01b2FsbFhVbk5SYkVseVdXeG9UVnB0Y0VWWFZuQTBWa1V4TWxSVlNYbFJhekI0WWpKa2Jrd3lielZXUkZKcVlXMWFWMXBHU2tWU1ZWWnVWRlYwVTJKRk5WTldWV3Q2Vm1wYVdXUklUVEpUTVd4YVUxWm9NV0l6Vm5oUFIzQnNWa1JTVWxOdVpERlVhMHBvVTBWc2IxSnFhRWhVYTBVelQwaGtkbEpzUWtSaU1XTjRUVVphVmxONWRGQlNlVGxDVkdzMVNGZHFVa05pVlRWU1lVZHNTRmRJYUVwa1ZVcFJWbGMwTTJNeVkzSlNSbHBaU3pBNWVXUnNVa3RUVlhSaFpVYzBNMU5HYjNsU00xSjVZbFphYTFkVE9VTmthM1JvVWpBNWJWbFhNVzFUVkZKWVdtMUtUMVZyT1RaaFZteFFWbTVTTUZSVVFuQmhNMlJLVFZWc1NHVlZhRXRaVlRsMFRXdGFlazFVVWxwV01HaDFWa1JGTUdNd1VraE1NbkJ1V1RCMGNsVXdOV0ZpYlhSSFpXMHhZV1ZZV2xsbFZVNVJVbFZvWVZRelNYaGFlakE1U1c0d1BTSXNJblpsY25OcGIyNGlPaUl6SWl3aWRIbHdaU0k2SWtSQlZFRmZTMFZaSWl3aVpYaHdhWEpoZEdsdmJpSTZNVGN5TkRjeU1qQTJNbjA9",
            "expires_at": "2024-08-27T01:27:42Z",
            "id": "us-east-1",
            "password": "eyJwYXlsb2FkIjoiUk9pQlg3K0ZGeDBCbjVNUHZGaCtKdlhQYmJRS1h3cjROakx1NDlOSTN6cmZwWWthSUJVUWx0NTVPczRwTVFZb1Q2OUZoeTJVL3BKaTZCSlFqL0F1dUk0bGFpbWJFRFpOVmlFUkhFSFZsZkRQQnpTOVlYM1N0MEZYeHVjSWtsM01JcHY3WTJHaEx4ampOVkpBa3dHbGpOOG9DNjdFTThPMm16M3NsNmE2dmNaU1ZEdCsrMUVod0pmN3hjK1R4S0hSS2trOXo3S0E0cnNwZUE5UVJIdGxsS2hnYXZ2dVdmVzk4eXBudXBRWEJXa25PODRxSy8xWUNTMnlDODVEKzBrTWZRdCtodS95NHF1T1QwU1M3VVdWVFEwYVUrS04yMFQzQk9zT3ppcEd0TmJ1Y21YSXRETjFVOFBEUE9ub2c3WlFpNWFZNmpzOUYwdFlIQXg0K2ZQbXk4QW1RL21SNHd6N3F3MWQwK2crUGVOZjVrektPTUREUmVYTG04bENpTWIwczVQUzh5YTJCd29KalMra1Q3U1VlcThnTzE4bEpkMHY3dXBwTnJqRUh4VTl5UmxaakFERHliMHZwQ0F0MitqaFAyMTF2Mit6MW1uRndVd1ZKc0tiTEc5QjdncEVsai9kRTVFbU1jajkrMXEvWUE5M1ZtWGJ0SktGRjUyeDQ4SEtHcHVaeWFrSTd6b21GaFpoNXNjL3JHY3BGNFlOTkhjdVBWSFJpM1ZFTHExQ1Z1UFRmamRFSVJtYm9MNEdBdGRjSkVEbDM0bFlIOFZpL0NENk10NGIybW15WGdjVzFJWmtSZ0JuSTFUaVBiY2h5NHRCMEtVWmhiRS80T0FCZVZLSXlWTzVuVnNXUi9LRlZLVHlNL0xqbzMxeUJJbmJTcHgwcTEybThwa1NEQlZiQnpsOURKdUZaMys4ait1eDJRUEkrazB1SEZURmNBTkR5NyttSUNPcXZTbXZpVlZaMnpBVTJpVEQ2b0Rad1pZQlJRR0pMcW1FOTRNUFNrdld2bEhaU1pRTUxLTmRzZ3FXbzNpTXJSY05oVjVqWDZCQ2d4aUQ1TkhhT1dSUXFFbXZyV2lVOGFWcHpzUHozRmY0THd1eXlieEttdkZVMkNwcGppbG5tWXBqN0U2YW8wOWRNSGhoeVhWTkxmWEdrbE9aaFphblRRWkJkSzRpSGJNeVlqZnFsNi9BenRGUGtPUmJDVlhOQ0srZ3pWTDdEeSt4SjZyemNwSVhJaXlOcytrYUpLVWgyV2MvNGc2aXUwKzFLcjM0N0ViWVNsdG9mcXFyVmVMTGpNellQT0w2Mms5dUJoQVl0ODZDV013eFZqYXFJTU5udGgvb2dNVEFJVTM2RW9QMnFnbG5sbytiaTluYnFMKy80eWVPeTBYb3ptcHFJYWMyb1lTbU84dXdWZGg4NTVhVWdjQXg5K1NPN0tiNkpraW9ES21BNVQ1QkNPM2dEYUM3Q0dFWTNmeHI4eTU5YlVvRTVkNHUvOVhlYTU1cDU3MnRGK1IyTzR5UjFocmdMUzVzYjd6KzB0ZWZTdHdKVzVzcE9PTkRoYWE3SnlRNUVsTzA4MHk0akdkZmZCbVY3TjZRT3NXREpKT1lkZFhjK2t6YkxQTUNVclZmMDc4NHpzMVBtTlBEdUtXa3VmaVJDUSsrcjVRTm43U2pRWGV1QWhsNFJ4Qy9pV2htY2hZL0h0RU5GeStpSkYwOHRxbTljcHNwQ2c9PSIsImRhdGFrZXkiOiJleUpRUkZnaU9pSnBWM0YzUkUxVFRWWldNR0p0WVdSNE0wNVpkM001UkcwMmNqTjVhR2QxUkRSNVJtNUlVSEJqYzI5RlpIbDNaMjVPVDJ4QmEzbFdORXhIVDI1blFtVlBkbkZYU2xCNU1tTXZPVkoxTldSWFJEbDNRV3BMTkVoUU56QmtLMlJJWTBkT0syd3pRVzVzYzFkYUx6Sk9LMEYxUTAxT2NWY3hVMHhMTWsxWVFrWjVWMjlqSzFrek1sTlBSVVZOZDJ0amRtcDBXblZ2V0Rkc1pHWmthRVpLYkVocFZYaG9SbVpaY2xSRFNtRjROV0ZSUjBOVlltRjNhVUZMUWtsNWVtMVliVVZsU2xOaVFUQndXRkkzUkhaaWVtMVhiRmQ0ZVRocVkwUjRLM0ZtTlZCSWQyZDFRV1JyYVROTE1FcFNSVTl4T0U5Q2IzcHRTa1pqYm1KYU1uSkhjM0pMYVRsNWIyZHFOR2R4TDNaRU5FVjJPSGwwV21kRlUyaEtjekpOUTNnM2REVk9aVFZST0VJNGFHVXdWa0pKYkZad1JuVjJlRVpvUm5wblJHbHFXamRsUmxOa1JYUXhNRmhaY1RaMFFtUnBPR1o1Y25sNVYwRTlQU0lzSWtsQlJDSTZJbXc0TjNkVFZIbFVaMlF5VTFBd2JWRmliR2x5U20xdmVuaEdTbEZOUXk4M0t6aFRORlpLSzNKa1RtaEZNVFkyWVhwcWVtMUxVVGRCS3l0NVpHVk1SSFJQWkVOVmFtMU9jRThyVUVwQlJrTkdTelYwZHpSMFMxazFTMUY0WlV4SmNVWjRhbkJOYm5oallXUnNRbElyWWxoTVptcEVXVnA0VkUxMlRVSXlRazB4YjJkbkwybzVWRFJqYW1aV1pGSkVSVVZuVFV0U2JFNVNWVWt6VmpaWWRITTJTMWxaU1ZoMWIzVnhPR3BsVkRSUlNuZDFUa0poU0Vsb1JqaEhUa0UzT0hkdlJsQkRiMWN4TUZaVlN5dFBSeTlCVGs1SFdqUkNiVTVSYUdsSFdIaEpkVUpRVlc0M2MyY3JSRlpZSzA5eWRsUktTVXRhZUc0M1NGb3lSM1J5YlZaa1dTOUNka3RoUjA5bVlXMW1TVFJYWm1KT1VrOTZhVmxQVm5SMFRUQnBhM2RKTVVsSGVVaEtZVTl0TWtaek1UUlpWMGh1VkRFMGMwUkhMMnBuWTB0clUwNWFibXRHZW0xYWVYWlllVU5RUlVoYVQzSXhaejA5SW4wPSIsInZlcnNpb24iOiIzIiwidHlwZSI6IkRBVEFfS0VZIiwiZXhwaXJhdGlvbiI6MTcyNDcyMjA2Mn0=",
            "user_name": "AWS"
          },
          "sensitive_attributes": []
        }
      ]
    },
    {
      "mode": "data",
      "type": "aws_eks_cluster_auth",
      "name": "this",
      "provider": "provider[\"registry.terraform.io/hashicorp/aws\"]",
      "instances": [
        {
          "schema_version": 0,
          "attributes": {
            "id": "aerospike-on-eks",
            "name": "aerospike-on-eks",
            "token": "k8s-aws-v1.aHR0cHM6Ly9zdHMuZXUtd2VzdC0xLmFtYXpvbmF3cy5jb20vP0FjdGlvbj1HZXRDYWxsZXJJZGVudGl0eSZWZXJzaW9uPTIwMTEtMDYtMTUmWC1BbXotQWxnb3JpdGhtPUFXUzQtSE1BQy1TSEEyNTYmWC1BbXotQ3JlZGVudGlhbD1BU0lBNDZOSUU2SUlCUFFFWEpXWCUyRjIwMjQwODI2JTJGZXUtd2VzdC0xJTJGc3RzJTJGYXdzNF9yZXF1ZXN0JlgtQW16LURhdGU9MjAyNDA4MjZUMTMyNzQxWiZYLUFtei1FeHBpcmVzPTAmWC1BbXotU2VjdXJpdHktVG9rZW49SVFvSmIzSnBaMmx1WDJWakVPRCUyRiUyRiUyRiUyRiUyRiUyRiUyRiUyRiUyRiUyRndFYUNYVnpMV1ZoYzNRdE1TSkdNRVFDSUJIYlJGTk9BWmZZcnQ0c1JISmd0NWRVVWhPSnhpVkY3N0NRdGpORDVJMzNBaUFEVGdPWDV2RTJhT0JzbVBYWmk2ZzZvMXByZDR5NEhVNHNhb2pMZTlMR3JpcW9BZ2pwJTJGJTJGJTJGJTJGJTJGJTJGJTJGJTJGJTJGJTJGOEJFQUlhRERnNE9UazBOemMwTmpnek1pSU01S0tudElaYSUyRiUyRllJWFdHRUt2d0JPYTNoekV6ZlNBaklpSUk1dGZNVXYxTFNZYUpHelNpMTRENm1yYkdVelVMRG42Wm1JTG9DcGNxYW1MVWY3QmhIJTJGWU9qZWIwVEJjaWpoR3lOVE14RFNqSEYlMkZOQ2FwT1R2QUlldmhicnZRUTVuNjhPY1YzOXpESkVtMjVnanFsUDhSJTJCZ2JqN0xKdUZlYWhZenRMS3YlMkZZTVJGYjhLeE1ocFA0WG82WVZCOW94dTVwNmNaODVLSjV5UVNVV1VUZndQaGlTaiUyQmV5RXFCdEpIUHBucDhkNkJITWV5UnFzMUR2cjMwJTJGRCUyRk54NTRjZEJSNFhXZEl3SXFIJTJGY0MlMkJyJTJGVXFOamhHcmhOWkNQeUU3dWdpNG1oeVV0NW1sbVd0UGVSVlVmNlFmOU8wVSUyRkFwQTc3M2JGSnNSMGlSRTJCZFBrRG1DSHoyeENZUnl5RkxWNENtcXFNTUt6bnNMWUdPcDRCdUhwVHNGTmpTWVBJUTBGckY2cjMzaWJjU05QT2tIa0V6Z3l4VHlsTlc1ekl4OUxCNDdRbWdHREtpbHNXalFrMSUyRlBVeGEweTRncFpwdFY2cW83TkxVWUVTczElMkZESnNFT2RPVnNVSjBBRktCbVQzNU11QiUyRm16OUxvbWFVUyUyRnVkbzhIWXY5NTQ5TGt0VnVvMndpcjdIbXRnU2llSVFXWWlSNVN2bHhaajZ4TEZjRFVYZDZMZkUyRWhqZUxKaFlJaUI3bFFSSSUyRkxYc0d2dFJ4c0czY2slM0QmWC1BbXotU2lnbmVkSGVhZGVycz1ob3N0JTNCeC1rOHMtYXdzLWlkJlgtQW16LVNpZ25hdHVyZT04NTk4MmMzOTRhNDJlMjZmM2Q0OTU2NGM5ZjdjMTFmMWFmNGMxZmE2YWQ3YWVmMjhkNWE2MDQ0ZGVmMjI3MThm"
          },
          "sensitive_attributes": []
        }
      ]
    },
    {
      "mode": "data",
      "type": "aws_partition",
      "name": "current",
      "provider": "provider[\"registry.terraform.io/hashicorp/aws\"]",
      "instances": [
        {
          "schema_version": 0,
          "attributes": {
            "dns_suffix": "amazonaws.com",
            "id": "aws",
            "partition": "aws",
            "reverse_dns_prefix": "com.amazonaws"
          },
          "sensitive_attributes": []
        }
      ]
    },
    {
      "mode": "data",
      "type": "kubectl_path_documents",
      "name": "karpenter",
      "provider": "provider[\"registry.terraform.io/alekc/kubectl\"]",
      "instances": [
        {
          "schema_version": 0,
          "attributes": {
            "disable_template": false,
            "documents": [
              "apiVersion: karpenter.k8s.aws/v1\nkind: EC2NodeClass\nmetadata:\n  name: default\nspec:\n  amiSelectorTerms: \n  - alias: al2@latest\n  subnetSelectorTerms:          \n    - tags:\n        karpenter.sh/discovery: \"--CLUSTER_NAME--\"\n  securityGroupSelectorTerms:\n    - tags:\n        karpenter.sh/discovery: \"--CLUSTER_NAME--\"\n  role: \"karpenter---CLUSTER_NAME--\"\n  tags:\n    Name: karpenter.sh/nodepool/default\n    NodeGroupType: \"apps\"",
              "apiVersion: karpenter.sh/v1\nkind: NodePool\nmetadata:\n  name: default\nspec:\n  template:\n    metadata:\n      labels:\n        NodeGroupType: apps\n    spec:\n      nodeClassRef:\n        name: default\n        group: karpenter.k8s.aws\n        kind: EC2NodeClass\n      kubelet:\n        containerRuntime: containerd\n        systemReserved:\n          cpu: 100m\n          memory: 100Mi\n      requirements:\n        - key: \"kubernetes.io/arch\"\n          operator: In\n          values: [ \"amd64\", \"arm64\"]\n        - key: karpenter.sh/capacity-type\n          operator: In\n          values: [\"on-demand\"]\n        - key: \"karpenter.k8s.aws/instance-category\"\n          operator: In\n          values: [\"c\", \"m\", \"r\"]\n  disruption:\n    consolidationPolicy: WhenEmptyOrUnderutilized\n    consolidateAfter: 1m"
            ],
            "id": "44f1ab83d48f10ceb399854a19c1d8a44ec7d56e7a7b8b61c7d6b2ffd0f9fd77",
            "manifests": {
              "/apis/karpenter.k8s.aws/v1/ec2nodeclasses/default": "apiVersion: karpenter.k8s.aws/v1\nkind: EC2NodeClass\nmetadata:\n  name: default\nspec:\n  amiSelectorTerms:\n  - alias: al2@latest\n  role: karpenter---CLUSTER_NAME--\n  securityGroupSelectorTerms:\n  - tags:\n      karpenter.sh/discovery: --CLUSTER_NAME--\n  subnetSelectorTerms:\n  - tags:\n      karpenter.sh/discovery: --CLUSTER_NAME--\n  tags:\n    Name: karpenter.sh/nodepool/default\n    NodeGroupType: apps\n",
              "/apis/karpenter.sh/v1/nodepools/default": "apiVersion: karpenter.sh/v1\nkind: NodePool\nmetadata:\n  name: default\nspec:\n  disruption:\n    consolidateAfter: 1m\n    consolidationPolicy: WhenEmptyOrUnderutilized\n  template:\n    metadata:\n      labels:\n        NodeGroupType: apps\n    spec:\n      kubelet:\n        containerRuntime: containerd\n        systemReserved:\n          cpu: 100m\n          memory: 100Mi\n      nodeClassRef:\n        group: karpenter.k8s.aws\n        kind: EC2NodeClass\n        name: default\n      requirements:\n      - key: kubernetes.io/arch\n        operator: In\n        values:\n        - amd64\n        - arm64\n      - key: karpenter.sh/capacity-type\n        operator: In\n        values:\n        - on-demand\n      - key: karpenter.k8s.aws/instance-category\n        operator: In\n        values:\n        - c\n        - m\n        - r\n"
            },
            "pattern": "./karpenter-manifests/*.yaml",
            "sensitive_vars": null,
            "vars": null
          },
          "sensitive_attributes": []
        }
      ]
    },
    {
      "mode": "managed",
      "type": "helm_release",
      "name": "aerospike_cluster",
      "provider": "provider[\"registry.terraform.io/hashicorp/helm\"]",
      "instances": [
        {
          "schema_version": 1,
          "attributes": {
            "atomic": false,
            "chart": "aerospike-cluster",
            "cleanup_on_fail": false,
            "create_namespace": false,
            "dependency_update": false,
            "description": "",
            "devel": null,
            "disable_crd_hooks": false,
            "disable_openapi_validation": false,
            "disable_webhooks": false,
            "force_update": false,
            "id": "aerospike-cluster",
            "keyring": "",
            "lint": false,
            "manifest": null,
            "max_history": 0,
            "metadata": [
              {
                "app_version": "3.3.1",
                "chart": "aerospike-cluster",
                "first_deployed": 1724678891,
                "last_deployed": 1724678891,
                "name": "aerospike-cluster",
                "namespace": "aerospike",
                "notes": "Thank you for installing aerospike-cluster-3.3.1.\nRelease Name - aerospike-cluster.\n\n                      +   /\\\n         +              .'  '.   *\n                *      /======\\      +\n                      ;:.  _   ;\n                      |:. (_)  |\n                      |:.  _   |\n            +         |:. (_)  |          *\n                      ;:.      ;\n                    .' \\:.    / `.\n                   / .-'':._.'`-. \\\n                   |/    /||\\    \\|\n\nRun the following commands to get more information about deployment:\n\n$ helm status aerospike-cluster --namespace aerospike\n$ helm get all aerospike-cluster --namespace aerospike\n\n$ kubectl get all --namespace aerospike -l \"release=aerospike-cluster, chart=aerospike-cluster\"\n",
                "revision": 1,
                "values": "{\"aerospikeAccessControl\":{\"users\":[{\"name\":\"admin\",\"roles\":[\"sys-admin\",\"user-admin\"],\"secretName\":\"auth-secret\"}]},\"aerospikeConfig\":{\"namespaces\":[{\"name\":\"test\",\"replication-factor\":2,\"storage-engine\":{\"devices\":[\"/test/dev/xvdf\"],\"type\":\"device\"}},{\"name\":\"testMem\",\"replication-factor\":1,\"storage-engine\":{\"data-size\":1073741824,\"type\":\"memory\"}}],\"network\":{\"fabric\":{\"port\":3001},\"heartbeat\":{\"port\":3002},\"service\":{\"port\":3000}},\"security\":{},\"service\":{\"feature-key-file\":\"/etc/aerospike/secret/features.conf\"}},\"aerospikeNetworkPolicy\":{},\"devMode\":false,\"image\":{\"repository\":\"aerospike/aerospike-server-enterprise\",\"tag\":\"7.1.0.0\"},\"nodeSelector\":{\"NodeGroupType\":\"apps\"},\"operatorClientCert\":{},\"podSpec\":{\"multiPodPerHost\":true},\"rackConfig\":{\"namespaces\":[\"test\"],\"racks\":[{\"id\":1,\"zone\":\"us-central1-c\"},{\"id\":2,\"zone\":\"us-central1-c\"}]},\"replicas\":3,\"seedsFinderServices\":{},\"storage\":{\"blockVolumePolicy\":{\"cascadeDelete\":true},\"filesystemVolumePolicy\":{\"cascadeDelete\":true,\"initMethod\":\"deleteFiles\"},\"volumes\":[{\"aerospike\":{\"path\":\"/opt/aerospike\"},\"name\":\"workdir\",\"source\":{\"persistentVolume\":{\"size\":\"1Gi\",\"storageClass\":\"ssd\",\"volumeMode\":\"Filesystem\"}}},{\"aerospike\":{\"path\":\"/test/dev/xvdf\"},\"name\":\"ns\",\"source\":{\"persistentVolume\":{\"size\":\"5Gi\",\"storageClass\":\"ssd\",\"volumeMode\":\"Block\"}}},{\"aerospike\":{\"path\":\"/etc/aerospike/secret\"},\"name\":\"aerospike-config-secret\",\"source\":{\"secret\":{\"secretName\":\"aerospike-secret\"}}}]},\"validationPolicy\":{\"skipWorkDirValidate\":false,\"skipXdrDlogFileValidate\":false}}",
                "version": "3.3.1"
              }
            ],
            "name": "aerospike-cluster",
            "namespace": "aerospike",
            "pass_credentials": false,
            "postrender": [
              {
                "args": null,
                "binary_path": ""
              }
            ],
            "recreate_pods": false,
            "render_subchart_notes": true,
            "replace": false,
            "repository": "https://aerospike.github.io/aerospike-kubernetes-operator",
            "repository_ca_file": null,
            "repository_cert_file": "",
            "repository_key_file": "",
            "repository_password": "",
            "repository_username": "",
            "reset_values": false,
            "reuse_values": false,
            "set": [],
            "set_list": [],
            "set_sensitive": [],
            "skip_crds": false,
            "status": "deployed",
            "timeout": 300,
            "upgrade_install": null,
            "values": [
              "## Aerospike cluster size\nreplicas: 3\n\n## Aerospike Database Docker image\nimage:\n  repository: aerospike/aerospike-server-enterprise\n  tag: 7.1.0.0\n\n## Aerospike access control configuration\naerospikeAccessControl:\n  users:\n    - name: admin\n      secretName: auth-secret\n      roles:\n        - sys-admin\n        - user-admin\n\n## Aerospike Configuration\naerospikeConfig:\n  service:\n    feature-key-file: /etc/aerospike/secret/features.conf\n  security: {}\n\n  network:\n    service:\n      port: 3000\n    heartbeat:\n      port: 3002\n    fabric:\n      port: 3001\n\n  namespaces:\n    - name: test\n      replication-factor: 2\n      storage-engine:\n        type: device\n        devices:\n          - /test/dev/xvdf\n    - name: testMem\n      replication-factor: 1\n      storage-engine:\n        type: memory\n        data-size: 1073741824\n\n## Network policy\naerospikeNetworkPolicy: {}\n\n## Pod spec\npodSpec:\n   multiPodPerHost: true\n\n## Rack configuration\nrackConfig:\n  namespaces:\n    - test\n  racks:\n    - id: 1\n      # Change to the zone for your k8s cluster.\n      zone: us-central1-c\n    - id: 2\n      # Change to the zone for your k8s cluster.\n      zone: us-central1-c\n\n## Storage configuration\nstorage:\n  filesystemVolumePolicy:\n    cascadeDelete: true\n    initMethod: deleteFiles\n  blockVolumePolicy:\n    cascadeDelete: true\n  volumes:\n    - name: workdir\n      aerospike:\n        path: /opt/aerospike\n      source:\n        persistentVolume:\n          storageClass: ssd\n          volumeMode: Filesystem\n          size: 1Gi\n    - name: ns\n      aerospike:\n        path: /test/dev/xvdf\n      source:\n        persistentVolume:\n          storageClass: ssd\n          volumeMode: Block\n          size: 5Gi\n    - name: aerospike-config-secret\n      source:\n        secret:\n          secretName: aerospike-secret\n      aerospike:\n        path: /etc/aerospike/secret\n\n## Validation policy\nvalidationPolicy:\n   skipWorkDirValidate: false\n   skipXdrDlogFileValidate: false\n\n## seedsFinderServices defines service (e.g. loadbalancer) to connect to Aerospike\nseedsFinderServices: {}\n\n## operatorClientCert defines certificates to connect to Aerospike\noperatorClientCert: {}\n\n## Dev Mode\ndevMode: false\n\nnodeSelector:\n  NodeGroupType: apps"
            ],
            "verify": false,
            "version": "3.3.1",
            "wait": true,
            "wait_for_jobs": false
          },
          "sensitive_attributes": [],
          "private": "eyJzY2hlbWFfdmVyc2lvbiI6IjEifQ==",
          "dependencies": [
            "data.aws_eks_cluster_auth.this",
            "helm_release.aerospike_operator",
            "kubernetes_secret.aerospike_secret",
            "kubernetes_secret.auth_secret",
            "module.eks.aws_eks_access_entry.this",
            "module.eks.aws_eks_access_policy_association.this",
            "module.eks.aws_eks_cluster.this",
            "module.eks.data.aws_iam_session_context.current",
            "module.eks.data.aws_partition.current"
          ]
        }
      ]
    },
    {
      "mode": "managed",
      "type": "helm_release",
      "name": "aerospike_operator",
      "provider": "provider[\"registry.terraform.io/hashicorp/helm\"]",
      "instances": [
        {
          "schema_version": 1,
          "attributes": {
            "atomic": false,
            "chart": "aerospike-kubernetes-operator",
            "cleanup_on_fail": false,
            "create_namespace": true,
            "dependency_update": false,
            "description": "",
            "devel": null,
            "disable_crd_hooks": false,
            "disable_openapi_validation": false,
            "disable_webhooks": false,
            "force_update": false,
            "id": "aerospike-kubernetes-operator",
            "keyring": "",
            "lint": false,
            "manifest": null,
            "max_history": 0,
            "metadata": [
              {
                "app_version": "3.3.1",
                "chart": "aerospike-kubernetes-operator",
                "first_deployed": 1724674958,
                "last_deployed": 1724678679,
                "name": "aerospike-kubernetes-operator",
                "namespace": "aerospike-operator",
                "notes": "Thank you for installing aerospike-kubernetes-operator-3.3.1.\nRelease Name - aerospike-kubernetes-operator.\n\n                      +   /\\\n         +              .'  '.   *\n                *      /======\\      +\n                      ;:.  _   ;\n                      |:. (_)  |\n                      |:.  _   |\n            +         |:. (_)  |          *\n                      ;:.      ;\n                    .' \\:.    / `.\n                   / .-'':._.'`-. \\\n                   |/    /||\\    \\|\n\nRun the following commands to get more information about deployment:\n\n$ helm status aerospike-kubernetes-operator --namespace aerospike-operator\n$ helm get all aerospike-kubernetes-operator --namespace aerospike-operator\n\n$ kubectl get all --namespace aerospike-operator -l \"release=aerospike-kubernetes-operator, chart=aerospike-kubernetes-operator\"\n",
                "revision": 3,
                "values": "{\"nodeSelector\":{\"NodeGroupType\":\"apps\"}}",
                "version": "3.3.1"
              }
            ],
            "name": "aerospike-kubernetes-operator",
            "namespace": "aerospike-operator",
            "pass_credentials": false,
            "postrender": [
              {
                "args": [],
                "binary_path": ""
              }
            ],
            "recreate_pods": false,
            "render_subchart_notes": true,
            "replace": false,
            "repository": "https://aerospike.github.io/aerospike-kubernetes-operator",
            "repository_ca_file": null,
            "repository_cert_file": "",
            "repository_key_file": "",
            "repository_password": "",
            "repository_username": "",
            "reset_values": false,
            "reuse_values": false,
            "set": [],
            "set_list": [],
            "set_sensitive": [],
            "skip_crds": false,
            "status": "deployed",
            "timeout": 300,
            "upgrade_install": null,
            "values": [
              "nodeSelector:\n  NodeGroupType: apps"
            ],
            "verify": false,
            "version": "3.3.1",
            "wait": true,
            "wait_for_jobs": false
          },
          "sensitive_attributes": [],
          "private": "eyJzY2hlbWFfdmVyc2lvbiI6IjEifQ==",
          "dependencies": [
            "data.aws_availability_zones.available",
            "data.aws_eks_cluster_auth.this",
            "module.eks.aws_cloudwatch_log_group.this",
            "module.eks.aws_eks_access_entry.this",
            "module.eks.aws_eks_access_policy_association.this",
            "module.eks.aws_eks_cluster.this",
            "module.eks.aws_iam_policy.cni_ipv6_policy",
            "module.eks.aws_iam_role.this",
            "module.eks.aws_iam_role_policy_attachment.this",
            "module.eks.aws_security_group.cluster",
            "module.eks.aws_security_group.node",
            "module.eks.aws_security_group_rule.cluster",
            "module.eks.aws_security_group_rule.node",
            "module.eks.data.aws_caller_identity.current",
            "module.eks.data.aws_iam_policy_document.assume_role_policy",
            "module.eks.data.aws_iam_policy_document.cni_ipv6_policy",
            "module.eks.data.aws_iam_session_context.current",
            "module.eks.data.aws_partition.current",
            "module.eks.module.kms.aws_kms_external_key.this",
            "module.eks.module.kms.aws_kms_key.this",
            "module.eks.module.kms.aws_kms_replica_external_key.this",
            "module.eks.module.kms.aws_kms_replica_key.this",
            "module.eks.module.kms.data.aws_caller_identity.current",
            "module.eks.module.kms.data.aws_iam_policy_document.this",
            "module.eks.module.kms.data.aws_partition.current",
            "module.vpc.aws_subnet.private",
            "module.vpc.aws_vpc.this",
            "module.vpc.aws_vpc_ipv4_cidr_block_association.this"
          ]
        }
      ]
    },
    {
      "mode": "managed",
      "type": "kubectl_manifest",
      "name": "karpenter",
      "provider": "provider[\"registry.terraform.io/alekc/kubectl\"]",
      "instances": [
        {
          "index_key": "apiVersion: karpenter.k8s.aws/v1\nkind: EC2NodeClass\nmetadata:\n  name: default\nspec:\n  amiSelectorTerms: \n  - alias: al2@latest\n  subnetSelectorTerms:          \n    - tags:\n        karpenter.sh/discovery: \"--CLUSTER_NAME--\"\n  securityGroupSelectorTerms:\n    - tags:\n        karpenter.sh/discovery: \"--CLUSTER_NAME--\"\n  role: \"karpenter---CLUSTER_NAME--\"\n  tags:\n    Name: karpenter.sh/nodepool/default\n    NodeGroupType: \"apps\"",
          "schema_version": 1,
          "attributes": {
            "api_version": "karpenter.k8s.aws/v1",
            "apply_only": false,
            "field_manager": "kubectl",
            "force_conflicts": false,
            "force_new": false,
            "id": "/apis/karpenter.k8s.aws/v1/ec2nodeclasses/default",
            "ignore_fields": null,
            "kind": "EC2NodeClass",
            "live_manifest_incluster": "354453e267a59ae40fffa173cf57802063817315056e793a262be63ac20ba2d8",
            "live_uid": "9555ae1f-829b-449c-a300-42b4f018800a",
            "name": "default",
            "namespace": null,
            "override_namespace": null,
            "sensitive_fields": null,
            "server_side_apply": false,
            "timeouts": null,
            "uid": "9555ae1f-829b-449c-a300-42b4f018800a",
            "validate_schema": true,
            "wait": null,
            "wait_for": [],
            "wait_for_rollout": true,
            "yaml_body": "apiVersion: karpenter.k8s.aws/v1\nkind: EC2NodeClass\nmetadata:\n  name: default\nspec:\n  amiSelectorTerms: \n  - alias: al2@latest\n  subnetSelectorTerms:          \n    - tags:\n        karpenter.sh/discovery: \"aerospike-on-eks\"\n  securityGroupSelectorTerms:\n    - tags:\n        karpenter.sh/discovery: \"aerospike-on-eks\"\n  role: \"karpenter-aerospike-on-eks\"\n  tags:\n    Name: karpenter.sh/nodepool/default\n    NodeGroupType: \"apps\"",
            "yaml_body_parsed": "apiVersion: karpenter.k8s.aws/v1\nkind: EC2NodeClass\nmetadata:\n  name: default\nspec:\n  amiSelectorTerms:\n  - alias: al2@latest\n  role: karpenter-aerospike-on-eks\n  securityGroupSelectorTerms:\n  - tags:\n      karpenter.sh/discovery: aerospike-on-eks\n  subnetSelectorTerms:\n  - tags:\n      karpenter.sh/discovery: aerospike-on-eks\n  tags:\n    Name: karpenter.sh/nodepool/default\n    NodeGroupType: apps\n",
            "yaml_incluster": "354453e267a59ae40fffa173cf57802063817315056e793a262be63ac20ba2d8"
          },
          "sensitive_attributes": [],
          "private": "eyJlMmJmYjczMC1lY2FhLTExZTYtOGY4OC0zNDM2M2JjN2M0YzAiOnsiY3JlYXRlIjo2MDAwMDAwMDAwMDB9LCJzY2hlbWFfdmVyc2lvbiI6IjEifQ==",
          "dependencies": [
            "data.aws_availability_zones.available",
            "data.aws_eks_cluster_auth.this",
            "data.kubectl_path_documents.karpenter",
            "module.eks.aws_cloudwatch_log_group.this",
            "module.eks.aws_eks_access_entry.this",
            "module.eks.aws_eks_access_policy_association.this",
            "module.eks.aws_eks_cluster.this",
            "module.eks.aws_iam_policy.cni_ipv6_policy",
            "module.eks.aws_iam_role.this",
            "module.eks.aws_iam_role_policy_attachment.this",
            "module.eks.aws_security_group.cluster",
            "module.eks.aws_security_group.node",
            "module.eks.aws_security_group_rule.cluster",
            "module.eks.aws_security_group_rule.node",
            "module.eks.data.aws_caller_identity.current",
            "module.eks.data.aws_iam_policy_document.assume_role_policy",
            "module.eks.data.aws_iam_policy_document.cni_ipv6_policy",
            "module.eks.data.aws_iam_session_context.current",
            "module.eks.data.aws_partition.current",
            "module.eks.module.kms.aws_kms_external_key.this",
            "module.eks.module.kms.aws_kms_key.this",
            "module.eks.module.kms.aws_kms_replica_external_key.this",
            "module.eks.module.kms.aws_kms_replica_key.this",
            "module.eks.module.kms.data.aws_caller_identity.current",
            "module.eks.module.kms.data.aws_iam_policy_document.this",
            "module.eks.module.kms.data.aws_partition.current",
            "module.vpc.aws_subnet.private",
            "module.vpc.aws_vpc.this",
            "module.vpc.aws_vpc_ipv4_cidr_block_association.this"
          ]
        },
        {
          "index_key": "apiVersion: karpenter.sh/v1\nkind: NodePool\nmetadata:\n  name: default\nspec:\n  template:\n    metadata:\n      labels:\n        NodeGroupType: apps\n    spec:\n      nodeClassRef:\n        name: default\n        group: karpenter.k8s.aws\n        kind: EC2NodeClass\n      kubelet:\n        containerRuntime: containerd\n        systemReserved:\n          cpu: 100m\n          memory: 100Mi\n      requirements:\n        - key: \"kubernetes.io/arch\"\n          operator: In\n          values: [ \"amd64\", \"arm64\"]\n        - key: karpenter.sh/capacity-type\n          operator: In\n          values: [\"on-demand\"]\n        - key: \"karpenter.k8s.aws/instance-category\"\n          operator: In\n          values: [\"c\", \"m\", \"r\"]\n  disruption:\n    consolidationPolicy: WhenEmptyOrUnderutilized\n    consolidateAfter: 1m",
          "schema_version": 1,
          "attributes": {
            "api_version": "karpenter.sh/v1",
            "apply_only": false,
            "field_manager": "kubectl",
            "force_conflicts": false,
            "force_new": false,
            "id": "/apis/karpenter.sh/v1/nodepools/default",
            "ignore_fields": null,
            "kind": "NodePool",
            "live_manifest_incluster": "0abb2f315b3b87c5f2f0ad6c41beb9c098c27540fd9b79104b42d0e4769bda10",
            "live_uid": "dd98352d-a8f5-459b-b8ab-a154bfa1f705",
            "name": "default",
            "namespace": null,
            "override_namespace": null,
            "sensitive_fields": null,
            "server_side_apply": false,
            "timeouts": null,
            "uid": "dd98352d-a8f5-459b-b8ab-a154bfa1f705",
            "validate_schema": true,
            "wait": null,
            "wait_for": [],
            "wait_for_rollout": true,
            "yaml_body": "apiVersion: karpenter.sh/v1\nkind: NodePool\nmetadata:\n  name: default\nspec:\n  template:\n    metadata:\n      labels:\n        NodeGroupType: apps\n    spec:\n      nodeClassRef:\n        name: default\n        group: karpenter.k8s.aws\n        kind: EC2NodeClass\n      kubelet:\n        containerRuntime: containerd\n        systemReserved:\n          cpu: 100m\n          memory: 100Mi\n      requirements:\n        - key: \"kubernetes.io/arch\"\n          operator: In\n          values: [ \"amd64\", \"arm64\"]\n        - key: karpenter.sh/capacity-type\n          operator: In\n          values: [\"on-demand\"]\n        - key: \"karpenter.k8s.aws/instance-category\"\n          operator: In\n          values: [\"c\", \"m\", \"r\"]\n  disruption:\n    consolidationPolicy: WhenEmptyOrUnderutilized\n    consolidateAfter: 1m",
            "yaml_body_parsed": "apiVersion: karpenter.sh/v1\nkind: NodePool\nmetadata:\n  name: default\nspec:\n  disruption:\n    consolidateAfter: 1m\n    consolidationPolicy: WhenEmptyOrUnderutilized\n  template:\n    metadata:\n      labels:\n        NodeGroupType: apps\n    spec:\n      kubelet:\n        containerRuntime: containerd\n        systemReserved:\n          cpu: 100m\n          memory: 100Mi\n      nodeClassRef:\n        group: karpenter.k8s.aws\n        kind: EC2NodeClass\n        name: default\n      requirements:\n      - key: kubernetes.io/arch\n        operator: In\n        values:\n        - amd64\n        - arm64\n      - key: karpenter.sh/capacity-type\n        operator: In\n        values:\n        - on-demand\n      - key: karpenter.k8s.aws/instance-category\n        operator: In\n        values:\n        - c\n        - m\n        - r\n",
            "yaml_incluster": "0abb2f315b3b87c5f2f0ad6c41beb9c098c27540fd9b79104b42d0e4769bda10"
          },
          "sensitive_attributes": [],
          "private": "eyJlMmJmYjczMC1lY2FhLTExZTYtOGY4OC0zNDM2M2JjN2M0YzAiOnsiY3JlYXRlIjo2MDAwMDAwMDAwMDB9LCJzY2hlbWFfdmVyc2lvbiI6IjEifQ==",
          "dependencies": [
            "data.aws_availability_zones.available",
            "data.aws_eks_cluster_auth.this",
            "data.kubectl_path_documents.karpenter",
            "module.eks.aws_cloudwatch_log_group.this",
            "module.eks.aws_eks_access_entry.this",
            "module.eks.aws_eks_access_policy_association.this",
            "module.eks.aws_eks_cluster.this",
            "module.eks.aws_iam_policy.cni_ipv6_policy",
            "module.eks.aws_iam_role.this",
            "module.eks.aws_iam_role_policy_attachment.this",
            "module.eks.aws_security_group.cluster",
            "module.eks.aws_security_group.node",
            "module.eks.aws_security_group_rule.cluster",
            "module.eks.aws_security_group_rule.node",
            "module.eks.data.aws_caller_identity.current",
            "module.eks.data.aws_iam_policy_document.assume_role_policy",
            "module.eks.data.aws_iam_policy_document.cni_ipv6_policy",
            "module.eks.data.aws_iam_session_context.current",
            "module.eks.data.aws_partition.current",
            "module.eks.module.kms.aws_kms_external_key.this",
            "module.eks.module.kms.aws_kms_key.this",
            "module.eks.module.kms.aws_kms_replica_external_key.this",
            "module.eks.module.kms.aws_kms_replica_key.this",
            "module.eks.module.kms.data.aws_caller_identity.current",
            "module.eks.module.kms.data.aws_iam_policy_document.this",
            "module.eks.module.kms.data.aws_partition.current",
            "module.vpc.aws_subnet.private",
            "module.vpc.aws_vpc.this",
            "module.vpc.aws_vpc_ipv4_cidr_block_association.this"
          ]
        }
      ]
    },
    {
      "mode": "managed",
      "type": "kubernetes_annotations",
      "name": "gp2_default",
      "provider": "provider[\"registry.terraform.io/hashicorp/kubernetes\"]",
      "instances": [
        {
          "schema_version": 0,
          "attributes": {
            "annotations": {
              "storageclass.kubernetes.io/is-default-class": "false"
            },
            "api_version": "storage.k8s.io/v1",
            "field_manager": "Terraform",
            "force": true,
            "id": "apiVersion=storage.k8s.io/v1,kind=StorageClass,name=gp2",
            "kind": "StorageClass",
            "metadata": [
              {
                "name": "gp2",
                "namespace": ""
              }
            ],
            "template_annotations": {}
          },
          "sensitive_attributes": [],
          "private": "bnVsbA==",
          "dependencies": [
            "data.aws_availability_zones.available",
            "data.aws_eks_cluster_auth.this",
            "module.eks.aws_cloudwatch_log_group.this",
            "module.eks.aws_ec2_tag.cluster_primary_security_group",
            "module.eks.aws_eks_access_entry.this",
            "module.eks.aws_eks_access_policy_association.this",
            "module.eks.aws_eks_addon.before_compute",
            "module.eks.aws_eks_addon.this",
            "module.eks.aws_eks_cluster.this",
            "module.eks.aws_eks_identity_provider_config.this",
            "module.eks.aws_iam_openid_connect_provider.oidc_provider",
            "module.eks.aws_iam_policy.cluster_encryption",
            "module.eks.aws_iam_policy.cni_ipv6_policy",
            "module.eks.aws_iam_role.this",
            "module.eks.aws_iam_role_policy_attachment.additional",
            "module.eks.aws_iam_role_policy_attachment.cluster_encryption",
            "module.eks.aws_iam_role_policy_attachment.this",
            "module.eks.aws_security_group.cluster",
            "module.eks.aws_security_group.node",
            "module.eks.aws_security_group_rule.cluster",
            "module.eks.aws_security_group_rule.node",
            "module.eks.data.aws_caller_identity.current",
            "module.eks.data.aws_eks_addon_version.this",
            "module.eks.data.aws_iam_policy_document.assume_role_policy",
            "module.eks.data.aws_iam_policy_document.cni_ipv6_policy",
            "module.eks.data.aws_iam_session_context.current",
            "module.eks.data.aws_partition.current",
            "module.eks.data.tls_certificate.this",
            "module.eks.module.eks_managed_node_group.aws_autoscaling_schedule.this",
            "module.eks.module.eks_managed_node_group.aws_eks_node_group.this",
            "module.eks.module.eks_managed_node_group.aws_iam_role.this",
            "module.eks.module.eks_managed_node_group.aws_iam_role_policy.this",
            "module.eks.module.eks_managed_node_group.aws_iam_role_policy_attachment.additional",
            "module.eks.module.eks_managed_node_group.aws_iam_role_policy_attachment.this",
            "module.eks.module.eks_managed_node_group.aws_launch_template.this",
            "module.eks.module.eks_managed_node_group.aws_placement_group.this",
            "module.eks.module.eks_managed_node_group.data.aws_caller_identity.current",
            "module.eks.module.eks_managed_node_group.data.aws_ec2_instance_type.this",
            "module.eks.module.eks_managed_node_group.data.aws_ec2_instance_type_offerings.this",
            "module.eks.module.eks_managed_node_group.data.aws_iam_policy_document.assume_role_policy",
            "module.eks.module.eks_managed_node_group.data.aws_iam_policy_document.role",
            "module.eks.module.eks_managed_node_group.data.aws_partition.current",
            "module.eks.module.eks_managed_node_group.data.aws_ssm_parameter.ami",
            "module.eks.module.eks_managed_node_group.data.aws_subnets.placement_group",
            "module.eks.module.eks_managed_node_group.module.user_data.data.cloudinit_config.al2023_eks_managed_node_group",
            "module.eks.module.eks_managed_node_group.module.user_data.data.cloudinit_config.linux_eks_managed_node_group",
            "module.eks.module.eks_managed_node_group.module.user_data.null_resource.validate_cluster_service_cidr",
            "module.eks.module.fargate_profile.aws_eks_fargate_profile.this",
            "module.eks.module.fargate_profile.aws_iam_role.this",
            "module.eks.module.fargate_profile.aws_iam_role_policy.this",
            "module.eks.module.fargate_profile.aws_iam_role_policy_attachment.additional",
            "module.eks.module.fargate_profile.aws_iam_role_policy_attachment.this",
            "module.eks.module.fargate_profile.data.aws_caller_identity.current",
            "module.eks.module.fargate_profile.data.aws_iam_policy_document.assume_role_policy",
            "module.eks.module.fargate_profile.data.aws_iam_policy_document.role",
            "module.eks.module.fargate_profile.data.aws_partition.current",
            "module.eks.module.fargate_profile.data.aws_region.current",
            "module.eks.module.kms.aws_kms_alias.this",
            "module.eks.module.kms.aws_kms_external_key.this",
            "module.eks.module.kms.aws_kms_grant.this",
            "module.eks.module.kms.aws_kms_key.this",
            "module.eks.module.kms.aws_kms_replica_external_key.this",
            "module.eks.module.kms.aws_kms_replica_key.this",
            "module.eks.module.kms.data.aws_caller_identity.current",
            "module.eks.module.kms.data.aws_iam_policy_document.this",
            "module.eks.module.kms.data.aws_partition.current",
            "module.eks.module.self_managed_node_group.aws_autoscaling_group.this",
            "module.eks.module.self_managed_node_group.aws_autoscaling_schedule.this",
            "module.eks.module.self_managed_node_group.aws_eks_access_entry.this",
            "module.eks.module.self_managed_node_group.aws_iam_instance_profile.this",
            "module.eks.module.self_managed_node_group.aws_iam_role.this",
            "module.eks.module.self_managed_node_group.aws_iam_role_policy.this",
            "module.eks.module.self_managed_node_group.aws_iam_role_policy_attachment.additional",
            "module.eks.module.self_managed_node_group.aws_iam_role_policy_attachment.this",
            "module.eks.module.self_managed_node_group.aws_launch_template.this",
            "module.eks.module.self_managed_node_group.aws_placement_group.this",
            "module.eks.module.self_managed_node_group.data.aws_caller_identity.current",
            "module.eks.module.self_managed_node_group.data.aws_ec2_instance_type.this",
            "module.eks.module.self_managed_node_group.data.aws_ec2_instance_type_offerings.this",
            "module.eks.module.self_managed_node_group.data.aws_iam_policy_document.assume_role_policy",
            "module.eks.module.self_managed_node_group.data.aws_iam_policy_document.role",
            "module.eks.module.self_managed_node_group.data.aws_partition.current",
            "module.eks.module.self_managed_node_group.data.aws_ssm_parameter.ami",
            "module.eks.module.self_managed_node_group.data.aws_subnets.placement_group",
            "module.eks.module.self_managed_node_group.module.user_data.data.cloudinit_config.al2023_eks_managed_node_group",
            "module.eks.module.self_managed_node_group.module.user_data.data.cloudinit_config.linux_eks_managed_node_group",
            "module.eks.module.self_managed_node_group.module.user_data.null_resource.validate_cluster_service_cidr",
            "module.eks.time_sleep.this",
            "module.vpc.aws_subnet.private",
            "module.vpc.aws_vpc.this",
            "module.vpc.aws_vpc_ipv4_cidr_block_association.this"
          ]
        }
      ]
    },
    {
      "mode": "managed",
      "type": "kubernetes_namespace",
      "name": "aerospike_namespace",
      "provider": "provider[\"registry.terraform.io/hashicorp/kubernetes\"]",
      "instances": [
        {
          "schema_version": 0,
          "attributes": {
            "id": "aerospike",
            "metadata": [
              {
                "annotations": null,
                "generate_name": "",
                "generation": 0,
                "labels": null,
                "name": "aerospike",
                "resource_version": "2150509",
                "uid": "0bb12437-086c-4ee5-864b-d1d235106dc7"
              }
            ],
            "timeouts": null,
            "wait_for_default_service_account": false
          },
          "sensitive_attributes": [],
          "private": "eyJlMmJmYjczMC1lY2FhLTExZTYtOGY4OC0zNDM2M2JjN2M0YzAiOnsiZGVsZXRlIjozMDAwMDAwMDAwMDB9fQ==",
          "dependencies": [
            "data.aws_eks_cluster_auth.this",
            "module.eks.aws_eks_access_entry.this",
            "module.eks.aws_eks_access_policy_association.this",
            "module.eks.aws_eks_cluster.this",
            "module.eks.data.aws_iam_session_context.current",
            "module.eks.data.aws_partition.current"
          ]
        }
      ]
    },
    {
      "mode": "managed",
      "type": "kubernetes_secret",
      "name": "aerospike_secret",
      "provider": "provider[\"registry.terraform.io/hashicorp/kubernetes\"]",
      "instances": [
        {
          "schema_version": 0,
          "attributes": {
            "binary_data": null,
            "data": {
              "cacert.pem": "Q2VydGlmaWNhdGU6CiAgICBEYXRhOgogICAgICAgIFZlcnNpb246IDMgKDB4MikKICAgICAgICBTZXJpYWwgTnVtYmVyOgogICAgICAgICAgICA0YzpmNTowNjplZDphMTpkNzo5Mzo1OTo0YTpmMTozMDo5NTo2NjozMzoyNzoxNTpjNTo0ZTo3ZDpjMgogICAgICAgIFNpZ25hdHVyZSBBbGdvcml0aG06IHNoYTI1NldpdGhSU0FFbmNyeXB0aW9uCiAgICAgICAgSXNzdWVyOiBDID0gVVMsIFNUID0gQ0EsIEwgPSBNb3VudGFpbiBWaWV3LCBPID0gIkFlcm9zcGlrZSwgSW5jLiIsIE9VID0gRW5naW5lZXJpbmcgVGVzdCwgQ04gPSBSb290IENBCiAgICAgICAgVmFsaWRpdHkKICAgICAgICAgICAgTm90IEJlZm9yZTogTWF5IDI4IDE4OjAyOjQ4IDIwMjEgR01UCiAgICAgICAgICAgIE5vdCBBZnRlciA6IE1heSAyOCAxODowMjo0OCAyMDQxIEdNVAogICAgICAgIFN1YmplY3Q6IEMgPSBVUywgU1QgPSBDQSwgTCA9IE1vdW50YWluIFZpZXcsIE8gPSAiQWVyb3NwaWtlLCBJbmMuIiwgT1UgPSBFbmdpbmVlcmluZyBUZXN0LCBDTiA9IFJvb3QgQ0EKICAgICAgICBTdWJqZWN0IFB1YmxpYyBLZXkgSW5mbzoKICAgICAgICAgICAgUHVibGljIEtleSBBbGdvcml0aG06IHJzYUVuY3J5cHRpb24KICAgICAgICAgICAgICAgIFJTQSBQdWJsaWMtS2V5OiAoMjA0OCBiaXQpCiAgICAgICAgICAgICAgICBNb2R1bHVzOgogICAgICAgICAgICAgICAgICAgIDAwOmJmOjZjOmZiOjIzOmY5OmU5OmE0OjZiOjYyOmIzOmFmOmI5OmRmOmUxOgogICAgICAgICAgICAgICAgICAgIDAxOmU4OmNjOjg3OjNiOjlmOjMyOjBiOjIxOjcwOmI3OjM0OjM5OjMzOjNlOgogICAgICAgICAgICAgICAgICAgIDc3OmNjOjQzOmI5OjVkOjJiOjYzOmZlOjJiOjIxOmQ1OjkyOmY0OjkyOjM1OgogICAgICAgICAgICAgICAgICAgIDQ5OmI0OjkyOmZjOjAwOmRjOjVkOjlmOjQ2OjFkOmY2Ojc1OjA0OjFjOjg3OgogICAgICAgICAgICAgICAgICAgIGM0OjBkOjNjOjE2OjMwOjQ0OjYyOjQxOmQ5OmExOmU5OmVlOjhkOjZhOmY2OgogICAgICAgICAgICAgICAgICAgIDkyOjM1OmUzOjA1OjBkOjJiOmUxOjU2OjI5OmQ4OjY4OmVjOmJkOmU5OjI2OgogICAgICAgICAgICAgICAgICAgIDM2OjA5OjU0OjJmOjM5OjY5OjZlOjkzOmQ3OjQ4OjI3OjFkOmZjOmQxOjViOgogICAgICAgICAgICAgICAgICAgIGI4OjAwOjEwOjA1OmMwOjAxOjliOjM0OjkxOjM4OjhhOmMyOmI1OjJmOjRlOgogICAgICAgICAgICAgICAgICAgIDZiOjJiOjRhOjk5OmM0OjUyOjQ4OjVlOmRhOjUyOjgwOmNkOmI1OmZjOjkyOgogICAgICAgICAgICAgICAgICAgIDdlOmVjOmNhOmQ1OjQ1OmQzOmJjOjM3OjcxOjE1OjA5OmNjOjZkOjViOjE0OgogICAgICAgICAgICAgICAgICAgIDA0OmM5OjM1OjAwOmNlOmUzOjZjOmU4OmExOmI1OjFhOjE1OjE0OjQ3OjQ3OgogICAgICAgICAgICAgICAgICAgIGZmOmQyOmQ1OmRmOjIxOjU0OmM1OmRlOjYxOjFjOmM0OjIwOjA3OjgyOjljOgogICAgICAgICAgICAgICAgICAgIDQ0OjYwOmI3OmIwOjkwOjg5Ojc5OmM4OjIzOmZjOjBkOmE3OmQ3OjkzOjBjOgogICAgICAgICAgICAgICAgICAgIGZlOmE1Ojg0OjZlOmMxOjQ5OmE3OjUzOmQ2OjQ3OjI3OjMxOjA1OjYyOjI1OgogICAgICAgICAgICAgICAgICAgIDJjOjc4OmYyOjdhOjNhOmQyOjIxOjliOjE1OjY1OmFjOjQ4OjkwOjkyOjhmOgogICAgICAgICAgICAgICAgICAgIDY4OjJiOjM3OmI4Ojc1Ojc4OjdhOmUwOjg2OjFmOjE2OjFmOjhjOmJiOjY4OgogICAgICAgICAgICAgICAgICAgIGVjOjAwOjNiOjFiOjZhOjQwOjE5OjQ0OjA4OjcxOjM2OmMzOjBjOjQyOjAwOgogICAgICAgICAgICAgICAgICAgIGViOmQ1CiAgICAgICAgICAgICAgICBFeHBvbmVudDogNjU1MzcgKDB4MTAwMDEpCiAgICAgICAgWDUwOXYzIGV4dGVuc2lvbnM6CiAgICAgICAgICAgIFg1MDl2MyBLZXkgVXNhZ2U6IGNyaXRpY2FsCiAgICAgICAgICAgICAgICBEaWdpdGFsIFNpZ25hdHVyZSwgQ2VydGlmaWNhdGUgU2lnbiwgQ1JMIFNpZ24KICAgICAgICAgICAgWDUwOXYzIEJhc2ljIENvbnN0cmFpbnRzOiBjcml0aWNhbAogICAgICAgICAgICAgICAgQ0E6VFJVRQogICAgICAgICAgICBYNTA5djMgU3ViamVjdCBLZXkgSWRlbnRpZmllcjogCiAgICAgICAgICAgICAgICA1QzpENDowMDo0ODozODo0Nzo0MjoxRjozQTozOToxNDpCQzpENDpENTpCNzo4NDpCODo4Mzo0NDpDRAogICAgICAgICAgICBYNTA5djMgQXV0aG9yaXR5IEtleSBJZGVudGlmaWVyOiAKICAgICAgICAgICAgICAgIGtleWlkOjVDOkQ0OjAwOjQ4OjM4OjQ3OjQyOjFGOjNBOjM5OjE0OkJDOkQ0OkQ1OkI3Ojg0OkI4OjgzOjQ0OkNECgogICAgU2lnbmF0dXJlIEFsZ29yaXRobTogc2hhMjU2V2l0aFJTQUVuY3J5cHRpb24KICAgICAgICAgNGQ6NjM6ODg6NmQ6Mzg6OWY6MGY6Y2M6MTk6Yzg6NDA6NmE6NmY6NWQ6NzQ6YTg6MGI6ZGM6CiAgICAgICAgIDFkOmI0Ojg1OjlhOmY2OjhlOjhjOjEwOmRmOmYwOjU3OmFjOmRmOjI5Ojg5OjgyOjkxOmMxOgogICAgICAgICA5NDpkMjplODplYzo5ZDo0ZDo4MDoyYTpiNjowMTpiZDpiMDowYzo2Zjo1NDo2MjoyMjo4MToKICAgICAgICAgNjA6NjU6YmU6YzM6MjI6ZDQ6YWU6NTc6MjU6YzI6OTQ6OWM6MWY6ZjQ6NjU6YmQ6M2U6OGI6CiAgICAgICAgIDA5OjBkOjk3OmI2OmIwOjQzOjJhOmU4OjY3OjAzOjExOjA1OmMxOmQ0OjUyOjI5OjQyOmI5OgogICAgICAgICA3ZTo0ZToyYTpiODpkMTo1Mzo2Nzo1Njo1ZjpiNTo0ZDoyODo1ODowMjozYjpkMzo1Yzo4OToKICAgICAgICAgMGU6YWU6MWY6Y2U6MjI6MWU6MTc6ZmU6MGM6Zjc6YzM6NTU6MWM6OWI6Y2U6MWI6MmM6ZDY6CiAgICAgICAgIDIwOjA2OjA5OjA5OjE5OmU4OmU0OmRiOjE1OjNiOmQ4OmUxOmZlOjFjOjIxOjRhOjUxOjQ1OgogICAgICAgICA5YTpmMjozZjoyNzoyODowYzphYzpkZDpiNDpjOTowYjoxNDpjNDo2NToxNzo2NDo3Yzo2MDoKICAgICAgICAgMjE6MGY6NTY6Njk6NTk6YWY6NGU6YzY6Nzc6Y2M6MTc6NzY6ZTY6MDA6NjY6MmY6YjM6ZDU6CiAgICAgICAgIDNiOjA3OmE5OjhjOjFiOmE1Ojc2OjRhOjljOjdiOjJmOmE0Ojg2OjdhOmUzOjA4OjA2OmI3OgogICAgICAgICBjYTowNTozOTo3Mjo4NTowYTo0NDoxMzo0MDo4MDo3YjpmMDowYTo2OTpiODpjZDpiNjo2YjoKICAgICAgICAgNGE6ZWM6ZWE6NzQ6Mjg6OGI6NGY6M2Q6ODM6YWI6MzI6ZTc6M2E6ZjM6MWI6OTU6ZTI6ZDk6CiAgICAgICAgIGY1OjRhOjg2OjM0OjIwOjVjOjM3OjZhOmZjOmQ3OjRiOjQwOmI2OjY3OmFiOjgyOjk1OmNlOgogICAgICAgICAzZjowODowNzo5OQotLS0tLUJFR0lOIENFUlRJRklDQVRFLS0tLS0KTUlJRDR6Q0NBc3VnQXdJQkFnSVVUUFVHN2FIWGsxbEs4VENWWmpNbkZjVk9mY0l3RFFZSktvWklodmNOQVFFTApCUUF3ZVRFTE1Ba0dBMVVFQmhNQ1ZWTXhDekFKQmdOVkJBZ01Ba05CTVJZd0ZBWURWUVFIREExTmIzVnVkR0ZwCmJpQldhV1YzTVJnd0ZnWURWUVFLREE5QlpYSnZjM0JwYTJVc0lFbHVZeTR4R1RBWEJnTlZCQXNNRUVWdVoybHUKWldWeWFXNW5JRlJsYzNReEVEQU9CZ05WQkFNTUIxSnZiM1FnUTBFd0hoY05NakV3TlRJNE1UZ3dNalE0V2hjTgpOREV3TlRJNE1UZ3dNalE0V2pCNU1Rc3dDUVlEVlFRR0V3SlZVekVMTUFrR0ExVUVDQXdDUTBFeEZqQVVCZ05WCkJBY01EVTF2ZFc1MFlXbHVJRlpwWlhjeEdEQVdCZ05WQkFvTUQwRmxjbTl6Y0dsclpTd2dTVzVqTGpFWk1CY0cKQTFVRUN3d1FSVzVuYVc1bFpYSnBibWNnVkdWemRERVFNQTRHQTFVRUF3d0hVbTl2ZENCRFFUQ0NBU0l3RFFZSgpLb1pJaHZjTkFRRUJCUUFEZ2dFUEFEQ0NBUW9DZ2dFQkFMOXMreVA1NmFScllyT3Z1ZC9oQWVqTWh6dWZNZ3NoCmNMYzBPVE0rZDh4RHVWMHJZLzRySWRXUzlKSTFTYlNTL0FEY1haOUdIZloxQkJ5SHhBMDhGakJFWWtIWm9lbnUKaldyMmtqWGpCUTByNFZZcDJHanN2ZWttTmdsVUx6bHBicFBYU0NjZC9ORmJ1QUFRQmNBQm16U1JPSXJDdFM5TwpheXRLbWNSU1NGN2FVb0ROdGZ5U2Z1eksxVVhUdkRkeEZRbk1iVnNVQk1rMUFNN2piT2lodFJvVkZFZEgvOUxWCjN5RlV4ZDVoSE1RZ0I0S2NSR0Mzc0pDSmVjZ2ovQTJuMTVNTS9xV0Vic0ZKcDFQV1J5Y3hCV0lsTEhqeWVqclMKSVpzVlpheElrSktQYUNzM3VIVjRldUNHSHhZZmpMdG83QUE3RzJwQUdVUUljVGJEREVJQTY5VUNBd0VBQWFOagpNR0V3RGdZRFZSMFBBUUgvQkFRREFnR0dNQThHQTFVZEV3RUIvd1FGTUFNQkFmOHdIUVlEVlIwT0JCWUVGRnpVCkFFZzRSMElmT2prVXZOVFZ0NFM0ZzBUTk1COEdBMVVkSXdRWU1CYUFGRnpVQUVnNFIwSWZPamtVdk5UVnQ0UzQKZzBUTk1BMEdDU3FHU0liM0RRRUJDd1VBQTRJQkFRQk5ZNGh0T0o4UHpCbklRR3B2WFhTb0M5d2R0SVdhOW82TQpFTi93VjZ6ZktZbUNrY0dVMHVqc25VMkFLcllCdmJBTWIxUmlJb0ZnWmI3REl0U3VWeVhDbEp3ZjlHVzlQb3NKCkRaZTJzRU1xNkdjREVRWEIxRklwUXJsK1RpcTQwVk5uVmwrMVRTaFlBanZUWElrT3JoL09JaDRYL2d6M3cxVWMKbTg0YkxOWWdCZ2tKR2VqazJ4VTcyT0grSENGS1VVV2E4ajhuS0F5czNiVEpDeFRFWlJka2ZHQWhEMVpwV2E5Twp4bmZNRjNibUFHWXZzOVU3QjZtTUc2VjJTcHg3TDZTR2V1TUlCcmZLQlRseWhRcEVFMENBZS9BS2Fiak50bXRLCjdPcDBLSXRQUFlPck11YzY4eHVWNHRuMVNvWTBJRnczYXZ6WFMwQzJaNnVDbGM0L0NBZVoKLS0tLS1FTkQgQ0VSVElGSUNBVEUtLS0tLQ==",
              "fb_cert.pem": "Q2VydGlmaWNhdGU6CiAgICBEYXRhOgogICAgICAgIFZlcnNpb246IDMgKDB4MikKICAgICAgICBTZXJpYWwgTnVtYmVyOgogICAgICAgICAgICAxZjoxNjo5NzoxZjo5MTo2OTo4MTplYzo2YzoyZDo4ZDo0ZDo4MDozMzplNjo2MwogICAgICAgIFNpZ25hdHVyZSBBbGdvcml0aG06IHNoYTI1NldpdGhSU0FFbmNyeXB0aW9uCiAgICAgICAgSXNzdWVyOiBDPVVTLCBTVD1DQSwgTz1BZXJvc3Bpa2UsIEluYy4sIE9VPUVuZ2luZWVyaW5nIFRlc3QsIENOPUNoYWluIFNpZ25pbmcgQ2VydAogICAgICAgIFZhbGlkaXR5CiAgICAgICAgICAgIE5vdCBCZWZvcmU6IE1heSAyOCAxODowMjo0OSAyMDIxIEdNVAogICAgICAgICAgICBOb3QgQWZ0ZXIgOiBNYXkgMjcgMTg6MDI6NDkgMjAyNSBHTVQKICAgICAgICBTdWJqZWN0OiBDPVVTLCBTVD1DQSwgTz1BZXJvc3Bpa2UsIEluYy4sIE9VPVRlc3QgTXVsdGlTZXJ2ZXIsIENOPWFlcm9zcGlrZS1hLTAudGVzdC1ydW5uZXIKICAgICAgICBTdWJqZWN0IFB1YmxpYyBLZXkgSW5mbzoKICAgICAgICAgICAgUHVibGljIEtleSBBbGdvcml0aG06IHJzYUVuY3J5cHRpb24KICAgICAgICAgICAgICAgIFJTQSBQdWJsaWMtS2V5OiAoMjA0OCBiaXQpCiAgICAgICAgICAgICAgICBNb2R1bHVzOgogICAgICAgICAgICAgICAgICAgIDAwOmVkOjYzOmQyOjMzOmQ4OmQyOjMzOjQ2OmEwOjVmOjMwOmU3OmYzOjcwOgogICAgICAgICAgICAgICAgICAgIDVlOjQzOjIzOmJhOjNkOjcwOmJmOjQ4OjlmOjNlOjk3OmJkOjM4OjI1OjEwOgogICAgICAgICAgICAgICAgICAgIDEzOmMxOjRmOjc1OjM4OmUxOmM3OmNjOmNjOjMwOjVmOmYwOjI1OmUxOmI3OgogICAgICAgICAgICAgICAgICAgIDY4Ojk5OjNkOjNkOjRjOjQ4OmE2OmM4OjI0OmIwOmIwOjNkOjNhOmE4OjVkOgogICAgICAgICAgICAgICAgICAgIGQxOjUzOmRkOjg3OmE2OjVkOjVjOjNkOjUwOjU3OjkxOmJiOjUxOjMzOjY2OgogICAgICAgICAgICAgICAgICAgIDE2OmE1OjgwOmIxOjNkOjVjOmY4OjAwOmQ2OmI2OjBjOjg1OmVlOjAyOmQ1OgogICAgICAgICAgICAgICAgICAgIDVlOmZlOjk1OmNhOjEzOjRhOjcwOjg3OmViOjNkOjhjOjNjOjUzOjVjOjRjOgogICAgICAgICAgICAgICAgICAgIDVmOmIyOmIwOjQ5OjZlOjMwOjI5OjhmOmRlOmNmOjMyOjZhOmRmOjJjOmJiOgogICAgICAgICAgICAgICAgICAgIDdlOmJmOmMyOjRhOjFkOjMyOjg4OjhjOjhlOjI5Ojg5OjczOmNlOjU2OjUyOgogICAgICAgICAgICAgICAgICAgIDM1OjQ5OmMxOjY4OjdjOmM0Ojc0OjExOjFiOjEzOjJiOjY1OjY2OjA2OmM0OgogICAgICAgICAgICAgICAgICAgIDUzOjU4OmExOmNhOjdmOmFmOmEzOjkzOjYyOjBmOjcyOjkwOjJmOjY1OjJiOgogICAgICAgICAgICAgICAgICAgIGQ5Ojg4OmEzOjEwOmM1OmJiOjFkOmU5OjNmOjQ3OjQ5OmE3OmNhOmM3Ojc2OgogICAgICAgICAgICAgICAgICAgIDNjOjlmOmZhOjY3OmNiOjhlOjk5OmUxOmVhOmEwOjZmOmUwOmMzOjM5OmVhOgogICAgICAgICAgICAgICAgICAgIDNlOmYwOmEwOjMwOmQ2OjAwOjBiOmRmOjBmOmM2OmQ5OmY4OmZmOjkyOjFlOgogICAgICAgICAgICAgICAgICAgIDIwOjZhOmYxOjM5OmI1OmY2OmE4OjljOjRkOjNiOjMzOjY3OmEwOjc1OmQyOgogICAgICAgICAgICAgICAgICAgIDYxOjIyOjdlOjU2OjQ3OmVmOjJmOmRiOmZiOmQzOmJhOjQ1OjU2OmZiOmU1OgogICAgICAgICAgICAgICAgICAgIDcxOjMyOmVkOmU1OmRhOmU2OmQ0OjAzOjBkOjlmOjZmOmY4OjA4OjRkOjljOgogICAgICAgICAgICAgICAgICAgIGM1OjkxCiAgICAgICAgICAgICAgICBFeHBvbmVudDogNjU1MzcgKDB4MTAwMDEpCiAgICAgICAgWDUwOXYzIGV4dGVuc2lvbnM6CiAgICAgICAgICAgIFg1MDl2MyBBdXRob3JpdHkgS2V5IElkZW50aWZpZXI6IAogICAgICAgICAgICAgICAga2V5aWQ6OTI6MTE6MUY6RkU6N0Q6NzU6RjQ6NzU6Qjk6ODU6NDE6MkY6QjM6MUE6NzI6Njg6MzQ6QkQ6MDA6RDIKCiAgICAgICAgICAgIFg1MDl2MyBTdWJqZWN0IEtleSBJZGVudGlmaWVyOiAKICAgICAgICAgICAgICAgIEQ4OjJDOkE1OkM4OjY1OjQyOjQ5OkFGOjE5OjZFOjIxOjAwOkYzOkVDOjI2Ojk0OkRGOjIxOjI1OkI1CiAgICAgICAgICAgIFg1MDl2MyBLZXkgVXNhZ2U6IGNyaXRpY2FsCiAgICAgICAgICAgICAgICBEaWdpdGFsIFNpZ25hdHVyZSwgS2V5IEVuY2lwaGVybWVudAogICAgICAgICAgICBYNTA5djMgRXh0ZW5kZWQgS2V5IFVzYWdlOiAKICAgICAgICAgICAgICAgIFRMUyBXZWIgU2VydmVyIEF1dGhlbnRpY2F0aW9uLCBUTFMgV2ViIENsaWVudCBBdXRoZW50aWNhdGlvbgogICAgICAgICAgICBYNTA5djMgQ1JMIERpc3RyaWJ1dGlvbiBQb2ludHM6IAoKICAgICAgICAgICAgICAgIEZ1bGwgTmFtZToKICAgICAgICAgICAgICAgICAgVVJJOmh0dHA6Ly9teWhvc3QuY29tL215Y2ExLmNybAoKICAgICAgICAgICAgICAgIEZ1bGwgTmFtZToKICAgICAgICAgICAgICAgICAgVVJJOmh0dHA6Ly9teWhvc3QuY29tL215Y2EyLmNybAoKICAgICAgICAgICAgWDUwOXYzIENlcnRpZmljYXRlIFBvbGljaWVzOiAKICAgICAgICAgICAgICAgIFBvbGljeTogMi4xNi44NDAuMS4xMTQ0MTIuMS4xCiAgICAgICAgICAgICAgICAgIENQUzogaHR0cHM6Ly9teWhvc3QuY29tL0NQUwogICAgICAgICAgICAgICAgUG9saWN5OiAyLjIzLjE0MC4xLjIuMgoKICAgICAgICAgICAgQXV0aG9yaXR5IEluZm9ybWF0aW9uIEFjY2VzczogCiAgICAgICAgICAgICAgICBPQ1NQIC0gVVJJOmh0dHA6Ly9vY3NwLm15Lmhvc3QvCiAgICAgICAgICAgICAgICBDQSBJc3N1ZXJzIC0gVVJJOmh0dHA6Ly9teS5jYS9jYS5odG1sCgogICAgICAgICAgICBYNTA5djMgQmFzaWMgQ29uc3RyYWludHM6IGNyaXRpY2FsCiAgICAgICAgICAgICAgICBDQTpGQUxTRQogICAgICAgICAgICBYNTA5djMgU3ViamVjdCBBbHRlcm5hdGl2ZSBOYW1lOiAKICAgICAgICAgICAgICAgIEROUzphZXJvc3Bpa2UtYS0wLnRlc3QtcnVubmVyLCBETlM6YWVyb3NwaWtlLWEtMS50ZXN0LXJ1bm5lciwgRE5TOmFlcm9zcGlrZS1hLTIudGVzdC1ydW5uZXIsIEROUzphZXJvc3Bpa2UtYS0zLnRlc3QtcnVubmVyLCBETlM6YWVyb3NwaWtlLWEtNC50ZXN0LXJ1bm5lciwgRE5TOmFlcm9zcGlrZS1hLTUudGVzdC1ydW5uZXIKICAgIFNpZ25hdHVyZSBBbGdvcml0aG06IHNoYTI1NldpdGhSU0FFbmNyeXB0aW9uCiAgICAgICAgIDJiOmVkOjFlOjkwOjRkOjBlOmIzOjkxOjNhOjhlOmUxOmUyOmQyOjFkOjU2OjdlOjIzOjQ3OgogICAgICAgICAxZTo3ZTo5ZTpmZTo3NjoxZTpiZjpjZDo1OTphYzo5NDowZjo1Mzo2MTozNzpkMzo2Njo3OToKICAgICAgICAgMzM6MjM6NjM6MjI6MDk6MzE6NDU6NDU6OWU6OTc6MzQ6Yzc6OTU6ZGE6NDY6MTU6YTE6NWY6CiAgICAgICAgIDA5OjdhOjZiOjcxOjc5OjBiOjZmOjBjOjNkOmJmOjkyOmIxOmU0OjBlOmQxOmY2OmM5OjA3OgogICAgICAgICBjMjpkZjpjOTozOTo3Mjo0MDpmNTo2NTo0Yzo0NzoxNzo3NDo0Njo3YjpkNDowYzoxNzpmNjoKICAgICAgICAgYTk6MmU6MGY6NGU6ZmU6Mzc6MGU6N2Q6ZGI6Mjk6Y2Q6YzI6NmM6ZmE6OWE6ZjQ6OTU6OTA6CiAgICAgICAgIDAyOmFlOjMwOmQ0OmVjOmFiOjk5OmFmOjE2OmZkOjAzOjA4OjZjOjk2OjI2OmVmOmMyOmNjOgogICAgICAgICAzYjo4MTozNDo1YzoxYTo0ODoyZjpiNTpkMjoxYzo4YjoxYjoyMzpmNjo0MTpiZTo5YjphOToKICAgICAgICAgMTA6OTg6YmI6MjM6OGE6NWM6ZjA6OWI6N2M6ZDM6MTQ6N2Y6YzU6NTg6YTg6YjI6OGM6OGQ6CiAgICAgICAgIGE0OjYxOmZlOjlkOjIwOmFlOmFlOjhjOmY3OjljOmJhOjYxOjRlOjBlOmNkOjliOjFhOjE3OgogICAgICAgICBhMjowMDpmODoxNjpjMDpmMDo0OTo2MjowMToyOTowNTpiZTo0MDoxMDo2ZDpiNDpjNTpiMzoKICAgICAgICAgNTg6ZDQ6ZTc6OWY6ZDI6MGU6OWI6YzY6N2Y6MzQ6NWI6OGQ6OTQ6YTM6NTA6ZjY6YzI6ODY6CiAgICAgICAgIGRmOjZkOmViOjgyOjhjOjIwOmI5OjgzOjUzOjU3OmM3OmM5Ojc2OmJkOjk4OjRlOmJjOjM1OgogICAgICAgICAyZDo2OTozNDo0MzoxODo3MTo2Mzo1MTpkMToxZDpjZToyMzplYzozMTo4ZjplYTpiMzowZjoKICAgICAgICAgZmM6ODc6NGE6N2IKLS0tLS1CRUdJTiBDRVJUSUZJQ0FURS0tLS0tCk1JSUZpVENDQkhHZ0F3SUJBZ0lRSHhhWEg1RnBnZXhzTFkxTmdEUG1ZekFOQmdrcWhraUc5dzBCQVFzRkFEQnMKTVFzd0NRWURWUVFHRXdKVlV6RUxNQWtHQTFVRUNBd0NRMEV4R0RBV0JnTlZCQW9NRDBGbGNtOXpjR2xyWlN3ZwpTVzVqTGpFWk1CY0dBMVVFQ3d3UVJXNW5hVzVsWlhKcGJtY2dWR1Z6ZERFYk1Ca0dBMVVFQXd3U1EyaGhhVzRnClUybG5ibWx1WnlCRFpYSjBNQjRYRFRJeE1EVXlPREU0TURJME9Wb1hEVEkxTURVeU56RTRNREkwT1Zvd2N6RUwKTUFrR0ExVUVCaE1DVlZNeEN6QUpCZ05WQkFnTUFrTkJNUmd3RmdZRFZRUUtEQTlCWlhKdmMzQnBhMlVzSUVsdQpZeTR4R1RBWEJnTlZCQXNNRUZSbGMzUWdUWFZzZEdsVFpYSjJaWEl4SWpBZ0JnTlZCQU1NR1dGbGNtOXpjR2xyClpTMWhMVEF1ZEdWemRDMXlkVzV1WlhJd2dnRWlNQTBHQ1NxR1NJYjNEUUVCQVFVQUE0SUJEd0F3Z2dFS0FvSUIKQVFEdFk5SXoyTkl6UnFCZk1PZnpjRjVESTdvOWNMOUluejZYdlRnbEVCUEJUM1U0NGNmTXpEQmY4Q1hodDJpWgpQVDFNU0tiSUpMQ3dQVHFvWGRGVDNZZW1YVnc5VUZlUnUxRXpaaGFsZ0xFOVhQZ0ExcllNaGU0QzFWNytsY29UClNuQ0g2ejJNUEZOY1RGK3lzRWx1TUNtUDNzOHlhdDhzdTM2L3drb2RNb2lNamltSmM4NVdValZKd1doOHhIUVIKR3hNclpXWUd4Rk5Zb2NwL3I2T1RZZzl5a0M5bEs5bUlveERGdXgzcFAwZEpwOHJIZGp5ZittZkxqcG5oNnFCdgo0TU01Nmo3d29ERFdBQXZmRDhiWitQK1NIaUJxOFRtMTlxaWNUVHN6WjZCMTBtRWlmbFpIN3kvYis5TzZSVmI3CjVYRXk3ZVhhNXRRRERaOXYrQWhObk1XUkFnTUJBQUdqZ2dJZU1JSUNHakFmQmdOVkhTTUVHREFXZ0JTU0VSLysKZlhYMGRibUZRUyt6R25Kb05MMEEwakFkQmdOVkhRNEVGZ1FVMkN5bHlHVkNTYThaYmlFQTgrd21sTjhoSmJVdwpEZ1lEVlIwUEFRSC9CQVFEQWdXZ01CMEdBMVVkSlFRV01CUUdDQ3NHQVFVRkJ3TUJCZ2dyQmdFRkJRY0RBakJQCkJnTlZIUjhFU0RCR01DR2dINkFkaGh0b2RIUndPaTh2Ylhsb2IzTjBMbU52YlM5dGVXTmhNUzVqY213d0lhQWYKb0IyR0cyaDBkSEE2THk5dGVXaHZjM1F1WTI5dEwyMTVZMkV5TG1OeWJEQkdCZ05WSFNBRVB6QTlNREVHQ1dDRwpTQUdHL1d3QkFUQWtNQ0lHQ0NzR0FRVUZCd0lCRmhab2RIUndjem92TDIxNWFHOXpkQzVqYjIwdlExQlRNQWdHCkJtZUJEQUVDQWpCU0JnZ3JCZ0VGQlFjQkFRUkdNRVF3SUFZSUt3WUJCUVVITUFHR0ZHaDBkSEE2THk5dlkzTncKTG0xNUxtaHZjM1F2TUNBR0NDc0dBUVVGQnpBQ2hoUm9kSFJ3T2k4dmJYa3VZMkV2WTJFdWFIUnRiREFNQmdOVgpIUk1CQWY4RUFqQUFNSUd0QmdOVkhSRUVnYVV3Z2FLQ0dXRmxjbTl6Y0dsclpTMWhMVEF1ZEdWemRDMXlkVzV1ClpYS0NHV0ZsY205emNHbHJaUzFoTFRFdWRHVnpkQzF5ZFc1dVpYS0NHV0ZsY205emNHbHJaUzFoTFRJdWRHVnoKZEMxeWRXNXVaWEtDR1dGbGNtOXpjR2xyWlMxaExUTXVkR1Z6ZEMxeWRXNXVaWEtDR1dGbGNtOXpjR2xyWlMxaApMVFF1ZEdWemRDMXlkVzV1WlhLQ0dXRmxjbTl6Y0dsclpTMWhMVFV1ZEdWemRDMXlkVzV1WlhJd0RRWUpLb1pJCmh2Y05BUUVMQlFBRGdnRUJBQ3Z0SHBCTkRyT1JPbzdoNHRJZFZuNGpSeDUrbnY1MkhyL05XYXlVRDFOaE45Tm0KZVRNall5SUpNVVZGbnBjMHg1WGFSaFdoWHdsNmEzRjVDMjhNUGIrU3NlUU8wZmJKQjhMZnlUbHlRUFZsVEVjWApkRVo3MUF3WDlxa3VEMDcrTnc1OTJ5bk53bXo2bXZTVmtBS3VNTlRzcTVtdkZ2MERDR3lXSnUvQ3pEdUJORndhClNDKzEwaHlMR3lQMlFiNmJxUkNZdXlPS1hQQ2JmTk1VZjhWWXFMS01qYVJoL3AwZ3JxNk05NXk2WVU0T3pac2EKRjZJQStCYkE4RWxpQVNrRnZrQVFiYlRGczFqVTU1L1NEcHZHZnpSYmpaU2pVUGJDaHQ5dDY0S01JTG1EVTFmSAp5WGE5bUU2OE5TMXBORU1ZY1dOUjBSM09JK3d4aitxekQveUhTbnM9Ci0tLS0tRU5EIENFUlRJRklDQVRFLS0tLS0=",
              "fb_cluster_chain.pem": "Q2VydGlmaWNhdGU6CiAgICBEYXRhOgogICAgICAgIFZlcnNpb246IDMgKDB4MikKICAgICAgICBTZXJpYWwgTnVtYmVyOgogICAgICAgICAgICAxZjoxNjo5NzoxZjo5MTo2OTo4MTplYzo2YzoyZDo4ZDo0ZDo4MDozMzplNjo2MwogICAgICAgIFNpZ25hdHVyZSBBbGdvcml0aG06IHNoYTI1NldpdGhSU0FFbmNyeXB0aW9uCiAgICAgICAgSXNzdWVyOiBDPVVTLCBTVD1DQSwgTz1BZXJvc3Bpa2UsIEluYy4sIE9VPUVuZ2luZWVyaW5nIFRlc3QsIENOPUNoYWluIFNpZ25pbmcgQ2VydAogICAgICAgIFZhbGlkaXR5CiAgICAgICAgICAgIE5vdCBCZWZvcmU6IE1heSAyOCAxODowMjo0OSAyMDIxIEdNVAogICAgICAgICAgICBOb3QgQWZ0ZXIgOiBNYXkgMjcgMTg6MDI6NDkgMjAyNSBHTVQKICAgICAgICBTdWJqZWN0OiBDPVVTLCBTVD1DQSwgTz1BZXJvc3Bpa2UsIEluYy4sIE9VPVRlc3QgTXVsdGlTZXJ2ZXIsIENOPWFlcm9zcGlrZS1hLTAudGVzdC1ydW5uZXIKICAgICAgICBTdWJqZWN0IFB1YmxpYyBLZXkgSW5mbzoKICAgICAgICAgICAgUHVibGljIEtleSBBbGdvcml0aG06IHJzYUVuY3J5cHRpb24KICAgICAgICAgICAgICAgIFJTQSBQdWJsaWMtS2V5OiAoMjA0OCBiaXQpCiAgICAgICAgICAgICAgICBNb2R1bHVzOgogICAgICAgICAgICAgICAgICAgIDAwOmVkOjYzOmQyOjMzOmQ4OmQyOjMzOjQ2OmEwOjVmOjMwOmU3OmYzOjcwOgogICAgICAgICAgICAgICAgICAgIDVlOjQzOjIzOmJhOjNkOjcwOmJmOjQ4OjlmOjNlOjk3OmJkOjM4OjI1OjEwOgogICAgICAgICAgICAgICAgICAgIDEzOmMxOjRmOjc1OjM4OmUxOmM3OmNjOmNjOjMwOjVmOmYwOjI1OmUxOmI3OgogICAgICAgICAgICAgICAgICAgIDY4Ojk5OjNkOjNkOjRjOjQ4OmE2OmM4OjI0OmIwOmIwOjNkOjNhOmE4OjVkOgogICAgICAgICAgICAgICAgICAgIGQxOjUzOmRkOjg3OmE2OjVkOjVjOjNkOjUwOjU3OjkxOmJiOjUxOjMzOjY2OgogICAgICAgICAgICAgICAgICAgIDE2OmE1OjgwOmIxOjNkOjVjOmY4OjAwOmQ2OmI2OjBjOjg1OmVlOjAyOmQ1OgogICAgICAgICAgICAgICAgICAgIDVlOmZlOjk1OmNhOjEzOjRhOjcwOjg3OmViOjNkOjhjOjNjOjUzOjVjOjRjOgogICAgICAgICAgICAgICAgICAgIDVmOmIyOmIwOjQ5OjZlOjMwOjI5OjhmOmRlOmNmOjMyOjZhOmRmOjJjOmJiOgogICAgICAgICAgICAgICAgICAgIDdlOmJmOmMyOjRhOjFkOjMyOjg4OjhjOjhlOjI5Ojg5OjczOmNlOjU2OjUyOgogICAgICAgICAgICAgICAgICAgIDM1OjQ5OmMxOjY4OjdjOmM0Ojc0OjExOjFiOjEzOjJiOjY1OjY2OjA2OmM0OgogICAgICAgICAgICAgICAgICAgIDUzOjU4OmExOmNhOjdmOmFmOmEzOjkzOjYyOjBmOjcyOjkwOjJmOjY1OjJiOgogICAgICAgICAgICAgICAgICAgIGQ5Ojg4OmEzOjEwOmM1OmJiOjFkOmU5OjNmOjQ3OjQ5OmE3OmNhOmM3Ojc2OgogICAgICAgICAgICAgICAgICAgIDNjOjlmOmZhOjY3OmNiOjhlOjk5OmUxOmVhOmEwOjZmOmUwOmMzOjM5OmVhOgogICAgICAgICAgICAgICAgICAgIDNlOmYwOmEwOjMwOmQ2OjAwOjBiOmRmOjBmOmM2OmQ5OmY4OmZmOjkyOjFlOgogICAgICAgICAgICAgICAgICAgIDIwOjZhOmYxOjM5OmI1OmY2OmE4OjljOjRkOjNiOjMzOjY3OmEwOjc1OmQyOgogICAgICAgICAgICAgICAgICAgIDYxOjIyOjdlOjU2OjQ3OmVmOjJmOmRiOmZiOmQzOmJhOjQ1OjU2OmZiOmU1OgogICAgICAgICAgICAgICAgICAgIDcxOjMyOmVkOmU1OmRhOmU2OmQ0OjAzOjBkOjlmOjZmOmY4OjA4OjRkOjljOgogICAgICAgICAgICAgICAgICAgIGM1OjkxCiAgICAgICAgICAgICAgICBFeHBvbmVudDogNjU1MzcgKDB4MTAwMDEpCiAgICAgICAgWDUwOXYzIGV4dGVuc2lvbnM6CiAgICAgICAgICAgIFg1MDl2MyBBdXRob3JpdHkgS2V5IElkZW50aWZpZXI6IAogICAgICAgICAgICAgICAga2V5aWQ6OTI6MTE6MUY6RkU6N0Q6NzU6RjQ6NzU6Qjk6ODU6NDE6MkY6QjM6MUE6NzI6Njg6MzQ6QkQ6MDA6RDIKCiAgICAgICAgICAgIFg1MDl2MyBTdWJqZWN0IEtleSBJZGVudGlmaWVyOiAKICAgICAgICAgICAgICAgIEQ4OjJDOkE1OkM4OjY1OjQyOjQ5OkFGOjE5OjZFOjIxOjAwOkYzOkVDOjI2Ojk0OkRGOjIxOjI1OkI1CiAgICAgICAgICAgIFg1MDl2MyBLZXkgVXNhZ2U6IGNyaXRpY2FsCiAgICAgICAgICAgICAgICBEaWdpdGFsIFNpZ25hdHVyZSwgS2V5IEVuY2lwaGVybWVudAogICAgICAgICAgICBYNTA5djMgRXh0ZW5kZWQgS2V5IFVzYWdlOiAKICAgICAgICAgICAgICAgIFRMUyBXZWIgU2VydmVyIEF1dGhlbnRpY2F0aW9uLCBUTFMgV2ViIENsaWVudCBBdXRoZW50aWNhdGlvbgogICAgICAgICAgICBYNTA5djMgQ1JMIERpc3RyaWJ1dGlvbiBQb2ludHM6IAoKICAgICAgICAgICAgICAgIEZ1bGwgTmFtZToKICAgICAgICAgICAgICAgICAgVVJJOmh0dHA6Ly9teWhvc3QuY29tL215Y2ExLmNybAoKICAgICAgICAgICAgICAgIEZ1bGwgTmFtZToKICAgICAgICAgICAgICAgICAgVVJJOmh0dHA6Ly9teWhvc3QuY29tL215Y2EyLmNybAoKICAgICAgICAgICAgWDUwOXYzIENlcnRpZmljYXRlIFBvbGljaWVzOiAKICAgICAgICAgICAgICAgIFBvbGljeTogMi4xNi44NDAuMS4xMTQ0MTIuMS4xCiAgICAgICAgICAgICAgICAgIENQUzogaHR0cHM6Ly9teWhvc3QuY29tL0NQUwogICAgICAgICAgICAgICAgUG9saWN5OiAyLjIzLjE0MC4xLjIuMgoKICAgICAgICAgICAgQXV0aG9yaXR5IEluZm9ybWF0aW9uIEFjY2VzczogCiAgICAgICAgICAgICAgICBPQ1NQIC0gVVJJOmh0dHA6Ly9vY3NwLm15Lmhvc3QvCiAgICAgICAgICAgICAgICBDQSBJc3N1ZXJzIC0gVVJJOmh0dHA6Ly9teS5jYS9jYS5odG1sCgogICAgICAgICAgICBYNTA5djMgQmFzaWMgQ29uc3RyYWludHM6IGNyaXRpY2FsCiAgICAgICAgICAgICAgICBDQTpGQUxTRQogICAgICAgICAgICBYNTA5djMgU3ViamVjdCBBbHRlcm5hdGl2ZSBOYW1lOiAKICAgICAgICAgICAgICAgIEROUzphZXJvc3Bpa2UtYS0wLnRlc3QtcnVubmVyLCBETlM6YWVyb3NwaWtlLWEtMS50ZXN0LXJ1bm5lciwgRE5TOmFlcm9zcGlrZS1hLTIudGVzdC1ydW5uZXIsIEROUzphZXJvc3Bpa2UtYS0zLnRlc3QtcnVubmVyLCBETlM6YWVyb3NwaWtlLWEtNC50ZXN0LXJ1bm5lciwgRE5TOmFlcm9zcGlrZS1hLTUudGVzdC1ydW5uZXIKICAgIFNpZ25hdHVyZSBBbGdvcml0aG06IHNoYTI1NldpdGhSU0FFbmNyeXB0aW9uCiAgICAgICAgIDJiOmVkOjFlOjkwOjRkOjBlOmIzOjkxOjNhOjhlOmUxOmUyOmQyOjFkOjU2OjdlOjIzOjQ3OgogICAgICAgICAxZTo3ZTo5ZTpmZTo3NjoxZTpiZjpjZDo1OTphYzo5NDowZjo1Mzo2MTozNzpkMzo2Njo3OToKICAgICAgICAgMzM6MjM6NjM6MjI6MDk6MzE6NDU6NDU6OWU6OTc6MzQ6Yzc6OTU6ZGE6NDY6MTU6YTE6NWY6CiAgICAgICAgIDA5OjdhOjZiOjcxOjc5OjBiOjZmOjBjOjNkOmJmOjkyOmIxOmU0OjBlOmQxOmY2OmM5OjA3OgogICAgICAgICBjMjpkZjpjOTozOTo3Mjo0MDpmNTo2NTo0Yzo0NzoxNzo3NDo0Njo3YjpkNDowYzoxNzpmNjoKICAgICAgICAgYTk6MmU6MGY6NGU6ZmU6Mzc6MGU6N2Q6ZGI6Mjk6Y2Q6YzI6NmM6ZmE6OWE6ZjQ6OTU6OTA6CiAgICAgICAgIDAyOmFlOjMwOmQ0OmVjOmFiOjk5OmFmOjE2OmZkOjAzOjA4OjZjOjk2OjI2OmVmOmMyOmNjOgogICAgICAgICAzYjo4MTozNDo1YzoxYTo0ODoyZjpiNTpkMjoxYzo4YjoxYjoyMzpmNjo0MTpiZTo5YjphOToKICAgICAgICAgMTA6OTg6YmI6MjM6OGE6NWM6ZjA6OWI6N2M6ZDM6MTQ6N2Y6YzU6NTg6YTg6YjI6OGM6OGQ6CiAgICAgICAgIGE0OjYxOmZlOjlkOjIwOmFlOmFlOjhjOmY3OjljOmJhOjYxOjRlOjBlOmNkOjliOjFhOjE3OgogICAgICAgICBhMjowMDpmODoxNjpjMDpmMDo0OTo2MjowMToyOTowNTpiZTo0MDoxMDo2ZDpiNDpjNTpiMzoKICAgICAgICAgNTg6ZDQ6ZTc6OWY6ZDI6MGU6OWI6YzY6N2Y6MzQ6NWI6OGQ6OTQ6YTM6NTA6ZjY6YzI6ODY6CiAgICAgICAgIGRmOjZkOmViOjgyOjhjOjIwOmI5OjgzOjUzOjU3OmM3OmM5Ojc2OmJkOjk4OjRlOmJjOjM1OgogICAgICAgICAyZDo2OTozNDo0MzoxODo3MTo2Mzo1MTpkMToxZDpjZToyMzplYzozMTo4ZjplYTpiMzowZjoKICAgICAgICAgZmM6ODc6NGE6N2IKLS0tLS1CRUdJTiBDRVJUSUZJQ0FURS0tLS0tCk1JSUZpVENDQkhHZ0F3SUJBZ0lRSHhhWEg1RnBnZXhzTFkxTmdEUG1ZekFOQmdrcWhraUc5dzBCQVFzRkFEQnMKTVFzd0NRWURWUVFHRXdKVlV6RUxNQWtHQTFVRUNBd0NRMEV4R0RBV0JnTlZCQW9NRDBGbGNtOXpjR2xyWlN3ZwpTVzVqTGpFWk1CY0dBMVVFQ3d3UVJXNW5hVzVsWlhKcGJtY2dWR1Z6ZERFYk1Ca0dBMVVFQXd3U1EyaGhhVzRnClUybG5ibWx1WnlCRFpYSjBNQjRYRFRJeE1EVXlPREU0TURJME9Wb1hEVEkxTURVeU56RTRNREkwT1Zvd2N6RUwKTUFrR0ExVUVCaE1DVlZNeEN6QUpCZ05WQkFnTUFrTkJNUmd3RmdZRFZRUUtEQTlCWlhKdmMzQnBhMlVzSUVsdQpZeTR4R1RBWEJnTlZCQXNNRUZSbGMzUWdUWFZzZEdsVFpYSjJaWEl4SWpBZ0JnTlZCQU1NR1dGbGNtOXpjR2xyClpTMWhMVEF1ZEdWemRDMXlkVzV1WlhJd2dnRWlNQTBHQ1NxR1NJYjNEUUVCQVFVQUE0SUJEd0F3Z2dFS0FvSUIKQVFEdFk5SXoyTkl6UnFCZk1PZnpjRjVESTdvOWNMOUluejZYdlRnbEVCUEJUM1U0NGNmTXpEQmY4Q1hodDJpWgpQVDFNU0tiSUpMQ3dQVHFvWGRGVDNZZW1YVnc5VUZlUnUxRXpaaGFsZ0xFOVhQZ0ExcllNaGU0QzFWNytsY29UClNuQ0g2ejJNUEZOY1RGK3lzRWx1TUNtUDNzOHlhdDhzdTM2L3drb2RNb2lNamltSmM4NVdValZKd1doOHhIUVIKR3hNclpXWUd4Rk5Zb2NwL3I2T1RZZzl5a0M5bEs5bUlveERGdXgzcFAwZEpwOHJIZGp5ZittZkxqcG5oNnFCdgo0TU01Nmo3d29ERFdBQXZmRDhiWitQK1NIaUJxOFRtMTlxaWNUVHN6WjZCMTBtRWlmbFpIN3kvYis5TzZSVmI3CjVYRXk3ZVhhNXRRRERaOXYrQWhObk1XUkFnTUJBQUdqZ2dJZU1JSUNHakFmQmdOVkhTTUVHREFXZ0JTU0VSLysKZlhYMGRibUZRUyt6R25Kb05MMEEwakFkQmdOVkhRNEVGZ1FVMkN5bHlHVkNTYThaYmlFQTgrd21sTjhoSmJVdwpEZ1lEVlIwUEFRSC9CQVFEQWdXZ01CMEdBMVVkSlFRV01CUUdDQ3NHQVFVRkJ3TUJCZ2dyQmdFRkJRY0RBakJQCkJnTlZIUjhFU0RCR01DR2dINkFkaGh0b2RIUndPaTh2Ylhsb2IzTjBMbU52YlM5dGVXTmhNUzVqY213d0lhQWYKb0IyR0cyaDBkSEE2THk5dGVXaHZjM1F1WTI5dEwyMTVZMkV5TG1OeWJEQkdCZ05WSFNBRVB6QTlNREVHQ1dDRwpTQUdHL1d3QkFUQWtNQ0lHQ0NzR0FRVUZCd0lCRmhab2RIUndjem92TDIxNWFHOXpkQzVqYjIwdlExQlRNQWdHCkJtZUJEQUVDQWpCU0JnZ3JCZ0VGQlFjQkFRUkdNRVF3SUFZSUt3WUJCUVVITUFHR0ZHaDBkSEE2THk5dlkzTncKTG0xNUxtaHZjM1F2TUNBR0NDc0dBUVVGQnpBQ2hoUm9kSFJ3T2k4dmJYa3VZMkV2WTJFdWFIUnRiREFNQmdOVgpIUk1CQWY4RUFqQUFNSUd0QmdOVkhSRUVnYVV3Z2FLQ0dXRmxjbTl6Y0dsclpTMWhMVEF1ZEdWemRDMXlkVzV1ClpYS0NHV0ZsY205emNHbHJaUzFoTFRFdWRHVnpkQzF5ZFc1dVpYS0NHV0ZsY205emNHbHJaUzFoTFRJdWRHVnoKZEMxeWRXNXVaWEtDR1dGbGNtOXpjR2xyWlMxaExUTXVkR1Z6ZEMxeWRXNXVaWEtDR1dGbGNtOXpjR2xyWlMxaApMVFF1ZEdWemRDMXlkVzV1WlhLQ0dXRmxjbTl6Y0dsclpTMWhMVFV1ZEdWemRDMXlkVzV1WlhJd0RRWUpLb1pJCmh2Y05BUUVMQlFBRGdnRUJBQ3Z0SHBCTkRyT1JPbzdoNHRJZFZuNGpSeDUrbnY1MkhyL05XYXlVRDFOaE45Tm0KZVRNall5SUpNVVZGbnBjMHg1WGFSaFdoWHdsNmEzRjVDMjhNUGIrU3NlUU8wZmJKQjhMZnlUbHlRUFZsVEVjWApkRVo3MUF3WDlxa3VEMDcrTnc1OTJ5bk53bXo2bXZTVmtBS3VNTlRzcTVtdkZ2MERDR3lXSnUvQ3pEdUJORndhClNDKzEwaHlMR3lQMlFiNmJxUkNZdXlPS1hQQ2JmTk1VZjhWWXFMS01qYVJoL3AwZ3JxNk05NXk2WVU0T3pac2EKRjZJQStCYkE4RWxpQVNrRnZrQVFiYlRGczFqVTU1L1NEcHZHZnpSYmpaU2pVUGJDaHQ5dDY0S01JTG1EVTFmSAp5WGE5bUU2OE5TMXBORU1ZY1dOUjBSM09JK3d4aitxekQveUhTbnM9Ci0tLS0tRU5EIENFUlRJRklDQVRFLS0tLS0KQ2VydGlmaWNhdGU6CiAgICBEYXRhOgogICAgICAgIFZlcnNpb246IDMgKDB4MikKICAgICAgICBTZXJpYWwgTnVtYmVyOgogICAgICAgICAgICA0ODpkNDo2ZTo5NzpiMzphZTpjNDo5NzowYzoyYjplNTo0MjozNzpmMzo2OToyMgogICAgICAgIFNpZ25hdHVyZSBBbGdvcml0aG06IHNoYTI1NldpdGhSU0FFbmNyeXB0aW9uCiAgICAgICAgSXNzdWVyOiBDPVVTLCBTVD1DQSwgTD1Nb3VudGFpbiBWaWV3LCBPPUFlcm9zcGlrZSwgSW5jLiwgT1U9RW5naW5lZXJpbmcgVGVzdCwgQ049Um9vdCBDQQogICAgICAgIFZhbGlkaXR5CiAgICAgICAgICAgIE5vdCBCZWZvcmU6IE1heSAyOCAxODowMjo0OCAyMDIxIEdNVAogICAgICAgICAgICBOb3QgQWZ0ZXIgOiBNYXkgMjcgMTg6MDI6NDggMjAyNSBHTVQKICAgICAgICBTdWJqZWN0OiBDPVVTLCBTVD1DQSwgTz1BZXJvc3Bpa2UsIEluYy4sIE9VPUVuZ2luZWVyaW5nIFRlc3QsIENOPUNoYWluIFNpZ25pbmcgQ2VydAogICAgICAgIFN1YmplY3QgUHVibGljIEtleSBJbmZvOgogICAgICAgICAgICBQdWJsaWMgS2V5IEFsZ29yaXRobTogcnNhRW5jcnlwdGlvbgogICAgICAgICAgICAgICAgUlNBIFB1YmxpYy1LZXk6ICgyMDQ4IGJpdCkKICAgICAgICAgICAgICAgIE1vZHVsdXM6CiAgICAgICAgICAgICAgICAgICAgMDA6ZDE6ODA6MTQ6M2U6OTA6MTY6NzU6Yzc6YTk6N2E6NjA6YWY6M2Y6Nzc6CiAgICAgICAgICAgICAgICAgICAgZjU6YjI6MTI6NWU6MTc6ZWE6ZGQ6MmQ6MWU6YmQ6MTk6OTg6YTA6YjI6NGU6CiAgICAgICAgICAgICAgICAgICAgMWU6ZWQ6MjU6ZmI6NmQ6NjQ6ZTY6OTg6ZGU6MGE6MmI6Mjk6ZTQ6YWY6ZDI6CiAgICAgICAgICAgICAgICAgICAgZjU6M2M6NjI6NDM6ZmM6YTc6ZTM6MmM6YTg6NWY6YjA6Mjc6MmI6YjQ6Yzk6CiAgICAgICAgICAgICAgICAgICAgZjQ6ZDU6NmM6NTc6MTg6ZDk6NTU6N2M6ZTE6ODg6MmM6Mjc6NTQ6ZWU6NTg6CiAgICAgICAgICAgICAgICAgICAgNzU6OWY6MzM6NmQ6NmY6OGM6ZTU6NjE6Yjk6ZDQ6ZjI6Zjk6YWU6ZDg6MGQ6CiAgICAgICAgICAgICAgICAgICAgYjI6MGY6M2Y6MzI6NTY6ZjA6Zjc6ZDI6MDY6Mjk6MjU6YzA6YWM6ZGU6YTc6CiAgICAgICAgICAgICAgICAgICAgOTM6ZjI6Y2M6ZjE6OTc6NjU6YjQ6MTQ6MTk6ZDI6M2Q6NDc6OWU6YTQ6NDA6CiAgICAgICAgICAgICAgICAgICAgMmU6ZmE6ZWE6NmU6NzU6Mzc6MTU6NmY6NDg6OTI6MGU6OWI6NGI6MTM6ZmU6CiAgICAgICAgICAgICAgICAgICAgMzA6MDk6NjI6ZGQ6NzU6YWY6NmQ6ZGU6NzA6ZmI6MDA6Mzk6Y2Y6OTQ6ODA6CiAgICAgICAgICAgICAgICAgICAgNDA6M2I6NTc6Yjk6ZmU6MDg6ZjI6OTE6OTE6ODg6N2U6ZmM6NmE6NjI6NjU6CiAgICAgICAgICAgICAgICAgICAgMmY6MmM6ZGU6ODQ6ODI6MDY6ZjM6Mjc6MWM6YWM6Y2E6N2Q6YzE6MGU6MjM6CiAgICAgICAgICAgICAgICAgICAgNTU6ZDc6NDQ6NjY6NDQ6MjQ6NmE6YmM6ZmU6OGE6YTk6MzQ6NmM6NmM6ODA6CiAgICAgICAgICAgICAgICAgICAgZjA6NGE6NDM6YTA6NDU6YWE6YjQ6ZTM6MDM6OGU6Mzk6NmI6Yjk6MmU6Y2U6CiAgICAgICAgICAgICAgICAgICAgYzg6MTY6MDc6MDY6OTg6MWY6ZDk6OTQ6MDY6OGI6OTg6YTA6NmE6Njk6ZDU6CiAgICAgICAgICAgICAgICAgICAgOGM6MTE6MTc6MDY6ODk6MTU6YWI6ZTA6MGY6MGY6YjU6ODE6OWQ6Zjk6Mjk6CiAgICAgICAgICAgICAgICAgICAgOGM6MDU6YTI6YTU6MGE6ZGI6Yjc6MzE6ZjM6MjI6NTM6OGY6ZmQ6OWU6NTM6CiAgICAgICAgICAgICAgICAgICAgOTI6YmQKICAgICAgICAgICAgICAgIEV4cG9uZW50OiA2NTUzNyAoMHgxMDAwMSkKICAgICAgICBYNTA5djMgZXh0ZW5zaW9uczoKICAgICAgICAgICAgWDUwOXYzIEJhc2ljIENvbnN0cmFpbnRzOiBjcml0aWNhbAogICAgICAgICAgICAgICAgQ0E6VFJVRSwgcGF0aGxlbjowCiAgICAgICAgICAgIFg1MDl2MyBLZXkgVXNhZ2U6IGNyaXRpY2FsCiAgICAgICAgICAgICAgICBEaWdpdGFsIFNpZ25hdHVyZSwgS2V5IEVuY2lwaGVybWVudCwgQ2VydGlmaWNhdGUgU2lnbiwgQ1JMIFNpZ24KICAgICAgICAgICAgWDUwOXYzIEV4dGVuZGVkIEtleSBVc2FnZTogCiAgICAgICAgICAgICAgICBUTFMgV2ViIFNlcnZlciBBdXRoZW50aWNhdGlvbiwgVExTIFdlYiBDbGllbnQgQXV0aGVudGljYXRpb24KICAgICAgICAgICAgQXV0aG9yaXR5IEluZm9ybWF0aW9uIEFjY2VzczogCiAgICAgICAgICAgICAgICBPQ1NQIC0gVVJJOmh0dHA6Ly9vY3NwLm15Lmhvc3QvCgogICAgICAgICAgICBYNTA5djMgQ1JMIERpc3RyaWJ1dGlvbiBQb2ludHM6IAoKICAgICAgICAgICAgICAgIEZ1bGwgTmFtZToKICAgICAgICAgICAgICAgICAgVVJJOmh0dHA6Ly9teWhvc3QuY29tL215Y2EuY3JsCgogICAgICAgICAgICBYNTA5djMgQ2VydGlmaWNhdGUgUG9saWNpZXM6IAogICAgICAgICAgICAgICAgUG9saWN5OiBYNTA5djMgQW55IFBvbGljeQogICAgICAgICAgICAgICAgICBDUFM6IGh0dHBzOi8vbXlob3N0LmNvbS9DUFMKCiAgICAgICAgICAgIFg1MDl2MyBTdWJqZWN0IEtleSBJZGVudGlmaWVyOiAKICAgICAgICAgICAgICAgIDkyOjExOjFGOkZFOjdEOjc1OkY0Ojc1OkI5Ojg1OjQxOjJGOkIzOjFBOjcyOjY4OjM0OkJEOjAwOkQyCiAgICAgICAgICAgIFg1MDl2MyBBdXRob3JpdHkgS2V5IElkZW50aWZpZXI6IAogICAgICAgICAgICAgICAga2V5aWQ6NUM6RDQ6MDA6NDg6Mzg6NDc6NDI6MUY6M0E6Mzk6MTQ6QkM6RDQ6RDU6Qjc6ODQ6Qjg6ODM6NDQ6Q0QKCiAgICBTaWduYXR1cmUgQWxnb3JpdGhtOiBzaGEyNTZXaXRoUlNBRW5jcnlwdGlvbgogICAgICAgICAxYzozODplMjpkNjo0YjphZjpiNTo0NTplNjpkOTowNjo4NjpjMTozNTpiZTo4NDo0YzplODoKICAgICAgICAgNzI6YzA6NjI6M2I6ZDk6YmM6M2E6MDY6NTM6MWI6NjY6ODU6Nzk6YjU6Mzg6MzQ6ZmI6ZWE6CiAgICAgICAgIDc0OmEyOmFmOmFjOjIwOjc0OmZkOmYwOjE5OjRkOjI3OjM2OmEzOjIyOjc3OjAxOjhjOjkwOgogICAgICAgICA2OTo1Njo3ZjpiNDo4ODo2ODpjNzpjYzowOTpiOToyNDo4ODphNzoyYzo1NjpjYzpiNzoyMDoKICAgICAgICAgOTg6N2I6NTc6ZDA6NzU6NTM6Njc6YWM6NmM6OTU6NDA6OTQ6OTM6NmI6ODk6ZjE6MDQ6YWE6CiAgICAgICAgIDlhOmZmOjJlOjFjOjQzOjc4OjllOmE2OmUwOmM4Ojg4OjhjOjhmOjczOjRmOjQ0OjlmOjk1OgogICAgICAgICBmNDpjNTpkNTo5YjpjNzphZTo4ZjpmOTo4ZToxZjo1MDpkMTpkZDoyYzo2NTpjYzowYjo2NzoKICAgICAgICAgYjA6OWE6M2Y6Zjg6MWM6ZGY6OGI6NzU6OGY6ODI6OWM6N2M6MWM6MDI6NmE6ZmE6OTQ6NzA6CiAgICAgICAgIDYyOjBhOmUxOjhmOjg1OmUxOjBlOjk2Ojk1OjNhOjMwOjhkOjk2OmI0OjMwOmNlOjE2OjkxOgogICAgICAgICAwYTo1MTo5MzplMTowNzo0ZTo4ZDphNDo4Zjo2OTo3Njo4ODpjOTo0NzoyMjplNzozMTpkOToKICAgICAgICAgYzQ6MjI6YWM6ZjE6NzU6ZGY6YzU6OTI6ODQ6OTI6ZWE6Yjg6YTY6NzA6ZTM6Y2U6YmY6Yzg6CiAgICAgICAgIDQ3OmQ4OjgyOjg4OjM1OjViOjVjOjM3OjE5OjBmOjE2OmMwOjkwOjQyOjY0OjQwOmEwOmIyOgogICAgICAgICAxZjpkOTo3MDo0ZjozYTo1MjoyZjplNjo0Mzo3ZDphNjpiMzplZjoxYzplYTpiMjplNjo2YToKICAgICAgICAgNTc6ODA6MTc6Mjk6MjA6NzE6YTM6NjE6Zjg6ZTc6MjA6NmY6ZDE6ZjY6MTY6ZWM6ZjI6YzY6CiAgICAgICAgIDJmOjhhOmE0OmZmCi0tLS0tQkVHSU4gQ0VSVElGSUNBVEUtLS0tLQpNSUlFa0RDQ0EzaWdBd0lCQWdJUVNOUnVsN091eEpjTUsrVkNOL05wSWpBTkJna3Foa2lHOXcwQkFRc0ZBREI1Ck1Rc3dDUVlEVlFRR0V3SlZVekVMTUFrR0ExVUVDQXdDUTBFeEZqQVVCZ05WQkFjTURVMXZkVzUwWVdsdUlGWnAKWlhjeEdEQVdCZ05WQkFvTUQwRmxjbTl6Y0dsclpTd2dTVzVqTGpFWk1CY0dBMVVFQ3d3UVJXNW5hVzVsWlhKcApibWNnVkdWemRERVFNQTRHQTFVRUF3d0hVbTl2ZENCRFFUQWVGdzB5TVRBMU1qZ3hPREF5TkRoYUZ3MHlOVEExCk1qY3hPREF5TkRoYU1Hd3hDekFKQmdOVkJBWVRBbFZUTVFzd0NRWURWUVFJREFKRFFURVlNQllHQTFVRUNnd1AKUVdWeWIzTndhV3RsTENCSmJtTXVNUmt3RndZRFZRUUxEQkJGYm1kcGJtVmxjbWx1WnlCVVpYTjBNUnN3R1FZRApWUVFEREJKRGFHRnBiaUJUYVdkdWFXNW5JRU5sY25Rd2dnRWlNQTBHQ1NxR1NJYjNEUUVCQVFVQUE0SUJEd0F3CmdnRUtBb0lCQVFEUmdCUStrQloxeDZsNllLOC9kL1d5RWw0WDZ0MHRIcjBabUtDeVRoN3RKZnR0Wk9hWTNnb3IKS2VTdjB2VThZa1A4cCtNc3FGK3dKeXUweWZUVmJGY1kyVlY4NFlnc0oxVHVXSFdmTTIxdmpPVmh1ZFR5K2E3WQpEYklQUHpKVzhQZlNCaWtsd0t6ZXA1UHl6UEdYWmJRVUdkSTlSNTZrUUM3NjZtNTFOeFZ2U0pJT20wc1QvakFKCll0MTFyMjNlY1BzQU9jK1VnRUE3VjduK0NQS1JrWWgrL0dwaVpTOHMzb1NDQnZNbkhLektmY0VPSTFYWFJHWkUKSkdxOC9vcXBOR3hzZ1BCS1E2QkZxclRqQTQ0NWE3a3V6c2dXQndhWUg5bVVCb3VZb0dwcDFZd1JGd2FKRmF2ZwpEdysxZ1ozNUtZd0ZvcVVLMjdjeDh5SlRqLzJlVTVLOUFnTUJBQUdqZ2dFZk1JSUJHekFTQmdOVkhSTUJBZjhFCkNEQUdBUUgvQWdFQU1BNEdBMVVkRHdFQi93UUVBd0lCcGpBZEJnTlZIU1VFRmpBVUJnZ3JCZ0VGQlFjREFRWUkKS3dZQkJRVUhBd0l3TUFZSUt3WUJCUVVIQVFFRUpEQWlNQ0FHQ0NzR0FRVUZCekFCaGhSb2RIUndPaTh2YjJOegpjQzV0ZVM1b2IzTjBMekFyQmdOVkhSOEVKREFpTUNDZ0hxQWNoaHBvZEhSd09pOHZiWGxvYjNOMExtTnZiUzl0CmVXTmhMbU55YkRBM0JnTlZIU0FFTURBdU1Dd0dCRlVkSUFBd0pEQWlCZ2dyQmdFRkJRY0NBUllXYUhSMGNITTYKTHk5dGVXaHZjM1F1WTI5dEwwTlFVekFkQmdOVkhRNEVGZ1FVa2hFZi9uMTE5SFc1aFVFdnN4cHlhRFM5QU5JdwpId1lEVlIwakJCZ3dGb0FVWE5RQVNEaEhRaDg2T1JTODFOVzNoTGlEUk0wd0RRWUpLb1pJaHZjTkFRRUxCUUFECmdnRUJBQnc0NHRaTHI3VkY1dGtHaHNFMXZvUk02SExBWWp2WnZEb0dVeHRtaFhtMU9EVDc2blNpcjZ3Z2RQM3cKR1Uwbk5xTWlkd0dNa0dsV2Y3U0lhTWZNQ2Jra2lLY3NWc3kzSUpoN1Y5QjFVMmVzYkpWQWxKTnJpZkVFcXByLwpMaHhEZUo2bTRNaUlqSTl6VDBTZmxmVEYxWnZIcm8vNWpoOVEwZDBzWmN3TFo3Q2FQL2djMzR0MWo0S2NmQndDCmF2cVVjR0lLNFkrRjRRNldsVG93alphME1NNFdrUXBSaytFSFRvMmtqMmwyaU1sSEl1Y3gyY1FpclBGMTM4V1MKaEpMcXVLWnc0ODYveUVmWWdvZzFXMXczR1E4V3dKQkNaRUNnc2gvWmNFODZVaS9tUTMybXMrOGM2ckxtYWxlQQpGeWtnY2FOaCtPY2diOUgyRnV6eXhpK0twUDg9Ci0tLS0tRU5EIENFUlRJRklDQVRFLS0tLS0=",
              "fb_key.pem": "LS0tLS1CRUdJTiBQUklWQVRFIEtFWS0tLS0tCk1JSUV2Z0lCQURBTkJna3Foa2lHOXcwQkFRRUZBQVNDQktnd2dnU2tBZ0VBQW9JQkFRRHRZOUl6Mk5JelJxQmYKTU9memNGNURJN285Y0w5SW56Nlh2VGdsRUJQQlQzVTQ0Y2ZNekRCZjhDWGh0MmlaUFQxTVNLYklKTEN3UFRxbwpYZEZUM1llbVhWdzlVRmVSdTFFelpoYWxnTEU5WFBnQTFyWU1oZTRDMVY3K2xjb1RTbkNINnoyTVBGTmNURit5CnNFbHVNQ21QM3M4eWF0OHN1MzYvd2tvZE1vaU1qaW1KYzg1V1VqVkp3V2g4eEhRUkd4TXJaV1lHeEZOWW9jcC8KcjZPVFlnOXlrQzlsSzltSW94REZ1eDNwUDBkSnA4ckhkanlmK21mTGpwbmg2cUJ2NE1NNTZqN3dvRERXQUF2ZgpEOGJaK1ArU0hpQnE4VG0xOXFpY1RUc3paNkIxMG1FaWZsWkg3eS9iKzlPNlJWYjc1WEV5N2VYYTV0UUREWjl2CitBaE5uTVdSQWdNQkFBRUNnZ0VBRnRkK0NHTWFocmlMQWQzUTA4bkNLQyt0NGUrUldFbUtXa3RvdFpoQWJsOVkKNWlwRGNWOU1ZRTdaTmtqUmxiMGd3dEJTeS90THpRbDNOWEFoampKSXRTZFNrc3ZDUVZHRzFLMUVESlMvZVNvUwo2dkc5L3FKOGJtVmRpSjJkSGhJUmxlSjZ2NTJtWDhFeGpCNE9VcjNyb2Q1TWpZdGZBZ3pnZTA4VWxvNmdPUFhkCmN0YXpnYVVGSnZhcm5mWERCMDNOclJSbnhmYkE4YytCMUwzUHVmMUU3ZmI3eEtxcGYvUUlHZnRPck4rZ01mazAKUy84OW5WZUQ0d0dzc2h3TTRGZzN6bE16OC9NdjRWY3lMa2ZlbWxJNmlubDczT3o0T3VRNGVyL01IdEZ5WlBHdQpaMmI2L1A0NjlQZTIwZFEwU2RzT3gxbTYwVzB3OVJMcWNOOC9XbC9neVFLQmdRRDZlRFVWQ3Q4dlMyUG9TaGI5Ckc1dkI0cGlCVjdtZmsrdmVlM0t0U2c1aTFDZy9JakxQYWxBNnUrb3FnY2NjVGN4c05UNVhWOTdEVDEwaDk2R1IKSU5oOExlRlpLSGFLRTJnNndPeG1iWjJQRGd1bUcxekh6RmcxMWlXeVBvREowelcrNEY2V0RMZTIrMjAyZFQxQgpUT05CUjJTZlpQQXNvYm5mMklmODF2SlNYd0tCZ1FEeW9hNHY1eWU1d1NjOW1ER0dWNkFVV3FqUEp4cXBCekJmCjh3b3ludDBEeFBuYU1RTUUrblNjSmNVN2Z1djhlZzN3L21LektZaWlXbHFRWE9ZZ2xqR1pNUmxKaFV1RC9RSUoKUGpVS2JzSmJTODRFendTdjh3VGJqZUIweThFeWNyU0g2RzVwSE9IbHRTeE1nR3hGZ09yd3ZGZTlyNGRTeEU1VQpCU1F6cTA5T0R3S0JnUUNPd0lSQWdmbkNFczNXVHFQYmppaXYwRjNyR2Z5Sm50MEg2SVBya0JHeThnZ2VNM2VTCkQ1MjZXKytTV25VSkJLNUYzZkt5QlRySlJpcG1lYVJ6K3F4bjJoNWRtbG8xUitwWDBpenFFLytBMFJpQ2k0WE4KdWdGc2JhaitkZkVoRm1mRGFrMStaN0V0Y1E5Rndud3ZBNHRpWVRaUVFrOUFvTXczY0VuUktSRGpNUUtCZ0VJMwp1ZkE4NSt5Y09IZG85K3N3TXZJYkpBTVZLd09DZ01OTzh6T0pnOHdwai83cWJXYUliQmJKZ0NDU3JSa0V2cFZNCjkrYnBxTzZXTmkwOERWcExZMUhwd25yOE0vWGJzUmlRcjYwZk9VL3RTbGFwb1IvYjlURnVjUm12R2hVSWxSaWEKYUxlck9FT1d4SFpFZmtnaHZQemlpaGVzdGdQeXEyWG0yVkI0cW5ZbEFvR0JBT3VtSEVHaGR0NWUzUXljR1BVdAplbHJhYUxya1A2MWxTWWdSS3F5cTQrUlY3T2Q0WDZtY3BTSVRvcmh1RG1nYmx0bDhjOUpCRkpucEc2cVAzaWVkClA1N2VPT25VUzdHeDdWWjlZSWJmbVgwTExwamxHUGtNbGhTWXFiOFYwL3pUV2xKMUZtUkJvTXBBRC9xaHFnc1cKYm9uN0lxRGtRaWFqZlFxTUdsQVowMzlBCi0tLS0tRU5EIFBSSVZBVEUgS0VZLS0tLS0=",
              "fb_req.pem": "LS0tLS1CRUdJTiBDRVJUSUZJQ0FURSBSRVFVRVNULS0tLS0KTUlJQzFUQ0NBYjBDQVFBd2dZQXhDekFKQmdOVkJBWVRBbFZUTVFzd0NRWURWUVFJREFKRFFURVdNQlFHQTFVRQpCd3dOVFc5MWJuUmhhVzRnVm1sbGR6RVlNQllHQTFVRUNnd1BRV1Z5YjNOd2FXdGxMQ0JKYm1NdU1Sb3dHQVlEClZRUUxEQkZEYkhWemRHVnlJRTVoYldVZ1ZHVnpkREVXTUJRR0ExVUVBd3dOWW05aUxXTnNkWE4wWlhJdFl6Q0MKQVNJd0RRWUpLb1pJaHZjTkFRRUJCUUFEZ2dFUEFEQ0NBUW9DZ2dFQkFLY1RFNG0rdW9mWlNvRnBibllCNkxRZQpGOUdYTWZ3SzNIRUVtZ0VKY2Q1K0QzcDY5ckFuSlJmOFBnYW5wR0NlNWJycjV2d2dRZ1gxSXFjZ3g1MC93aGFiCmt0dzI5b00yK2I3U2o1SFV0NDJLNzlkYU4rVndNeHpTUFdZRTR6YnRJTlJDc1FjUVl0eUFuOHQ3NHRGS0tnUHMKUU55SS9YZHRTLzZqTTJKcm1BRENvUmNRdFRHL2VMTTMvRk9STXA5OHMvV2hjYmNudlBMY1VRNy9CR1NITzIvUgpCYmZwSFkySW4zdHpVNk4xV2lPcXVGbk12R2phWkVLL0cwTnIrUEx4WWNVWmRUWnZaN3F5WTRud3U2NVczUzg3CndUb3cvSSsvS0ZpQXZ1cWNvZFR1TThCVlNoNWJFK3F5L3RSMFRKMFphRlNRU3p6VFJZcDl2TXdXSUJsczFYY0MKQXdFQUFhQVBNQTBHQ1NxR1NJYjNEUUVKRGpFQU1BMEdDU3FHU0liM0RRRUJDd1VBQTRJQkFRQ1RleDJjNlRqcwpUNW10SjVhUGR1TTF2c3pHVjFlRjlSYTZwME9pNzJEaWcxNm1iMEhTV0xzNm8vWTRaVm9qVEt0bFN2NkNQMUNNCkZONGFySkZsZXE4NHB3dzVqVEFYQ2tTREV2Y3JNeHJQMHN0d2ZKTHFuWmhYYnVTVXhzOEUzOHdPR1AvQ0hKYWQKMkRFSExXd2F6TjByS0NNb3NlVjB1MURkYzZtZ3FKN2JybnRJYUlieWkvU1JhV2xHbVdFYzNDRzU0VVZ6WVUvLwp5c3IzTmJBMkNEVWlkNVpta3pQcjVaZG5FTGlZck9RUG1aeTlLSjBYTzVwaEZqa0FndkNmSmRXbDhiaHZseklnCkhhVkljdzZBb0VDdmRvT0lVYmdsTi81eGZsNFJHRWZiK2VMTFV5VGxBbXhZRm9vVW9qNGRHOU5YcytPd1AybngKZEZmeTAyZkFWeVVqCi0tLS0tRU5EIENFUlRJRklDQVRFIFJFUVVFU1QtLS0tLQ==",
              "hb_cluster_chain.pem": "Q2VydGlmaWNhdGU6CiAgICBEYXRhOgogICAgICAgIFZlcnNpb246IDMgKDB4MikKICAgICAgICBTZXJpYWwgTnVtYmVyOgogICAgICAgICAgICAxZjoxNjo5NzoxZjo5MTo2OTo4MTplYzo2YzoyZDo4ZDo0ZDo4MDozMzplNjo2MwogICAgICAgIFNpZ25hdHVyZSBBbGdvcml0aG06IHNoYTI1NldpdGhSU0FFbmNyeXB0aW9uCiAgICAgICAgSXNzdWVyOiBDPVVTLCBTVD1DQSwgTz1BZXJvc3Bpa2UsIEluYy4sIE9VPUVuZ2luZWVyaW5nIFRlc3QsIENOPUNoYWluIFNpZ25pbmcgQ2VydAogICAgICAgIFZhbGlkaXR5CiAgICAgICAgICAgIE5vdCBCZWZvcmU6IE1heSAyOCAxODowMjo0OSAyMDIxIEdNVAogICAgICAgICAgICBOb3QgQWZ0ZXIgOiBNYXkgMjcgMTg6MDI6NDkgMjAyNSBHTVQKICAgICAgICBTdWJqZWN0OiBDPVVTLCBTVD1DQSwgTz1BZXJvc3Bpa2UsIEluYy4sIE9VPVRlc3QgTXVsdGlTZXJ2ZXIsIENOPWFlcm9zcGlrZS1hLTAudGVzdC1ydW5uZXIKICAgICAgICBTdWJqZWN0IFB1YmxpYyBLZXkgSW5mbzoKICAgICAgICAgICAgUHVibGljIEtleSBBbGdvcml0aG06IHJzYUVuY3J5cHRpb24KICAgICAgICAgICAgICAgIFJTQSBQdWJsaWMtS2V5OiAoMjA0OCBiaXQpCiAgICAgICAgICAgICAgICBNb2R1bHVzOgogICAgICAgICAgICAgICAgICAgIDAwOmVkOjYzOmQyOjMzOmQ4OmQyOjMzOjQ2OmEwOjVmOjMwOmU3OmYzOjcwOgogICAgICAgICAgICAgICAgICAgIDVlOjQzOjIzOmJhOjNkOjcwOmJmOjQ4OjlmOjNlOjk3OmJkOjM4OjI1OjEwOgogICAgICAgICAgICAgICAgICAgIDEzOmMxOjRmOjc1OjM4OmUxOmM3OmNjOmNjOjMwOjVmOmYwOjI1OmUxOmI3OgogICAgICAgICAgICAgICAgICAgIDY4Ojk5OjNkOjNkOjRjOjQ4OmE2OmM4OjI0OmIwOmIwOjNkOjNhOmE4OjVkOgogICAgICAgICAgICAgICAgICAgIGQxOjUzOmRkOjg3OmE2OjVkOjVjOjNkOjUwOjU3OjkxOmJiOjUxOjMzOjY2OgogICAgICAgICAgICAgICAgICAgIDE2OmE1OjgwOmIxOjNkOjVjOmY4OjAwOmQ2OmI2OjBjOjg1OmVlOjAyOmQ1OgogICAgICAgICAgICAgICAgICAgIDVlOmZlOjk1OmNhOjEzOjRhOjcwOjg3OmViOjNkOjhjOjNjOjUzOjVjOjRjOgogICAgICAgICAgICAgICAgICAgIDVmOmIyOmIwOjQ5OjZlOjMwOjI5OjhmOmRlOmNmOjMyOjZhOmRmOjJjOmJiOgogICAgICAgICAgICAgICAgICAgIDdlOmJmOmMyOjRhOjFkOjMyOjg4OjhjOjhlOjI5Ojg5OjczOmNlOjU2OjUyOgogICAgICAgICAgICAgICAgICAgIDM1OjQ5OmMxOjY4OjdjOmM0Ojc0OjExOjFiOjEzOjJiOjY1OjY2OjA2OmM0OgogICAgICAgICAgICAgICAgICAgIDUzOjU4OmExOmNhOjdmOmFmOmEzOjkzOjYyOjBmOjcyOjkwOjJmOjY1OjJiOgogICAgICAgICAgICAgICAgICAgIGQ5Ojg4OmEzOjEwOmM1OmJiOjFkOmU5OjNmOjQ3OjQ5OmE3OmNhOmM3Ojc2OgogICAgICAgICAgICAgICAgICAgIDNjOjlmOmZhOjY3OmNiOjhlOjk5OmUxOmVhOmEwOjZmOmUwOmMzOjM5OmVhOgogICAgICAgICAgICAgICAgICAgIDNlOmYwOmEwOjMwOmQ2OjAwOjBiOmRmOjBmOmM2OmQ5OmY4OmZmOjkyOjFlOgogICAgICAgICAgICAgICAgICAgIDIwOjZhOmYxOjM5OmI1OmY2OmE4OjljOjRkOjNiOjMzOjY3OmEwOjc1OmQyOgogICAgICAgICAgICAgICAgICAgIDYxOjIyOjdlOjU2OjQ3OmVmOjJmOmRiOmZiOmQzOmJhOjQ1OjU2OmZiOmU1OgogICAgICAgICAgICAgICAgICAgIDcxOjMyOmVkOmU1OmRhOmU2OmQ0OjAzOjBkOjlmOjZmOmY4OjA4OjRkOjljOgogICAgICAgICAgICAgICAgICAgIGM1OjkxCiAgICAgICAgICAgICAgICBFeHBvbmVudDogNjU1MzcgKDB4MTAwMDEpCiAgICAgICAgWDUwOXYzIGV4dGVuc2lvbnM6CiAgICAgICAgICAgIFg1MDl2MyBBdXRob3JpdHkgS2V5IElkZW50aWZpZXI6IAogICAgICAgICAgICAgICAga2V5aWQ6OTI6MTE6MUY6RkU6N0Q6NzU6RjQ6NzU6Qjk6ODU6NDE6MkY6QjM6MUE6NzI6Njg6MzQ6QkQ6MDA6RDIKCiAgICAgICAgICAgIFg1MDl2MyBTdWJqZWN0IEtleSBJZGVudGlmaWVyOiAKICAgICAgICAgICAgICAgIEQ4OjJDOkE1OkM4OjY1OjQyOjQ5OkFGOjE5OjZFOjIxOjAwOkYzOkVDOjI2Ojk0OkRGOjIxOjI1OkI1CiAgICAgICAgICAgIFg1MDl2MyBLZXkgVXNhZ2U6IGNyaXRpY2FsCiAgICAgICAgICAgICAgICBEaWdpdGFsIFNpZ25hdHVyZSwgS2V5IEVuY2lwaGVybWVudAogICAgICAgICAgICBYNTA5djMgRXh0ZW5kZWQgS2V5IFVzYWdlOiAKICAgICAgICAgICAgICAgIFRMUyBXZWIgU2VydmVyIEF1dGhlbnRpY2F0aW9uLCBUTFMgV2ViIENsaWVudCBBdXRoZW50aWNhdGlvbgogICAgICAgICAgICBYNTA5djMgQ1JMIERpc3RyaWJ1dGlvbiBQb2ludHM6IAoKICAgICAgICAgICAgICAgIEZ1bGwgTmFtZToKICAgICAgICAgICAgICAgICAgVVJJOmh0dHA6Ly9teWhvc3QuY29tL215Y2ExLmNybAoKICAgICAgICAgICAgICAgIEZ1bGwgTmFtZToKICAgICAgICAgICAgICAgICAgVVJJOmh0dHA6Ly9teWhvc3QuY29tL215Y2EyLmNybAoKICAgICAgICAgICAgWDUwOXYzIENlcnRpZmljYXRlIFBvbGljaWVzOiAKICAgICAgICAgICAgICAgIFBvbGljeTogMi4xNi44NDAuMS4xMTQ0MTIuMS4xCiAgICAgICAgICAgICAgICAgIENQUzogaHR0cHM6Ly9teWhvc3QuY29tL0NQUwogICAgICAgICAgICAgICAgUG9saWN5OiAyLjIzLjE0MC4xLjIuMgoKICAgICAgICAgICAgQXV0aG9yaXR5IEluZm9ybWF0aW9uIEFjY2VzczogCiAgICAgICAgICAgICAgICBPQ1NQIC0gVVJJOmh0dHA6Ly9vY3NwLm15Lmhvc3QvCiAgICAgICAgICAgICAgICBDQSBJc3N1ZXJzIC0gVVJJOmh0dHA6Ly9teS5jYS9jYS5odG1sCgogICAgICAgICAgICBYNTA5djMgQmFzaWMgQ29uc3RyYWludHM6IGNyaXRpY2FsCiAgICAgICAgICAgICAgICBDQTpGQUxTRQogICAgICAgICAgICBYNTA5djMgU3ViamVjdCBBbHRlcm5hdGl2ZSBOYW1lOiAKICAgICAgICAgICAgICAgIEROUzphZXJvc3Bpa2UtYS0wLnRlc3QtcnVubmVyLCBETlM6YWVyb3NwaWtlLWEtMS50ZXN0LXJ1bm5lciwgRE5TOmFlcm9zcGlrZS1hLTIudGVzdC1ydW5uZXIsIEROUzphZXJvc3Bpa2UtYS0zLnRlc3QtcnVubmVyLCBETlM6YWVyb3NwaWtlLWEtNC50ZXN0LXJ1bm5lciwgRE5TOmFlcm9zcGlrZS1hLTUudGVzdC1ydW5uZXIKICAgIFNpZ25hdHVyZSBBbGdvcml0aG06IHNoYTI1NldpdGhSU0FFbmNyeXB0aW9uCiAgICAgICAgIDJiOmVkOjFlOjkwOjRkOjBlOmIzOjkxOjNhOjhlOmUxOmUyOmQyOjFkOjU2OjdlOjIzOjQ3OgogICAgICAgICAxZTo3ZTo5ZTpmZTo3NjoxZTpiZjpjZDo1OTphYzo5NDowZjo1Mzo2MTozNzpkMzo2Njo3OToKICAgICAgICAgMzM6MjM6NjM6MjI6MDk6MzE6NDU6NDU6OWU6OTc6MzQ6Yzc6OTU6ZGE6NDY6MTU6YTE6NWY6CiAgICAgICAgIDA5OjdhOjZiOjcxOjc5OjBiOjZmOjBjOjNkOmJmOjkyOmIxOmU0OjBlOmQxOmY2OmM5OjA3OgogICAgICAgICBjMjpkZjpjOTozOTo3Mjo0MDpmNTo2NTo0Yzo0NzoxNzo3NDo0Njo3YjpkNDowYzoxNzpmNjoKICAgICAgICAgYTk6MmU6MGY6NGU6ZmU6Mzc6MGU6N2Q6ZGI6Mjk6Y2Q6YzI6NmM6ZmE6OWE6ZjQ6OTU6OTA6CiAgICAgICAgIDAyOmFlOjMwOmQ0OmVjOmFiOjk5OmFmOjE2OmZkOjAzOjA4OjZjOjk2OjI2OmVmOmMyOmNjOgogICAgICAgICAzYjo4MTozNDo1YzoxYTo0ODoyZjpiNTpkMjoxYzo4YjoxYjoyMzpmNjo0MTpiZTo5YjphOToKICAgICAgICAgMTA6OTg6YmI6MjM6OGE6NWM6ZjA6OWI6N2M6ZDM6MTQ6N2Y6YzU6NTg6YTg6YjI6OGM6OGQ6CiAgICAgICAgIGE0OjYxOmZlOjlkOjIwOmFlOmFlOjhjOmY3OjljOmJhOjYxOjRlOjBlOmNkOjliOjFhOjE3OgogICAgICAgICBhMjowMDpmODoxNjpjMDpmMDo0OTo2MjowMToyOTowNTpiZTo0MDoxMDo2ZDpiNDpjNTpiMzoKICAgICAgICAgNTg6ZDQ6ZTc6OWY6ZDI6MGU6OWI6YzY6N2Y6MzQ6NWI6OGQ6OTQ6YTM6NTA6ZjY6YzI6ODY6CiAgICAgICAgIGRmOjZkOmViOjgyOjhjOjIwOmI5OjgzOjUzOjU3OmM3OmM5Ojc2OmJkOjk4OjRlOmJjOjM1OgogICAgICAgICAyZDo2OTozNDo0MzoxODo3MTo2Mzo1MTpkMToxZDpjZToyMzplYzozMTo4ZjplYTpiMzowZjoKICAgICAgICAgZmM6ODc6NGE6N2IKLS0tLS1CRUdJTiBDRVJUSUZJQ0FURS0tLS0tCk1JSUZpVENDQkhHZ0F3SUJBZ0lRSHhhWEg1RnBnZXhzTFkxTmdEUG1ZekFOQmdrcWhraUc5dzBCQVFzRkFEQnMKTVFzd0NRWURWUVFHRXdKVlV6RUxNQWtHQTFVRUNBd0NRMEV4R0RBV0JnTlZCQW9NRDBGbGNtOXpjR2xyWlN3ZwpTVzVqTGpFWk1CY0dBMVVFQ3d3UVJXNW5hVzVsWlhKcGJtY2dWR1Z6ZERFYk1Ca0dBMVVFQXd3U1EyaGhhVzRnClUybG5ibWx1WnlCRFpYSjBNQjRYRFRJeE1EVXlPREU0TURJME9Wb1hEVEkxTURVeU56RTRNREkwT1Zvd2N6RUwKTUFrR0ExVUVCaE1DVlZNeEN6QUpCZ05WQkFnTUFrTkJNUmd3RmdZRFZRUUtEQTlCWlhKdmMzQnBhMlVzSUVsdQpZeTR4R1RBWEJnTlZCQXNNRUZSbGMzUWdUWFZzZEdsVFpYSjJaWEl4SWpBZ0JnTlZCQU1NR1dGbGNtOXpjR2xyClpTMWhMVEF1ZEdWemRDMXlkVzV1WlhJd2dnRWlNQTBHQ1NxR1NJYjNEUUVCQVFVQUE0SUJEd0F3Z2dFS0FvSUIKQVFEdFk5SXoyTkl6UnFCZk1PZnpjRjVESTdvOWNMOUluejZYdlRnbEVCUEJUM1U0NGNmTXpEQmY4Q1hodDJpWgpQVDFNU0tiSUpMQ3dQVHFvWGRGVDNZZW1YVnc5VUZlUnUxRXpaaGFsZ0xFOVhQZ0ExcllNaGU0QzFWNytsY29UClNuQ0g2ejJNUEZOY1RGK3lzRWx1TUNtUDNzOHlhdDhzdTM2L3drb2RNb2lNamltSmM4NVdValZKd1doOHhIUVIKR3hNclpXWUd4Rk5Zb2NwL3I2T1RZZzl5a0M5bEs5bUlveERGdXgzcFAwZEpwOHJIZGp5ZittZkxqcG5oNnFCdgo0TU01Nmo3d29ERFdBQXZmRDhiWitQK1NIaUJxOFRtMTlxaWNUVHN6WjZCMTBtRWlmbFpIN3kvYis5TzZSVmI3CjVYRXk3ZVhhNXRRRERaOXYrQWhObk1XUkFnTUJBQUdqZ2dJZU1JSUNHakFmQmdOVkhTTUVHREFXZ0JTU0VSLysKZlhYMGRibUZRUyt6R25Kb05MMEEwakFkQmdOVkhRNEVGZ1FVMkN5bHlHVkNTYThaYmlFQTgrd21sTjhoSmJVdwpEZ1lEVlIwUEFRSC9CQVFEQWdXZ01CMEdBMVVkSlFRV01CUUdDQ3NHQVFVRkJ3TUJCZ2dyQmdFRkJRY0RBakJQCkJnTlZIUjhFU0RCR01DR2dINkFkaGh0b2RIUndPaTh2Ylhsb2IzTjBMbU52YlM5dGVXTmhNUzVqY213d0lhQWYKb0IyR0cyaDBkSEE2THk5dGVXaHZjM1F1WTI5dEwyMTVZMkV5TG1OeWJEQkdCZ05WSFNBRVB6QTlNREVHQ1dDRwpTQUdHL1d3QkFUQWtNQ0lHQ0NzR0FRVUZCd0lCRmhab2RIUndjem92TDIxNWFHOXpkQzVqYjIwdlExQlRNQWdHCkJtZUJEQUVDQWpCU0JnZ3JCZ0VGQlFjQkFRUkdNRVF3SUFZSUt3WUJCUVVITUFHR0ZHaDBkSEE2THk5dlkzTncKTG0xNUxtaHZjM1F2TUNBR0NDc0dBUVVGQnpBQ2hoUm9kSFJ3T2k4dmJYa3VZMkV2WTJFdWFIUnRiREFNQmdOVgpIUk1CQWY4RUFqQUFNSUd0QmdOVkhSRUVnYVV3Z2FLQ0dXRmxjbTl6Y0dsclpTMWhMVEF1ZEdWemRDMXlkVzV1ClpYS0NHV0ZsY205emNHbHJaUzFoTFRFdWRHVnpkQzF5ZFc1dVpYS0NHV0ZsY205emNHbHJaUzFoTFRJdWRHVnoKZEMxeWRXNXVaWEtDR1dGbGNtOXpjR2xyWlMxaExUTXVkR1Z6ZEMxeWRXNXVaWEtDR1dGbGNtOXpjR2xyWlMxaApMVFF1ZEdWemRDMXlkVzV1WlhLQ0dXRmxjbTl6Y0dsclpTMWhMVFV1ZEdWemRDMXlkVzV1WlhJd0RRWUpLb1pJCmh2Y05BUUVMQlFBRGdnRUJBQ3Z0SHBCTkRyT1JPbzdoNHRJZFZuNGpSeDUrbnY1MkhyL05XYXlVRDFOaE45Tm0KZVRNall5SUpNVVZGbnBjMHg1WGFSaFdoWHdsNmEzRjVDMjhNUGIrU3NlUU8wZmJKQjhMZnlUbHlRUFZsVEVjWApkRVo3MUF3WDlxa3VEMDcrTnc1OTJ5bk53bXo2bXZTVmtBS3VNTlRzcTVtdkZ2MERDR3lXSnUvQ3pEdUJORndhClNDKzEwaHlMR3lQMlFiNmJxUkNZdXlPS1hQQ2JmTk1VZjhWWXFMS01qYVJoL3AwZ3JxNk05NXk2WVU0T3pac2EKRjZJQStCYkE4RWxpQVNrRnZrQVFiYlRGczFqVTU1L1NEcHZHZnpSYmpaU2pVUGJDaHQ5dDY0S01JTG1EVTFmSAp5WGE5bUU2OE5TMXBORU1ZY1dOUjBSM09JK3d4aitxekQveUhTbnM9Ci0tLS0tRU5EIENFUlRJRklDQVRFLS0tLS0KQ2VydGlmaWNhdGU6CiAgICBEYXRhOgogICAgICAgIFZlcnNpb246IDMgKDB4MikKICAgICAgICBTZXJpYWwgTnVtYmVyOgogICAgICAgICAgICA0ODpkNDo2ZTo5NzpiMzphZTpjNDo5NzowYzoyYjplNTo0MjozNzpmMzo2OToyMgogICAgICAgIFNpZ25hdHVyZSBBbGdvcml0aG06IHNoYTI1NldpdGhSU0FFbmNyeXB0aW9uCiAgICAgICAgSXNzdWVyOiBDPVVTLCBTVD1DQSwgTD1Nb3VudGFpbiBWaWV3LCBPPUFlcm9zcGlrZSwgSW5jLiwgT1U9RW5naW5lZXJpbmcgVGVzdCwgQ049Um9vdCBDQQogICAgICAgIFZhbGlkaXR5CiAgICAgICAgICAgIE5vdCBCZWZvcmU6IE1heSAyOCAxODowMjo0OCAyMDIxIEdNVAogICAgICAgICAgICBOb3QgQWZ0ZXIgOiBNYXkgMjcgMTg6MDI6NDggMjAyNSBHTVQKICAgICAgICBTdWJqZWN0OiBDPVVTLCBTVD1DQSwgTz1BZXJvc3Bpa2UsIEluYy4sIE9VPUVuZ2luZWVyaW5nIFRlc3QsIENOPUNoYWluIFNpZ25pbmcgQ2VydAogICAgICAgIFN1YmplY3QgUHVibGljIEtleSBJbmZvOgogICAgICAgICAgICBQdWJsaWMgS2V5IEFsZ29yaXRobTogcnNhRW5jcnlwdGlvbgogICAgICAgICAgICAgICAgUlNBIFB1YmxpYy1LZXk6ICgyMDQ4IGJpdCkKICAgICAgICAgICAgICAgIE1vZHVsdXM6CiAgICAgICAgICAgICAgICAgICAgMDA6ZDE6ODA6MTQ6M2U6OTA6MTY6NzU6Yzc6YTk6N2E6NjA6YWY6M2Y6Nzc6CiAgICAgICAgICAgICAgICAgICAgZjU6YjI6MTI6NWU6MTc6ZWE6ZGQ6MmQ6MWU6YmQ6MTk6OTg6YTA6YjI6NGU6CiAgICAgICAgICAgICAgICAgICAgMWU6ZWQ6MjU6ZmI6NmQ6NjQ6ZTY6OTg6ZGU6MGE6MmI6Mjk6ZTQ6YWY6ZDI6CiAgICAgICAgICAgICAgICAgICAgZjU6M2M6NjI6NDM6ZmM6YTc6ZTM6MmM6YTg6NWY6YjA6Mjc6MmI6YjQ6Yzk6CiAgICAgICAgICAgICAgICAgICAgZjQ6ZDU6NmM6NTc6MTg6ZDk6NTU6N2M6ZTE6ODg6MmM6Mjc6NTQ6ZWU6NTg6CiAgICAgICAgICAgICAgICAgICAgNzU6OWY6MzM6NmQ6NmY6OGM6ZTU6NjE6Yjk6ZDQ6ZjI6Zjk6YWU6ZDg6MGQ6CiAgICAgICAgICAgICAgICAgICAgYjI6MGY6M2Y6MzI6NTY6ZjA6Zjc6ZDI6MDY6Mjk6MjU6YzA6YWM6ZGU6YTc6CiAgICAgICAgICAgICAgICAgICAgOTM6ZjI6Y2M6ZjE6OTc6NjU6YjQ6MTQ6MTk6ZDI6M2Q6NDc6OWU6YTQ6NDA6CiAgICAgICAgICAgICAgICAgICAgMmU6ZmE6ZWE6NmU6NzU6Mzc6MTU6NmY6NDg6OTI6MGU6OWI6NGI6MTM6ZmU6CiAgICAgICAgICAgICAgICAgICAgMzA6MDk6NjI6ZGQ6NzU6YWY6NmQ6ZGU6NzA6ZmI6MDA6Mzk6Y2Y6OTQ6ODA6CiAgICAgICAgICAgICAgICAgICAgNDA6M2I6NTc6Yjk6ZmU6MDg6ZjI6OTE6OTE6ODg6N2U6ZmM6NmE6NjI6NjU6CiAgICAgICAgICAgICAgICAgICAgMmY6MmM6ZGU6ODQ6ODI6MDY6ZjM6Mjc6MWM6YWM6Y2E6N2Q6YzE6MGU6MjM6CiAgICAgICAgICAgICAgICAgICAgNTU6ZDc6NDQ6NjY6NDQ6MjQ6NmE6YmM6ZmU6OGE6YTk6MzQ6NmM6NmM6ODA6CiAgICAgICAgICAgICAgICAgICAgZjA6NGE6NDM6YTA6NDU6YWE6YjQ6ZTM6MDM6OGU6Mzk6NmI6Yjk6MmU6Y2U6CiAgICAgICAgICAgICAgICAgICAgYzg6MTY6MDc6MDY6OTg6MWY6ZDk6OTQ6MDY6OGI6OTg6YTA6NmE6Njk6ZDU6CiAgICAgICAgICAgICAgICAgICAgOGM6MTE6MTc6MDY6ODk6MTU6YWI6ZTA6MGY6MGY6YjU6ODE6OWQ6Zjk6Mjk6CiAgICAgICAgICAgICAgICAgICAgOGM6MDU6YTI6YTU6MGE6ZGI6Yjc6MzE6ZjM6MjI6NTM6OGY6ZmQ6OWU6NTM6CiAgICAgICAgICAgICAgICAgICAgOTI6YmQKICAgICAgICAgICAgICAgIEV4cG9uZW50OiA2NTUzNyAoMHgxMDAwMSkKICAgICAgICBYNTA5djMgZXh0ZW5zaW9uczoKICAgICAgICAgICAgWDUwOXYzIEJhc2ljIENvbnN0cmFpbnRzOiBjcml0aWNhbAogICAgICAgICAgICAgICAgQ0E6VFJVRSwgcGF0aGxlbjowCiAgICAgICAgICAgIFg1MDl2MyBLZXkgVXNhZ2U6IGNyaXRpY2FsCiAgICAgICAgICAgICAgICBEaWdpdGFsIFNpZ25hdHVyZSwgS2V5IEVuY2lwaGVybWVudCwgQ2VydGlmaWNhdGUgU2lnbiwgQ1JMIFNpZ24KICAgICAgICAgICAgWDUwOXYzIEV4dGVuZGVkIEtleSBVc2FnZTogCiAgICAgICAgICAgICAgICBUTFMgV2ViIFNlcnZlciBBdXRoZW50aWNhdGlvbiwgVExTIFdlYiBDbGllbnQgQXV0aGVudGljYXRpb24KICAgICAgICAgICAgQXV0aG9yaXR5IEluZm9ybWF0aW9uIEFjY2VzczogCiAgICAgICAgICAgICAgICBPQ1NQIC0gVVJJOmh0dHA6Ly9vY3NwLm15Lmhvc3QvCgogICAgICAgICAgICBYNTA5djMgQ1JMIERpc3RyaWJ1dGlvbiBQb2ludHM6IAoKICAgICAgICAgICAgICAgIEZ1bGwgTmFtZToKICAgICAgICAgICAgICAgICAgVVJJOmh0dHA6Ly9teWhvc3QuY29tL215Y2EuY3JsCgogICAgICAgICAgICBYNTA5djMgQ2VydGlmaWNhdGUgUG9saWNpZXM6IAogICAgICAgICAgICAgICAgUG9saWN5OiBYNTA5djMgQW55IFBvbGljeQogICAgICAgICAgICAgICAgICBDUFM6IGh0dHBzOi8vbXlob3N0LmNvbS9DUFMKCiAgICAgICAgICAgIFg1MDl2MyBTdWJqZWN0IEtleSBJZGVudGlmaWVyOiAKICAgICAgICAgICAgICAgIDkyOjExOjFGOkZFOjdEOjc1OkY0Ojc1OkI5Ojg1OjQxOjJGOkIzOjFBOjcyOjY4OjM0OkJEOjAwOkQyCiAgICAgICAgICAgIFg1MDl2MyBBdXRob3JpdHkgS2V5IElkZW50aWZpZXI6IAogICAgICAgICAgICAgICAga2V5aWQ6NUM6RDQ6MDA6NDg6Mzg6NDc6NDI6MUY6M0E6Mzk6MTQ6QkM6RDQ6RDU6Qjc6ODQ6Qjg6ODM6NDQ6Q0QKCiAgICBTaWduYXR1cmUgQWxnb3JpdGhtOiBzaGEyNTZXaXRoUlNBRW5jcnlwdGlvbgogICAgICAgICAxYzozODplMjpkNjo0YjphZjpiNTo0NTplNjpkOTowNjo4NjpjMTozNTpiZTo4NDo0YzplODoKICAgICAgICAgNzI6YzA6NjI6M2I6ZDk6YmM6M2E6MDY6NTM6MWI6NjY6ODU6Nzk6YjU6Mzg6MzQ6ZmI6ZWE6CiAgICAgICAgIDc0OmEyOmFmOmFjOjIwOjc0OmZkOmYwOjE5OjRkOjI3OjM2OmEzOjIyOjc3OjAxOjhjOjkwOgogICAgICAgICA2OTo1Njo3ZjpiNDo4ODo2ODpjNzpjYzowOTpiOToyNDo4ODphNzoyYzo1NjpjYzpiNzoyMDoKICAgICAgICAgOTg6N2I6NTc6ZDA6NzU6NTM6Njc6YWM6NmM6OTU6NDA6OTQ6OTM6NmI6ODk6ZjE6MDQ6YWE6CiAgICAgICAgIDlhOmZmOjJlOjFjOjQzOjc4OjllOmE2OmUwOmM4Ojg4OjhjOjhmOjczOjRmOjQ0OjlmOjk1OgogICAgICAgICBmNDpjNTpkNTo5YjpjNzphZTo4ZjpmOTo4ZToxZjo1MDpkMTpkZDoyYzo2NTpjYzowYjo2NzoKICAgICAgICAgYjA6OWE6M2Y6Zjg6MWM6ZGY6OGI6NzU6OGY6ODI6OWM6N2M6MWM6MDI6NmE6ZmE6OTQ6NzA6CiAgICAgICAgIDYyOjBhOmUxOjhmOjg1OmUxOjBlOjk2Ojk1OjNhOjMwOjhkOjk2OmI0OjMwOmNlOjE2OjkxOgogICAgICAgICAwYTo1MTo5MzplMTowNzo0ZTo4ZDphNDo4Zjo2OTo3Njo4ODpjOTo0NzoyMjplNzozMTpkOToKICAgICAgICAgYzQ6MjI6YWM6ZjE6NzU6ZGY6YzU6OTI6ODQ6OTI6ZWE6Yjg6YTY6NzA6ZTM6Y2U6YmY6Yzg6CiAgICAgICAgIDQ3OmQ4OjgyOjg4OjM1OjViOjVjOjM3OjE5OjBmOjE2OmMwOjkwOjQyOjY0OjQwOmEwOmIyOgogICAgICAgICAxZjpkOTo3MDo0ZjozYTo1MjoyZjplNjo0Mzo3ZDphNjpiMzplZjoxYzplYTpiMjplNjo2YToKICAgICAgICAgNTc6ODA6MTc6Mjk6MjA6NzE6YTM6NjE6Zjg6ZTc6MjA6NmY6ZDE6ZjY6MTY6ZWM6ZjI6YzY6CiAgICAgICAgIDJmOjhhOmE0OmZmCi0tLS0tQkVHSU4gQ0VSVElGSUNBVEUtLS0tLQpNSUlFa0RDQ0EzaWdBd0lCQWdJUVNOUnVsN091eEpjTUsrVkNOL05wSWpBTkJna3Foa2lHOXcwQkFRc0ZBREI1Ck1Rc3dDUVlEVlFRR0V3SlZVekVMTUFrR0ExVUVDQXdDUTBFeEZqQVVCZ05WQkFjTURVMXZkVzUwWVdsdUlGWnAKWlhjeEdEQVdCZ05WQkFvTUQwRmxjbTl6Y0dsclpTd2dTVzVqTGpFWk1CY0dBMVVFQ3d3UVJXNW5hVzVsWlhKcApibWNnVkdWemRERVFNQTRHQTFVRUF3d0hVbTl2ZENCRFFUQWVGdzB5TVRBMU1qZ3hPREF5TkRoYUZ3MHlOVEExCk1qY3hPREF5TkRoYU1Hd3hDekFKQmdOVkJBWVRBbFZUTVFzd0NRWURWUVFJREFKRFFURVlNQllHQTFVRUNnd1AKUVdWeWIzTndhV3RsTENCSmJtTXVNUmt3RndZRFZRUUxEQkJGYm1kcGJtVmxjbWx1WnlCVVpYTjBNUnN3R1FZRApWUVFEREJKRGFHRnBiaUJUYVdkdWFXNW5JRU5sY25Rd2dnRWlNQTBHQ1NxR1NJYjNEUUVCQVFVQUE0SUJEd0F3CmdnRUtBb0lCQVFEUmdCUStrQloxeDZsNllLOC9kL1d5RWw0WDZ0MHRIcjBabUtDeVRoN3RKZnR0Wk9hWTNnb3IKS2VTdjB2VThZa1A4cCtNc3FGK3dKeXUweWZUVmJGY1kyVlY4NFlnc0oxVHVXSFdmTTIxdmpPVmh1ZFR5K2E3WQpEYklQUHpKVzhQZlNCaWtsd0t6ZXA1UHl6UEdYWmJRVUdkSTlSNTZrUUM3NjZtNTFOeFZ2U0pJT20wc1QvakFKCll0MTFyMjNlY1BzQU9jK1VnRUE3VjduK0NQS1JrWWgrL0dwaVpTOHMzb1NDQnZNbkhLektmY0VPSTFYWFJHWkUKSkdxOC9vcXBOR3hzZ1BCS1E2QkZxclRqQTQ0NWE3a3V6c2dXQndhWUg5bVVCb3VZb0dwcDFZd1JGd2FKRmF2ZwpEdysxZ1ozNUtZd0ZvcVVLMjdjeDh5SlRqLzJlVTVLOUFnTUJBQUdqZ2dFZk1JSUJHekFTQmdOVkhSTUJBZjhFCkNEQUdBUUgvQWdFQU1BNEdBMVVkRHdFQi93UUVBd0lCcGpBZEJnTlZIU1VFRmpBVUJnZ3JCZ0VGQlFjREFRWUkKS3dZQkJRVUhBd0l3TUFZSUt3WUJCUVVIQVFFRUpEQWlNQ0FHQ0NzR0FRVUZCekFCaGhSb2RIUndPaTh2YjJOegpjQzV0ZVM1b2IzTjBMekFyQmdOVkhSOEVKREFpTUNDZ0hxQWNoaHBvZEhSd09pOHZiWGxvYjNOMExtTnZiUzl0CmVXTmhMbU55YkRBM0JnTlZIU0FFTURBdU1Dd0dCRlVkSUFBd0pEQWlCZ2dyQmdFRkJRY0NBUllXYUhSMGNITTYKTHk5dGVXaHZjM1F1WTI5dEwwTlFVekFkQmdOVkhRNEVGZ1FVa2hFZi9uMTE5SFc1aFVFdnN4cHlhRFM5QU5JdwpId1lEVlIwakJCZ3dGb0FVWE5RQVNEaEhRaDg2T1JTODFOVzNoTGlEUk0wd0RRWUpLb1pJaHZjTkFRRUxCUUFECmdnRUJBQnc0NHRaTHI3VkY1dGtHaHNFMXZvUk02SExBWWp2WnZEb0dVeHRtaFhtMU9EVDc2blNpcjZ3Z2RQM3cKR1Uwbk5xTWlkd0dNa0dsV2Y3U0lhTWZNQ2Jra2lLY3NWc3kzSUpoN1Y5QjFVMmVzYkpWQWxKTnJpZkVFcXByLwpMaHhEZUo2bTRNaUlqSTl6VDBTZmxmVEYxWnZIcm8vNWpoOVEwZDBzWmN3TFo3Q2FQL2djMzR0MWo0S2NmQndDCmF2cVVjR0lLNFkrRjRRNldsVG93alphME1NNFdrUXBSaytFSFRvMmtqMmwyaU1sSEl1Y3gyY1FpclBGMTM4V1MKaEpMcXVLWnc0ODYveUVmWWdvZzFXMXczR1E4V3dKQkNaRUNnc2gvWmNFODZVaS9tUTMybXMrOGM2ckxtYWxlQQpGeWtnY2FOaCtPY2diOUgyRnV6eXhpK0twUDg9Ci0tLS0tRU5EIENFUlRJRklDQVRFLS0tLS0=",
              "hb_key.pem": "LS0tLS1CRUdJTiBQUklWQVRFIEtFWS0tLS0tCk1JSUV2Z0lCQURBTkJna3Foa2lHOXcwQkFRRUZBQVNDQktnd2dnU2tBZ0VBQW9JQkFRRHRZOUl6Mk5JelJxQmYKTU9memNGNURJN285Y0w5SW56Nlh2VGdsRUJQQlQzVTQ0Y2ZNekRCZjhDWGh0MmlaUFQxTVNLYklKTEN3UFRxbwpYZEZUM1llbVhWdzlVRmVSdTFFelpoYWxnTEU5WFBnQTFyWU1oZTRDMVY3K2xjb1RTbkNINnoyTVBGTmNURit5CnNFbHVNQ21QM3M4eWF0OHN1MzYvd2tvZE1vaU1qaW1KYzg1V1VqVkp3V2g4eEhRUkd4TXJaV1lHeEZOWW9jcC8KcjZPVFlnOXlrQzlsSzltSW94REZ1eDNwUDBkSnA4ckhkanlmK21mTGpwbmg2cUJ2NE1NNTZqN3dvRERXQUF2ZgpEOGJaK1ArU0hpQnE4VG0xOXFpY1RUc3paNkIxMG1FaWZsWkg3eS9iKzlPNlJWYjc1WEV5N2VYYTV0UUREWjl2CitBaE5uTVdSQWdNQkFBRUNnZ0VBRnRkK0NHTWFocmlMQWQzUTA4bkNLQyt0NGUrUldFbUtXa3RvdFpoQWJsOVkKNWlwRGNWOU1ZRTdaTmtqUmxiMGd3dEJTeS90THpRbDNOWEFoampKSXRTZFNrc3ZDUVZHRzFLMUVESlMvZVNvUwo2dkc5L3FKOGJtVmRpSjJkSGhJUmxlSjZ2NTJtWDhFeGpCNE9VcjNyb2Q1TWpZdGZBZ3pnZTA4VWxvNmdPUFhkCmN0YXpnYVVGSnZhcm5mWERCMDNOclJSbnhmYkE4YytCMUwzUHVmMUU3ZmI3eEtxcGYvUUlHZnRPck4rZ01mazAKUy84OW5WZUQ0d0dzc2h3TTRGZzN6bE16OC9NdjRWY3lMa2ZlbWxJNmlubDczT3o0T3VRNGVyL01IdEZ5WlBHdQpaMmI2L1A0NjlQZTIwZFEwU2RzT3gxbTYwVzB3OVJMcWNOOC9XbC9neVFLQmdRRDZlRFVWQ3Q4dlMyUG9TaGI5Ckc1dkI0cGlCVjdtZmsrdmVlM0t0U2c1aTFDZy9JakxQYWxBNnUrb3FnY2NjVGN4c05UNVhWOTdEVDEwaDk2R1IKSU5oOExlRlpLSGFLRTJnNndPeG1iWjJQRGd1bUcxekh6RmcxMWlXeVBvREowelcrNEY2V0RMZTIrMjAyZFQxQgpUT05CUjJTZlpQQXNvYm5mMklmODF2SlNYd0tCZ1FEeW9hNHY1eWU1d1NjOW1ER0dWNkFVV3FqUEp4cXBCekJmCjh3b3ludDBEeFBuYU1RTUUrblNjSmNVN2Z1djhlZzN3L21LektZaWlXbHFRWE9ZZ2xqR1pNUmxKaFV1RC9RSUoKUGpVS2JzSmJTODRFendTdjh3VGJqZUIweThFeWNyU0g2RzVwSE9IbHRTeE1nR3hGZ09yd3ZGZTlyNGRTeEU1VQpCU1F6cTA5T0R3S0JnUUNPd0lSQWdmbkNFczNXVHFQYmppaXYwRjNyR2Z5Sm50MEg2SVBya0JHeThnZ2VNM2VTCkQ1MjZXKytTV25VSkJLNUYzZkt5QlRySlJpcG1lYVJ6K3F4bjJoNWRtbG8xUitwWDBpenFFLytBMFJpQ2k0WE4KdWdGc2JhaitkZkVoRm1mRGFrMStaN0V0Y1E5Rndud3ZBNHRpWVRaUVFrOUFvTXczY0VuUktSRGpNUUtCZ0VJMwp1ZkE4NSt5Y09IZG85K3N3TXZJYkpBTVZLd09DZ01OTzh6T0pnOHdwai83cWJXYUliQmJKZ0NDU3JSa0V2cFZNCjkrYnBxTzZXTmkwOERWcExZMUhwd25yOE0vWGJzUmlRcjYwZk9VL3RTbGFwb1IvYjlURnVjUm12R2hVSWxSaWEKYUxlck9FT1d4SFpFZmtnaHZQemlpaGVzdGdQeXEyWG0yVkI0cW5ZbEFvR0JBT3VtSEVHaGR0NWUzUXljR1BVdAplbHJhYUxya1A2MWxTWWdSS3F5cTQrUlY3T2Q0WDZtY3BTSVRvcmh1RG1nYmx0bDhjOUpCRkpucEc2cVAzaWVkClA1N2VPT25VUzdHeDdWWjlZSWJmbVgwTExwamxHUGtNbGhTWXFiOFYwL3pUV2xKMUZtUkJvTXBBRC9xaHFnc1cKYm9uN0lxRGtRaWFqZlFxTUdsQVowMzlBCi0tLS0tRU5EIFBSSVZBVEUgS0VZLS0tLS0=",
              "ldap-passwd.txt": "YWRtaW5wYXNzd29yZAo=",
              "password.conf": "YWRtaW4xMjM0NQ==",
              "password_DC1.txt": "YWRtaW4xMjMK",
              "server-cert.pem": "Q2VydGlmaWNhdGU6CiAgICBEYXRhOgogICAgICAgIFZlcnNpb246IDMgKDB4MikKICAgICAgICBTZXJpYWwgTnVtYmVyOgogICAgICAgICAgICAxYTpiMzo3MzoyODo4MjozMjoyMDpjYTpmMTpiMjo3Mjo1Nzo0Zjo0Mjo2Mjo1MTphZDpkMzplYzpkZgogICAgICAgIFNpZ25hdHVyZSBBbGdvcml0aG06IHNoYTI1NldpdGhSU0FFbmNyeXB0aW9uCiAgICAgICAgSXNzdWVyOiBDPVVTLCBTVD1DQSwgTD1Nb3VudGFpbiBWaWV3LCBPPUFlcm9zcGlrZSwgSW5jLiwgT1U9RW5naW5lZXJpbmcgVGVzdCwgQ049Um9vdCBDQQogICAgICAgIFZhbGlkaXR5CiAgICAgICAgICAgIE5vdCBCZWZvcmU6IEFwciAyMiAwODo1NzowMSAyMDI0IEdNVAogICAgICAgICAgICBOb3QgQWZ0ZXIgOiBBdWcgMjQgMDg6NTc6MDEgMzAyMyBHTVQKICAgICAgICBTdWJqZWN0OiBDPVVTLCBTVD1DQSwgTz1BZXJvc3Bpa2UsIE9VPUVuZ2luZWVyaW5nIFRlc3QsIENOPWFlcm9zcGlrZS1hLTAudGVzdC1ydW5uZXIKICAgICAgICBTdWJqZWN0IFB1YmxpYyBLZXkgSW5mbzoKICAgICAgICAgICAgUHVibGljIEtleSBBbGdvcml0aG06IHJzYUVuY3J5cHRpb24KICAgICAgICAgICAgICAgIFB1YmxpYy1LZXk6ICgyMDQ4IGJpdCkKICAgICAgICAgICAgICAgIE1vZHVsdXM6CiAgICAgICAgICAgICAgICAgICAgMDA6YTA6ZjE6OWU6MDY6MTA6MTA6Zjk6NzU6MDA6YmQ6ZmM6OTQ6MDU6MWM6CiAgICAgICAgICAgICAgICAgICAgMTY6NDE6YmY6MjU6ZGM6MmY6MDU6NmE6NTE6Mjg6ODM6YmE6OWI6ZjI6MTY6CiAgICAgICAgICAgICAgICAgICAgYzE6YTc6NTg6YjI6Yzc6NWY6Yzg6NTA6NDM6NWQ6MjE6Yjg6YTY6MGM6NmM6CiAgICAgICAgICAgICAgICAgICAgOGE6MmM6NDA6NTc6ODY6ZTg6NDA6NGU6MmY6YjM6MDg6N2Y6ZTg6Njk6NmY6CiAgICAgICAgICAgICAgICAgICAgMzU6Yzk6YTU6ZWU6MjQ6N2E6NjU6Nzk6NjI6OWM6NDE6ZjI6YWE6NjI6ZmQ6CiAgICAgICAgICAgICAgICAgICAgOGQ6YWQ6ZjE6ZGE6ZmI6ZmU6OTY6ODM6MzA6ZTk6ZTQ6Yzk6NmU6MzQ6MDQ6CiAgICAgICAgICAgICAgICAgICAgYWE6ZWI6YjA6ZGQ6MDY6NWE6Y2E6Njc6MzU6ZjI6MDI6ZWE6MTI6NDY6OGY6CiAgICAgICAgICAgICAgICAgICAgY2E6NTY6Y2Y6N2E6M2Y6ODA6MTc6Y2E6Yzc6NDk6MGY6Y2M6M2M6ZGQ6NmY6CiAgICAgICAgICAgICAgICAgICAgMzY6ZmY6NjY6OTQ6NmY6ZWM6ZjQ6ZGQ6NWE6YmI6YzI6NDg6ZTM6OGY6ODQ6CiAgICAgICAgICAgICAgICAgICAgZDk6ZGY6MTQ6ZDU6Mjk6MDY6NzI6YTA6NDA6ZWU6ZjU6OTU6YmU6OGE6Y2Y6CiAgICAgICAgICAgICAgICAgICAgYjY6ODA6NTQ6ZTI6MTU6NTk6MjU6YzQ6NWU6YWI6OGY6YjM6MDE6YzE6ODQ6CiAgICAgICAgICAgICAgICAgICAgZTg6NzE6NTU6Njk6ODU6YWI6YTI6NmI6OTg6NWI6N2Q6YTk6OWI6Mjc6ZmI6CiAgICAgICAgICAgICAgICAgICAgZTk6NDc6ODc6ODA6MDY6MDY6Yzk6MjM6YjQ6NTQ6MTI6MmU6MzI6MzY6ZjY6CiAgICAgICAgICAgICAgICAgICAgYTc6ZjI6NTk6NWI6NjQ6NDE6MjE6OWY6MTA6ZTY6ZGI6YWY6ZGQ6NDA6Zjk6CiAgICAgICAgICAgICAgICAgICAgMWU6NDk6ZDU6NzQ6ZmY6NTg6ODg6ZTE6ODU6NDc6ZTc6Yjg6OGY6ZDE6ZTY6CiAgICAgICAgICAgICAgICAgICAgYjg6ZGE6MDk6YWU6NjE6ZTc6ODk6NjU6MDc6ZDU6ODE6MzY6ZTQ6NzE6ZTE6CiAgICAgICAgICAgICAgICAgICAgNzA6OGY6NjY6NzY6Nzc6ZTY6M2M6ZWY6ZDQ6NzE6NDg6MTE6ZmE6YmY6N2I6CiAgICAgICAgICAgICAgICAgICAgZTA6YmQKICAgICAgICAgICAgICAgIEV4cG9uZW50OiA2NTUzNyAoMHgxMDAwMSkKICAgICAgICBYNTA5djMgZXh0ZW5zaW9uczoKICAgICAgICAgICAgWDUwOXYzIFN1YmplY3QgQWx0ZXJuYXRpdmUgTmFtZToKICAgICAgICAgICAgICAgIEROUzphZXJvc3Bpa2UtYS0wLnRlc3QtcnVubmVyLCBETlM6YWVyb3NwaWtlLWEtMS50ZXN0LXJ1bm5lciwgRE5TOmFlcm9zcGlrZS1hLTIudGVzdC1ydW5uZXIsIEROUzphZXJvc3Bpa2UtYS0zLnRlc3QtcnVubmVyLCBETlM6YWVyb3NwaWtlLWEtNC50ZXN0LXJ1bm5lciwgRE5TOmFlcm9zcGlrZS1hLTUudGVzdC1ydW5uZXIKICAgICAgICAgICAgWDUwOXYzIFN1YmplY3QgS2V5IElkZW50aWZpZXI6CiAgICAgICAgICAgICAgICBFNzpBMTpCRjoxMTpEQjoyNzo0OTpCOTo1OTo3NTpCODowQTpDOTowMTo0ODo5Qzo4NTozMTpGNzo3RQogICAgICAgICAgICBYNTA5djMgQXV0aG9yaXR5IEtleSBJZGVudGlmaWVyOgogICAgICAgICAgICAgICAgQ0I6REQ6Njk6N0I6NkQ6M0Q6Qzc6NkY6MzY6QzA6RUI6QUY6NEM6MjY6NEQ6M0U6RTA6OTc6NTM6NjEKICAgIFNpZ25hdHVyZSBBbGdvcml0aG06IHNoYTI1NldpdGhSU0FFbmNyeXB0aW9uCiAgICBTaWduYXR1cmUgVmFsdWU6CiAgICAgICAgNGI6MmM6ZGM6NjU6Mjc6NjM6YTU6MjA6ZjM6ZTU6ZDQ6NDI6NjY6ZDE6ODc6MmE6NzQ6NDg6CiAgICAgICAgZTE6NjM6ODk6MWU6NWE6NDM6NDE6ZTM6NDU6Mjg6NWQ6ZmU6NjU6ZDQ6OWE6Zjc6MjA6MGM6CiAgICAgICAgYzY6NTE6ODY6MTI6ZTA6NTk6MTI6ZTA6Zjc6NWE6ZmM6OWU6MDQ6YWI6ZWU6Yjc6YzY6ZjU6CiAgICAgICAgODQ6NTM6NDY6MzM6YTQ6MmY6YWY6MzU6MmE6MDg6MzM6MzE6ZWI6NWM6ZDM6ZTU6MmM6MmI6CiAgICAgICAgYzM6ZmQ6Mjc6NDk6OTg6Njc6NjA6ZTE6YmE6Nzk6ZDM6YmU6Yzk6ZGY6NmQ6MmY6YTc6NTk6CiAgICAgICAgNjk6N2I6NmQ6MTg6ZWM6N2E6NzE6MTc6YWI6OWU6NGE6ZGQ6MDk6ODY6MDQ6NzM6ZmU6MzU6CiAgICAgICAgMTE6NjQ6NzA6MWE6MDg6NDU6NzM6N2Q6ZDQ6MGQ6ZDc6Mzk6NTU6Yzk6ODY6ZTA6ZjI6Nzk6CiAgICAgICAgMWM6ZjY6NmU6YWM6YWY6ZmE6Nzk6OWQ6MDI6ZjM6MjA6ZGQ6MmY6MTk6MzQ6OTI6OWM6YjQ6CiAgICAgICAgNTA6MWQ6Y2I6NDU6ZmI6NmY6NDE6ZDA6NTI6MTA6Mjg6YzA6YTY6NDU6MDY6Yjk6YzQ6NTA6CiAgICAgICAgZDA6NmI6ODM6M2E6MzE6ZWI6MDc6YjY6NjQ6NWI6YTY6MDE6OGI6YjI6MmY6MzM6ODQ6MWU6CiAgICAgICAgOWQ6YTU6YTI6ZWI6ZTY6ZmE6ODU6NTE6Njc6YTM6ZTE6ZmI6ODk6OWY6MjI6MTU6NDE6YzA6CiAgICAgICAgZDc6NTQ6YzI6MzY6YjI6NDk6Zjg6ZmI6OTQ6Yzc6NDQ6MDQ6NWQ6MGY6NzA6Yjg6OGU6ZjU6CiAgICAgICAgMzE6ZGE6Mjc6ZDg6OGY6MjE6MjI6ODc6YTc6ZGY6MzI6MmI6NjE6NDY6YzI6ZGU6ZTY6NWQ6CiAgICAgICAgOTY6ZjA6NDA6ZjU6Yjk6OWU6ZWY6ZGE6ZjQ6OTA6OTQ6N2U6NTU6MTY6ZDc6OWU6Mzc6YTQ6CiAgICAgICAgMTM6NTY6NjE6NWQKCi0tLS0tQkVHSU4gQ0VSVElGSUNBVEUtLS0tLQpNSUlFYWpDQ0ExS2dBd0lCQWdJVUdyTnpLSUl5SU1yeHNuSlhUMEppVWEzVDdOOHdEUVlKS29aSWh2Y05BUUVMCkJRQXdlVEVMTUFrR0ExVUVCaE1DVlZNeEN6QUpCZ05WQkFnTUFrTkJNUll3RkFZRFZRUUhEQTFOYjNWdWRHRnAKYmlCV2FXVjNNUmd3RmdZRFZRUUtEQTlCWlhKdmMzQnBhMlVzSUVsdVl5NHhHVEFYQmdOVkJBc01FRVZ1WjJsdQpaV1Z5YVc1bklGUmxjM1F4RURBT0JnTlZCQU1NQjFKdmIzUWdRMEV3SUJjTk1qUXdOREl5TURnMU56QXhXaGdQCk16QXlNekE0TWpRd09EVTNNREZhTUcweEN6QUpCZ05WQkFZVEFsVlRNUXN3Q1FZRFZRUUlEQUpEUVRFU01CQUcKQTFVRUNnd0pRV1Z5YjNOd2FXdGxNUmt3RndZRFZRUUxEQkJGYm1kcGJtVmxjbWx1WnlCVVpYTjBNU0l3SUFZRApWUVFEREJsaFpYSnZjM0JwYTJVdFlTMHdMblJsYzNRdGNuVnVibVZ5TUlJQklqQU5CZ2txaGtpRzl3MEJBUUVGCkFBT0NBUThBTUlJQkNnS0NBUUVBb1BHZUJoQVErWFVBdmZ5VUJSd1dRYjhsM0M4RmFsRW9nN3FiOGhiQnAxaXkKeDEvSVVFTmRJYmltREd5S0xFQlhodWhBVGkrekNIL29hVzgxeWFYdUpIcGxlV0tjUWZLcVl2Mk5yZkhhKy82VwpnekRwNU1sdU5BU3E2N0RkQmxyS1p6WHlBdW9TUm8vS1ZzOTZQNEFYeXNkSkQ4dzgzVzgyLzJhVWIrejAzVnE3CndrampqNFRaM3hUVktRWnlvRUR1OVpXK2lzKzJnRlRpRlZrbHhGNnJqN01Cd1lUb2NWVnBoYXVpYTVoYmZhbWIKSi92cFI0ZUFCZ2JKSTdSVUVpNHlOdmFuOGxsYlpFRWhueERtMjYvZFFQa2VTZFYwLzFpSTRZVkg1N2lQMGVhNAoyZ211WWVlSlpRZlZnVGJrY2VGd2oyWjJkK1k4NzlSeFNCSDZ2M3ZndlFJREFRQUJvNEh6TUlId01JR3RCZ05WCkhSRUVnYVV3Z2FLQ0dXRmxjbTl6Y0dsclpTMWhMVEF1ZEdWemRDMXlkVzV1WlhLQ0dXRmxjbTl6Y0dsclpTMWgKTFRFdWRHVnpkQzF5ZFc1dVpYS0NHV0ZsY205emNHbHJaUzFoTFRJdWRHVnpkQzF5ZFc1dVpYS0NHV0ZsY205egpjR2xyWlMxaExUTXVkR1Z6ZEMxeWRXNXVaWEtDR1dGbGNtOXpjR2xyWlMxaExUUXVkR1Z6ZEMxeWRXNXVaWEtDCkdXRmxjbTl6Y0dsclpTMWhMVFV1ZEdWemRDMXlkVzV1WlhJd0hRWURWUjBPQkJZRUZPZWh2eEhiSjBtNVdYVzQKQ3NrQlNKeUZNZmQrTUI4R0ExVWRJd1FZTUJhQUZNdmRhWHR0UGNkdk5zRHJyMHdtVFQ3Z2wxTmhNQTBHQ1NxRwpTSWIzRFFFQkN3VUFBNElCQVFCTExOeGxKMk9sSVBQbDFFSm0wWWNxZEVqaFk0a2VXa05CNDBVb1hmNWwxSnIzCklBekdVWVlTNEZrUzRQZGEvSjRFcSs2M3h2V0VVMFl6cEMrdk5Tb0lNekhyWE5QbExDdkQvU2RKbUdkZzRicDUKMDc3SjMyMHZwMWxwZTIwWTdIcHhGNnVlU3QwSmhnUnovalVSWkhBYUNFVnpmZFFOMXpsVnlZYmc4bmtjOW02cwpyL3A1blFMeklOMHZHVFNTbkxSUUhjdEYrMjlCMEZJUUtNQ21SUWE1eEZEUWE0TTZNZXNIdG1SYnBnR0xzaTh6CmhCNmRwYUxyNXZxRlVXZWo0ZnVKbnlJVlFjRFhWTUkyc2tuNCs1VEhSQVJkRDNDNGp2VXgyaWZZanlFaWg2ZmYKTWl0aFJzTGU1bDJXOEVEMXVaN3YydlNRbEg1VkZ0ZWVONlFUVm1GZAotLS0tLUVORCBDRVJUSUZJQ0FURS0tLS0t",
              "server_key.pem": "LS0tLS1CRUdJTiBQUklWQVRFIEtFWS0tLS0tCk1JSUV2d0lCQURBTkJna3Foa2lHOXcwQkFRRUZBQVNDQktrd2dnU2xBZ0VBQW9JQkFRQ2c4WjRHRUJENWRRQzkKL0pRRkhCWkJ2eVhjTHdWcVVTaUR1cHZ5RnNHbldMTEhYOGhRUTEwaHVLWU1iSW9zUUZlRzZFQk9MN01JZitocApielhKcGU0a2VtVjVZcHhCOHFwaS9ZMnQ4ZHI3L3BhRE1Pbmt5VzQwQktycnNOMEdXc3BuTmZJQzZoSkdqOHBXCnozby9nQmZLeDBrUHpEemRiemIvWnBSdjdQVGRXcnZDU09PUGhObmZGTlVwQm5LZ1FPNzFsYjZLejdhQVZPSVYKV1NYRVhxdVBzd0hCaE9oeFZXbUZxNkpybUZ0OXFac24rK2xIaDRBR0Jza2p0RlFTTGpJMjlxZnlXVnRrUVNHZgpFT2JicjkxQStSNUoxWFQvV0lqaGhVZm51SS9SNXJqYUNhNWg1NGxsQjlXQk51Ung0WENQWm5aMzVqenYxSEZJCkVmcS9lK0M5QWdNQkFBRUNnZ0VBU0F3aHE2RWhtQ3FTakhvM1lSb3p0SGIzWWR3QzFwZENSY1lSN1l2V1lTM0oKeW9yTVIzSUFqUW4xKzNYVFhQL29ydEhsaDVxKzBMMUJzNEUvV09mWTlhZDlLWnZGUzVod1FpUXplbnpjaFJaeApGb1dkRHZoRlJ6QVh1NjdQSXZzZHhKcFhub3BlYUF3U2prNE84Y0pMNUZEV0dpWlowTjdxaGViTDZGYnhQdTJiCkxKeThBK1E2R3BDR09Kc0RnRWwwYkp5NzdJcU5HTUY4U2cvT2NZSm83UVpocTNzUXZvZTBra2MwRVdDL3RiT0YKZ1pTd0tDeUNTSEoralB5OFJzQ01ITkMwVXVSSnpqTjN0WnNDVCtFQWphWUdXQjJPRi9LV3R6S0tITzNaYnJWSAorTUgzMGk5VTBLYUhuNnBGVTJuYS9KMFpzTnF3MGJ0SEtROGNTUFZWV1FLQmdRRFlHQmphcDIwR1JGaHpMSnJmCmNETndMdlNncE5ST2IvcEhrbmI0MmdlK0xZU2krQkFJOXlpMHJKWDFYRkRieE1rdlN2bW00MFRxS0lmUFFFWEYKcjFDb0d2Mmk2anpud2dGVmZKZjlvQ3ExbTQ2alI5Wkd5RXNYdW8wRWg0U0FrOTF6eVhHbnNYZHExUEtNVGt3UQowc00zNmp4T3F1b0lLZTRwUlJMRVdtaTVpd0tCZ1FDK3FrYVR0bWZndlJ4QmhBL2g1cnJBQzRCYTZvUHZValk1CmxvMEJwQmEzNm80b0xucDVGMXZaL0VsdldGdzBaWHM1dHZyUFNpbjAvSWt4dENUUHV1Y0NIUHBSajZ2UDJEdmYKSE9Hb1JPN0FjcnNnREViYVpnYlc1ZDBkUDVHaC9VaXUveWo1dUtGWGsvSVp6Rll5NEVYTVkwUWFoVFBseUZ3QQp6amhzMDRmSDF3S0JnUUNIRjlGNTZJOXRDbzh0T2FaOHB6MVJGZG5URUJpMkRLVXYxMjNQTnliK0NxRFA3VHJCCkVCci9rS0dUS2FwWEtoZ0lHOXdsTEJHcVBicGhvN0c2MjFZV01nRjh0dWxxamN1ZHNPMm9IbGgwL3BIV25CTm0KWHRNck8zSHJjZmt4RkwrdUlqS09mcERFVmVwb01vNjFPYjNYbC9VcHpRblFIcjZJU0dscUhZYzQ3d0tCZ1FDUApZdktzeDNLYmV0eXpFS1A1R1ZHOGQyblI5YWUrNVM3T1pFQXF5Y0lrRWd0U2dKR3VXempDV0k3Slk4UUR5NFcrClE3T2ZESUU5TW1YaXNUMDEwN05DelpRYW5sZHhlWWFkSmRVMmZKQ292aCtuM0ZPMGp5SDVudWlJeEhPN1JRWFMKUlNZRmx5b08rTDRMVkxaR2tJOHRSRUhGU0FOZGZTNWpsTEt1ZE80YUJRS0JnUUNvdkdzK3N6dHdPYSt1VUNYSQpsRFJTVi9CZjNTQmlMcTRNU2pqc1RkdkpMMUJkc1ZRRUErT3BLOFRPN2p6QmxGT2RGbkk2YmZPNGV0ZG8rak5PCkRLbzNqeVBJTkxSTm1sd2FPcDZJbWlZY3Y2UFdDSUgyYUQzZU5rY0R0L1ZDRktRdGJieWtXditLN0JmSm1paVQKTndiNmRWbEtZUU5SQm9oQmdjeEM4Wmk4Y0E9PQotLS0tLUVORCBQUklWQVRFIEtFWS0tLS0t",
              "svc_cert.pem": "Q2VydGlmaWNhdGU6CiAgICBEYXRhOgogICAgICAgIFZlcnNpb246IDMgKDB4MikKICAgICAgICBTZXJpYWwgTnVtYmVyOgogICAgICAgICAgICAxZjoxNjo5NzoxZjo5MTo2OTo4MTplYzo2YzoyZDo4ZDo0ZDo4MDozMzplNjo2MwogICAgICAgIFNpZ25hdHVyZSBBbGdvcml0aG06IHNoYTI1NldpdGhSU0FFbmNyeXB0aW9uCiAgICAgICAgSXNzdWVyOiBDPVVTLCBTVD1DQSwgTz1BZXJvc3Bpa2UsIEluYy4sIE9VPUVuZ2luZWVyaW5nIFRlc3QsIENOPUNoYWluIFNpZ25pbmcgQ2VydAogICAgICAgIFZhbGlkaXR5CiAgICAgICAgICAgIE5vdCBCZWZvcmU6IE1heSAyOCAxODowMjo0OSAyMDIxIEdNVAogICAgICAgICAgICBOb3QgQWZ0ZXIgOiBNYXkgMjcgMTg6MDI6NDkgMjAyNSBHTVQKICAgICAgICBTdWJqZWN0OiBDPVVTLCBTVD1DQSwgTz1BZXJvc3Bpa2UsIEluYy4sIE9VPVRlc3QgTXVsdGlTZXJ2ZXIsIENOPWFlcm9zcGlrZS1hLTAudGVzdC1ydW5uZXIKICAgICAgICBTdWJqZWN0IFB1YmxpYyBLZXkgSW5mbzoKICAgICAgICAgICAgUHVibGljIEtleSBBbGdvcml0aG06IHJzYUVuY3J5cHRpb24KICAgICAgICAgICAgICAgIFJTQSBQdWJsaWMtS2V5OiAoMjA0OCBiaXQpCiAgICAgICAgICAgICAgICBNb2R1bHVzOgogICAgICAgICAgICAgICAgICAgIDAwOmVkOjYzOmQyOjMzOmQ4OmQyOjMzOjQ2OmEwOjVmOjMwOmU3OmYzOjcwOgogICAgICAgICAgICAgICAgICAgIDVlOjQzOjIzOmJhOjNkOjcwOmJmOjQ4OjlmOjNlOjk3OmJkOjM4OjI1OjEwOgogICAgICAgICAgICAgICAgICAgIDEzOmMxOjRmOjc1OjM4OmUxOmM3OmNjOmNjOjMwOjVmOmYwOjI1OmUxOmI3OgogICAgICAgICAgICAgICAgICAgIDY4Ojk5OjNkOjNkOjRjOjQ4OmE2OmM4OjI0OmIwOmIwOjNkOjNhOmE4OjVkOgogICAgICAgICAgICAgICAgICAgIGQxOjUzOmRkOjg3OmE2OjVkOjVjOjNkOjUwOjU3OjkxOmJiOjUxOjMzOjY2OgogICAgICAgICAgICAgICAgICAgIDE2OmE1OjgwOmIxOjNkOjVjOmY4OjAwOmQ2OmI2OjBjOjg1OmVlOjAyOmQ1OgogICAgICAgICAgICAgICAgICAgIDVlOmZlOjk1OmNhOjEzOjRhOjcwOjg3OmViOjNkOjhjOjNjOjUzOjVjOjRjOgogICAgICAgICAgICAgICAgICAgIDVmOmIyOmIwOjQ5OjZlOjMwOjI5OjhmOmRlOmNmOjMyOjZhOmRmOjJjOmJiOgogICAgICAgICAgICAgICAgICAgIDdlOmJmOmMyOjRhOjFkOjMyOjg4OjhjOjhlOjI5Ojg5OjczOmNlOjU2OjUyOgogICAgICAgICAgICAgICAgICAgIDM1OjQ5OmMxOjY4OjdjOmM0Ojc0OjExOjFiOjEzOjJiOjY1OjY2OjA2OmM0OgogICAgICAgICAgICAgICAgICAgIDUzOjU4OmExOmNhOjdmOmFmOmEzOjkzOjYyOjBmOjcyOjkwOjJmOjY1OjJiOgogICAgICAgICAgICAgICAgICAgIGQ5Ojg4OmEzOjEwOmM1OmJiOjFkOmU5OjNmOjQ3OjQ5OmE3OmNhOmM3Ojc2OgogICAgICAgICAgICAgICAgICAgIDNjOjlmOmZhOjY3OmNiOjhlOjk5OmUxOmVhOmEwOjZmOmUwOmMzOjM5OmVhOgogICAgICAgICAgICAgICAgICAgIDNlOmYwOmEwOjMwOmQ2OjAwOjBiOmRmOjBmOmM2OmQ5OmY4OmZmOjkyOjFlOgogICAgICAgICAgICAgICAgICAgIDIwOjZhOmYxOjM5OmI1OmY2OmE4OjljOjRkOjNiOjMzOjY3OmEwOjc1OmQyOgogICAgICAgICAgICAgICAgICAgIDYxOjIyOjdlOjU2OjQ3OmVmOjJmOmRiOmZiOmQzOmJhOjQ1OjU2OmZiOmU1OgogICAgICAgICAgICAgICAgICAgIDcxOjMyOmVkOmU1OmRhOmU2OmQ0OjAzOjBkOjlmOjZmOmY4OjA4OjRkOjljOgogICAgICAgICAgICAgICAgICAgIGM1OjkxCiAgICAgICAgICAgICAgICBFeHBvbmVudDogNjU1MzcgKDB4MTAwMDEpCiAgICAgICAgWDUwOXYzIGV4dGVuc2lvbnM6CiAgICAgICAgICAgIFg1MDl2MyBBdXRob3JpdHkgS2V5IElkZW50aWZpZXI6IAogICAgICAgICAgICAgICAga2V5aWQ6OTI6MTE6MUY6RkU6N0Q6NzU6RjQ6NzU6Qjk6ODU6NDE6MkY6QjM6MUE6NzI6Njg6MzQ6QkQ6MDA6RDIKCiAgICAgICAgICAgIFg1MDl2MyBTdWJqZWN0IEtleSBJZGVudGlmaWVyOiAKICAgICAgICAgICAgICAgIEQ4OjJDOkE1OkM4OjY1OjQyOjQ5OkFGOjE5OjZFOjIxOjAwOkYzOkVDOjI2Ojk0OkRGOjIxOjI1OkI1CiAgICAgICAgICAgIFg1MDl2MyBLZXkgVXNhZ2U6IGNyaXRpY2FsCiAgICAgICAgICAgICAgICBEaWdpdGFsIFNpZ25hdHVyZSwgS2V5IEVuY2lwaGVybWVudAogICAgICAgICAgICBYNTA5djMgRXh0ZW5kZWQgS2V5IFVzYWdlOiAKICAgICAgICAgICAgICAgIFRMUyBXZWIgU2VydmVyIEF1dGhlbnRpY2F0aW9uLCBUTFMgV2ViIENsaWVudCBBdXRoZW50aWNhdGlvbgogICAgICAgICAgICBYNTA5djMgQ1JMIERpc3RyaWJ1dGlvbiBQb2ludHM6IAoKICAgICAgICAgICAgICAgIEZ1bGwgTmFtZToKICAgICAgICAgICAgICAgICAgVVJJOmh0dHA6Ly9teWhvc3QuY29tL215Y2ExLmNybAoKICAgICAgICAgICAgICAgIEZ1bGwgTmFtZToKICAgICAgICAgICAgICAgICAgVVJJOmh0dHA6Ly9teWhvc3QuY29tL215Y2EyLmNybAoKICAgICAgICAgICAgWDUwOXYzIENlcnRpZmljYXRlIFBvbGljaWVzOiAKICAgICAgICAgICAgICAgIFBvbGljeTogMi4xNi44NDAuMS4xMTQ0MTIuMS4xCiAgICAgICAgICAgICAgICAgIENQUzogaHR0cHM6Ly9teWhvc3QuY29tL0NQUwogICAgICAgICAgICAgICAgUG9saWN5OiAyLjIzLjE0MC4xLjIuMgoKICAgICAgICAgICAgQXV0aG9yaXR5IEluZm9ybWF0aW9uIEFjY2VzczogCiAgICAgICAgICAgICAgICBPQ1NQIC0gVVJJOmh0dHA6Ly9vY3NwLm15Lmhvc3QvCiAgICAgICAgICAgICAgICBDQSBJc3N1ZXJzIC0gVVJJOmh0dHA6Ly9teS5jYS9jYS5odG1sCgogICAgICAgICAgICBYNTA5djMgQmFzaWMgQ29uc3RyYWludHM6IGNyaXRpY2FsCiAgICAgICAgICAgICAgICBDQTpGQUxTRQogICAgICAgICAgICBYNTA5djMgU3ViamVjdCBBbHRlcm5hdGl2ZSBOYW1lOiAKICAgICAgICAgICAgICAgIEROUzphZXJvc3Bpa2UtYS0wLnRlc3QtcnVubmVyLCBETlM6YWVyb3NwaWtlLWEtMS50ZXN0LXJ1bm5lciwgRE5TOmFlcm9zcGlrZS1hLTIudGVzdC1ydW5uZXIsIEROUzphZXJvc3Bpa2UtYS0zLnRlc3QtcnVubmVyLCBETlM6YWVyb3NwaWtlLWEtNC50ZXN0LXJ1bm5lciwgRE5TOmFlcm9zcGlrZS1hLTUudGVzdC1ydW5uZXIKICAgIFNpZ25hdHVyZSBBbGdvcml0aG06IHNoYTI1NldpdGhSU0FFbmNyeXB0aW9uCiAgICAgICAgIDJiOmVkOjFlOjkwOjRkOjBlOmIzOjkxOjNhOjhlOmUxOmUyOmQyOjFkOjU2OjdlOjIzOjQ3OgogICAgICAgICAxZTo3ZTo5ZTpmZTo3NjoxZTpiZjpjZDo1OTphYzo5NDowZjo1Mzo2MTozNzpkMzo2Njo3OToKICAgICAgICAgMzM6MjM6NjM6MjI6MDk6MzE6NDU6NDU6OWU6OTc6MzQ6Yzc6OTU6ZGE6NDY6MTU6YTE6NWY6CiAgICAgICAgIDA5OjdhOjZiOjcxOjc5OjBiOjZmOjBjOjNkOmJmOjkyOmIxOmU0OjBlOmQxOmY2OmM5OjA3OgogICAgICAgICBjMjpkZjpjOTozOTo3Mjo0MDpmNTo2NTo0Yzo0NzoxNzo3NDo0Njo3YjpkNDowYzoxNzpmNjoKICAgICAgICAgYTk6MmU6MGY6NGU6ZmU6Mzc6MGU6N2Q6ZGI6Mjk6Y2Q6YzI6NmM6ZmE6OWE6ZjQ6OTU6OTA6CiAgICAgICAgIDAyOmFlOjMwOmQ0OmVjOmFiOjk5OmFmOjE2OmZkOjAzOjA4OjZjOjk2OjI2OmVmOmMyOmNjOgogICAgICAgICAzYjo4MTozNDo1YzoxYTo0ODoyZjpiNTpkMjoxYzo4YjoxYjoyMzpmNjo0MTpiZTo5YjphOToKICAgICAgICAgMTA6OTg6YmI6MjM6OGE6NWM6ZjA6OWI6N2M6ZDM6MTQ6N2Y6YzU6NTg6YTg6YjI6OGM6OGQ6CiAgICAgICAgIGE0OjYxOmZlOjlkOjIwOmFlOmFlOjhjOmY3OjljOmJhOjYxOjRlOjBlOmNkOjliOjFhOjE3OgogICAgICAgICBhMjowMDpmODoxNjpjMDpmMDo0OTo2MjowMToyOTowNTpiZTo0MDoxMDo2ZDpiNDpjNTpiMzoKICAgICAgICAgNTg6ZDQ6ZTc6OWY6ZDI6MGU6OWI6YzY6N2Y6MzQ6NWI6OGQ6OTQ6YTM6NTA6ZjY6YzI6ODY6CiAgICAgICAgIGRmOjZkOmViOjgyOjhjOjIwOmI5OjgzOjUzOjU3OmM3OmM5Ojc2OmJkOjk4OjRlOmJjOjM1OgogICAgICAgICAyZDo2OTozNDo0MzoxODo3MTo2Mzo1MTpkMToxZDpjZToyMzplYzozMTo4ZjplYTpiMzowZjoKICAgICAgICAgZmM6ODc6NGE6N2IKLS0tLS1CRUdJTiBDRVJUSUZJQ0FURS0tLS0tCk1JSUZpVENDQkhHZ0F3SUJBZ0lRSHhhWEg1RnBnZXhzTFkxTmdEUG1ZekFOQmdrcWhraUc5dzBCQVFzRkFEQnMKTVFzd0NRWURWUVFHRXdKVlV6RUxNQWtHQTFVRUNBd0NRMEV4R0RBV0JnTlZCQW9NRDBGbGNtOXpjR2xyWlN3ZwpTVzVqTGpFWk1CY0dBMVVFQ3d3UVJXNW5hVzVsWlhKcGJtY2dWR1Z6ZERFYk1Ca0dBMVVFQXd3U1EyaGhhVzRnClUybG5ibWx1WnlCRFpYSjBNQjRYRFRJeE1EVXlPREU0TURJME9Wb1hEVEkxTURVeU56RTRNREkwT1Zvd2N6RUwKTUFrR0ExVUVCaE1DVlZNeEN6QUpCZ05WQkFnTUFrTkJNUmd3RmdZRFZRUUtEQTlCWlhKdmMzQnBhMlVzSUVsdQpZeTR4R1RBWEJnTlZCQXNNRUZSbGMzUWdUWFZzZEdsVFpYSjJaWEl4SWpBZ0JnTlZCQU1NR1dGbGNtOXpjR2xyClpTMWhMVEF1ZEdWemRDMXlkVzV1WlhJd2dnRWlNQTBHQ1NxR1NJYjNEUUVCQVFVQUE0SUJEd0F3Z2dFS0FvSUIKQVFEdFk5SXoyTkl6UnFCZk1PZnpjRjVESTdvOWNMOUluejZYdlRnbEVCUEJUM1U0NGNmTXpEQmY4Q1hodDJpWgpQVDFNU0tiSUpMQ3dQVHFvWGRGVDNZZW1YVnc5VUZlUnUxRXpaaGFsZ0xFOVhQZ0ExcllNaGU0QzFWNytsY29UClNuQ0g2ejJNUEZOY1RGK3lzRWx1TUNtUDNzOHlhdDhzdTM2L3drb2RNb2lNamltSmM4NVdValZKd1doOHhIUVIKR3hNclpXWUd4Rk5Zb2NwL3I2T1RZZzl5a0M5bEs5bUlveERGdXgzcFAwZEpwOHJIZGp5ZittZkxqcG5oNnFCdgo0TU01Nmo3d29ERFdBQXZmRDhiWitQK1NIaUJxOFRtMTlxaWNUVHN6WjZCMTBtRWlmbFpIN3kvYis5TzZSVmI3CjVYRXk3ZVhhNXRRRERaOXYrQWhObk1XUkFnTUJBQUdqZ2dJZU1JSUNHakFmQmdOVkhTTUVHREFXZ0JTU0VSLysKZlhYMGRibUZRUyt6R25Kb05MMEEwakFkQmdOVkhRNEVGZ1FVMkN5bHlHVkNTYThaYmlFQTgrd21sTjhoSmJVdwpEZ1lEVlIwUEFRSC9CQVFEQWdXZ01CMEdBMVVkSlFRV01CUUdDQ3NHQVFVRkJ3TUJCZ2dyQmdFRkJRY0RBakJQCkJnTlZIUjhFU0RCR01DR2dINkFkaGh0b2RIUndPaTh2Ylhsb2IzTjBMbU52YlM5dGVXTmhNUzVqY213d0lhQWYKb0IyR0cyaDBkSEE2THk5dGVXaHZjM1F1WTI5dEwyMTVZMkV5TG1OeWJEQkdCZ05WSFNBRVB6QTlNREVHQ1dDRwpTQUdHL1d3QkFUQWtNQ0lHQ0NzR0FRVUZCd0lCRmhab2RIUndjem92TDIxNWFHOXpkQzVqYjIwdlExQlRNQWdHCkJtZUJEQUVDQWpCU0JnZ3JCZ0VGQlFjQkFRUkdNRVF3SUFZSUt3WUJCUVVITUFHR0ZHaDBkSEE2THk5dlkzTncKTG0xNUxtaHZjM1F2TUNBR0NDc0dBUVVGQnpBQ2hoUm9kSFJ3T2k4dmJYa3VZMkV2WTJFdWFIUnRiREFNQmdOVgpIUk1CQWY4RUFqQUFNSUd0QmdOVkhSRUVnYVV3Z2FLQ0dXRmxjbTl6Y0dsclpTMWhMVEF1ZEdWemRDMXlkVzV1ClpYS0NHV0ZsY205emNHbHJaUzFoTFRFdWRHVnpkQzF5ZFc1dVpYS0NHV0ZsY205emNHbHJaUzFoTFRJdWRHVnoKZEMxeWRXNXVaWEtDR1dGbGNtOXpjR2xyWlMxaExUTXVkR1Z6ZEMxeWRXNXVaWEtDR1dGbGNtOXpjR2xyWlMxaApMVFF1ZEdWemRDMXlkVzV1WlhLQ0dXRmxjbTl6Y0dsclpTMWhMVFV1ZEdWemRDMXlkVzV1WlhJd0RRWUpLb1pJCmh2Y05BUUVMQlFBRGdnRUJBQ3Z0SHBCTkRyT1JPbzdoNHRJZFZuNGpSeDUrbnY1MkhyL05XYXlVRDFOaE45Tm0KZVRNall5SUpNVVZGbnBjMHg1WGFSaFdoWHdsNmEzRjVDMjhNUGIrU3NlUU8wZmJKQjhMZnlUbHlRUFZsVEVjWApkRVo3MUF3WDlxa3VEMDcrTnc1OTJ5bk53bXo2bXZTVmtBS3VNTlRzcTVtdkZ2MERDR3lXSnUvQ3pEdUJORndhClNDKzEwaHlMR3lQMlFiNmJxUkNZdXlPS1hQQ2JmTk1VZjhWWXFMS01qYVJoL3AwZ3JxNk05NXk2WVU0T3pac2EKRjZJQStCYkE4RWxpQVNrRnZrQVFiYlRGczFqVTU1L1NEcHZHZnpSYmpaU2pVUGJDaHQ5dDY0S01JTG1EVTFmSAp5WGE5bUU2OE5TMXBORU1ZY1dOUjBSM09JK3d4aitxekQveUhTbnM9Ci0tLS0tRU5EIENFUlRJRklDQVRFLS0tLS0=",
              "svc_cluster_chain.pem": "Q2VydGlmaWNhdGU6CiAgICBEYXRhOgogICAgICAgIFZlcnNpb246IDMgKDB4MikKICAgICAgICBTZXJpYWwgTnVtYmVyOgogICAgICAgICAgICAxZjoxNjo5NzoxZjo5MTo2OTo4MTplYzo2YzoyZDo4ZDo0ZDo4MDozMzplNjo2MwogICAgICAgIFNpZ25hdHVyZSBBbGdvcml0aG06IHNoYTI1NldpdGhSU0FFbmNyeXB0aW9uCiAgICAgICAgSXNzdWVyOiBDPVVTLCBTVD1DQSwgTz1BZXJvc3Bpa2UsIEluYy4sIE9VPUVuZ2luZWVyaW5nIFRlc3QsIENOPUNoYWluIFNpZ25pbmcgQ2VydAogICAgICAgIFZhbGlkaXR5CiAgICAgICAgICAgIE5vdCBCZWZvcmU6IE1heSAyOCAxODowMjo0OSAyMDIxIEdNVAogICAgICAgICAgICBOb3QgQWZ0ZXIgOiBNYXkgMjcgMTg6MDI6NDkgMjAyNSBHTVQKICAgICAgICBTdWJqZWN0OiBDPVVTLCBTVD1DQSwgTz1BZXJvc3Bpa2UsIEluYy4sIE9VPVRlc3QgTXVsdGlTZXJ2ZXIsIENOPWFlcm9zcGlrZS1hLTAudGVzdC1ydW5uZXIKICAgICAgICBTdWJqZWN0IFB1YmxpYyBLZXkgSW5mbzoKICAgICAgICAgICAgUHVibGljIEtleSBBbGdvcml0aG06IHJzYUVuY3J5cHRpb24KICAgICAgICAgICAgICAgIFJTQSBQdWJsaWMtS2V5OiAoMjA0OCBiaXQpCiAgICAgICAgICAgICAgICBNb2R1bHVzOgogICAgICAgICAgICAgICAgICAgIDAwOmVkOjYzOmQyOjMzOmQ4OmQyOjMzOjQ2OmEwOjVmOjMwOmU3OmYzOjcwOgogICAgICAgICAgICAgICAgICAgIDVlOjQzOjIzOmJhOjNkOjcwOmJmOjQ4OjlmOjNlOjk3OmJkOjM4OjI1OjEwOgogICAgICAgICAgICAgICAgICAgIDEzOmMxOjRmOjc1OjM4OmUxOmM3OmNjOmNjOjMwOjVmOmYwOjI1OmUxOmI3OgogICAgICAgICAgICAgICAgICAgIDY4Ojk5OjNkOjNkOjRjOjQ4OmE2OmM4OjI0OmIwOmIwOjNkOjNhOmE4OjVkOgogICAgICAgICAgICAgICAgICAgIGQxOjUzOmRkOjg3OmE2OjVkOjVjOjNkOjUwOjU3OjkxOmJiOjUxOjMzOjY2OgogICAgICAgICAgICAgICAgICAgIDE2OmE1OjgwOmIxOjNkOjVjOmY4OjAwOmQ2OmI2OjBjOjg1OmVlOjAyOmQ1OgogICAgICAgICAgICAgICAgICAgIDVlOmZlOjk1OmNhOjEzOjRhOjcwOjg3OmViOjNkOjhjOjNjOjUzOjVjOjRjOgogICAgICAgICAgICAgICAgICAgIDVmOmIyOmIwOjQ5OjZlOjMwOjI5OjhmOmRlOmNmOjMyOjZhOmRmOjJjOmJiOgogICAgICAgICAgICAgICAgICAgIDdlOmJmOmMyOjRhOjFkOjMyOjg4OjhjOjhlOjI5Ojg5OjczOmNlOjU2OjUyOgogICAgICAgICAgICAgICAgICAgIDM1OjQ5OmMxOjY4OjdjOmM0Ojc0OjExOjFiOjEzOjJiOjY1OjY2OjA2OmM0OgogICAgICAgICAgICAgICAgICAgIDUzOjU4OmExOmNhOjdmOmFmOmEzOjkzOjYyOjBmOjcyOjkwOjJmOjY1OjJiOgogICAgICAgICAgICAgICAgICAgIGQ5Ojg4OmEzOjEwOmM1OmJiOjFkOmU5OjNmOjQ3OjQ5OmE3OmNhOmM3Ojc2OgogICAgICAgICAgICAgICAgICAgIDNjOjlmOmZhOjY3OmNiOjhlOjk5OmUxOmVhOmEwOjZmOmUwOmMzOjM5OmVhOgogICAgICAgICAgICAgICAgICAgIDNlOmYwOmEwOjMwOmQ2OjAwOjBiOmRmOjBmOmM2OmQ5OmY4OmZmOjkyOjFlOgogICAgICAgICAgICAgICAgICAgIDIwOjZhOmYxOjM5OmI1OmY2OmE4OjljOjRkOjNiOjMzOjY3OmEwOjc1OmQyOgogICAgICAgICAgICAgICAgICAgIDYxOjIyOjdlOjU2OjQ3OmVmOjJmOmRiOmZiOmQzOmJhOjQ1OjU2OmZiOmU1OgogICAgICAgICAgICAgICAgICAgIDcxOjMyOmVkOmU1OmRhOmU2OmQ0OjAzOjBkOjlmOjZmOmY4OjA4OjRkOjljOgogICAgICAgICAgICAgICAgICAgIGM1OjkxCiAgICAgICAgICAgICAgICBFeHBvbmVudDogNjU1MzcgKDB4MTAwMDEpCiAgICAgICAgWDUwOXYzIGV4dGVuc2lvbnM6CiAgICAgICAgICAgIFg1MDl2MyBBdXRob3JpdHkgS2V5IElkZW50aWZpZXI6IAogICAgICAgICAgICAgICAga2V5aWQ6OTI6MTE6MUY6RkU6N0Q6NzU6RjQ6NzU6Qjk6ODU6NDE6MkY6QjM6MUE6NzI6Njg6MzQ6QkQ6MDA6RDIKCiAgICAgICAgICAgIFg1MDl2MyBTdWJqZWN0IEtleSBJZGVudGlmaWVyOiAKICAgICAgICAgICAgICAgIEQ4OjJDOkE1OkM4OjY1OjQyOjQ5OkFGOjE5OjZFOjIxOjAwOkYzOkVDOjI2Ojk0OkRGOjIxOjI1OkI1CiAgICAgICAgICAgIFg1MDl2MyBLZXkgVXNhZ2U6IGNyaXRpY2FsCiAgICAgICAgICAgICAgICBEaWdpdGFsIFNpZ25hdHVyZSwgS2V5IEVuY2lwaGVybWVudAogICAgICAgICAgICBYNTA5djMgRXh0ZW5kZWQgS2V5IFVzYWdlOiAKICAgICAgICAgICAgICAgIFRMUyBXZWIgU2VydmVyIEF1dGhlbnRpY2F0aW9uLCBUTFMgV2ViIENsaWVudCBBdXRoZW50aWNhdGlvbgogICAgICAgICAgICBYNTA5djMgQ1JMIERpc3RyaWJ1dGlvbiBQb2ludHM6IAoKICAgICAgICAgICAgICAgIEZ1bGwgTmFtZToKICAgICAgICAgICAgICAgICAgVVJJOmh0dHA6Ly9teWhvc3QuY29tL215Y2ExLmNybAoKICAgICAgICAgICAgICAgIEZ1bGwgTmFtZToKICAgICAgICAgICAgICAgICAgVVJJOmh0dHA6Ly9teWhvc3QuY29tL215Y2EyLmNybAoKICAgICAgICAgICAgWDUwOXYzIENlcnRpZmljYXRlIFBvbGljaWVzOiAKICAgICAgICAgICAgICAgIFBvbGljeTogMi4xNi44NDAuMS4xMTQ0MTIuMS4xCiAgICAgICAgICAgICAgICAgIENQUzogaHR0cHM6Ly9teWhvc3QuY29tL0NQUwogICAgICAgICAgICAgICAgUG9saWN5OiAyLjIzLjE0MC4xLjIuMgoKICAgICAgICAgICAgQXV0aG9yaXR5IEluZm9ybWF0aW9uIEFjY2VzczogCiAgICAgICAgICAgICAgICBPQ1NQIC0gVVJJOmh0dHA6Ly9vY3NwLm15Lmhvc3QvCiAgICAgICAgICAgICAgICBDQSBJc3N1ZXJzIC0gVVJJOmh0dHA6Ly9teS5jYS9jYS5odG1sCgogICAgICAgICAgICBYNTA5djMgQmFzaWMgQ29uc3RyYWludHM6IGNyaXRpY2FsCiAgICAgICAgICAgICAgICBDQTpGQUxTRQogICAgICAgICAgICBYNTA5djMgU3ViamVjdCBBbHRlcm5hdGl2ZSBOYW1lOiAKICAgICAgICAgICAgICAgIEROUzphZXJvc3Bpa2UtYS0wLnRlc3QtcnVubmVyLCBETlM6YWVyb3NwaWtlLWEtMS50ZXN0LXJ1bm5lciwgRE5TOmFlcm9zcGlrZS1hLTIudGVzdC1ydW5uZXIsIEROUzphZXJvc3Bpa2UtYS0zLnRlc3QtcnVubmVyLCBETlM6YWVyb3NwaWtlLWEtNC50ZXN0LXJ1bm5lciwgRE5TOmFlcm9zcGlrZS1hLTUudGVzdC1ydW5uZXIKICAgIFNpZ25hdHVyZSBBbGdvcml0aG06IHNoYTI1NldpdGhSU0FFbmNyeXB0aW9uCiAgICAgICAgIDJiOmVkOjFlOjkwOjRkOjBlOmIzOjkxOjNhOjhlOmUxOmUyOmQyOjFkOjU2OjdlOjIzOjQ3OgogICAgICAgICAxZTo3ZTo5ZTpmZTo3NjoxZTpiZjpjZDo1OTphYzo5NDowZjo1Mzo2MTozNzpkMzo2Njo3OToKICAgICAgICAgMzM6MjM6NjM6MjI6MDk6MzE6NDU6NDU6OWU6OTc6MzQ6Yzc6OTU6ZGE6NDY6MTU6YTE6NWY6CiAgICAgICAgIDA5OjdhOjZiOjcxOjc5OjBiOjZmOjBjOjNkOmJmOjkyOmIxOmU0OjBlOmQxOmY2OmM5OjA3OgogICAgICAgICBjMjpkZjpjOTozOTo3Mjo0MDpmNTo2NTo0Yzo0NzoxNzo3NDo0Njo3YjpkNDowYzoxNzpmNjoKICAgICAgICAgYTk6MmU6MGY6NGU6ZmU6Mzc6MGU6N2Q6ZGI6Mjk6Y2Q6YzI6NmM6ZmE6OWE6ZjQ6OTU6OTA6CiAgICAgICAgIDAyOmFlOjMwOmQ0OmVjOmFiOjk5OmFmOjE2OmZkOjAzOjA4OjZjOjk2OjI2OmVmOmMyOmNjOgogICAgICAgICAzYjo4MTozNDo1YzoxYTo0ODoyZjpiNTpkMjoxYzo4YjoxYjoyMzpmNjo0MTpiZTo5YjphOToKICAgICAgICAgMTA6OTg6YmI6MjM6OGE6NWM6ZjA6OWI6N2M6ZDM6MTQ6N2Y6YzU6NTg6YTg6YjI6OGM6OGQ6CiAgICAgICAgIGE0OjYxOmZlOjlkOjIwOmFlOmFlOjhjOmY3OjljOmJhOjYxOjRlOjBlOmNkOjliOjFhOjE3OgogICAgICAgICBhMjowMDpmODoxNjpjMDpmMDo0OTo2MjowMToyOTowNTpiZTo0MDoxMDo2ZDpiNDpjNTpiMzoKICAgICAgICAgNTg6ZDQ6ZTc6OWY6ZDI6MGU6OWI6YzY6N2Y6MzQ6NWI6OGQ6OTQ6YTM6NTA6ZjY6YzI6ODY6CiAgICAgICAgIGRmOjZkOmViOjgyOjhjOjIwOmI5OjgzOjUzOjU3OmM3OmM5Ojc2OmJkOjk4OjRlOmJjOjM1OgogICAgICAgICAyZDo2OTozNDo0MzoxODo3MTo2Mzo1MTpkMToxZDpjZToyMzplYzozMTo4ZjplYTpiMzowZjoKICAgICAgICAgZmM6ODc6NGE6N2IKLS0tLS1CRUdJTiBDRVJUSUZJQ0FURS0tLS0tCk1JSUZpVENDQkhHZ0F3SUJBZ0lRSHhhWEg1RnBnZXhzTFkxTmdEUG1ZekFOQmdrcWhraUc5dzBCQVFzRkFEQnMKTVFzd0NRWURWUVFHRXdKVlV6RUxNQWtHQTFVRUNBd0NRMEV4R0RBV0JnTlZCQW9NRDBGbGNtOXpjR2xyWlN3ZwpTVzVqTGpFWk1CY0dBMVVFQ3d3UVJXNW5hVzVsWlhKcGJtY2dWR1Z6ZERFYk1Ca0dBMVVFQXd3U1EyaGhhVzRnClUybG5ibWx1WnlCRFpYSjBNQjRYRFRJeE1EVXlPREU0TURJME9Wb1hEVEkxTURVeU56RTRNREkwT1Zvd2N6RUwKTUFrR0ExVUVCaE1DVlZNeEN6QUpCZ05WQkFnTUFrTkJNUmd3RmdZRFZRUUtEQTlCWlhKdmMzQnBhMlVzSUVsdQpZeTR4R1RBWEJnTlZCQXNNRUZSbGMzUWdUWFZzZEdsVFpYSjJaWEl4SWpBZ0JnTlZCQU1NR1dGbGNtOXpjR2xyClpTMWhMVEF1ZEdWemRDMXlkVzV1WlhJd2dnRWlNQTBHQ1NxR1NJYjNEUUVCQVFVQUE0SUJEd0F3Z2dFS0FvSUIKQVFEdFk5SXoyTkl6UnFCZk1PZnpjRjVESTdvOWNMOUluejZYdlRnbEVCUEJUM1U0NGNmTXpEQmY4Q1hodDJpWgpQVDFNU0tiSUpMQ3dQVHFvWGRGVDNZZW1YVnc5VUZlUnUxRXpaaGFsZ0xFOVhQZ0ExcllNaGU0QzFWNytsY29UClNuQ0g2ejJNUEZOY1RGK3lzRWx1TUNtUDNzOHlhdDhzdTM2L3drb2RNb2lNamltSmM4NVdValZKd1doOHhIUVIKR3hNclpXWUd4Rk5Zb2NwL3I2T1RZZzl5a0M5bEs5bUlveERGdXgzcFAwZEpwOHJIZGp5ZittZkxqcG5oNnFCdgo0TU01Nmo3d29ERFdBQXZmRDhiWitQK1NIaUJxOFRtMTlxaWNUVHN6WjZCMTBtRWlmbFpIN3kvYis5TzZSVmI3CjVYRXk3ZVhhNXRRRERaOXYrQWhObk1XUkFnTUJBQUdqZ2dJZU1JSUNHakFmQmdOVkhTTUVHREFXZ0JTU0VSLysKZlhYMGRibUZRUyt6R25Kb05MMEEwakFkQmdOVkhRNEVGZ1FVMkN5bHlHVkNTYThaYmlFQTgrd21sTjhoSmJVdwpEZ1lEVlIwUEFRSC9CQVFEQWdXZ01CMEdBMVVkSlFRV01CUUdDQ3NHQVFVRkJ3TUJCZ2dyQmdFRkJRY0RBakJQCkJnTlZIUjhFU0RCR01DR2dINkFkaGh0b2RIUndPaTh2Ylhsb2IzTjBMbU52YlM5dGVXTmhNUzVqY213d0lhQWYKb0IyR0cyaDBkSEE2THk5dGVXaHZjM1F1WTI5dEwyMTVZMkV5TG1OeWJEQkdCZ05WSFNBRVB6QTlNREVHQ1dDRwpTQUdHL1d3QkFUQWtNQ0lHQ0NzR0FRVUZCd0lCRmhab2RIUndjem92TDIxNWFHOXpkQzVqYjIwdlExQlRNQWdHCkJtZUJEQUVDQWpCU0JnZ3JCZ0VGQlFjQkFRUkdNRVF3SUFZSUt3WUJCUVVITUFHR0ZHaDBkSEE2THk5dlkzTncKTG0xNUxtaHZjM1F2TUNBR0NDc0dBUVVGQnpBQ2hoUm9kSFJ3T2k4dmJYa3VZMkV2WTJFdWFIUnRiREFNQmdOVgpIUk1CQWY4RUFqQUFNSUd0QmdOVkhSRUVnYVV3Z2FLQ0dXRmxjbTl6Y0dsclpTMWhMVEF1ZEdWemRDMXlkVzV1ClpYS0NHV0ZsY205emNHbHJaUzFoTFRFdWRHVnpkQzF5ZFc1dVpYS0NHV0ZsY205emNHbHJaUzFoTFRJdWRHVnoKZEMxeWRXNXVaWEtDR1dGbGNtOXpjR2xyWlMxaExUTXVkR1Z6ZEMxeWRXNXVaWEtDR1dGbGNtOXpjR2xyWlMxaApMVFF1ZEdWemRDMXlkVzV1WlhLQ0dXRmxjbTl6Y0dsclpTMWhMVFV1ZEdWemRDMXlkVzV1WlhJd0RRWUpLb1pJCmh2Y05BUUVMQlFBRGdnRUJBQ3Z0SHBCTkRyT1JPbzdoNHRJZFZuNGpSeDUrbnY1MkhyL05XYXlVRDFOaE45Tm0KZVRNall5SUpNVVZGbnBjMHg1WGFSaFdoWHdsNmEzRjVDMjhNUGIrU3NlUU8wZmJKQjhMZnlUbHlRUFZsVEVjWApkRVo3MUF3WDlxa3VEMDcrTnc1OTJ5bk53bXo2bXZTVmtBS3VNTlRzcTVtdkZ2MERDR3lXSnUvQ3pEdUJORndhClNDKzEwaHlMR3lQMlFiNmJxUkNZdXlPS1hQQ2JmTk1VZjhWWXFMS01qYVJoL3AwZ3JxNk05NXk2WVU0T3pac2EKRjZJQStCYkE4RWxpQVNrRnZrQVFiYlRGczFqVTU1L1NEcHZHZnpSYmpaU2pVUGJDaHQ5dDY0S01JTG1EVTFmSAp5WGE5bUU2OE5TMXBORU1ZY1dOUjBSM09JK3d4aitxekQveUhTbnM9Ci0tLS0tRU5EIENFUlRJRklDQVRFLS0tLS0KQ2VydGlmaWNhdGU6CiAgICBEYXRhOgogICAgICAgIFZlcnNpb246IDMgKDB4MikKICAgICAgICBTZXJpYWwgTnVtYmVyOgogICAgICAgICAgICA0ODpkNDo2ZTo5NzpiMzphZTpjNDo5NzowYzoyYjplNTo0MjozNzpmMzo2OToyMgogICAgICAgIFNpZ25hdHVyZSBBbGdvcml0aG06IHNoYTI1NldpdGhSU0FFbmNyeXB0aW9uCiAgICAgICAgSXNzdWVyOiBDPVVTLCBTVD1DQSwgTD1Nb3VudGFpbiBWaWV3LCBPPUFlcm9zcGlrZSwgSW5jLiwgT1U9RW5naW5lZXJpbmcgVGVzdCwgQ049Um9vdCBDQQogICAgICAgIElzc3VlckZpbGU6IGNhY2VydC5wZW0KICAgICAgICBWYWxpZGl0eQogICAgICAgICAgICBOb3QgQmVmb3JlOiBNYXkgMjggMTg6MDI6NDggMjAyMSBHTVQKICAgICAgICAgICAgTm90IEFmdGVyIDogTWF5IDI3IDE4OjAyOjQ4IDIwMjUgR01UCiAgICAgICAgU3ViamVjdDogQz1VUywgU1Q9Q0EsIE89QWVyb3NwaWtlLCBJbmMuLCBPVT1FbmdpbmVlcmluZyBUZXN0LCBDTj1DaGFpbiBTaWduaW5nIENlcnQKICAgICAgICBTdWJqZWN0IFB1YmxpYyBLZXkgSW5mbzoKICAgICAgICAgICAgUHVibGljIEtleSBBbGdvcml0aG06IHJzYUVuY3J5cHRpb24KICAgICAgICAgICAgICAgIFJTQSBQdWJsaWMtS2V5OiAoMjA0OCBiaXQpCiAgICAgICAgICAgICAgICBNb2R1bHVzOgogICAgICAgICAgICAgICAgICAgIDAwOmQxOjgwOjE0OjNlOjkwOjE2Ojc1OmM3OmE5OjdhOjYwOmFmOjNmOjc3OgogICAgICAgICAgICAgICAgICAgIGY1OmIyOjEyOjVlOjE3OmVhOmRkOjJkOjFlOmJkOjE5Ojk4OmEwOmIyOjRlOgogICAgICAgICAgICAgICAgICAgIDFlOmVkOjI1OmZiOjZkOjY0OmU2Ojk4OmRlOjBhOjJiOjI5OmU0OmFmOmQyOgogICAgICAgICAgICAgICAgICAgIGY1OjNjOjYyOjQzOmZjOmE3OmUzOjJjOmE4OjVmOmIwOjI3OjJiOmI0OmM5OgogICAgICAgICAgICAgICAgICAgIGY0OmQ1OjZjOjU3OjE4OmQ5OjU1OjdjOmUxOjg4OjJjOjI3OjU0OmVlOjU4OgogICAgICAgICAgICAgICAgICAgIDc1OjlmOjMzOjZkOjZmOjhjOmU1OjYxOmI5OmQ0OmYyOmY5OmFlOmQ4OjBkOgogICAgICAgICAgICAgICAgICAgIGIyOjBmOjNmOjMyOjU2OmYwOmY3OmQyOjA2OjI5OjI1OmMwOmFjOmRlOmE3OgogICAgICAgICAgICAgICAgICAgIDkzOmYyOmNjOmYxOjk3OjY1OmI0OjE0OjE5OmQyOjNkOjQ3OjllOmE0OjQwOgogICAgICAgICAgICAgICAgICAgIDJlOmZhOmVhOjZlOjc1OjM3OjE1OjZmOjQ4OjkyOjBlOjliOjRiOjEzOmZlOgogICAgICAgICAgICAgICAgICAgIDMwOjA5OjYyOmRkOjc1OmFmOjZkOmRlOjcwOmZiOjAwOjM5OmNmOjk0OjgwOgogICAgICAgICAgICAgICAgICAgIDQwOjNiOjU3OmI5OmZlOjA4OmYyOjkxOjkxOjg4OjdlOmZjOjZhOjYyOjY1OgogICAgICAgICAgICAgICAgICAgIDJmOjJjOmRlOjg0OjgyOjA2OmYzOjI3OjFjOmFjOmNhOjdkOmMxOjBlOjIzOgogICAgICAgICAgICAgICAgICAgIDU1OmQ3OjQ0OjY2OjQ0OjI0OjZhOmJjOmZlOjhhOmE5OjM0OjZjOjZjOjgwOgogICAgICAgICAgICAgICAgICAgIGYwOjRhOjQzOmEwOjQ1OmFhOmI0OmUzOjAzOjhlOjM5OjZiOmI5OjJlOmNlOgogICAgICAgICAgICAgICAgICAgIGM4OjE2OjA3OjA2Ojk4OjFmOmQ5Ojk0OjA2OjhiOjk4OmEwOjZhOjY5OmQ1OgogICAgICAgICAgICAgICAgICAgIDhjOjExOjE3OjA2Ojg5OjE1OmFiOmUwOjBmOjBmOmI1OjgxOjlkOmY5OjI5OgogICAgICAgICAgICAgICAgICAgIDhjOjA1OmEyOmE1OjBhOmRiOmI3OjMxOmYzOjIyOjUzOjhmOmZkOjllOjUzOgogICAgICAgICAgICAgICAgICAgIDkyOmJkCiAgICAgICAgICAgICAgICBFeHBvbmVudDogNjU1MzcgKDB4MTAwMDEpCiAgICAgICAgWDUwOXYzIGV4dGVuc2lvbnM6CiAgICAgICAgICAgIFg1MDl2MyBCYXNpYyBDb25zdHJhaW50czogY3JpdGljYWwKICAgICAgICAgICAgICAgIENBOlRSVUUsIHBhdGhsZW46MAogICAgICAgICAgICBYNTA5djMgS2V5IFVzYWdlOiBjcml0aWNhbAogICAgICAgICAgICAgICAgRGlnaXRhbCBTaWduYXR1cmUsIEtleSBFbmNpcGhlcm1lbnQsIENlcnRpZmljYXRlIFNpZ24sIENSTCBTaWduCiAgICAgICAgICAgIFg1MDl2MyBFeHRlbmRlZCBLZXkgVXNhZ2U6IAogICAgICAgICAgICAgICAgVExTIFdlYiBTZXJ2ZXIgQXV0aGVudGljYXRpb24sIFRMUyBXZWIgQ2xpZW50IEF1dGhlbnRpY2F0aW9uCiAgICAgICAgICAgIEF1dGhvcml0eSBJbmZvcm1hdGlvbiBBY2Nlc3M6IAogICAgICAgICAgICAgICAgT0NTUCAtIFVSSTpodHRwOi8vb2NzcC5teS5ob3N0LwoKICAgICAgICAgICAgWDUwOXYzIENSTCBEaXN0cmlidXRpb24gUG9pbnRzOiAKCiAgICAgICAgICAgICAgICBGdWxsIE5hbWU6CiAgICAgICAgICAgICAgICAgIFVSSTpodHRwOi8vbXlob3N0LmNvbS9teWNhLmNybAoKICAgICAgICAgICAgWDUwOXYzIENlcnRpZmljYXRlIFBvbGljaWVzOiAKICAgICAgICAgICAgICAgIFBvbGljeTogWDUwOXYzIEFueSBQb2xpY3kKICAgICAgICAgICAgICAgICAgQ1BTOiBodHRwczovL215aG9zdC5jb20vQ1BTCgogICAgICAgICAgICBYNTA5djMgU3ViamVjdCBLZXkgSWRlbnRpZmllcjogCiAgICAgICAgICAgICAgICA5MjoxMToxRjpGRTo3RDo3NTpGNDo3NTpCOTo4NTo0MToyRjpCMzoxQTo3Mjo2ODozNDpCRDowMDpEMgogICAgICAgICAgICBYNTA5djMgQXV0aG9yaXR5IEtleSBJZGVudGlmaWVyOiAKICAgICAgICAgICAgICAgIGtleWlkOjVDOkQ0OjAwOjQ4OjM4OjQ3OjQyOjFGOjNBOjM5OjE0OkJDOkQ0OkQ1OkI3Ojg0OkI4OjgzOjQ0OkNECgogICAgU2lnbmF0dXJlIEFsZ29yaXRobTogc2hhMjU2V2l0aFJTQUVuY3J5cHRpb24KICAgICAgICAgMWM6Mzg6ZTI6ZDY6NGI6YWY6YjU6NDU6ZTY6ZDk6MDY6ODY6YzE6MzU6YmU6ODQ6NGM6ZTg6CiAgICAgICAgIDcyOmMwOjYyOjNiOmQ5OmJjOjNhOjA2OjUzOjFiOjY2Ojg1Ojc5OmI1OjM4OjM0OmZiOmVhOgogICAgICAgICA3NDphMjphZjphYzoyMDo3NDpmZDpmMDoxOTo0ZDoyNzozNjphMzoyMjo3NzowMTo4Yzo5MDoKICAgICAgICAgNjk6NTY6N2Y6YjQ6ODg6Njg6Yzc6Y2M6MDk6Yjk6MjQ6ODg6YTc6MmM6NTY6Y2M6Yjc6MjA6CiAgICAgICAgIDk4OjdiOjU3OmQwOjc1OjUzOjY3OmFjOjZjOjk1OjQwOjk0OjkzOjZiOjg5OmYxOjA0OmFhOgogICAgICAgICA5YTpmZjoyZToxYzo0Mzo3ODo5ZTphNjplMDpjODo4ODo4Yzo4Zjo3Mzo0Zjo0NDo5Zjo5NToKICAgICAgICAgZjQ6YzU6ZDU6OWI6Yzc6YWU6OGY6Zjk6OGU6MWY6NTA6ZDE6ZGQ6MmM6NjU6Y2M6MGI6Njc6CiAgICAgICAgIGIwOjlhOjNmOmY4OjFjOmRmOjhiOjc1OjhmOjgyOjljOjdjOjFjOjAyOjZhOmZhOjk0OjcwOgogICAgICAgICA2MjowYTplMTo4Zjo4NTplMTowZTo5Njo5NTozYTozMDo4ZDo5NjpiNDozMDpjZToxNjo5MToKICAgICAgICAgMGE6NTE6OTM6ZTE6MDc6NGU6OGQ6YTQ6OGY6Njk6NzY6ODg6Yzk6NDc6MjI6ZTc6MzE6ZDk6CiAgICAgICAgIGM0OjIyOmFjOmYxOjc1OmRmOmM1OjkyOjg0OjkyOmVhOmI4OmE2OjcwOmUzOmNlOmJmOmM4OgogICAgICAgICA0NzpkODo4Mjo4ODozNTo1Yjo1YzozNzoxOTowZjoxNjpjMDo5MDo0Mjo2NDo0MDphMDpiMjoKICAgICAgICAgMWY6ZDk6NzA6NGY6M2E6NTI6MmY6ZTY6NDM6N2Q6YTY6YjM6ZWY6MWM6ZWE6YjI6ZTY6NmE6CiAgICAgICAgIDU3OjgwOjE3OjI5OjIwOjcxOmEzOjYxOmY4OmU3OjIwOjZmOmQxOmY2OjE2OmVjOmYyOmM2OgogICAgICAgICAyZjo4YTphNDpmZgotLS0tLUJFR0lOIENFUlRJRklDQVRFLS0tLS0KTUlJRWtEQ0NBM2lnQXdJQkFnSVFTTlJ1bDdPdXhKY01LK1ZDTi9OcElqQU5CZ2txaGtpRzl3MEJBUXNGQURCNQpNUXN3Q1FZRFZRUUdFd0pWVXpFTE1Ba0dBMVVFQ0F3Q1EwRXhGakFVQmdOVkJBY01EVTF2ZFc1MFlXbHVJRlpwClpYY3hHREFXQmdOVkJBb01EMEZsY205emNHbHJaU3dnU1c1akxqRVpNQmNHQTFVRUN3d1FSVzVuYVc1bFpYSnAKYm1jZ1ZHVnpkREVRTUE0R0ExVUVBd3dIVW05dmRDQkRRVEFlRncweU1UQTFNamd4T0RBeU5EaGFGdzB5TlRBMQpNamN4T0RBeU5EaGFNR3d4Q3pBSkJnTlZCQVlUQWxWVE1Rc3dDUVlEVlFRSURBSkRRVEVZTUJZR0ExVUVDZ3dQClFXVnliM053YVd0bExDQkpibU11TVJrd0Z3WURWUVFMREJCRmJtZHBibVZsY21sdVp5QlVaWE4wTVJzd0dRWUQKVlFRRERCSkRhR0ZwYmlCVGFXZHVhVzVuSUVObGNuUXdnZ0VpTUEwR0NTcUdTSWIzRFFFQkFRVUFBNElCRHdBdwpnZ0VLQW9JQkFRRFJnQlEra0JaMXg2bDZZSzgvZC9XeUVsNFg2dDB0SHIwWm1LQ3lUaDd0SmZ0dFpPYVkzZ29yCktlU3YwdlU4WWtQOHArTXNxRit3Snl1MHlmVFZiRmNZMlZWODRZZ3NKMVR1V0hXZk0yMXZqT1ZodWRUeSthN1kKRGJJUFB6Slc4UGZTQmlrbHdLemVwNVB5elBHWFpiUVVHZEk5UjU2a1FDNzY2bTUxTnhWdlNKSU9tMHNUL2pBSgpZdDExcjIzZWNQc0FPYytVZ0VBN1Y3bitDUEtSa1loKy9HcGlaUzhzM29TQ0J2TW5IS3pLZmNFT0kxWFhSR1pFCkpHcTgvb3FwTkd4c2dQQktRNkJGcXJUakE0NDVhN2t1enNnV0J3YVlIOW1VQm91WW9HcHAxWXdSRndhSkZhdmcKRHcrMWdaMzVLWXdGb3FVSzI3Y3g4eUpUai8yZVU1SzlBZ01CQUFHamdnRWZNSUlCR3pBU0JnTlZIUk1CQWY4RQpDREFHQVFIL0FnRUFNQTRHQTFVZER3RUIvd1FFQXdJQnBqQWRCZ05WSFNVRUZqQVVCZ2dyQmdFRkJRY0RBUVlJCkt3WUJCUVVIQXdJd01BWUlLd1lCQlFVSEFRRUVKREFpTUNBR0NDc0dBUVVGQnpBQmhoUm9kSFJ3T2k4dmIyTnoKY0M1dGVTNW9iM04wTHpBckJnTlZIUjhFSkRBaU1DQ2dIcUFjaGhwb2RIUndPaTh2Ylhsb2IzTjBMbU52YlM5dAplV05oTG1OeWJEQTNCZ05WSFNBRU1EQXVNQ3dHQkZVZElBQXdKREFpQmdnckJnRUZCUWNDQVJZV2FIUjBjSE02Ckx5OXRlV2h2YzNRdVkyOXRMME5RVXpBZEJnTlZIUTRFRmdRVWtoRWYvbjExOUhXNWhVRXZzeHB5YURTOUFOSXcKSHdZRFZSMGpCQmd3Rm9BVVhOUUFTRGhIUWg4Nk9SUzgxTlczaExpRFJNMHdEUVlKS29aSWh2Y05BUUVMQlFBRApnZ0VCQUJ3NDR0WkxyN1ZGNXRrR2hzRTF2b1JNNkhMQVlqdlp2RG9HVXh0bWhYbTFPRFQ3Nm5TaXI2d2dkUDN3CkdVMG5OcU1pZHdHTWtHbFdmN1NJYU1mTUNia2tpS2NzVnN5M0lKaDdWOUIxVTJlc2JKVkFsSk5yaWZFRXFwci8KTGh4RGVKNm00TWlJakk5elQwU2ZsZlRGMVp2SHJvLzVqaDlRMGQwc1pjd0xaN0NhUC9nYzM0dDFqNEtjZkJ3QwphdnFVY0dJSzRZK0Y0UTZXbFRvd2paYTBNTTRXa1FwUmsrRUhUbzJrajJsMmlNbEhJdWN4MmNRaXJQRjEzOFdTCmhKTHF1S1p3NDg2L3lFZllnb2cxVzF3M0dROFd3SkJDWkVDZ3NoL1pjRTg2VWkvbVEzMm1zKzhjNnJMbWFsZUEKRnlrZ2NhTmgrT2NnYjlIMkZ1enl4aStLcFA4PQotLS0tLUVORCBDRVJUSUZJQ0FURS0tLS0t",
              "svc_key.pem": "LS0tLS1CRUdJTiBQUklWQVRFIEtFWS0tLS0tCk1JSUV2Z0lCQURBTkJna3Foa2lHOXcwQkFRRUZBQVNDQktnd2dnU2tBZ0VBQW9JQkFRRHRZOUl6Mk5JelJxQmYKTU9memNGNURJN285Y0w5SW56Nlh2VGdsRUJQQlQzVTQ0Y2ZNekRCZjhDWGh0MmlaUFQxTVNLYklKTEN3UFRxbwpYZEZUM1llbVhWdzlVRmVSdTFFelpoYWxnTEU5WFBnQTFyWU1oZTRDMVY3K2xjb1RTbkNINnoyTVBGTmNURit5CnNFbHVNQ21QM3M4eWF0OHN1MzYvd2tvZE1vaU1qaW1KYzg1V1VqVkp3V2g4eEhRUkd4TXJaV1lHeEZOWW9jcC8KcjZPVFlnOXlrQzlsSzltSW94REZ1eDNwUDBkSnA4ckhkanlmK21mTGpwbmg2cUJ2NE1NNTZqN3dvRERXQUF2ZgpEOGJaK1ArU0hpQnE4VG0xOXFpY1RUc3paNkIxMG1FaWZsWkg3eS9iKzlPNlJWYjc1WEV5N2VYYTV0UUREWjl2CitBaE5uTVdSQWdNQkFBRUNnZ0VBRnRkK0NHTWFocmlMQWQzUTA4bkNLQyt0NGUrUldFbUtXa3RvdFpoQWJsOVkKNWlwRGNWOU1ZRTdaTmtqUmxiMGd3dEJTeS90THpRbDNOWEFoampKSXRTZFNrc3ZDUVZHRzFLMUVESlMvZVNvUwo2dkc5L3FKOGJtVmRpSjJkSGhJUmxlSjZ2NTJtWDhFeGpCNE9VcjNyb2Q1TWpZdGZBZ3pnZTA4VWxvNmdPUFhkCmN0YXpnYVVGSnZhcm5mWERCMDNOclJSbnhmYkE4YytCMUwzUHVmMUU3ZmI3eEtxcGYvUUlHZnRPck4rZ01mazAKUy84OW5WZUQ0d0dzc2h3TTRGZzN6bE16OC9NdjRWY3lMa2ZlbWxJNmlubDczT3o0T3VRNGVyL01IdEZ5WlBHdQpaMmI2L1A0NjlQZTIwZFEwU2RzT3gxbTYwVzB3OVJMcWNOOC9XbC9neVFLQmdRRDZlRFVWQ3Q4dlMyUG9TaGI5Ckc1dkI0cGlCVjdtZmsrdmVlM0t0U2c1aTFDZy9JakxQYWxBNnUrb3FnY2NjVGN4c05UNVhWOTdEVDEwaDk2R1IKSU5oOExlRlpLSGFLRTJnNndPeG1iWjJQRGd1bUcxekh6RmcxMWlXeVBvREowelcrNEY2V0RMZTIrMjAyZFQxQgpUT05CUjJTZlpQQXNvYm5mMklmODF2SlNYd0tCZ1FEeW9hNHY1eWU1d1NjOW1ER0dWNkFVV3FqUEp4cXBCekJmCjh3b3ludDBEeFBuYU1RTUUrblNjSmNVN2Z1djhlZzN3L21LektZaWlXbHFRWE9ZZ2xqR1pNUmxKaFV1RC9RSUoKUGpVS2JzSmJTODRFendTdjh3VGJqZUIweThFeWNyU0g2RzVwSE9IbHRTeE1nR3hGZ09yd3ZGZTlyNGRTeEU1VQpCU1F6cTA5T0R3S0JnUUNPd0lSQWdmbkNFczNXVHFQYmppaXYwRjNyR2Z5Sm50MEg2SVBya0JHeThnZ2VNM2VTCkQ1MjZXKytTV25VSkJLNUYzZkt5QlRySlJpcG1lYVJ6K3F4bjJoNWRtbG8xUitwWDBpenFFLytBMFJpQ2k0WE4KdWdGc2JhaitkZkVoRm1mRGFrMStaN0V0Y1E5Rndud3ZBNHRpWVRaUVFrOUFvTXczY0VuUktSRGpNUUtCZ0VJMwp1ZkE4NSt5Y09IZG85K3N3TXZJYkpBTVZLd09DZ01OTzh6T0pnOHdwai83cWJXYUliQmJKZ0NDU3JSa0V2cFZNCjkrYnBxTzZXTmkwOERWcExZMUhwd25yOE0vWGJzUmlRcjYwZk9VL3RTbGFwb1IvYjlURnVjUm12R2hVSWxSaWEKYUxlck9FT1d4SFpFZmtnaHZQemlpaGVzdGdQeXEyWG0yVkI0cW5ZbEFvR0JBT3VtSEVHaGR0NWUzUXljR1BVdAplbHJhYUxya1A2MWxTWWdSS3F5cTQrUlY3T2Q0WDZtY3BTSVRvcmh1RG1nYmx0bDhjOUpCRkpucEc2cVAzaWVkClA1N2VPT25VUzdHeDdWWjlZSWJmbVgwTExwamxHUGtNbGhTWXFiOFYwL3pUV2xKMUZtUkJvTXBBRC9xaHFnc1cKYm9uN0lxRGtRaWFqZlFxTUdsQVowMzlBCi0tLS0tRU5EIFBSSVZBVEUgS0VZLS0tLS0="
            },
            "id": "aerospike/aerospike-secret",
            "immutable": false,
            "metadata": [
              {
                "annotations": null,
                "generate_name": "",
                "generation": 0,
                "labels": null,
                "name": "aerospike-secret",
                "namespace": "aerospike",
                "resource_version": "2150512",
                "uid": "39aad8d9-64fb-4b5e-8c53-765a2660db46"
              }
            ],
            "timeouts": null,
            "type": "Opaque",
            "wait_for_service_account_token": true
          },
          "sensitive_attributes": [],
          "private": "eyJlMmJmYjczMC1lY2FhLTExZTYtOGY4OC0zNDM2M2JjN2M0YzAiOnsiY3JlYXRlIjo2MDAwMDAwMDAwMH19",
          "dependencies": [
            "data.aws_eks_cluster_auth.this",
            "helm_release.aerospike_operator",
            "module.eks.aws_eks_access_entry.this",
            "module.eks.aws_eks_access_policy_association.this",
            "module.eks.aws_eks_cluster.this",
            "module.eks.data.aws_iam_session_context.current",
            "module.eks.data.aws_partition.current"
          ]
        }
      ]
    },
    {
      "mode": "managed",
      "type": "kubernetes_secret",
      "name": "auth_secret",
      "provider": "provider[\"registry.terraform.io/hashicorp/kubernetes\"]",
      "instances": [
        {
          "schema_version": 0,
          "attributes": {
            "binary_data": null,
            "data": {
              "password": "admin123"
            },
            "id": "aerospike/auth-secret",
            "immutable": false,
            "metadata": [
              {
                "annotations": null,
                "generate_name": "",
                "generation": 0,
                "labels": null,
                "name": "auth-secret",
                "namespace": "aerospike",
                "resource_version": "2150513",
                "uid": "74b1de39-8052-4ef1-88dc-f71cfca23445"
              }
            ],
            "timeouts": null,
            "type": "Opaque",
            "wait_for_service_account_token": true
          },
          "sensitive_attributes": [],
          "private": "eyJlMmJmYjczMC1lY2FhLTExZTYtOGY4OC0zNDM2M2JjN2M0YzAiOnsiY3JlYXRlIjo2MDAwMDAwMDAwMH19",
          "dependencies": [
            "data.aws_eks_cluster_auth.this",
            "helm_release.aerospike_operator",
            "module.eks.aws_eks_access_entry.this",
            "module.eks.aws_eks_access_policy_association.this",
            "module.eks.aws_eks_cluster.this",
            "module.eks.data.aws_iam_session_context.current",
            "module.eks.data.aws_partition.current"
          ]
        }
      ]
    },
    {
      "mode": "managed",
      "type": "kubernetes_storage_class",
      "name": "ebs_csi_encrypted_gp3_storage_class",
      "provider": "provider[\"registry.terraform.io/hashicorp/kubernetes\"]",
      "instances": [
        {
          "schema_version": 0,
          "attributes": {
            "allow_volume_expansion": true,
            "allowed_topologies": [],
            "id": "gp3",
            "metadata": [
              {
                "annotations": {
                  "storageclass.kubernetes.io/is-default-class": "true"
                },
                "generate_name": "",
                "generation": 0,
                "labels": {},
                "name": "gp3",
                "resource_version": "1029461",
                "uid": "ec3fb4e6-e387-4eb3-b02f-750c791bb71c"
              }
            ],
            "mount_options": [],
            "parameters": {
              "encrypted": "true",
              "fsType": "xfs",
              "type": "gp3"
            },
            "reclaim_policy": "Delete",
            "storage_provisioner": "ebs.csi.aws.com",
            "volume_binding_mode": "WaitForFirstConsumer"
          },
          "sensitive_attributes": [],
          "private": "bnVsbA==",
          "dependencies": [
            "data.aws_availability_zones.available",
            "data.aws_eks_cluster_auth.this",
            "kubernetes_annotations.gp2_default",
            "module.eks.aws_cloudwatch_log_group.this",
            "module.eks.aws_ec2_tag.cluster_primary_security_group",
            "module.eks.aws_eks_access_entry.this",
            "module.eks.aws_eks_access_policy_association.this",
            "module.eks.aws_eks_addon.before_compute",
            "module.eks.aws_eks_addon.this",
            "module.eks.aws_eks_cluster.this",
            "module.eks.aws_eks_identity_provider_config.this",
            "module.eks.aws_iam_openid_connect_provider.oidc_provider",
            "module.eks.aws_iam_policy.cluster_encryption",
            "module.eks.aws_iam_policy.cni_ipv6_policy",
            "module.eks.aws_iam_role.this",
            "module.eks.aws_iam_role_policy_attachment.additional",
            "module.eks.aws_iam_role_policy_attachment.cluster_encryption",
            "module.eks.aws_iam_role_policy_attachment.this",
            "module.eks.aws_security_group.cluster",
            "module.eks.aws_security_group.node",
            "module.eks.aws_security_group_rule.cluster",
            "module.eks.aws_security_group_rule.node",
            "module.eks.data.aws_caller_identity.current",
            "module.eks.data.aws_eks_addon_version.this",
            "module.eks.data.aws_iam_policy_document.assume_role_policy",
            "module.eks.data.aws_iam_policy_document.cni_ipv6_policy",
            "module.eks.data.aws_iam_session_context.current",
            "module.eks.data.aws_partition.current",
            "module.eks.data.tls_certificate.this",
            "module.eks.module.eks_managed_node_group.aws_autoscaling_schedule.this",
            "module.eks.module.eks_managed_node_group.aws_eks_node_group.this",
            "module.eks.module.eks_managed_node_group.aws_iam_role.this",
            "module.eks.module.eks_managed_node_group.aws_iam_role_policy.this",
            "module.eks.module.eks_managed_node_group.aws_iam_role_policy_attachment.additional",
            "module.eks.module.eks_managed_node_group.aws_iam_role_policy_attachment.this",
            "module.eks.module.eks_managed_node_group.aws_launch_template.this",
            "module.eks.module.eks_managed_node_group.aws_placement_group.this",
            "module.eks.module.eks_managed_node_group.data.aws_caller_identity.current",
            "module.eks.module.eks_managed_node_group.data.aws_ec2_instance_type.this",
            "module.eks.module.eks_managed_node_group.data.aws_ec2_instance_type_offerings.this",
            "module.eks.module.eks_managed_node_group.data.aws_iam_policy_document.assume_role_policy",
            "module.eks.module.eks_managed_node_group.data.aws_iam_policy_document.role",
            "module.eks.module.eks_managed_node_group.data.aws_partition.current",
            "module.eks.module.eks_managed_node_group.data.aws_ssm_parameter.ami",
            "module.eks.module.eks_managed_node_group.data.aws_subnets.placement_group",
            "module.eks.module.eks_managed_node_group.module.user_data.data.cloudinit_config.al2023_eks_managed_node_group",
            "module.eks.module.eks_managed_node_group.module.user_data.data.cloudinit_config.linux_eks_managed_node_group",
            "module.eks.module.eks_managed_node_group.module.user_data.null_resource.validate_cluster_service_cidr",
            "module.eks.module.fargate_profile.aws_eks_fargate_profile.this",
            "module.eks.module.fargate_profile.aws_iam_role.this",
            "module.eks.module.fargate_profile.aws_iam_role_policy.this",
            "module.eks.module.fargate_profile.aws_iam_role_policy_attachment.additional",
            "module.eks.module.fargate_profile.aws_iam_role_policy_attachment.this",
            "module.eks.module.fargate_profile.data.aws_caller_identity.current",
            "module.eks.module.fargate_profile.data.aws_iam_policy_document.assume_role_policy",
            "module.eks.module.fargate_profile.data.aws_iam_policy_document.role",
            "module.eks.module.fargate_profile.data.aws_partition.current",
            "module.eks.module.fargate_profile.data.aws_region.current",
            "module.eks.module.kms.aws_kms_alias.this",
            "module.eks.module.kms.aws_kms_external_key.this",
            "module.eks.module.kms.aws_kms_grant.this",
            "module.eks.module.kms.aws_kms_key.this",
            "module.eks.module.kms.aws_kms_replica_external_key.this",
            "module.eks.module.kms.aws_kms_replica_key.this",
            "module.eks.module.kms.data.aws_caller_identity.current",
            "module.eks.module.kms.data.aws_iam_policy_document.this",
            "module.eks.module.kms.data.aws_partition.current",
            "module.eks.module.self_managed_node_group.aws_autoscaling_group.this",
            "module.eks.module.self_managed_node_group.aws_autoscaling_schedule.this",
            "module.eks.module.self_managed_node_group.aws_eks_access_entry.this",
            "module.eks.module.self_managed_node_group.aws_iam_instance_profile.this",
            "module.eks.module.self_managed_node_group.aws_iam_role.this",
            "module.eks.module.self_managed_node_group.aws_iam_role_policy.this",
            "module.eks.module.self_managed_node_group.aws_iam_role_policy_attachment.additional",
            "module.eks.module.self_managed_node_group.aws_iam_role_policy_attachment.this",
            "module.eks.module.self_managed_node_group.aws_launch_template.this",
            "module.eks.module.self_managed_node_group.aws_placement_group.this",
            "module.eks.module.self_managed_node_group.data.aws_caller_identity.current",
            "module.eks.module.self_managed_node_group.data.aws_ec2_instance_type.this",
            "module.eks.module.self_managed_node_group.data.aws_ec2_instance_type_offerings.this",
            "module.eks.module.self_managed_node_group.data.aws_iam_policy_document.assume_role_policy",
            "module.eks.module.self_managed_node_group.data.aws_iam_policy_document.role",
            "module.eks.module.self_managed_node_group.data.aws_partition.current",
            "module.eks.module.self_managed_node_group.data.aws_ssm_parameter.ami",
            "module.eks.module.self_managed_node_group.data.aws_subnets.placement_group",
            "module.eks.module.self_managed_node_group.module.user_data.data.cloudinit_config.al2023_eks_managed_node_group",
            "module.eks.module.self_managed_node_group.module.user_data.data.cloudinit_config.linux_eks_managed_node_group",
            "module.eks.module.self_managed_node_group.module.user_data.null_resource.validate_cluster_service_cidr",
            "module.eks.time_sleep.this",
            "module.vpc.aws_subnet.private",
            "module.vpc.aws_vpc.this",
            "module.vpc.aws_vpc_ipv4_cidr_block_association.this"
          ]
        }
      ]
    },
    {
      "module": "module.aws-auth",
      "mode": "managed",
      "type": "kubernetes_config_map_v1_data",
      "name": "aws_auth",
      "provider": "provider[\"registry.terraform.io/hashicorp/kubernetes\"]",
      "instances": [
        {
          "index_key": 0,
          "schema_version": 0,
          "attributes": {
            "data": {
              "mapAccounts": "[]\n",
              "mapRoles": "- \"groups\":\n  - \"system:bootstrappers\"\n  - \"system:nodes\"\n  \"rolearn\": \"arn:aws:iam::889947746832:role/karpenter-aerospike-on-eks\"\n  \"username\": \"system:node:{{EC2PrivateDNSName}}\"\n",
              "mapUsers": "[]\n"
            },
            "field_manager": "Terraform",
            "force": true,
            "id": "kube-system/aws-auth",
            "metadata": [
              {
                "name": "aws-auth",
                "namespace": "kube-system"
              }
            ]
          },
          "sensitive_attributes": [],
          "private": "bnVsbA==",
          "dependencies": [
            "data.aws_availability_zones.available",
            "data.aws_ecrpublic_authorization_token.token",
            "data.aws_eks_cluster_auth.this",
            "module.aws-auth.kubernetes_config_map.aws_auth",
            "module.eks.aws_cloudwatch_log_group.this",
            "module.eks.aws_eks_access_entry.this",
            "module.eks.aws_eks_access_policy_association.this",
            "module.eks.aws_eks_cluster.this",
            "module.eks.aws_iam_openid_connect_provider.oidc_provider",
            "module.eks.aws_iam_policy.cni_ipv6_policy",
            "module.eks.aws_iam_role.this",
            "module.eks.aws_iam_role_policy_attachment.this",
            "module.eks.aws_security_group.cluster",
            "module.eks.aws_security_group.node",
            "module.eks.aws_security_group_rule.cluster",
            "module.eks.aws_security_group_rule.node",
            "module.eks.data.aws_caller_identity.current",
            "module.eks.data.aws_iam_policy_document.assume_role_policy",
            "module.eks.data.aws_iam_policy_document.cni_ipv6_policy",
            "module.eks.data.aws_iam_session_context.current",
            "module.eks.data.aws_partition.current",
            "module.eks.data.tls_certificate.this",
            "module.eks.module.kms.aws_kms_external_key.this",
            "module.eks.module.kms.aws_kms_key.this",
            "module.eks.module.kms.aws_kms_replica_external_key.this",
            "module.eks.module.kms.aws_kms_replica_key.this",
            "module.eks.module.kms.data.aws_caller_identity.current",
            "module.eks.module.kms.data.aws_iam_policy_document.this",
            "module.eks.module.kms.data.aws_partition.current",
            "module.eks_blueprints_addons.aws_iam_instance_profile.karpenter",
            "module.eks_blueprints_addons.aws_iam_role.karpenter",
            "module.eks_blueprints_addons.data.aws_caller_identity.current",
            "module.eks_blueprints_addons.data.aws_iam_policy_document.karpenter",
            "module.eks_blueprints_addons.data.aws_iam_policy_document.karpenter_assume_role",
            "module.eks_blueprints_addons.data.aws_partition.current",
            "module.eks_blueprints_addons.data.aws_region.current",
            "module.eks_blueprints_addons.module.karpenter.aws_iam_policy.this",
            "module.eks_blueprints_addons.module.karpenter.aws_iam_role.this",
            "module.eks_blueprints_addons.module.karpenter.aws_iam_role_policy_attachment.additional",
            "module.eks_blueprints_addons.module.karpenter.aws_iam_role_policy_attachment.this",
            "module.eks_blueprints_addons.module.karpenter.data.aws_caller_identity.current",
            "module.eks_blueprints_addons.module.karpenter.data.aws_iam_policy_document.assume",
            "module.eks_blueprints_addons.module.karpenter.data.aws_iam_policy_document.this",
            "module.eks_blueprints_addons.module.karpenter.data.aws_partition.current",
            "module.eks_blueprints_addons.module.karpenter.helm_release.this",
            "module.eks_blueprints_addons.module.karpenter_sqs.aws_sqs_queue.dlq",
            "module.eks_blueprints_addons.module.karpenter_sqs.aws_sqs_queue.this",
            "module.eks_blueprints_addons.module.karpenter_sqs.aws_sqs_queue_policy.dlq",
            "module.eks_blueprints_addons.module.karpenter_sqs.aws_sqs_queue_policy.this",
            "module.eks_blueprints_addons.module.karpenter_sqs.aws_sqs_queue_redrive_allow_policy.dlq",
            "module.eks_blueprints_addons.module.karpenter_sqs.aws_sqs_queue_redrive_allow_policy.this",
            "module.eks_blueprints_addons.module.karpenter_sqs.aws_sqs_queue_redrive_policy.dlq",
            "module.eks_blueprints_addons.module.karpenter_sqs.aws_sqs_queue_redrive_policy.this",
            "module.eks_blueprints_addons.module.karpenter_sqs.data.aws_iam_policy_document.dlq",
            "module.eks_blueprints_addons.module.karpenter_sqs.data.aws_iam_policy_document.this",
            "module.eks_blueprints_addons.time_sleep.this",
            "module.vpc.aws_subnet.private",
            "module.vpc.aws_vpc.this",
            "module.vpc.aws_vpc_ipv4_cidr_block_association.this"
          ]
        }
      ]
    },
    {
      "module": "module.ebs_csi_driver_irsa",
      "mode": "data",
      "type": "aws_caller_identity",
      "name": "current",
      "provider": "provider[\"registry.terraform.io/hashicorp/aws\"]",
      "instances": [
        {
          "schema_version": 0,
          "attributes": {
            "account_id": "889947746832",
            "arn": "arn:aws:sts::889947746832:assumed-role/admin/chrismld-Isengard",
            "id": "889947746832",
            "user_id": "AROA46NIE6IIDYJHZNCNC:chrismld-Isengard"
          },
          "sensitive_attributes": []
        }
      ]
    },
    {
      "module": "module.ebs_csi_driver_irsa",
      "mode": "data",
      "type": "aws_iam_policy_document",
      "name": "ebs_csi",
      "provider": "provider[\"registry.terraform.io/hashicorp/aws\"]",
      "instances": [
        {
          "index_key": 0,
          "schema_version": 0,
          "attributes": {
            "id": "212299854",
            "json": "{\n  \"Version\": \"2012-10-17\",\n  \"Statement\": [\n    {\n      \"Effect\": \"Allow\",\n      \"Action\": [\n        \"ec2:ModifyVolume\",\n        \"ec2:EnableFastSnapshotRestores\",\n        \"ec2:DetachVolume\",\n        \"ec2:DescribeVolumesModifications\",\n        \"ec2:DescribeVolumes\",\n        \"ec2:DescribeTags\",\n        \"ec2:DescribeSnapshots\",\n        \"ec2:DescribeInstances\",\n        \"ec2:DescribeAvailabilityZones\",\n        \"ec2:CreateSnapshot\",\n        \"ec2:AttachVolume\"\n      ],\n      \"Resource\": \"*\"\n    },\n    {\n      \"Effect\": \"Allow\",\n      \"Action\": \"ec2:CreateTags\",\n      \"Resource\": [\n        \"arn:aws:ec2:*:*:volume/*\",\n        \"arn:aws:ec2:*:*:snapshot/*\"\n      ],\n      \"Condition\": {\n        \"StringEquals\": {\n          \"ec2:CreateAction\": [\n            \"CreateVolume\",\n            \"CreateSnapshot\"\n          ]\n        }\n      }\n    },\n    {\n      \"Effect\": \"Allow\",\n      \"Action\": \"ec2:DeleteTags\",\n      \"Resource\": [\n        \"arn:aws:ec2:*:*:volume/*\",\n        \"arn:aws:ec2:*:*:snapshot/*\"\n      ]\n    },\n    {\n      \"Effect\": \"Allow\",\n      \"Action\": \"ec2:CreateVolume\",\n      \"Resource\": \"*\",\n      \"Condition\": {\n        \"StringLike\": {\n          \"aws:RequestTag/ebs.csi.aws.com/cluster\": \"true\"\n        }\n      }\n    },\n    {\n      \"Effect\": \"Allow\",\n      \"Action\": \"ec2:CreateVolume\",\n      \"Resource\": \"*\",\n      \"Condition\": {\n        \"StringLike\": {\n          \"aws:RequestTag/CSIVolumeName\": \"*\"\n        }\n      }\n    },\n    {\n      \"Effect\": \"Allow\",\n      \"Action\": \"ec2:CreateVolume\",\n      \"Resource\": \"*\",\n      \"Condition\": {\n        \"StringLike\": {\n          \"aws:RequestTag/kubernetes.io/cluster/*\": \"owned\"\n        }\n      }\n    },\n    {\n      \"Effect\": \"Allow\",\n      \"Action\": \"ec2:DeleteVolume\",\n      \"Resource\": \"*\",\n      \"Condition\": {\n        \"StringLike\": {\n          \"ec2:ResourceTag/ebs.csi.aws.com/cluster\": \"true\"\n        }\n      }\n    },\n    {\n      \"Effect\": \"Allow\",\n      \"Action\": \"ec2:DeleteVolume\",\n      \"Resource\": \"*\",\n      \"Condition\": {\n        \"StringLike\": {\n          \"ec2:ResourceTag/CSIVolumeName\": \"*\"\n        }\n      }\n    },\n    {\n      \"Effect\": \"Allow\",\n      \"Action\": \"ec2:DeleteVolume\",\n      \"Resource\": \"*\",\n      \"Condition\": {\n        \"StringLike\": {\n          \"ec2:ResourceTag/kubernetes.io/cluster/*\": \"owned\"\n        }\n      }\n    },\n    {\n      \"Effect\": \"Allow\",\n      \"Action\": \"ec2:DeleteVolume\",\n      \"Resource\": \"*\",\n      \"Condition\": {\n        \"StringLike\": {\n          \"ec2:ResourceTag/kubernetes.io/created-for/pvc/name\": \"*\"\n        }\n      }\n    },\n    {\n      \"Effect\": \"Allow\",\n      \"Action\": \"ec2:DeleteSnapshot\",\n      \"Resource\": \"*\",\n      \"Condition\": {\n        \"StringLike\": {\n          \"ec2:ResourceTag/CSIVolumeSnapshotName\": \"*\"\n        }\n      }\n    },\n    {\n      \"Effect\": \"Allow\",\n      \"Action\": \"ec2:DeleteSnapshot\",\n      \"Resource\": \"*\",\n      \"Condition\": {\n        \"StringLike\": {\n          \"ec2:ResourceTag/ebs.csi.aws.com/cluster\": \"true\"\n        }\n      }\n    }\n  ]\n}",
            "minified_json": "{\"Version\":\"2012-10-17\",\"Statement\":[{\"Effect\":\"Allow\",\"Action\":[\"ec2:ModifyVolume\",\"ec2:EnableFastSnapshotRestores\",\"ec2:DetachVolume\",\"ec2:DescribeVolumesModifications\",\"ec2:DescribeVolumes\",\"ec2:DescribeTags\",\"ec2:DescribeSnapshots\",\"ec2:DescribeInstances\",\"ec2:DescribeAvailabilityZones\",\"ec2:CreateSnapshot\",\"ec2:AttachVolume\"],\"Resource\":\"*\"},{\"Effect\":\"Allow\",\"Action\":\"ec2:CreateTags\",\"Resource\":[\"arn:aws:ec2:*:*:volume/*\",\"arn:aws:ec2:*:*:snapshot/*\"],\"Condition\":{\"StringEquals\":{\"ec2:CreateAction\":[\"CreateVolume\",\"CreateSnapshot\"]}}},{\"Effect\":\"Allow\",\"Action\":\"ec2:DeleteTags\",\"Resource\":[\"arn:aws:ec2:*:*:volume/*\",\"arn:aws:ec2:*:*:snapshot/*\"]},{\"Effect\":\"Allow\",\"Action\":\"ec2:CreateVolume\",\"Resource\":\"*\",\"Condition\":{\"StringLike\":{\"aws:RequestTag/ebs.csi.aws.com/cluster\":\"true\"}}},{\"Effect\":\"Allow\",\"Action\":\"ec2:CreateVolume\",\"Resource\":\"*\",\"Condition\":{\"StringLike\":{\"aws:RequestTag/CSIVolumeName\":\"*\"}}},{\"Effect\":\"Allow\",\"Action\":\"ec2:CreateVolume\",\"Resource\":\"*\",\"Condition\":{\"StringLike\":{\"aws:RequestTag/kubernetes.io/cluster/*\":\"owned\"}}},{\"Effect\":\"Allow\",\"Action\":\"ec2:DeleteVolume\",\"Resource\":\"*\",\"Condition\":{\"StringLike\":{\"ec2:ResourceTag/ebs.csi.aws.com/cluster\":\"true\"}}},{\"Effect\":\"Allow\",\"Action\":\"ec2:DeleteVolume\",\"Resource\":\"*\",\"Condition\":{\"StringLike\":{\"ec2:ResourceTag/CSIVolumeName\":\"*\"}}},{\"Effect\":\"Allow\",\"Action\":\"ec2:DeleteVolume\",\"Resource\":\"*\",\"Condition\":{\"StringLike\":{\"ec2:ResourceTag/kubernetes.io/cluster/*\":\"owned\"}}},{\"Effect\":\"Allow\",\"Action\":\"ec2:DeleteVolume\",\"Resource\":\"*\",\"Condition\":{\"StringLike\":{\"ec2:ResourceTag/kubernetes.io/created-for/pvc/name\":\"*\"}}},{\"Effect\":\"Allow\",\"Action\":\"ec2:DeleteSnapshot\",\"Resource\":\"*\",\"Condition\":{\"StringLike\":{\"ec2:ResourceTag/CSIVolumeSnapshotName\":\"*\"}}},{\"Effect\":\"Allow\",\"Action\":\"ec2:DeleteSnapshot\",\"Resource\":\"*\",\"Condition\":{\"StringLike\":{\"ec2:ResourceTag/ebs.csi.aws.com/cluster\":\"true\"}}}]}",
            "override_json": null,
            "override_policy_documents": null,
            "policy_id": null,
            "source_json": null,
            "source_policy_documents": null,
            "statement": [
              {
                "actions": [
                  "ec2:AttachVolume",
                  "ec2:CreateSnapshot",
                  "ec2:DescribeAvailabilityZones",
                  "ec2:DescribeInstances",
                  "ec2:DescribeSnapshots",
                  "ec2:DescribeTags",
                  "ec2:DescribeVolumes",
                  "ec2:DescribeVolumesModifications",
                  "ec2:DetachVolume",
                  "ec2:EnableFastSnapshotRestores",
                  "ec2:ModifyVolume"
                ],
                "condition": [],
                "effect": "Allow",
                "not_actions": [],
                "not_principals": [],
                "not_resources": [],
                "principals": [],
                "resources": [
                  "*"
                ],
                "sid": ""
              },
              {
                "actions": [
                  "ec2:CreateTags"
                ],
                "condition": [
                  {
                    "test": "StringEquals",
                    "values": [
                      "CreateVolume",
                      "CreateSnapshot"
                    ],
                    "variable": "ec2:CreateAction"
                  }
                ],
                "effect": "Allow",
                "not_actions": [],
                "not_principals": [],
                "not_resources": [],
                "principals": [],
                "resources": [
                  "arn:aws:ec2:*:*:snapshot/*",
                  "arn:aws:ec2:*:*:volume/*"
                ],
                "sid": ""
              },
              {
                "actions": [
                  "ec2:DeleteTags"
                ],
                "condition": [],
                "effect": "Allow",
                "not_actions": [],
                "not_principals": [],
                "not_resources": [],
                "principals": [],
                "resources": [
                  "arn:aws:ec2:*:*:snapshot/*",
                  "arn:aws:ec2:*:*:volume/*"
                ],
                "sid": ""
              },
              {
                "actions": [
                  "ec2:CreateVolume"
                ],
                "condition": [
                  {
                    "test": "StringLike",
                    "values": [
                      "true"
                    ],
                    "variable": "aws:RequestTag/ebs.csi.aws.com/cluster"
                  }
                ],
                "effect": "Allow",
                "not_actions": [],
                "not_principals": [],
                "not_resources": [],
                "principals": [],
                "resources": [
                  "*"
                ],
                "sid": ""
              },
              {
                "actions": [
                  "ec2:CreateVolume"
                ],
                "condition": [
                  {
                    "test": "StringLike",
                    "values": [
                      "*"
                    ],
                    "variable": "aws:RequestTag/CSIVolumeName"
                  }
                ],
                "effect": "Allow",
                "not_actions": [],
                "not_principals": [],
                "not_resources": [],
                "principals": [],
                "resources": [
                  "*"
                ],
                "sid": ""
              },
              {
                "actions": [
                  "ec2:CreateVolume"
                ],
                "condition": [
                  {
                    "test": "StringLike",
                    "values": [
                      "owned"
                    ],
                    "variable": "aws:RequestTag/kubernetes.io/cluster/*"
                  }
                ],
                "effect": "Allow",
                "not_actions": [],
                "not_principals": [],
                "not_resources": [],
                "principals": [],
                "resources": [
                  "*"
                ],
                "sid": ""
              },
              {
                "actions": [
                  "ec2:DeleteVolume"
                ],
                "condition": [
                  {
                    "test": "StringLike",
                    "values": [
                      "true"
                    ],
                    "variable": "ec2:ResourceTag/ebs.csi.aws.com/cluster"
                  }
                ],
                "effect": "Allow",
                "not_actions": [],
                "not_principals": [],
                "not_resources": [],
                "principals": [],
                "resources": [
                  "*"
                ],
                "sid": ""
              },
              {
                "actions": [
                  "ec2:DeleteVolume"
                ],
                "condition": [
                  {
                    "test": "StringLike",
                    "values": [
                      "*"
                    ],
                    "variable": "ec2:ResourceTag/CSIVolumeName"
                  }
                ],
                "effect": "Allow",
                "not_actions": [],
                "not_principals": [],
                "not_resources": [],
                "principals": [],
                "resources": [
                  "*"
                ],
                "sid": ""
              },
              {
                "actions": [
                  "ec2:DeleteVolume"
                ],
                "condition": [
                  {
                    "test": "StringLike",
                    "values": [
                      "owned"
                    ],
                    "variable": "ec2:ResourceTag/kubernetes.io/cluster/*"
                  }
                ],
                "effect": "Allow",
                "not_actions": [],
                "not_principals": [],
                "not_resources": [],
                "principals": [],
                "resources": [
                  "*"
                ],
                "sid": ""
              },
              {
                "actions": [
                  "ec2:DeleteVolume"
                ],
                "condition": [
                  {
                    "test": "StringLike",
                    "values": [
                      "*"
                    ],
                    "variable": "ec2:ResourceTag/kubernetes.io/created-for/pvc/name"
                  }
                ],
                "effect": "Allow",
                "not_actions": [],
                "not_principals": [],
                "not_resources": [],
                "principals": [],
                "resources": [
                  "*"
                ],
                "sid": ""
              },
              {
                "actions": [
                  "ec2:DeleteSnapshot"
                ],
                "condition": [
                  {
                    "test": "StringLike",
                    "values": [
                      "*"
                    ],
                    "variable": "ec2:ResourceTag/CSIVolumeSnapshotName"
                  }
                ],
                "effect": "Allow",
                "not_actions": [],
                "not_principals": [],
                "not_resources": [],
                "principals": [],
                "resources": [
                  "*"
                ],
                "sid": ""
              },
              {
                "actions": [
                  "ec2:DeleteSnapshot"
                ],
                "condition": [
                  {
                    "test": "StringLike",
                    "values": [
                      "true"
                    ],
                    "variable": "ec2:ResourceTag/ebs.csi.aws.com/cluster"
                  }
                ],
                "effect": "Allow",
                "not_actions": [],
                "not_principals": [],
                "not_resources": [],
                "principals": [],
                "resources": [
                  "*"
                ],
                "sid": ""
              }
            ],
            "version": "2012-10-17"
          },
          "sensitive_attributes": []
        }
      ]
    },
    {
      "module": "module.ebs_csi_driver_irsa",
      "mode": "data",
      "type": "aws_iam_policy_document",
      "name": "this",
      "provider": "provider[\"registry.terraform.io/hashicorp/aws\"]",
      "instances": [
        {
          "index_key": 0,
          "schema_version": 0,
          "attributes": {
            "id": "1270985906",
            "json": "{\n  \"Version\": \"2012-10-17\",\n  \"Statement\": [\n    {\n      \"Effect\": \"Allow\",\n      \"Action\": \"sts:AssumeRoleWithWebIdentity\",\n      \"Principal\": {\n        \"Federated\": \"arn:aws:iam::889947746832:oidc-provider/oidc.eks.eu-west-1.amazonaws.com/id/D01B84E3BCBD86B9C71643826643271D\"\n      },\n      \"Condition\": {\n        \"StringEquals\": {\n          \"oidc.eks.eu-west-1.amazonaws.com/id/D01B84E3BCBD86B9C71643826643271D:aud\": \"sts.amazonaws.com\",\n          \"oidc.eks.eu-west-1.amazonaws.com/id/D01B84E3BCBD86B9C71643826643271D:sub\": \"system:serviceaccount:kube-system:ebs-csi-controller-sa\"\n        }\n      }\n    }\n  ]\n}",
            "minified_json": "{\"Version\":\"2012-10-17\",\"Statement\":[{\"Effect\":\"Allow\",\"Action\":\"sts:AssumeRoleWithWebIdentity\",\"Principal\":{\"Federated\":\"arn:aws:iam::889947746832:oidc-provider/oidc.eks.eu-west-1.amazonaws.com/id/D01B84E3BCBD86B9C71643826643271D\"},\"Condition\":{\"StringEquals\":{\"oidc.eks.eu-west-1.amazonaws.com/id/D01B84E3BCBD86B9C71643826643271D:aud\":\"sts.amazonaws.com\",\"oidc.eks.eu-west-1.amazonaws.com/id/D01B84E3BCBD86B9C71643826643271D:sub\":\"system:serviceaccount:kube-system:ebs-csi-controller-sa\"}}}]}",
            "override_json": null,
            "override_policy_documents": null,
            "policy_id": null,
            "source_json": null,
            "source_policy_documents": null,
            "statement": [
              {
                "actions": [
                  "sts:AssumeRoleWithWebIdentity"
                ],
                "condition": [
                  {
                    "test": "StringEquals",
                    "values": [
                      "sts.amazonaws.com"
                    ],
                    "variable": "oidc.eks.eu-west-1.amazonaws.com/id/D01B84E3BCBD86B9C71643826643271D:aud"
                  },
                  {
                    "test": "StringEquals",
                    "values": [
                      "system:serviceaccount:kube-system:ebs-csi-controller-sa"
                    ],
                    "variable": "oidc.eks.eu-west-1.amazonaws.com/id/D01B84E3BCBD86B9C71643826643271D:sub"
                  }
                ],
                "effect": "Allow",
                "not_actions": [],
                "not_principals": [],
                "not_resources": [],
                "principals": [
                  {
                    "identifiers": [
                      "arn:aws:iam::889947746832:oidc-provider/oidc.eks.eu-west-1.amazonaws.com/id/D01B84E3BCBD86B9C71643826643271D"
                    ],
                    "type": "Federated"
                  }
                ],
                "resources": [],
                "sid": ""
              }
            ],
            "version": "2012-10-17"
          },
          "sensitive_attributes": []
        }
      ]
    },
    {
      "module": "module.ebs_csi_driver_irsa",
      "mode": "data",
      "type": "aws_partition",
      "name": "current",
      "provider": "provider[\"registry.terraform.io/hashicorp/aws\"]",
      "instances": [
        {
          "schema_version": 0,
          "attributes": {
            "dns_suffix": "amazonaws.com",
            "id": "aws",
            "partition": "aws",
            "reverse_dns_prefix": "com.amazonaws"
          },
          "sensitive_attributes": []
        }
      ]
    },
    {
      "module": "module.ebs_csi_driver_irsa",
      "mode": "data",
      "type": "aws_region",
      "name": "current",
      "provider": "provider[\"registry.terraform.io/hashicorp/aws\"]",
      "instances": [
        {
          "schema_version": 0,
          "attributes": {
            "description": "Europe (Ireland)",
            "endpoint": "ec2.eu-west-1.amazonaws.com",
            "id": "eu-west-1",
            "name": "eu-west-1"
          },
          "sensitive_attributes": []
        }
      ]
    },
    {
      "module": "module.ebs_csi_driver_irsa",
      "mode": "managed",
      "type": "aws_iam_policy",
      "name": "ebs_csi",
      "provider": "provider[\"registry.terraform.io/hashicorp/aws\"]",
      "instances": [
        {
          "index_key": 0,
          "schema_version": 0,
          "attributes": {
            "arn": "arn:aws:iam::889947746832:policy/AmazonEKS_EBS_CSI_Policy-20240820114816425500000002",
            "attachment_count": 1,
            "description": "Provides permissions to manage EBS volumes via the container storage interface driver",
            "id": "arn:aws:iam::889947746832:policy/AmazonEKS_EBS_CSI_Policy-20240820114816425500000002",
            "name": "AmazonEKS_EBS_CSI_Policy-20240820114816425500000002",
            "name_prefix": "AmazonEKS_EBS_CSI_Policy-",
            "path": "/",
            "policy": "{\"Statement\":[{\"Action\":[\"ec2:ModifyVolume\",\"ec2:EnableFastSnapshotRestores\",\"ec2:DetachVolume\",\"ec2:DescribeVolumesModifications\",\"ec2:DescribeVolumes\",\"ec2:DescribeTags\",\"ec2:DescribeSnapshots\",\"ec2:DescribeInstances\",\"ec2:DescribeAvailabilityZones\",\"ec2:CreateSnapshot\",\"ec2:AttachVolume\"],\"Effect\":\"Allow\",\"Resource\":\"*\"},{\"Action\":\"ec2:CreateTags\",\"Condition\":{\"StringEquals\":{\"ec2:CreateAction\":[\"CreateVolume\",\"CreateSnapshot\"]}},\"Effect\":\"Allow\",\"Resource\":[\"arn:aws:ec2:*:*:volume/*\",\"arn:aws:ec2:*:*:snapshot/*\"]},{\"Action\":\"ec2:DeleteTags\",\"Effect\":\"Allow\",\"Resource\":[\"arn:aws:ec2:*:*:volume/*\",\"arn:aws:ec2:*:*:snapshot/*\"]},{\"Action\":\"ec2:CreateVolume\",\"Condition\":{\"StringLike\":{\"aws:RequestTag/ebs.csi.aws.com/cluster\":\"true\"}},\"Effect\":\"Allow\",\"Resource\":\"*\"},{\"Action\":\"ec2:CreateVolume\",\"Condition\":{\"StringLike\":{\"aws:RequestTag/CSIVolumeName\":\"*\"}},\"Effect\":\"Allow\",\"Resource\":\"*\"},{\"Action\":\"ec2:CreateVolume\",\"Condition\":{\"StringLike\":{\"aws:RequestTag/kubernetes.io/cluster/*\":\"owned\"}},\"Effect\":\"Allow\",\"Resource\":\"*\"},{\"Action\":\"ec2:DeleteVolume\",\"Condition\":{\"StringLike\":{\"ec2:ResourceTag/ebs.csi.aws.com/cluster\":\"true\"}},\"Effect\":\"Allow\",\"Resource\":\"*\"},{\"Action\":\"ec2:DeleteVolume\",\"Condition\":{\"StringLike\":{\"ec2:ResourceTag/CSIVolumeName\":\"*\"}},\"Effect\":\"Allow\",\"Resource\":\"*\"},{\"Action\":\"ec2:DeleteVolume\",\"Condition\":{\"StringLike\":{\"ec2:ResourceTag/kubernetes.io/cluster/*\":\"owned\"}},\"Effect\":\"Allow\",\"Resource\":\"*\"},{\"Action\":\"ec2:DeleteVolume\",\"Condition\":{\"StringLike\":{\"ec2:ResourceTag/kubernetes.io/created-for/pvc/name\":\"*\"}},\"Effect\":\"Allow\",\"Resource\":\"*\"},{\"Action\":\"ec2:DeleteSnapshot\",\"Condition\":{\"StringLike\":{\"ec2:ResourceTag/CSIVolumeSnapshotName\":\"*\"}},\"Effect\":\"Allow\",\"Resource\":\"*\"},{\"Action\":\"ec2:DeleteSnapshot\",\"Condition\":{\"StringLike\":{\"ec2:ResourceTag/ebs.csi.aws.com/cluster\":\"true\"}},\"Effect\":\"Allow\",\"Resource\":\"*\"}],\"Version\":\"2012-10-17\"}",
            "policy_id": "ANPA46NIE6IIIZZMHXDCJ",
            "tags": {
              "Blueprint": "aerospike-on-eks",
              "GithubRepo": "github.com/awslabs/data-on-eks"
            },
            "tags_all": {
              "Blueprint": "aerospike-on-eks",
              "GithubRepo": "github.com/awslabs/data-on-eks"
            }
          },
          "sensitive_attributes": [],
          "private": "bnVsbA==",
          "dependencies": [
            "module.ebs_csi_driver_irsa.data.aws_iam_policy_document.ebs_csi",
            "module.ebs_csi_driver_irsa.data.aws_partition.current"
          ]
        }
      ]
    },
    {
      "module": "module.ebs_csi_driver_irsa",
      "mode": "managed",
      "type": "aws_iam_role",
      "name": "this",
      "provider": "provider[\"registry.terraform.io/hashicorp/aws\"]",
      "instances": [
        {
          "index_key": 0,
          "schema_version": 0,
          "attributes": {
            "arn": "arn:aws:iam::889947746832:role/aerospike-on-eks-ebs-csi-driver-20240820114816424600000001",
            "assume_role_policy": "{\"Statement\":[{\"Action\":\"sts:AssumeRoleWithWebIdentity\",\"Condition\":{\"StringEquals\":{\"oidc.eks.eu-west-1.amazonaws.com/id/D01B84E3BCBD86B9C71643826643271D:aud\":\"sts.amazonaws.com\",\"oidc.eks.eu-west-1.amazonaws.com/id/D01B84E3BCBD86B9C71643826643271D:sub\":\"system:serviceaccount:kube-system:ebs-csi-controller-sa\"}},\"Effect\":\"Allow\",\"Principal\":{\"Federated\":\"arn:aws:iam::889947746832:oidc-provider/oidc.eks.eu-west-1.amazonaws.com/id/D01B84E3BCBD86B9C71643826643271D\"}}],\"Version\":\"2012-10-17\"}",
            "create_date": "2024-08-20T11:48:16Z",
            "description": "",
            "force_detach_policies": true,
            "id": "aerospike-on-eks-ebs-csi-driver-20240820114816424600000001",
            "inline_policy": [],
            "managed_policy_arns": [
              "arn:aws:iam::889947746832:policy/AmazonEKS_EBS_CSI_Policy-20240820114816425500000002"
            ],
            "max_session_duration": 3600,
            "name": "aerospike-on-eks-ebs-csi-driver-20240820114816424600000001",
            "name_prefix": "aerospike-on-eks-ebs-csi-driver-",
            "path": "/",
            "permissions_boundary": "",
            "tags": {
              "Blueprint": "aerospike-on-eks",
              "GithubRepo": "github.com/awslabs/data-on-eks"
            },
            "tags_all": {
              "Blueprint": "aerospike-on-eks",
              "GithubRepo": "github.com/awslabs/data-on-eks"
            },
            "unique_id": "AROA46NIE6IIOAJPOXGQX"
          },
          "sensitive_attributes": [],
          "private": "bnVsbA==",
          "dependencies": [
            "data.aws_availability_zones.available",
            "module.ebs_csi_driver_irsa.data.aws_caller_identity.current",
            "module.ebs_csi_driver_irsa.data.aws_iam_policy_document.this",
            "module.ebs_csi_driver_irsa.data.aws_partition.current",
            "module.eks.aws_cloudwatch_log_group.this",
            "module.eks.aws_eks_access_entry.this",
            "module.eks.aws_eks_access_policy_association.this",
            "module.eks.aws_eks_cluster.this",
            "module.eks.aws_iam_openid_connect_provider.oidc_provider",
            "module.eks.aws_iam_policy.cni_ipv6_policy",
            "module.eks.aws_iam_role.this",
            "module.eks.aws_iam_role_policy_attachment.this",
            "module.eks.aws_security_group.cluster",
            "module.eks.aws_security_group.node",
            "module.eks.aws_security_group_rule.cluster",
            "module.eks.aws_security_group_rule.node",
            "module.eks.data.aws_caller_identity.current",
            "module.eks.data.aws_iam_policy_document.assume_role_policy",
            "module.eks.data.aws_iam_policy_document.cni_ipv6_policy",
            "module.eks.data.aws_iam_session_context.current",
            "module.eks.data.aws_partition.current",
            "module.eks.data.tls_certificate.this",
            "module.eks.module.kms.aws_kms_external_key.this",
            "module.eks.module.kms.aws_kms_key.this",
            "module.eks.module.kms.aws_kms_replica_external_key.this",
            "module.eks.module.kms.aws_kms_replica_key.this",
            "module.eks.module.kms.data.aws_caller_identity.current",
            "module.eks.module.kms.data.aws_iam_policy_document.this",
            "module.eks.module.kms.data.aws_partition.current",
            "module.vpc.aws_subnet.private",
            "module.vpc.aws_vpc.this",
            "module.vpc.aws_vpc_ipv4_cidr_block_association.this"
          ]
        }
      ]
    },
    {
      "module": "module.ebs_csi_driver_irsa",
      "mode": "managed",
      "type": "aws_iam_role_policy_attachment",
      "name": "ebs_csi",
      "provider": "provider[\"registry.terraform.io/hashicorp/aws\"]",
      "instances": [
        {
          "index_key": 0,
          "schema_version": 0,
          "attributes": {
            "id": "aerospike-on-eks-ebs-csi-driver-20240820114816424600000001-20240820114817492900000003",
            "policy_arn": "arn:aws:iam::889947746832:policy/AmazonEKS_EBS_CSI_Policy-20240820114816425500000002",
            "role": "aerospike-on-eks-ebs-csi-driver-20240820114816424600000001"
          },
          "sensitive_attributes": [],
          "private": "bnVsbA==",
          "dependencies": [
            "data.aws_availability_zones.available",
            "module.ebs_csi_driver_irsa.aws_iam_policy.ebs_csi",
            "module.ebs_csi_driver_irsa.aws_iam_role.this",
            "module.ebs_csi_driver_irsa.data.aws_caller_identity.current",
            "module.ebs_csi_driver_irsa.data.aws_iam_policy_document.ebs_csi",
            "module.ebs_csi_driver_irsa.data.aws_iam_policy_document.this",
            "module.ebs_csi_driver_irsa.data.aws_partition.current",
            "module.eks.aws_cloudwatch_log_group.this",
            "module.eks.aws_eks_access_entry.this",
            "module.eks.aws_eks_access_policy_association.this",
            "module.eks.aws_eks_cluster.this",
            "module.eks.aws_iam_openid_connect_provider.oidc_provider",
            "module.eks.aws_iam_policy.cni_ipv6_policy",
            "module.eks.aws_iam_role.this",
            "module.eks.aws_iam_role_policy_attachment.this",
            "module.eks.aws_security_group.cluster",
            "module.eks.aws_security_group.node",
            "module.eks.aws_security_group_rule.cluster",
            "module.eks.aws_security_group_rule.node",
            "module.eks.data.aws_caller_identity.current",
            "module.eks.data.aws_iam_policy_document.assume_role_policy",
            "module.eks.data.aws_iam_policy_document.cni_ipv6_policy",
            "module.eks.data.aws_iam_session_context.current",
            "module.eks.data.aws_partition.current",
            "module.eks.data.tls_certificate.this",
            "module.eks.module.kms.aws_kms_external_key.this",
            "module.eks.module.kms.aws_kms_key.this",
            "module.eks.module.kms.aws_kms_replica_external_key.this",
            "module.eks.module.kms.aws_kms_replica_key.this",
            "module.eks.module.kms.data.aws_caller_identity.current",
            "module.eks.module.kms.data.aws_iam_policy_document.this",
            "module.eks.module.kms.data.aws_partition.current",
            "module.vpc.aws_subnet.private",
            "module.vpc.aws_vpc.this",
            "module.vpc.aws_vpc_ipv4_cidr_block_association.this"
          ]
        }
      ]
    },
    {
      "module": "module.eks",
      "mode": "data",
      "type": "aws_caller_identity",
      "name": "current",
      "provider": "provider[\"registry.terraform.io/hashicorp/aws\"]",
      "instances": [
        {
          "schema_version": 0,
          "attributes": {
            "account_id": "889947746832",
            "arn": "arn:aws:sts::889947746832:assumed-role/admin/chrismld-Isengard",
            "id": "889947746832",
            "user_id": "AROA46NIE6IIDYJHZNCNC:chrismld-Isengard"
          },
          "sensitive_attributes": []
        }
      ]
    },
    {
      "module": "module.eks",
      "mode": "data",
      "type": "aws_iam_policy_document",
      "name": "assume_role_policy",
      "provider": "provider[\"registry.terraform.io/hashicorp/aws\"]",
      "instances": [
        {
          "index_key": 0,
          "schema_version": 0,
          "attributes": {
            "id": "2764486067",
            "json": "{\n  \"Version\": \"2012-10-17\",\n  \"Statement\": [\n    {\n      \"Sid\": \"EKSClusterAssumeRole\",\n      \"Effect\": \"Allow\",\n      \"Action\": \"sts:AssumeRole\",\n      \"Principal\": {\n        \"Service\": \"eks.amazonaws.com\"\n      }\n    }\n  ]\n}",
            "minified_json": "{\"Version\":\"2012-10-17\",\"Statement\":[{\"Sid\":\"EKSClusterAssumeRole\",\"Effect\":\"Allow\",\"Action\":\"sts:AssumeRole\",\"Principal\":{\"Service\":\"eks.amazonaws.com\"}}]}",
            "override_json": null,
            "override_policy_documents": null,
            "policy_id": null,
            "source_json": null,
            "source_policy_documents": null,
            "statement": [
              {
                "actions": [
                  "sts:AssumeRole"
                ],
                "condition": [],
                "effect": "Allow",
                "not_actions": [],
                "not_principals": [],
                "not_resources": [],
                "principals": [
                  {
                    "identifiers": [
                      "eks.amazonaws.com"
                    ],
                    "type": "Service"
                  }
                ],
                "resources": [],
                "sid": "EKSClusterAssumeRole"
              }
            ],
            "version": "2012-10-17"
          },
          "sensitive_attributes": []
        }
      ]
    },
    {
      "module": "module.eks",
      "mode": "data",
      "type": "aws_iam_session_context",
      "name": "current",
      "provider": "provider[\"registry.terraform.io/hashicorp/aws\"]",
      "instances": [
        {
          "schema_version": 0,
          "attributes": {
            "arn": "arn:aws:sts::889947746832:assumed-role/admin/chrismld-Isengard",
            "id": "arn:aws:sts::889947746832:assumed-role/admin/chrismld-Isengard",
            "issuer_arn": "arn:aws:iam::889947746832:role/admin",
            "issuer_id": "AROA46NIE6IIDYJHZNCNC",
            "issuer_name": "admin",
            "session_name": "chrismld-Isengard"
          },
          "sensitive_attributes": []
        }
      ]
    },
    {
      "module": "module.eks",
      "mode": "data",
      "type": "aws_partition",
      "name": "current",
      "provider": "provider[\"registry.terraform.io/hashicorp/aws\"]",
      "instances": [
        {
          "schema_version": 0,
          "attributes": {
            "dns_suffix": "amazonaws.com",
            "id": "aws",
            "partition": "aws",
            "reverse_dns_prefix": "com.amazonaws"
          },
          "sensitive_attributes": []
        }
      ]
    },
    {
      "module": "module.eks",
      "mode": "data",
      "type": "tls_certificate",
      "name": "this",
      "provider": "provider[\"registry.terraform.io/hashicorp/tls\"]",
      "instances": [
        {
          "index_key": 0,
          "schema_version": 0,
          "attributes": {
            "certificates": [
              {
                "cert_pem": "-----BEGIN CERTIFICATE-----\nMIIEdTCCA12gAwIBAgIJAKcOSkw0grd/MA0GCSqGSIb3DQEBCwUAMGgxCzAJBgNV\nBAYTAlVTMSUwIwYDVQQKExxTdGFyZmllbGQgVGVjaG5vbG9naWVzLCBJbmMuMTIw\nMAYDVQQLEylTdGFyZmllbGQgQ2xhc3MgMiBDZXJ0aWZpY2F0aW9uIEF1dGhvcml0\neTAeFw0wOTA5MDIwMDAwMDBaFw0zNDA2MjgxNzM5MTZaMIGYMQswCQYDVQQGEwJV\nUzEQMA4GA1UECBMHQXJpem9uYTETMBEGA1UEBxMKU2NvdHRzZGFsZTElMCMGA1UE\nChMcU3RhcmZpZWxkIFRlY2hub2xvZ2llcywgSW5jLjE7MDkGA1UEAxMyU3RhcmZp\nZWxkIFNlcnZpY2VzIFJvb3QgQ2VydGlmaWNhdGUgQXV0aG9yaXR5IC0gRzIwggEi\nMA0GCSqGSIb3DQEBAQUAA4IBDwAwggEKAoIBAQDVDDrEKvlO4vW+GZdfjohTsR8/\ny8+fIBNtKTrID30892t2OGPZNmCom15cAICyL1l/9of5JUOG52kbUpqQ4XHj2C0N\nTm/2yEnZtvMaVq4rtnQU68/7JuMauh2WLmo7WJSJR1b/JaCTcFOD2oR0FMNnngRo\nOt+OQFodSk7PQ5E751bWAHDLUu57fa4657wx+UX2wmDPE1kCK4DMNEffud6QZW0C\nzyyRpqbn3oUYSXxmTqM6bam17jQuug0DuDPfR+uxa40l2ZvOgdFFRjKWcIfeAg5J\nQ4W2bHO7ZOphQazJ1FTfhy/HIrImzJ9ZVGif/L4qL8RVHHVAYBeFAlU5i38FAgMB\nAAGjgfAwge0wDwYDVR0TAQH/BAUwAwEB/zAOBgNVHQ8BAf8EBAMCAYYwHQYDVR0O\nBBYEFJxfAN+qAdcwKziIorhtSpzyEZGDMB8GA1UdIwQYMBaAFL9ft9HO3R+G9FtV\nrNzXEMIOqYjnME8GCCsGAQUFBwEBBEMwQTAcBggrBgEFBQcwAYYQaHR0cDovL28u\nc3MyLnVzLzAhBggrBgEFBQcwAoYVaHR0cDovL3guc3MyLnVzL3guY2VyMCYGA1Ud\nHwQfMB0wG6AZoBeGFWh0dHA6Ly9zLnNzMi51cy9yLmNybDARBgNVHSAECjAIMAYG\nBFUdIAAwDQYJKoZIhvcNAQELBQADggEBACMd44pXyn3pF3lM8R5V/cxTbj5HD9/G\nVfKyBDbtgB9TxF00KGu+x1X8Z+rLP3+QsjPNG1gQggL4+C/1E2DUBc7xgQjB3ad1\nl08YuW3e95ORCLp+QCztweq7dp4zBncdDQh/U90bZKuCJ/Fp1U1ervShw3WnWEQt\n8jxwmKy6abaVd38PMV4s/KCHOkdp8Hlf9BRUpJVeEXgSYCfOn8J3/yNTd126/+pZ\n59vPr5KW7ySaNRB6nJHGDn2Z9j8Z3/VyVOEVqQdZe4O/Ui5GjLIAZHYcSNPYeehu\nVsyuLAOQ1xk4meTKCRlb/weWsKh/NEnfVqn3sF/tM+2MR7cwA130A4w=\n-----END CERTIFICATE-----\n",
                "is_ca": true,
                "issuer": "OU=Starfield Class 2 Certification Authority,O=Starfield Technologies\\, Inc.,C=US",
                "not_after": "2034-06-28T17:39:16Z",
                "not_before": "2009-09-02T00:00:00Z",
                "public_key_algorithm": "RSA",
                "serial_number": "12037640545166866303",
                "sha1_fingerprint": "9e99a48a9960b14926bb7f3b02e22da2b0ab7280",
                "signature_algorithm": "SHA256-RSA",
                "subject": "CN=Starfield Services Root Certificate Authority - G2,O=Starfield Technologies\\, Inc.,L=Scottsdale,ST=Arizona,C=US",
                "version": 3
              },
              {
                "cert_pem": "-----BEGIN CERTIFICATE-----\nMIIEkjCCA3qgAwIBAgITBn+USionzfP6wq4rAfkI7rnExjANBgkqhkiG9w0BAQsF\nADCBmDELMAkGA1UEBhMCVVMxEDAOBgNVBAgTB0FyaXpvbmExEzARBgNVBAcTClNj\nb3R0c2RhbGUxJTAjBgNVBAoTHFN0YXJmaWVsZCBUZWNobm9sb2dpZXMsIEluYy4x\nOzA5BgNVBAMTMlN0YXJmaWVsZCBTZXJ2aWNlcyBSb290IENlcnRpZmljYXRlIEF1\ndGhvcml0eSAtIEcyMB4XDTE1MDUyNTEyMDAwMFoXDTM3MTIzMTAxMDAwMFowOTEL\nMAkGA1UEBhMCVVMxDzANBgNVBAoTBkFtYXpvbjEZMBcGA1UEAxMQQW1hem9uIFJv\nb3QgQ0EgMTCCASIwDQYJKoZIhvcNAQEBBQADggEPADCCAQoCggEBALJ4gHHKeNXj\nca9HgFB0fW7Y14h29Jlo91ghYPl0hAEvrAIthtOgQ3pOsqTQNroBvo3bSMgHFzZM\n9O6II8c+6zf1tRn4SWiw3te5djgdYZ6k/oI2peVKVuRF4fn9tBb6dNqcmzU5L/qw\nIFAGbHrQgLKm+a/sRxmPUDgH3KKHOVj4utWp+UhnMJbulHheb4mjUcAwhmahRWa6\nVOujw5H5SNz/0egwLX0tdHA114gk957EWW67c4cX8jJGKLhD+rcdqsq08p8kDi1L\n93FcXmn/6pUCyziKrlA4b9v7LWIbxcceVOF34GfID5yHI9Y/QCB/IIDEgEw+OyQm\njgSubJrIqg0CAwEAAaOCATEwggEtMA8GA1UdEwEB/wQFMAMBAf8wDgYDVR0PAQH/\nBAQDAgGGMB0GA1UdDgQWBBSEGMyFNOy8DJSULghZnMeyEE4KCDAfBgNVHSMEGDAW\ngBScXwDfqgHXMCs4iKK4bUqc8hGRgzB4BggrBgEFBQcBAQRsMGowLgYIKwYBBQUH\nMAGGImh0dHA6Ly9vY3NwLnJvb3RnMi5hbWF6b250cnVzdC5jb20wOAYIKwYBBQUH\nMAKGLGh0dHA6Ly9jcnQucm9vdGcyLmFtYXpvbnRydXN0LmNvbS9yb290ZzIuY2Vy\nMD0GA1UdHwQ2MDQwMqAwoC6GLGh0dHA6Ly9jcmwucm9vdGcyLmFtYXpvbnRydXN0\nLmNvbS9yb290ZzIuY3JsMBEGA1UdIAQKMAgwBgYEVR0gADANBgkqhkiG9w0BAQsF\nAAOCAQEAYjdCXLwQtT6LLOkMm2xF4gcAevnFWAu5CIw+7bMlPLVvUOTNNWqnkzSW\nMiGpSESrnO09tKpzbeR/FoCJbM8oAxiDR3mjEH4wW6w7sGDgd9QIpuEdfF7Au/ma\neyKdpwAJfqxGF4PcnCZXmTA5YpaP7dreqsXMGz7KQ2hsVxa81Q4gLv7/wmpdLqBK\nbRRYh5TmOTFffHPLkIhqhBGWJ6bt2YFGpn6jcgAKUj6DiAdjd4lpFw85hdKrCEVN\n0FE6/V1dN2RMfjCyVSRCnTawXZwXgWHxyvkQAiSr6w10kY17RSlQOYiypok1JR4U\nakcjMS9cmvqtmg5iUaQqqcT5NJ0hGA==\n-----END CERTIFICATE-----\n",
                "is_ca": true,
                "issuer": "CN=Starfield Services Root Certificate Authority - G2,O=Starfield Technologies\\, Inc.,L=Scottsdale,ST=Arizona,C=US",
                "not_after": "2037-12-31T01:00:00Z",
                "not_before": "2015-05-25T12:00:00Z",
                "public_key_algorithm": "RSA",
                "serial_number": "144918191876577076464031512351042010504348870",
                "sha1_fingerprint": "06b25927c42a721631c1efd9431e648fa62e1e39",
                "signature_algorithm": "SHA256-RSA",
                "subject": "CN=Amazon Root CA 1,O=Amazon,C=US",
                "version": 3
              },
              {
                "cert_pem": "-----BEGIN CERTIFICATE-----\nMIIEXjCCA0agAwIBAgITB3MSSkvL1E7HtTvq8ZSELToPoTANBgkqhkiG9w0BAQsF\nADA5MQswCQYDVQQGEwJVUzEPMA0GA1UEChMGQW1hem9uMRkwFwYDVQQDExBBbWF6\nb24gUm9vdCBDQSAxMB4XDTIyMDgyMzIyMjUzMFoXDTMwMDgyMzIyMjUzMFowPDEL\nMAkGA1UEBhMCVVMxDzANBgNVBAoTBkFtYXpvbjEcMBoGA1UEAxMTQW1hem9uIFJT\nQSAyMDQ4IE0wMjCCASIwDQYJKoZIhvcNAQEBBQADggEPADCCAQoCggEBALtDGMZa\nqHneKei1by6+pUPPLljTB143Si6VpEWPc6mSkFhZb/6qrkZyoHlQLbDYnI2D7hD0\nsdzEqfnuAjIsuXQLG3A8TvX6V3oFNBFVe8NlLJHvBseKY88saLwufxkZVwk74g4n\nWlNMXzla9Y5F3wwRHwMVH443xGz6UtGSZSqQ94eFx5X7Tlqt8whi8qCaKdZ5rNak\n+r9nUThOeClqFd4oXych//Rc7Y0eX1KNWHYSI1Nk31mYgiK3JvH063g+K9tHA63Z\neTgKgndlh+WI+zv7i44HepRZjA1FYwYZ9Vv/9UkC5Yz8/yU65fgjaE+wVHM4e/Yy\nC2osrPWE7gJ+dXMCAwEAAaOCAVowggFWMBIGA1UdEwEB/wQIMAYBAf8CAQAwDgYD\nVR0PAQH/BAQDAgGGMB0GA1UdJQQWMBQGCCsGAQUFBwMBBggrBgEFBQcDAjAdBgNV\nHQ4EFgQUwDFSzVpQw4J8dHHOy+mc+XrrguIwHwYDVR0jBBgwFoAUhBjMhTTsvAyU\nlC4IWZzHshBOCggwewYIKwYBBQUHAQEEbzBtMC8GCCsGAQUFBzABhiNodHRwOi8v\nb2NzcC5yb290Y2ExLmFtYXpvbnRydXN0LmNvbTA6BggrBgEFBQcwAoYuaHR0cDov\nL2NydC5yb290Y2ExLmFtYXpvbnRydXN0LmNvbS9yb290Y2ExLmNlcjA/BgNVHR8E\nODA2MDSgMqAwhi5odHRwOi8vY3JsLnJvb3RjYTEuYW1hem9udHJ1c3QuY29tL3Jv\nb3RjYTEuY3JsMBMGA1UdIAQMMAowCAYGZ4EMAQIBMA0GCSqGSIb3DQEBCwUAA4IB\nAQAtTi6Fs0Azfi+iwm7jrz+CSxHH+uHl7Law3MQSXVtR8RV53PtR6r/6gNpqlzdo\nZq4FKbADi1v9Bun8RY8D51uedRfjsbeodizeBB8nXmeyD33Ep7VATj4ozcd31YFV\nfgRhvTSxNrrTlNpWkUk0m3BMPv8sg381HhA6uEYokE5q9uws/3YkKqRiEz3TsaWm\nJqIRZhMbgAfp7O7FUwFIb7UIspogZSKxPIWJpxiPo3TcBambbVtQOcNRWz5qCQdD\nslI2yayq0n2TXoHyNCLEH8rpsJRVILFsg0jc7BaFrMnF462+ajSehgj12IidNeRN\n4zl+EoNaWdpnWndvSpAEkq2P\n-----END CERTIFICATE-----\n",
                "is_ca": true,
                "issuer": "CN=Amazon Root CA 1,O=Amazon,C=US",
                "not_after": "2030-08-23T22:25:30Z",
                "not_before": "2022-08-23T22:25:30Z",
                "public_key_algorithm": "RSA",
                "serial_number": "166129353110899469622597955040406457904926625",
                "sha1_fingerprint": "414a2060b738c635cc7fc243e052615592830c53",
                "signature_algorithm": "SHA256-RSA",
                "subject": "CN=Amazon RSA 2048 M02,O=Amazon,C=US",
                "version": 3
              },
              {
                "cert_pem": "-----BEGIN CERTIFICATE-----\nMIIF5jCCBM6gAwIBAgIQDH6dmlZLRosz1IbBZfV+RzANBgkqhkiG9w0BAQsFADA8\nMQswCQYDVQQGEwJVUzEPMA0GA1UEChMGQW1hem9uMRwwGgYDVQQDExNBbWF6b24g\nUlNBIDIwNDggTTAyMB4XDTI0MDMyODAwMDAwMFoXDTI1MDQyNjIzNTk1OVowKDEm\nMCQGA1UEAwwdKi5la3MuZXUtd2VzdC0xLmFtYXpvbmF3cy5jb20wggEiMA0GCSqG\nSIb3DQEBAQUAA4IBDwAwggEKAoIBAQCshb1CIedwupih8rj/4L/x1DUJCoJh9QQb\n7XGJ0RxyanCtUOUHaDNJ1G+BWUNp9UWrHQ6ztY7Buz0+mswNr0OtN05tK8zQBJlv\nfP07L9zSc1ISiU/r4ZfrNClJ+6W/+b2EIirSaC3CiGXUbWs+I5JewiS4ItcTbyAh\nHLpHTdZ6bQ29ryToLRuprMdmhYoJAt+Zr+MGr1yTMEGQeKc3LVNXTiFkT14Vg/Rk\ngrrNBNVPPgXamT1JquraVYKQecAwF4qA8ooRD6Y8ddTEg90uFkzSXOIvZllU/BCz\n+55XX4u3P1Yyr9GmfkyXyoyIf4ZpmRfWHV6iVXlcctkIae1Uku4rAgMBAAGjggL2\nMIIC8jAfBgNVHSMEGDAWgBTAMVLNWlDDgnx0cc7L6Zz5euuC4jAdBgNVHQ4EFgQU\n+IcCw9E5kgjQucbVuxg3jJevsXgwKAYDVR0RBCEwH4IdKi5la3MuZXUtd2VzdC0x\nLmFtYXpvbmF3cy5jb20wEwYDVR0gBAwwCjAIBgZngQwBAgEwDgYDVR0PAQH/BAQD\nAgWgMB0GA1UdJQQWMBQGCCsGAQUFBwMBBggrBgEFBQcDAjA7BgNVHR8ENDAyMDCg\nLqAshipodHRwOi8vY3JsLnIybTAyLmFtYXpvbnRydXN0LmNvbS9yMm0wMi5jcmww\ndQYIKwYBBQUHAQEEaTBnMC0GCCsGAQUFBzABhiFodHRwOi8vb2NzcC5yMm0wMi5h\nbWF6b250cnVzdC5jb20wNgYIKwYBBQUHMAKGKmh0dHA6Ly9jcnQucjJtMDIuYW1h\nem9udHJ1c3QuY29tL3IybTAyLmNlcjAMBgNVHRMBAf8EAjAAMIIBfgYKKwYBBAHW\neQIEAgSCAW4EggFqAWgAdwDPEVbu1S58r/OHW9lpLpvpGnFnSrAX7KwB0lt3zsw7\nCAAAAY6FnATSAAAEAwBIMEYCIQDekTgwaQcskvPB6vTKAVK9ih7dE/hYE/DtJxKJ\nOiHPQgIhAMJTRQp3VCsm4gDjJzCQ21yRgkXeWkEBsucQAubNgGYWAHUAfVkeEuF4\nKnscYWd8Xv340IdcFKBOlZ65Ay/ZDowuebgAAAGOhZwE0AAABAMARjBEAiBFOaaL\nmzRZARFlt2WE9uVqVUej6dvgXhmzErxyjIYqUQIgDjRg44FdUVx3unpSbJueoSi5\nnS/HAp8FvVhucO4zhy0AdgDm0jFjQHeMwRBBBtdxuc7B0kD2loSG+7qHMh39HjeO\nUAAAAY6FnATlAAAEAwBHMEUCIAi0+Gz7nmbEYra2aJPCn7XcWBO24CMu//BlYosm\nS0ANAiEAw7VCkVhEmRP83ynfrkwJEU2XBGeLkwRP7qOiUd90zncwDQYJKoZIhvcN\nAQELBQADggEBAEEuh4XdOVYurMxPT8AR3IznEpxV9zWqKGqWSwVb4E+TGH209V4g\no8WVaA29wHye/ldX6ZgIxonrPvdXtZkpkQqZ62N2J7tZ/NMhMVa5ERMCaS2T3QvB\npZjH/k64O90Xop1EKzGLRsr62SH4A9YIz0J3qEdXQrkyHOiZXMnETs1N+ZJzt/RY\n7Dor4xBRMgvCZl6UTOFua2o1DBb3PwMmArCAfFFiRmkIQwxHol7Yyq0NGU05GI59\nhH+ISmvYl3NAZJ94P5nFUI6XJRCEg+xKsj4yAFrOLNmujajC1TYQg5fZo+VIxPN8\n3/pGZG5k883vUwnEVBi4s8IlPhpT6GTWV4I=\n-----END CERTIFICATE-----\n",
                "is_ca": false,
                "issuer": "CN=Amazon RSA 2048 M02,O=Amazon,C=US",
                "not_after": "2025-04-26T23:59:59Z",
                "not_before": "2024-03-28T00:00:00Z",
                "public_key_algorithm": "RSA",
                "serial_number": "16608161919745892679597834760487272007",
                "sha1_fingerprint": "c7ccdfd44b79de55780690a159cce8f67eea33c2",
                "signature_algorithm": "SHA256-RSA",
                "subject": "CN=*.eks.eu-west-1.amazonaws.com",
                "version": 3
              }
            ],
            "content": null,
            "id": "585e5ff420479566f6257ba376c39b1343ba13d5",
            "url": "https://oidc.eks.eu-west-1.amazonaws.com/id/D01B84E3BCBD86B9C71643826643271D",
            "verify_chain": true
          },
          "sensitive_attributes": []
        }
      ]
    },
    {
      "module": "module.eks",
      "mode": "managed",
      "type": "aws_cloudwatch_log_group",
      "name": "this",
      "provider": "provider[\"registry.terraform.io/hashicorp/aws\"]",
      "instances": [
        {
          "index_key": 0,
          "schema_version": 0,
          "attributes": {
            "arn": "arn:aws:logs:eu-west-1:889947746832:log-group:/aws/eks/aerospike-on-eks/cluster",
            "id": "/aws/eks/aerospike-on-eks/cluster",
            "kms_key_id": "",
            "log_group_class": "STANDARD",
            "name": "/aws/eks/aerospike-on-eks/cluster",
            "name_prefix": "",
            "retention_in_days": 90,
            "skip_destroy": false,
            "tags": {
              "Blueprint": "aerospike-on-eks",
              "GithubRepo": "github.com/awslabs/data-on-eks",
              "Name": "/aws/eks/aerospike-on-eks/cluster",
              "karpenter.sh/discovery": "aerospike-on-eks"
            },
            "tags_all": {
              "Blueprint": "aerospike-on-eks",
              "GithubRepo": "github.com/awslabs/data-on-eks",
              "Name": "/aws/eks/aerospike-on-eks/cluster",
              "karpenter.sh/discovery": "aerospike-on-eks"
            }
          },
          "sensitive_attributes": [],
          "private": "bnVsbA==",
          "create_before_destroy": true
        }
      ]
    },
    {
      "module": "module.eks",
      "mode": "managed",
      "type": "aws_ec2_tag",
      "name": "cluster_primary_security_group",
      "provider": "provider[\"registry.terraform.io/hashicorp/aws\"]",
      "instances": [
        {
          "index_key": "Blueprint",
          "schema_version": 0,
          "attributes": {
            "id": "sg-0d5df18bd5dce9e99,Blueprint",
            "key": "Blueprint",
            "resource_id": "sg-0d5df18bd5dce9e99",
            "value": "aerospike-on-eks"
          },
          "sensitive_attributes": [],
          "private": "bnVsbA==",
          "dependencies": [
            "data.aws_availability_zones.available",
            "module.eks.aws_cloudwatch_log_group.this",
            "module.eks.aws_eks_cluster.this",
            "module.eks.aws_iam_policy.cni_ipv6_policy",
            "module.eks.aws_iam_role.this",
            "module.eks.aws_iam_role_policy_attachment.this",
            "module.eks.aws_security_group.cluster",
            "module.eks.aws_security_group.node",
            "module.eks.aws_security_group_rule.cluster",
            "module.eks.aws_security_group_rule.node",
            "module.eks.data.aws_caller_identity.current",
            "module.eks.data.aws_iam_policy_document.assume_role_policy",
            "module.eks.data.aws_iam_policy_document.cni_ipv6_policy",
            "module.eks.data.aws_iam_session_context.current",
            "module.eks.data.aws_partition.current",
            "module.eks.module.kms.aws_kms_external_key.this",
            "module.eks.module.kms.aws_kms_key.this",
            "module.eks.module.kms.aws_kms_replica_external_key.this",
            "module.eks.module.kms.aws_kms_replica_key.this",
            "module.eks.module.kms.data.aws_caller_identity.current",
            "module.eks.module.kms.data.aws_iam_policy_document.this",
            "module.eks.module.kms.data.aws_partition.current",
            "module.vpc.aws_subnet.private",
            "module.vpc.aws_vpc.this",
            "module.vpc.aws_vpc_ipv4_cidr_block_association.this"
          ]
        },
        {
          "index_key": "GithubRepo",
          "schema_version": 0,
          "attributes": {
            "id": "sg-0d5df18bd5dce9e99,GithubRepo",
            "key": "GithubRepo",
            "resource_id": "sg-0d5df18bd5dce9e99",
            "value": "github.com/awslabs/data-on-eks"
          },
          "sensitive_attributes": [],
          "private": "bnVsbA==",
          "dependencies": [
            "data.aws_availability_zones.available",
            "module.eks.aws_cloudwatch_log_group.this",
            "module.eks.aws_eks_cluster.this",
            "module.eks.aws_iam_policy.cni_ipv6_policy",
            "module.eks.aws_iam_role.this",
            "module.eks.aws_iam_role_policy_attachment.this",
            "module.eks.aws_security_group.cluster",
            "module.eks.aws_security_group.node",
            "module.eks.aws_security_group_rule.cluster",
            "module.eks.aws_security_group_rule.node",
            "module.eks.data.aws_caller_identity.current",
            "module.eks.data.aws_iam_policy_document.assume_role_policy",
            "module.eks.data.aws_iam_policy_document.cni_ipv6_policy",
            "module.eks.data.aws_iam_session_context.current",
            "module.eks.data.aws_partition.current",
            "module.eks.module.kms.aws_kms_external_key.this",
            "module.eks.module.kms.aws_kms_key.this",
            "module.eks.module.kms.aws_kms_replica_external_key.this",
            "module.eks.module.kms.aws_kms_replica_key.this",
            "module.eks.module.kms.data.aws_caller_identity.current",
            "module.eks.module.kms.data.aws_iam_policy_document.this",
            "module.eks.module.kms.data.aws_partition.current",
            "module.vpc.aws_subnet.private",
            "module.vpc.aws_vpc.this",
            "module.vpc.aws_vpc_ipv4_cidr_block_association.this"
          ]
        },
        {
          "index_key": "karpenter.sh/discovery",
          "schema_version": 0,
          "attributes": {
            "id": "sg-0d5df18bd5dce9e99,karpenter.sh/discovery",
            "key": "karpenter.sh/discovery",
            "resource_id": "sg-0d5df18bd5dce9e99",
            "value": "aerospike-on-eks"
          },
          "sensitive_attributes": [],
          "private": "bnVsbA==",
          "dependencies": [
            "data.aws_availability_zones.available",
            "module.eks.aws_cloudwatch_log_group.this",
            "module.eks.aws_eks_cluster.this",
            "module.eks.aws_iam_policy.cni_ipv6_policy",
            "module.eks.aws_iam_role.this",
            "module.eks.aws_iam_role_policy_attachment.this",
            "module.eks.aws_security_group.cluster",
            "module.eks.aws_security_group.node",
            "module.eks.aws_security_group_rule.cluster",
            "module.eks.aws_security_group_rule.node",
            "module.eks.data.aws_caller_identity.current",
            "module.eks.data.aws_iam_policy_document.assume_role_policy",
            "module.eks.data.aws_iam_policy_document.cni_ipv6_policy",
            "module.eks.data.aws_iam_session_context.current",
            "module.eks.data.aws_partition.current",
            "module.eks.module.kms.aws_kms_external_key.this",
            "module.eks.module.kms.aws_kms_key.this",
            "module.eks.module.kms.aws_kms_replica_external_key.this",
            "module.eks.module.kms.aws_kms_replica_key.this",
            "module.eks.module.kms.data.aws_caller_identity.current",
            "module.eks.module.kms.data.aws_iam_policy_document.this",
            "module.eks.module.kms.data.aws_partition.current",
            "module.vpc.aws_subnet.private",
            "module.vpc.aws_vpc.this",
            "module.vpc.aws_vpc_ipv4_cidr_block_association.this"
          ]
        }
      ]
    },
    {
      "module": "module.eks",
      "mode": "managed",
      "type": "aws_eks_access_entry",
      "name": "this",
      "provider": "provider[\"registry.terraform.io/hashicorp/aws\"]",
      "instances": [
        {
          "index_key": "cluster_creator",
          "schema_version": 0,
          "attributes": {
            "access_entry_arn": "arn:aws:eks:eu-west-1:889947746832:access-entry/aerospike-on-eks/role/889947746832/admin/a8c8b7cd-aeed-840b-0782-c70b3cadfc15",
            "cluster_name": "aerospike-on-eks",
            "created_at": "2024-08-20T11:45:39Z",
            "id": "aerospike-on-eks:arn:aws:iam::889947746832:role/admin",
            "kubernetes_groups": [],
            "modified_at": "2024-08-20T11:45:39Z",
            "principal_arn": "arn:aws:iam::889947746832:role/admin",
            "tags": {
              "Blueprint": "aerospike-on-eks",
              "GithubRepo": "github.com/awslabs/data-on-eks",
              "karpenter.sh/discovery": "aerospike-on-eks"
            },
            "tags_all": {
              "Blueprint": "aerospike-on-eks",
              "GithubRepo": "github.com/awslabs/data-on-eks",
              "karpenter.sh/discovery": "aerospike-on-eks"
            },
            "timeouts": null,
            "type": "STANDARD",
            "user_name": "arn:aws:sts::889947746832:assumed-role/admin/{{SessionName}}"
          },
          "sensitive_attributes": [],
          "private": "eyJlMmJmYjczMC1lY2FhLTExZTYtOGY4OC0zNDM2M2JjN2M0YzAiOnsiY3JlYXRlIjo2MDAwMDAwMDAwMDAsImRlbGV0ZSI6NjAwMDAwMDAwMDAwfX0=",
          "dependencies": [
            "data.aws_availability_zones.available",
            "module.eks.aws_cloudwatch_log_group.this",
            "module.eks.aws_eks_cluster.this",
            "module.eks.aws_iam_policy.cni_ipv6_policy",
            "module.eks.aws_iam_role.this",
            "module.eks.aws_iam_role_policy_attachment.this",
            "module.eks.aws_security_group.cluster",
            "module.eks.aws_security_group.node",
            "module.eks.aws_security_group_rule.cluster",
            "module.eks.aws_security_group_rule.node",
            "module.eks.data.aws_caller_identity.current",
            "module.eks.data.aws_iam_policy_document.assume_role_policy",
            "module.eks.data.aws_iam_policy_document.cni_ipv6_policy",
            "module.eks.data.aws_iam_session_context.current",
            "module.eks.data.aws_partition.current",
            "module.eks.module.kms.aws_kms_external_key.this",
            "module.eks.module.kms.aws_kms_key.this",
            "module.eks.module.kms.aws_kms_replica_external_key.this",
            "module.eks.module.kms.aws_kms_replica_key.this",
            "module.eks.module.kms.data.aws_caller_identity.current",
            "module.eks.module.kms.data.aws_iam_policy_document.this",
            "module.eks.module.kms.data.aws_partition.current",
            "module.vpc.aws_subnet.private",
            "module.vpc.aws_vpc.this",
            "module.vpc.aws_vpc_ipv4_cidr_block_association.this"
          ]
        }
      ]
    },
    {
      "module": "module.eks",
      "mode": "managed",
      "type": "aws_eks_access_policy_association",
      "name": "this",
      "provider": "provider[\"registry.terraform.io/hashicorp/aws\"]",
      "instances": [
        {
          "index_key": "cluster_creator_admin",
          "schema_version": 0,
          "attributes": {
            "access_scope": [
              {
                "namespaces": [],
                "type": "cluster"
              }
            ],
            "associated_at": "2024-08-20 11:45:39.95 +0000 UTC",
            "cluster_name": "aerospike-on-eks",
            "id": "aerospike-on-eks#arn:aws:iam::889947746832:role/admin#arn:aws:eks::aws:cluster-access-policy/AmazonEKSClusterAdminPolicy",
            "modified_at": "2024-08-20 11:45:39.95 +0000 UTC",
            "policy_arn": "arn:aws:eks::aws:cluster-access-policy/AmazonEKSClusterAdminPolicy",
            "principal_arn": "arn:aws:iam::889947746832:role/admin",
            "timeouts": null
          },
          "sensitive_attributes": [],
          "private": "eyJlMmJmYjczMC1lY2FhLTExZTYtOGY4OC0zNDM2M2JjN2M0YzAiOnsiY3JlYXRlIjo2MDAwMDAwMDAwMDAsImRlbGV0ZSI6NjAwMDAwMDAwMDAwfX0=",
          "dependencies": [
            "data.aws_availability_zones.available",
            "module.eks.aws_cloudwatch_log_group.this",
            "module.eks.aws_eks_access_entry.this",
            "module.eks.aws_eks_cluster.this",
            "module.eks.aws_iam_policy.cni_ipv6_policy",
            "module.eks.aws_iam_role.this",
            "module.eks.aws_iam_role_policy_attachment.this",
            "module.eks.aws_security_group.cluster",
            "module.eks.aws_security_group.node",
            "module.eks.aws_security_group_rule.cluster",
            "module.eks.aws_security_group_rule.node",
            "module.eks.data.aws_caller_identity.current",
            "module.eks.data.aws_iam_policy_document.assume_role_policy",
            "module.eks.data.aws_iam_policy_document.cni_ipv6_policy",
            "module.eks.data.aws_iam_session_context.current",
            "module.eks.data.aws_partition.current",
            "module.eks.module.kms.aws_kms_external_key.this",
            "module.eks.module.kms.aws_kms_key.this",
            "module.eks.module.kms.aws_kms_replica_external_key.this",
            "module.eks.module.kms.aws_kms_replica_key.this",
            "module.eks.module.kms.data.aws_caller_identity.current",
            "module.eks.module.kms.data.aws_iam_policy_document.this",
            "module.eks.module.kms.data.aws_partition.current",
            "module.vpc.aws_subnet.private",
            "module.vpc.aws_vpc.this",
            "module.vpc.aws_vpc_ipv4_cidr_block_association.this"
          ]
        }
      ]
    },
    {
      "module": "module.eks",
      "mode": "managed",
      "type": "aws_eks_cluster",
      "name": "this",
      "provider": "provider[\"registry.terraform.io/hashicorp/aws\"]",
      "instances": [
        {
          "index_key": 0,
          "schema_version": 1,
          "attributes": {
            "access_config": [
              {
                "authentication_mode": "API_AND_CONFIG_MAP",
                "bootstrap_cluster_creator_admin_permissions": false
              }
            ],
            "arn": "arn:aws:eks:eu-west-1:889947746832:cluster/aerospike-on-eks",
            "bootstrap_self_managed_addons": true,
            "certificate_authority": [
              {
                "data": "LS0tLS1CRUdJTiBDRVJUSUZJQ0FURS0tLS0tCk1JSURCVENDQWUyZ0F3SUJBZ0lJR0ZiOXREVWJHR0F3RFFZSktvWklodmNOQVFFTEJRQXdGVEVUTUJFR0ExVUUKQXhNS2EzVmlaWEp1WlhSbGN6QWVGdzB5TkRBNE1qQXhNVE0wTWpWYUZ3MHpOREE0TVRneE1UTTVNalZhTUJVeApFekFSQmdOVkJBTVRDbXQxWW1WeWJtVjBaWE13Z2dFaU1BMEdDU3FHU0liM0RRRUJBUVVBQTRJQkR3QXdnZ0VLCkFvSUJBUURLMk05aDRHU0QyRTdVWXdsaURDZGlkM2NkeWZ6NVRlM1pNd3JkSWd4Ulhsd1p3bjlrc3Y3eERzbjMKZGorV2VZeHFMb1FzWHd4djBzcHR1dzlPWlBNUGNmTWVMeEpITFhibW1tQ1A4MkJ4c1NKVDJOa2ZuZG5jQXlDRApaREZRNjVkTGcwdVpRZHRCdDBPVkhScEJ1enV6MmJMbzBoMWRkc2Y4RERScVhNeWdGRmp2K2lZcU50ZVN5dXZGCkgyRzg1MVZhUmNNRHphaCtSekQ5WWcrd0x3RVlnV0ttWjVlMVB5RndUN2RUZUhjbitmR2NBajRhWTJrRnZ6bkYKNHd3M2NGazdEU3ZnZTZGTzZXNm1SakFOOWNkNkNEUlY1eFdWSW5BTFg5RVFYV09jSmJtVnhDNmNzdUhiZCtIcwpvOTY4Y1YyeHkxV0tOOTNBMG9PQjF2YkFtL3luQWdNQkFBR2pXVEJYTUE0R0ExVWREd0VCL3dRRUF3SUNwREFQCkJnTlZIUk1CQWY4RUJUQURBUUgvTUIwR0ExVWREZ1FXQkJUS2xaNVljbmpFcHBpNDhzVTg2L2hyanU4Zkl6QVYKQmdOVkhSRUVEakFNZ2dwcmRXSmxjbTVsZEdWek1BMEdDU3FHU0liM0RRRUJDd1VBQTRJQkFRQlgyZ0tlVWlqRwpRdDhpdWU3aDB6cE1ZbVpxWkpFQVNEbEN5bHRndHlNU09hNGF0K25tTDJUTHljbE1xZkMvVWNPcjJFd0lhMlBBCmZ5c0o4czU1OUtBVHJiVGNaR1N1YnRJMm5RaWdzK212Z0syVlc1U0ljMDlyOHdYUzBaNzFOZitadnFqby9PS1EKVVZsM1FJL2dmZ05qRWF3Q2NTRWk0MTlCMmV2SEhiaWRYMGxxQXVONHNNUkZDMFFnaThOK0h2WWovazBvRnRKawp1SnliaDllbjBQSUNxZnpySS9aYy9qVXducVNEMFpta2d3RmxuM2NoY2d5M0xJdnFEL0xvS1Z6NEx2WG9Xcjk1ClE4cmtVclI0eVpQZGJjYmN4NTZjTHhaU3YwS1JqdThQdzg5OVB3eGIrZ2t5d0RIODc5b3QxcGFOakhSSzFvOGkKK0ZSTG51VEk1czNkCi0tLS0tRU5EIENFUlRJRklDQVRFLS0tLS0K"
              }
            ],
            "cluster_id": null,
            "created_at": "2024-08-20 11:34:12.941 +0000 UTC",
            "enabled_cluster_log_types": [
              "api",
              "audit",
              "authenticator"
            ],
            "encryption_config": [
              {
                "provider": [
                  {
                    "key_arn": "arn:aws:kms:eu-west-1:889947746832:key/5d637f72-93cb-49ef-b9dd-53d478c44512"
                  }
                ],
                "resources": [
                  "secrets"
                ]
              }
            ],
            "endpoint": "https://D01B84E3BCBD86B9C71643826643271D.sk1.eu-west-1.eks.amazonaws.com",
            "id": "aerospike-on-eks",
            "identity": [
              {
                "oidc": [
                  {
                    "issuer": "https://oidc.eks.eu-west-1.amazonaws.com/id/D01B84E3BCBD86B9C71643826643271D"
                  }
                ]
              }
            ],
            "kubernetes_network_config": [
              {
                "ip_family": "ipv4",
                "service_ipv4_cidr": "172.20.0.0/16",
                "service_ipv6_cidr": ""
              }
            ],
            "name": "aerospike-on-eks",
            "outpost_config": [],
            "platform_version": "eks.6",
            "role_arn": "arn:aws:iam::889947746832:role/aerospike-on-eks-cluster-20240820113348327600000002",
            "status": "ACTIVE",
            "tags": {
              "Blueprint": "aerospike-on-eks",
              "GithubRepo": "github.com/awslabs/data-on-eks",
              "karpenter.sh/discovery": "aerospike-on-eks",
              "terraform-aws-modules": "eks"
            },
            "tags_all": {
              "Blueprint": "aerospike-on-eks",
              "GithubRepo": "github.com/awslabs/data-on-eks",
              "karpenter.sh/discovery": "aerospike-on-eks",
              "terraform-aws-modules": "eks"
            },
            "timeouts": {
              "create": null,
              "delete": null,
              "update": null
            },
            "upgrade_policy": [
              {
                "support_type": "EXTENDED"
              }
            ],
            "version": "1.30",
            "vpc_config": [
              {
                "cluster_security_group_id": "sg-0d5df18bd5dce9e99",
                "endpoint_private_access": true,
                "endpoint_public_access": true,
                "public_access_cidrs": [
                  "0.0.0.0/0"
                ],
                "security_group_ids": [
                  "sg-033afe064bcb37964"
                ],
                "subnet_ids": [
                  "subnet-034ef0aca9ed6dc07",
                  "subnet-0360ba0721a4da589",
                  "subnet-04da6bd033646a40f"
                ],
                "vpc_id": "vpc-053f5aad5581eaead"
              }
            ]
          },
          "sensitive_attributes": [],
          "private": "eyJlMmJmYjczMC1lY2FhLTExZTYtOGY4OC0zNDM2M2JjN2M0YzAiOnsiY3JlYXRlIjoxODAwMDAwMDAwMDAwLCJkZWxldGUiOjkwMDAwMDAwMDAwMCwidXBkYXRlIjozNjAwMDAwMDAwMDAwfSwic2NoZW1hX3ZlcnNpb24iOiIxIn0=",
          "dependencies": [
            "data.aws_availability_zones.available",
            "module.eks.aws_cloudwatch_log_group.this",
            "module.eks.aws_iam_policy.cni_ipv6_policy",
            "module.eks.aws_iam_role.this",
            "module.eks.aws_iam_role_policy_attachment.this",
            "module.eks.aws_security_group.cluster",
            "module.eks.aws_security_group.node",
            "module.eks.aws_security_group_rule.cluster",
            "module.eks.aws_security_group_rule.node",
            "module.eks.data.aws_caller_identity.current",
            "module.eks.data.aws_iam_policy_document.assume_role_policy",
            "module.eks.data.aws_iam_policy_document.cni_ipv6_policy",
            "module.eks.data.aws_iam_session_context.current",
            "module.eks.data.aws_partition.current",
            "module.eks.module.kms.aws_kms_external_key.this",
            "module.eks.module.kms.aws_kms_key.this",
            "module.eks.module.kms.aws_kms_replica_external_key.this",
            "module.eks.module.kms.aws_kms_replica_key.this",
            "module.eks.module.kms.data.aws_caller_identity.current",
            "module.eks.module.kms.data.aws_iam_policy_document.this",
            "module.eks.module.kms.data.aws_partition.current",
            "module.vpc.aws_subnet.private",
            "module.vpc.aws_vpc.this",
            "module.vpc.aws_vpc_ipv4_cidr_block_association.this"
          ],
          "create_before_destroy": true
        }
      ]
    },
    {
      "module": "module.eks",
      "mode": "managed",
      "type": "aws_iam_openid_connect_provider",
      "name": "oidc_provider",
      "provider": "provider[\"registry.terraform.io/hashicorp/aws\"]",
      "instances": [
        {
          "index_key": 0,
          "schema_version": 0,
          "attributes": {
            "arn": "arn:aws:iam::889947746832:oidc-provider/oidc.eks.eu-west-1.amazonaws.com/id/D01B84E3BCBD86B9C71643826643271D",
            "client_id_list": [
              "sts.amazonaws.com"
            ],
            "id": "arn:aws:iam::889947746832:oidc-provider/oidc.eks.eu-west-1.amazonaws.com/id/D01B84E3BCBD86B9C71643826643271D",
            "tags": {
              "Blueprint": "aerospike-on-eks",
              "GithubRepo": "github.com/awslabs/data-on-eks",
              "Name": "aerospike-on-eks-eks-irsa",
              "karpenter.sh/discovery": "aerospike-on-eks"
            },
            "tags_all": {
              "Blueprint": "aerospike-on-eks",
              "GithubRepo": "github.com/awslabs/data-on-eks",
              "Name": "aerospike-on-eks-eks-irsa",
              "karpenter.sh/discovery": "aerospike-on-eks"
            },
            "thumbprint_list": [
              "9e99a48a9960b14926bb7f3b02e22da2b0ab7280"
            ],
            "url": "oidc.eks.eu-west-1.amazonaws.com/id/D01B84E3BCBD86B9C71643826643271D"
          },
          "sensitive_attributes": [],
          "private": "bnVsbA==",
          "dependencies": [
            "data.aws_availability_zones.available",
            "module.eks.aws_cloudwatch_log_group.this",
            "module.eks.aws_eks_cluster.this",
            "module.eks.aws_iam_policy.cni_ipv6_policy",
            "module.eks.aws_iam_role.this",
            "module.eks.aws_iam_role_policy_attachment.this",
            "module.eks.aws_security_group.cluster",
            "module.eks.aws_security_group.node",
            "module.eks.aws_security_group_rule.cluster",
            "module.eks.aws_security_group_rule.node",
            "module.eks.data.aws_caller_identity.current",
            "module.eks.data.aws_iam_policy_document.assume_role_policy",
            "module.eks.data.aws_iam_policy_document.cni_ipv6_policy",
            "module.eks.data.aws_iam_session_context.current",
            "module.eks.data.aws_partition.current",
            "module.eks.data.tls_certificate.this",
            "module.eks.module.kms.aws_kms_external_key.this",
            "module.eks.module.kms.aws_kms_key.this",
            "module.eks.module.kms.aws_kms_replica_external_key.this",
            "module.eks.module.kms.aws_kms_replica_key.this",
            "module.eks.module.kms.data.aws_caller_identity.current",
            "module.eks.module.kms.data.aws_iam_policy_document.this",
            "module.eks.module.kms.data.aws_partition.current",
            "module.vpc.aws_subnet.private",
            "module.vpc.aws_vpc.this",
            "module.vpc.aws_vpc_ipv4_cidr_block_association.this"
          ]
        }
      ]
    },
    {
      "module": "module.eks",
      "mode": "managed",
      "type": "aws_iam_policy",
      "name": "cluster_encryption",
      "provider": "provider[\"registry.terraform.io/hashicorp/aws\"]",
      "instances": [
        {
          "index_key": 0,
          "schema_version": 0,
          "attributes": {
            "arn": "arn:aws:iam::889947746832:policy/aerospike-on-eks-cluster-ClusterEncryption2024082011341068110000000b",
            "attachment_count": 1,
            "description": "Cluster encryption policy to allow cluster role to utilize CMK provided",
            "id": "arn:aws:iam::889947746832:policy/aerospike-on-eks-cluster-ClusterEncryption2024082011341068110000000b",
            "name": "aerospike-on-eks-cluster-ClusterEncryption2024082011341068110000000b",
            "name_prefix": "aerospike-on-eks-cluster-ClusterEncryption",
            "path": "/",
            "policy": "{\"Statement\":[{\"Action\":[\"kms:Encrypt\",\"kms:Decrypt\",\"kms:ListGrants\",\"kms:DescribeKey\"],\"Effect\":\"Allow\",\"Resource\":\"arn:aws:kms:eu-west-1:889947746832:key/5d637f72-93cb-49ef-b9dd-53d478c44512\"}],\"Version\":\"2012-10-17\"}",
            "policy_id": "ANPA46NIE6IIAYHERLQDC",
            "tags": {
              "Blueprint": "aerospike-on-eks",
              "GithubRepo": "github.com/awslabs/data-on-eks",
              "karpenter.sh/discovery": "aerospike-on-eks"
            },
            "tags_all": {
              "Blueprint": "aerospike-on-eks",
              "GithubRepo": "github.com/awslabs/data-on-eks",
              "karpenter.sh/discovery": "aerospike-on-eks"
            }
          },
          "sensitive_attributes": [],
          "private": "bnVsbA==",
          "dependencies": [
            "module.eks.aws_iam_role.this",
            "module.eks.data.aws_caller_identity.current",
            "module.eks.data.aws_iam_policy_document.assume_role_policy",
            "module.eks.data.aws_iam_session_context.current",
            "module.eks.module.kms.aws_kms_external_key.this",
            "module.eks.module.kms.aws_kms_key.this",
            "module.eks.module.kms.aws_kms_replica_external_key.this",
            "module.eks.module.kms.aws_kms_replica_key.this",
            "module.eks.module.kms.data.aws_caller_identity.current",
            "module.eks.module.kms.data.aws_iam_policy_document.this",
            "module.eks.module.kms.data.aws_partition.current"
          ]
        }
      ]
    },
    {
      "module": "module.eks",
      "mode": "managed",
      "type": "aws_iam_role",
      "name": "this",
      "provider": "provider[\"registry.terraform.io/hashicorp/aws\"]",
      "instances": [
        {
          "index_key": 0,
          "schema_version": 0,
          "attributes": {
            "arn": "arn:aws:iam::889947746832:role/aerospike-on-eks-cluster-20240820113348327600000002",
            "assume_role_policy": "{\"Statement\":[{\"Action\":\"sts:AssumeRole\",\"Effect\":\"Allow\",\"Principal\":{\"Service\":\"eks.amazonaws.com\"},\"Sid\":\"EKSClusterAssumeRole\"}],\"Version\":\"2012-10-17\"}",
            "create_date": "2024-08-20T11:33:48Z",
            "description": "",
            "force_detach_policies": true,
            "id": "aerospike-on-eks-cluster-20240820113348327600000002",
            "inline_policy": [
              {
                "name": "aerospike-on-eks-cluster",
                "policy": "{\"Version\":\"2012-10-17\",\"Statement\":[{\"Action\":[\"logs:CreateLogGroup\"],\"Effect\":\"Deny\",\"Resource\":\"*\"}]}"
              }
            ],
            "managed_policy_arns": [
              "arn:aws:iam::889947746832:policy/aerospike-on-eks-cluster-ClusterEncryption2024082011341068110000000b",
              "arn:aws:iam::aws:policy/AmazonEKSClusterPolicy",
              "arn:aws:iam::aws:policy/AmazonEKSVPCResourceController"
            ],
            "max_session_duration": 3600,
            "name": "aerospike-on-eks-cluster-20240820113348327600000002",
            "name_prefix": "aerospike-on-eks-cluster-",
            "path": "/",
            "permissions_boundary": "",
            "tags": {
              "Blueprint": "aerospike-on-eks",
              "GithubRepo": "github.com/awslabs/data-on-eks",
              "karpenter.sh/discovery": "aerospike-on-eks"
            },
            "tags_all": {
              "Blueprint": "aerospike-on-eks",
              "GithubRepo": "github.com/awslabs/data-on-eks",
              "karpenter.sh/discovery": "aerospike-on-eks"
            },
            "unique_id": "AROA46NIE6IIOHRTKB77P"
          },
          "sensitive_attributes": [],
          "private": "bnVsbA==",
          "dependencies": [
            "module.eks.data.aws_iam_policy_document.assume_role_policy"
          ],
          "create_before_destroy": true
        }
      ]
    },
    {
      "module": "module.eks",
      "mode": "managed",
      "type": "aws_iam_role_policy_attachment",
      "name": "cluster_encryption",
      "provider": "provider[\"registry.terraform.io/hashicorp/aws\"]",
      "instances": [
        {
          "index_key": 0,
          "schema_version": 0,
          "attributes": {
            "id": "aerospike-on-eks-cluster-20240820113348327600000002-2024082011341131210000000c",
            "policy_arn": "arn:aws:iam::889947746832:policy/aerospike-on-eks-cluster-ClusterEncryption2024082011341068110000000b",
            "role": "aerospike-on-eks-cluster-20240820113348327600000002"
          },
          "sensitive_attributes": [],
          "private": "bnVsbA==",
          "dependencies": [
            "module.eks.aws_iam_policy.cluster_encryption",
            "module.eks.aws_iam_role.this",
            "module.eks.data.aws_caller_identity.current",
            "module.eks.data.aws_iam_policy_document.assume_role_policy",
            "module.eks.data.aws_iam_session_context.current",
            "module.eks.module.kms.aws_kms_external_key.this",
            "module.eks.module.kms.aws_kms_key.this",
            "module.eks.module.kms.aws_kms_replica_external_key.this",
            "module.eks.module.kms.aws_kms_replica_key.this",
            "module.eks.module.kms.data.aws_caller_identity.current",
            "module.eks.module.kms.data.aws_iam_policy_document.this",
            "module.eks.module.kms.data.aws_partition.current"
          ]
        }
      ]
    },
    {
      "module": "module.eks",
      "mode": "managed",
      "type": "aws_iam_role_policy_attachment",
      "name": "this",
      "provider": "provider[\"registry.terraform.io/hashicorp/aws\"]",
      "instances": [
        {
          "index_key": "AmazonEKSClusterPolicy",
          "schema_version": 0,
          "attributes": {
            "id": "aerospike-on-eks-cluster-20240820113348327600000002-20240820113349962200000009",
            "policy_arn": "arn:aws:iam::aws:policy/AmazonEKSClusterPolicy",
            "role": "aerospike-on-eks-cluster-20240820113348327600000002"
          },
          "sensitive_attributes": [],
          "private": "bnVsbA==",
          "dependencies": [
            "module.eks.aws_iam_role.this",
            "module.eks.data.aws_iam_policy_document.assume_role_policy",
            "module.eks.data.aws_partition.current"
          ],
          "create_before_destroy": true
        },
        {
          "index_key": "AmazonEKSVPCResourceController",
          "schema_version": 0,
          "attributes": {
            "id": "aerospike-on-eks-cluster-20240820113348327600000002-2024082011334996740000000a",
            "policy_arn": "arn:aws:iam::aws:policy/AmazonEKSVPCResourceController",
            "role": "aerospike-on-eks-cluster-20240820113348327600000002"
          },
          "sensitive_attributes": [],
          "private": "bnVsbA==",
          "dependencies": [
            "module.eks.aws_iam_role.this",
            "module.eks.data.aws_iam_policy_document.assume_role_policy",
            "module.eks.data.aws_partition.current"
          ],
          "create_before_destroy": true
        }
      ]
    },
    {
      "module": "module.eks",
      "mode": "managed",
      "type": "aws_security_group",
      "name": "cluster",
      "provider": "provider[\"registry.terraform.io/hashicorp/aws\"]",
      "instances": [
        {
          "index_key": 0,
          "schema_version": 1,
          "attributes": {
            "arn": "arn:aws:ec2:eu-west-1:889947746832:security-group/sg-033afe064bcb37964",
            "description": "EKS cluster security group",
            "egress": [],
            "id": "sg-033afe064bcb37964",
            "ingress": [
              {
                "cidr_blocks": [],
                "description": "Node groups to cluster API",
                "from_port": 443,
                "ipv6_cidr_blocks": [],
                "prefix_list_ids": [],
                "protocol": "tcp",
                "security_groups": [
                  "sg-06d1d6b0a65d793d4"
                ],
                "self": false,
                "to_port": 443
              }
            ],
            "name": "aerospike-on-eks-cluster-20240820113348327400000001",
            "name_prefix": "aerospike-on-eks-cluster-",
            "owner_id": "889947746832",
            "revoke_rules_on_delete": false,
            "tags": {
              "Blueprint": "aerospike-on-eks",
              "GithubRepo": "github.com/awslabs/data-on-eks",
              "Name": "aerospike-on-eks-cluster",
              "karpenter.sh/discovery": "aerospike-on-eks"
            },
            "tags_all": {
              "Blueprint": "aerospike-on-eks",
              "GithubRepo": "github.com/awslabs/data-on-eks",
              "Name": "aerospike-on-eks-cluster",
              "karpenter.sh/discovery": "aerospike-on-eks"
            },
            "timeouts": null,
            "vpc_id": "vpc-053f5aad5581eaead"
          },
          "sensitive_attributes": [],
          "private": "eyJlMmJmYjczMC1lY2FhLTExZTYtOGY4OC0zNDM2M2JjN2M0YzAiOnsiY3JlYXRlIjo2MDAwMDAwMDAwMDAsImRlbGV0ZSI6OTAwMDAwMDAwMDAwfSwic2NoZW1hX3ZlcnNpb24iOiIxIn0=",
          "dependencies": [
            "module.vpc.aws_vpc.this"
          ],
          "create_before_destroy": true
        }
      ]
    },
    {
      "module": "module.eks",
      "mode": "managed",
      "type": "aws_security_group",
      "name": "node",
      "provider": "provider[\"registry.terraform.io/hashicorp/aws\"]",
      "instances": [
        {
          "index_key": 0,
          "schema_version": 1,
          "attributes": {
            "arn": "arn:aws:ec2:eu-west-1:889947746832:security-group/sg-06d1d6b0a65d793d4",
            "description": "EKS node shared security group",
            "egress": [
              {
                "cidr_blocks": [
                  "0.0.0.0/0"
                ],
                "description": "Node all egress",
                "from_port": 0,
                "ipv6_cidr_blocks": [
                  "::/0"
                ],
                "prefix_list_ids": [],
                "protocol": "-1",
                "security_groups": [],
                "self": false,
                "to_port": 0
              }
            ],
            "id": "sg-06d1d6b0a65d793d4",
            "ingress": [
              {
                "cidr_blocks": [],
                "description": "Cluster API to node 4443/tcp webhook",
                "from_port": 4443,
                "ipv6_cidr_blocks": [],
                "prefix_list_ids": [],
                "protocol": "tcp",
                "security_groups": [
                  "sg-033afe064bcb37964"
                ],
                "self": false,
                "to_port": 4443
              },
              {
                "cidr_blocks": [],
                "description": "Cluster API to node 6443/tcp webhook",
                "from_port": 6443,
                "ipv6_cidr_blocks": [],
                "prefix_list_ids": [],
                "protocol": "tcp",
                "security_groups": [
                  "sg-033afe064bcb37964"
                ],
                "self": false,
                "to_port": 6443
              },
              {
                "cidr_blocks": [],
                "description": "Cluster API to node 8443/tcp webhook",
                "from_port": 8443,
                "ipv6_cidr_blocks": [],
                "prefix_list_ids": [],
                "protocol": "tcp",
                "security_groups": [
                  "sg-033afe064bcb37964"
                ],
                "self": false,
                "to_port": 8443
              },
              {
                "cidr_blocks": [],
                "description": "Cluster API to node 9443/tcp webhook",
                "from_port": 9443,
                "ipv6_cidr_blocks": [],
                "prefix_list_ids": [],
                "protocol": "tcp",
                "security_groups": [
                  "sg-033afe064bcb37964"
                ],
                "self": false,
                "to_port": 9443
              },
              {
                "cidr_blocks": [],
                "description": "Cluster API to node groups",
                "from_port": 443,
                "ipv6_cidr_blocks": [],
                "prefix_list_ids": [],
                "protocol": "tcp",
                "security_groups": [
                  "sg-033afe064bcb37964"
                ],
                "self": false,
                "to_port": 443
              },
              {
                "cidr_blocks": [],
                "description": "Cluster API to node kubelets",
                "from_port": 10250,
                "ipv6_cidr_blocks": [],
                "prefix_list_ids": [],
                "protocol": "tcp",
                "security_groups": [
                  "sg-033afe064bcb37964"
                ],
                "self": false,
                "to_port": 10250
              },
              {
                "cidr_blocks": [],
                "description": "Node to node CoreDNS UDP",
                "from_port": 53,
                "ipv6_cidr_blocks": [],
                "prefix_list_ids": [],
                "protocol": "udp",
                "security_groups": [],
                "self": true,
                "to_port": 53
              },
              {
                "cidr_blocks": [],
                "description": "Node to node CoreDNS",
                "from_port": 53,
                "ipv6_cidr_blocks": [],
                "prefix_list_ids": [],
                "protocol": "tcp",
                "security_groups": [],
                "self": true,
                "to_port": 53
              },
              {
                "cidr_blocks": [],
                "description": "Node to node all ports/protocols",
                "from_port": 0,
                "ipv6_cidr_blocks": [],
                "prefix_list_ids": [],
                "protocol": "-1",
                "security_groups": [],
                "self": true,
                "to_port": 0
              },
              {
                "cidr_blocks": [],
                "description": "Node to node ingress on ephemeral ports",
                "from_port": 1025,
                "ipv6_cidr_blocks": [],
                "prefix_list_ids": [],
                "protocol": "tcp",
                "security_groups": [],
                "self": true,
                "to_port": 65535
              }
            ],
            "name": "aerospike-on-eks-node-20240820113348328900000004",
            "name_prefix": "aerospike-on-eks-node-",
            "owner_id": "889947746832",
            "revoke_rules_on_delete": false,
            "tags": {
              "Blueprint": "aerospike-on-eks",
              "GithubRepo": "github.com/awslabs/data-on-eks",
              "Name": "aerospike-on-eks-node",
              "karpenter.sh/discovery": "aerospike-on-eks",
              "kubernetes.io/cluster/aerospike-on-eks": "owned"
            },
            "tags_all": {
              "Blueprint": "aerospike-on-eks",
              "GithubRepo": "github.com/awslabs/data-on-eks",
              "Name": "aerospike-on-eks-node",
              "karpenter.sh/discovery": "aerospike-on-eks",
              "kubernetes.io/cluster/aerospike-on-eks": "owned"
            },
            "timeouts": null,
            "vpc_id": "vpc-053f5aad5581eaead"
          },
          "sensitive_attributes": [],
          "private": "eyJlMmJmYjczMC1lY2FhLTExZTYtOGY4OC0zNDM2M2JjN2M0YzAiOnsiY3JlYXRlIjo2MDAwMDAwMDAwMDAsImRlbGV0ZSI6OTAwMDAwMDAwMDAwfSwic2NoZW1hX3ZlcnNpb24iOiIxIn0=",
          "dependencies": [
            "module.vpc.aws_vpc.this"
          ],
          "create_before_destroy": true
        }
      ]
    },
    {
      "module": "module.eks",
      "mode": "managed",
      "type": "aws_security_group_rule",
      "name": "cluster",
      "provider": "provider[\"registry.terraform.io/hashicorp/aws\"]",
      "instances": [
        {
          "index_key": "ingress_nodes_443",
          "schema_version": 2,
          "attributes": {
            "cidr_blocks": null,
            "description": "Node groups to cluster API",
            "from_port": 443,
            "id": "sgrule-3779120878",
            "ipv6_cidr_blocks": null,
            "prefix_list_ids": null,
            "protocol": "tcp",
            "security_group_id": "sg-033afe064bcb37964",
            "security_group_rule_id": "sgr-00b8da45ff498e171",
            "self": false,
            "source_security_group_id": "sg-06d1d6b0a65d793d4",
            "timeouts": null,
            "to_port": 443,
            "type": "ingress"
          },
          "sensitive_attributes": [],
          "private": "eyJlMmJmYjczMC1lY2FhLTExZTYtOGY4OC0zNDM2M2JjN2M0YzAiOnsiY3JlYXRlIjozMDAwMDAwMDAwMDB9LCJzY2hlbWFfdmVyc2lvbiI6IjIifQ==",
          "dependencies": [
            "module.eks.aws_security_group.cluster",
            "module.eks.aws_security_group.node",
            "module.vpc.aws_vpc.this"
          ],
          "create_before_destroy": true
        }
      ]
    },
    {
      "module": "module.eks",
      "mode": "managed",
      "type": "aws_security_group_rule",
      "name": "node",
      "provider": "provider[\"registry.terraform.io/hashicorp/aws\"]",
      "instances": [
        {
          "index_key": "egress_all",
          "schema_version": 2,
          "attributes": {
            "cidr_blocks": [
              "0.0.0.0/0"
            ],
            "description": "Node all egress",
            "from_port": 0,
            "id": "sgrule-872021940",
            "ipv6_cidr_blocks": [
              "::/0"
            ],
            "prefix_list_ids": [],
            "protocol": "-1",
            "security_group_id": "sg-06d1d6b0a65d793d4",
            "security_group_rule_id": "",
            "self": false,
            "source_security_group_id": null,
            "timeouts": null,
            "to_port": 0,
            "type": "egress"
          },
          "sensitive_attributes": [],
          "private": "eyJlMmJmYjczMC1lY2FhLTExZTYtOGY4OC0zNDM2M2JjN2M0YzAiOnsiY3JlYXRlIjozMDAwMDAwMDAwMDB9LCJzY2hlbWFfdmVyc2lvbiI6IjIifQ==",
          "dependencies": [
            "module.eks.aws_security_group.cluster",
            "module.eks.aws_security_group.node",
            "module.vpc.aws_vpc.this"
          ],
          "create_before_destroy": true
        },
        {
          "index_key": "ingress_cluster_443",
          "schema_version": 2,
          "attributes": {
            "cidr_blocks": null,
            "description": "Cluster API to node groups",
            "from_port": 443,
            "id": "sgrule-679045065",
            "ipv6_cidr_blocks": null,
            "prefix_list_ids": [],
            "protocol": "tcp",
            "security_group_id": "sg-06d1d6b0a65d793d4",
            "security_group_rule_id": "sgr-0103d6105c383942b",
            "self": false,
            "source_security_group_id": "sg-033afe064bcb37964",
            "timeouts": null,
            "to_port": 443,
            "type": "ingress"
          },
          "sensitive_attributes": [],
          "private": "eyJlMmJmYjczMC1lY2FhLTExZTYtOGY4OC0zNDM2M2JjN2M0YzAiOnsiY3JlYXRlIjozMDAwMDAwMDAwMDB9LCJzY2hlbWFfdmVyc2lvbiI6IjIifQ==",
          "dependencies": [
            "module.eks.aws_security_group.cluster",
            "module.eks.aws_security_group.node",
            "module.vpc.aws_vpc.this"
          ],
          "create_before_destroy": true
        },
        {
          "index_key": "ingress_cluster_4443_webhook",
          "schema_version": 2,
          "attributes": {
            "cidr_blocks": null,
            "description": "Cluster API to node 4443/tcp webhook",
            "from_port": 4443,
            "id": "sgrule-3366232702",
            "ipv6_cidr_blocks": null,
            "prefix_list_ids": [],
            "protocol": "tcp",
            "security_group_id": "sg-06d1d6b0a65d793d4",
            "security_group_rule_id": "sgr-063cf4e996a3cafcb",
            "self": false,
            "source_security_group_id": "sg-033afe064bcb37964",
            "timeouts": null,
            "to_port": 4443,
            "type": "ingress"
          },
          "sensitive_attributes": [],
          "private": "eyJlMmJmYjczMC1lY2FhLTExZTYtOGY4OC0zNDM2M2JjN2M0YzAiOnsiY3JlYXRlIjozMDAwMDAwMDAwMDB9LCJzY2hlbWFfdmVyc2lvbiI6IjIifQ==",
          "dependencies": [
            "module.eks.aws_security_group.cluster",
            "module.eks.aws_security_group.node",
            "module.vpc.aws_vpc.this"
          ],
          "create_before_destroy": true
        },
        {
          "index_key": "ingress_cluster_6443_webhook",
          "schema_version": 2,
          "attributes": {
            "cidr_blocks": null,
            "description": "Cluster API to node 6443/tcp webhook",
            "from_port": 6443,
            "id": "sgrule-31901160",
            "ipv6_cidr_blocks": null,
            "prefix_list_ids": [],
            "protocol": "tcp",
            "security_group_id": "sg-06d1d6b0a65d793d4",
            "security_group_rule_id": "sgr-0c6a0525241226458",
            "self": false,
            "source_security_group_id": "sg-033afe064bcb37964",
            "timeouts": null,
            "to_port": 6443,
            "type": "ingress"
          },
          "sensitive_attributes": [],
          "private": "eyJlMmJmYjczMC1lY2FhLTExZTYtOGY4OC0zNDM2M2JjN2M0YzAiOnsiY3JlYXRlIjozMDAwMDAwMDAwMDB9LCJzY2hlbWFfdmVyc2lvbiI6IjIifQ==",
          "dependencies": [
            "module.eks.aws_security_group.cluster",
            "module.eks.aws_security_group.node",
            "module.vpc.aws_vpc.this"
          ],
          "create_before_destroy": true
        },
        {
          "index_key": "ingress_cluster_8443_webhook",
          "schema_version": 2,
          "attributes": {
            "cidr_blocks": null,
            "description": "Cluster API to node 8443/tcp webhook",
            "from_port": 8443,
            "id": "sgrule-314243529",
            "ipv6_cidr_blocks": null,
            "prefix_list_ids": [],
            "protocol": "tcp",
            "security_group_id": "sg-06d1d6b0a65d793d4",
            "security_group_rule_id": "sgr-0c16fe3bfeacfc0f9",
            "self": false,
            "source_security_group_id": "sg-033afe064bcb37964",
            "timeouts": null,
            "to_port": 8443,
            "type": "ingress"
          },
          "sensitive_attributes": [],
          "private": "eyJlMmJmYjczMC1lY2FhLTExZTYtOGY4OC0zNDM2M2JjN2M0YzAiOnsiY3JlYXRlIjozMDAwMDAwMDAwMDB9LCJzY2hlbWFfdmVyc2lvbiI6IjIifQ==",
          "dependencies": [
            "module.eks.aws_security_group.cluster",
            "module.eks.aws_security_group.node",
            "module.vpc.aws_vpc.this"
          ],
          "create_before_destroy": true
        },
        {
          "index_key": "ingress_cluster_9443_webhook",
          "schema_version": 2,
          "attributes": {
            "cidr_blocks": null,
            "description": "Cluster API to node 9443/tcp webhook",
            "from_port": 9443,
            "id": "sgrule-1981532674",
            "ipv6_cidr_blocks": null,
            "prefix_list_ids": [],
            "protocol": "tcp",
            "security_group_id": "sg-06d1d6b0a65d793d4",
            "security_group_rule_id": "sgr-0dc6f300799caa546",
            "self": false,
            "source_security_group_id": "sg-033afe064bcb37964",
            "timeouts": null,
            "to_port": 9443,
            "type": "ingress"
          },
          "sensitive_attributes": [],
          "private": "eyJlMmJmYjczMC1lY2FhLTExZTYtOGY4OC0zNDM2M2JjN2M0YzAiOnsiY3JlYXRlIjozMDAwMDAwMDAwMDB9LCJzY2hlbWFfdmVyc2lvbiI6IjIifQ==",
          "dependencies": [
            "module.eks.aws_security_group.cluster",
            "module.eks.aws_security_group.node",
            "module.vpc.aws_vpc.this"
          ],
          "create_before_destroy": true
        },
        {
          "index_key": "ingress_cluster_kubelet",
          "schema_version": 2,
          "attributes": {
            "cidr_blocks": null,
            "description": "Cluster API to node kubelets",
            "from_port": 10250,
            "id": "sgrule-860396397",
            "ipv6_cidr_blocks": null,
            "prefix_list_ids": [],
            "protocol": "tcp",
            "security_group_id": "sg-06d1d6b0a65d793d4",
            "security_group_rule_id": "sgr-0ee69f2cb63943508",
            "self": false,
            "source_security_group_id": "sg-033afe064bcb37964",
            "timeouts": null,
            "to_port": 10250,
            "type": "ingress"
          },
          "sensitive_attributes": [],
          "private": "eyJlMmJmYjczMC1lY2FhLTExZTYtOGY4OC0zNDM2M2JjN2M0YzAiOnsiY3JlYXRlIjozMDAwMDAwMDAwMDB9LCJzY2hlbWFfdmVyc2lvbiI6IjIifQ==",
          "dependencies": [
            "module.eks.aws_security_group.cluster",
            "module.eks.aws_security_group.node",
            "module.vpc.aws_vpc.this"
          ],
          "create_before_destroy": true
        },
        {
          "index_key": "ingress_nodes_ephemeral",
          "schema_version": 2,
          "attributes": {
            "cidr_blocks": null,
            "description": "Node to node ingress on ephemeral ports",
            "from_port": 1025,
            "id": "sgrule-1149816402",
            "ipv6_cidr_blocks": null,
            "prefix_list_ids": [],
            "protocol": "tcp",
            "security_group_id": "sg-06d1d6b0a65d793d4",
            "security_group_rule_id": "sgr-0cd55ccfbc7a0678f",
            "self": true,
            "source_security_group_id": null,
            "timeouts": null,
            "to_port": 65535,
            "type": "ingress"
          },
          "sensitive_attributes": [],
          "private": "eyJlMmJmYjczMC1lY2FhLTExZTYtOGY4OC0zNDM2M2JjN2M0YzAiOnsiY3JlYXRlIjozMDAwMDAwMDAwMDB9LCJzY2hlbWFfdmVyc2lvbiI6IjIifQ==",
          "dependencies": [
            "module.eks.aws_security_group.cluster",
            "module.eks.aws_security_group.node",
            "module.vpc.aws_vpc.this"
          ],
          "create_before_destroy": true
        },
        {
          "index_key": "ingress_self_all",
          "schema_version": 2,
          "attributes": {
            "cidr_blocks": null,
            "description": "Node to node all ports/protocols",
            "from_port": 0,
            "id": "sgrule-4214419492",
            "ipv6_cidr_blocks": null,
            "prefix_list_ids": [],
            "protocol": "-1",
            "security_group_id": "sg-06d1d6b0a65d793d4",
            "security_group_rule_id": "sgr-0763926b8897facb1",
            "self": true,
            "source_security_group_id": null,
            "timeouts": null,
            "to_port": 0,
            "type": "ingress"
          },
          "sensitive_attributes": [],
          "private": "eyJlMmJmYjczMC1lY2FhLTExZTYtOGY4OC0zNDM2M2JjN2M0YzAiOnsiY3JlYXRlIjozMDAwMDAwMDAwMDB9LCJzY2hlbWFfdmVyc2lvbiI6IjIifQ==",
          "dependencies": [
            "module.eks.aws_security_group.cluster",
            "module.eks.aws_security_group.node",
            "module.vpc.aws_vpc.this"
          ],
          "create_before_destroy": true
        },
        {
          "index_key": "ingress_self_coredns_tcp",
          "schema_version": 2,
          "attributes": {
            "cidr_blocks": null,
            "description": "Node to node CoreDNS",
            "from_port": 53,
            "id": "sgrule-1481864135",
            "ipv6_cidr_blocks": null,
            "prefix_list_ids": [],
            "protocol": "tcp",
            "security_group_id": "sg-06d1d6b0a65d793d4",
            "security_group_rule_id": "sgr-0e553ed71898518c8",
            "self": true,
            "source_security_group_id": null,
            "timeouts": null,
            "to_port": 53,
            "type": "ingress"
          },
          "sensitive_attributes": [],
          "private": "eyJlMmJmYjczMC1lY2FhLTExZTYtOGY4OC0zNDM2M2JjN2M0YzAiOnsiY3JlYXRlIjozMDAwMDAwMDAwMDB9LCJzY2hlbWFfdmVyc2lvbiI6IjIifQ==",
          "dependencies": [
            "module.eks.aws_security_group.cluster",
            "module.eks.aws_security_group.node",
            "module.vpc.aws_vpc.this"
          ],
          "create_before_destroy": true
        },
        {
          "index_key": "ingress_self_coredns_udp",
          "schema_version": 2,
          "attributes": {
            "cidr_blocks": null,
            "description": "Node to node CoreDNS UDP",
            "from_port": 53,
            "id": "sgrule-4228698152",
            "ipv6_cidr_blocks": null,
            "prefix_list_ids": [],
            "protocol": "udp",
            "security_group_id": "sg-06d1d6b0a65d793d4",
            "security_group_rule_id": "sgr-01ae54ba61b75763b",
            "self": true,
            "source_security_group_id": null,
            "timeouts": null,
            "to_port": 53,
            "type": "ingress"
          },
          "sensitive_attributes": [],
          "private": "eyJlMmJmYjczMC1lY2FhLTExZTYtOGY4OC0zNDM2M2JjN2M0YzAiOnsiY3JlYXRlIjozMDAwMDAwMDAwMDB9LCJzY2hlbWFfdmVyc2lvbiI6IjIifQ==",
          "dependencies": [
            "module.eks.aws_security_group.cluster",
            "module.eks.aws_security_group.node",
            "module.vpc.aws_vpc.this"
          ],
          "create_before_destroy": true
        }
      ]
    },
    {
      "module": "module.eks",
      "mode": "managed",
      "type": "time_sleep",
      "name": "this",
      "provider": "provider[\"registry.terraform.io/hashicorp/time\"]",
      "instances": [
        {
          "index_key": 0,
          "schema_version": 0,
          "attributes": {
            "create_duration": "30s",
            "destroy_duration": null,
            "id": "2024-08-20T11:46:08Z",
            "triggers": {
              "cluster_certificate_authority_data": "LS0tLS1CRUdJTiBDRVJUSUZJQ0FURS0tLS0tCk1JSURCVENDQWUyZ0F3SUJBZ0lJR0ZiOXREVWJHR0F3RFFZSktvWklodmNOQVFFTEJRQXdGVEVUTUJFR0ExVUUKQXhNS2EzVmlaWEp1WlhSbGN6QWVGdzB5TkRBNE1qQXhNVE0wTWpWYUZ3MHpOREE0TVRneE1UTTVNalZhTUJVeApFekFSQmdOVkJBTVRDbXQxWW1WeWJtVjBaWE13Z2dFaU1BMEdDU3FHU0liM0RRRUJBUVVBQTRJQkR3QXdnZ0VLCkFvSUJBUURLMk05aDRHU0QyRTdVWXdsaURDZGlkM2NkeWZ6NVRlM1pNd3JkSWd4Ulhsd1p3bjlrc3Y3eERzbjMKZGorV2VZeHFMb1FzWHd4djBzcHR1dzlPWlBNUGNmTWVMeEpITFhibW1tQ1A4MkJ4c1NKVDJOa2ZuZG5jQXlDRApaREZRNjVkTGcwdVpRZHRCdDBPVkhScEJ1enV6MmJMbzBoMWRkc2Y4RERScVhNeWdGRmp2K2lZcU50ZVN5dXZGCkgyRzg1MVZhUmNNRHphaCtSekQ5WWcrd0x3RVlnV0ttWjVlMVB5RndUN2RUZUhjbitmR2NBajRhWTJrRnZ6bkYKNHd3M2NGazdEU3ZnZTZGTzZXNm1SakFOOWNkNkNEUlY1eFdWSW5BTFg5RVFYV09jSmJtVnhDNmNzdUhiZCtIcwpvOTY4Y1YyeHkxV0tOOTNBMG9PQjF2YkFtL3luQWdNQkFBR2pXVEJYTUE0R0ExVWREd0VCL3dRRUF3SUNwREFQCkJnTlZIUk1CQWY4RUJUQURBUUgvTUIwR0ExVWREZ1FXQkJUS2xaNVljbmpFcHBpNDhzVTg2L2hyanU4Zkl6QVYKQmdOVkhSRUVEakFNZ2dwcmRXSmxjbTVsZEdWek1BMEdDU3FHU0liM0RRRUJDd1VBQTRJQkFRQlgyZ0tlVWlqRwpRdDhpdWU3aDB6cE1ZbVpxWkpFQVNEbEN5bHRndHlNU09hNGF0K25tTDJUTHljbE1xZkMvVWNPcjJFd0lhMlBBCmZ5c0o4czU1OUtBVHJiVGNaR1N1YnRJMm5RaWdzK212Z0syVlc1U0ljMDlyOHdYUzBaNzFOZitadnFqby9PS1EKVVZsM1FJL2dmZ05qRWF3Q2NTRWk0MTlCMmV2SEhiaWRYMGxxQXVONHNNUkZDMFFnaThOK0h2WWovazBvRnRKawp1SnliaDllbjBQSUNxZnpySS9aYy9qVXducVNEMFpta2d3RmxuM2NoY2d5M0xJdnFEL0xvS1Z6NEx2WG9Xcjk1ClE4cmtVclI0eVpQZGJjYmN4NTZjTHhaU3YwS1JqdThQdzg5OVB3eGIrZ2t5d0RIODc5b3QxcGFOakhSSzFvOGkKK0ZSTG51VEk1czNkCi0tLS0tRU5EIENFUlRJRklDQVRFLS0tLS0K",
              "cluster_endpoint": "https://D01B84E3BCBD86B9C71643826643271D.sk1.eu-west-1.eks.amazonaws.com",
              "cluster_name": "aerospike-on-eks",
              "cluster_service_cidr": "172.20.0.0/16",
              "cluster_version": "1.30"
            }
          },
          "sensitive_attributes": [],
          "dependencies": [
            "data.aws_availability_zones.available",
            "module.eks.aws_cloudwatch_log_group.this",
            "module.eks.aws_eks_cluster.this",
            "module.eks.aws_iam_policy.cni_ipv6_policy",
            "module.eks.aws_iam_role.this",
            "module.eks.aws_iam_role_policy_attachment.this",
            "module.eks.aws_security_group.cluster",
            "module.eks.aws_security_group.node",
            "module.eks.aws_security_group_rule.cluster",
            "module.eks.aws_security_group_rule.node",
            "module.eks.data.aws_caller_identity.current",
            "module.eks.data.aws_iam_policy_document.assume_role_policy",
            "module.eks.data.aws_iam_policy_document.cni_ipv6_policy",
            "module.eks.data.aws_iam_session_context.current",
            "module.eks.data.aws_partition.current",
            "module.eks.module.kms.aws_kms_external_key.this",
            "module.eks.module.kms.aws_kms_key.this",
            "module.eks.module.kms.aws_kms_replica_external_key.this",
            "module.eks.module.kms.aws_kms_replica_key.this",
            "module.eks.module.kms.data.aws_caller_identity.current",
            "module.eks.module.kms.data.aws_iam_policy_document.this",
            "module.eks.module.kms.data.aws_partition.current",
            "module.vpc.aws_subnet.private",
            "module.vpc.aws_vpc.this",
            "module.vpc.aws_vpc_ipv4_cidr_block_association.this"
          ],
          "create_before_destroy": true
        }
      ]
    },
    {
      "module": "module.eks.module.eks_managed_node_group[\"core_node_group\"]",
      "mode": "data",
      "type": "aws_caller_identity",
      "name": "current",
      "provider": "provider[\"registry.terraform.io/hashicorp/aws\"]",
      "instances": [
        {
          "schema_version": 0,
          "attributes": {
            "account_id": "889947746832",
            "arn": "arn:aws:sts::889947746832:assumed-role/admin/chrismld-Isengard",
            "id": "889947746832",
            "user_id": "AROA46NIE6IIDYJHZNCNC:chrismld-Isengard"
          },
          "sensitive_attributes": []
        }
      ]
    },
    {
      "module": "module.eks.module.eks_managed_node_group[\"core_node_group\"]",
      "mode": "data",
      "type": "aws_iam_policy_document",
      "name": "assume_role_policy",
      "provider": "provider[\"registry.terraform.io/hashicorp/aws\"]",
      "instances": [
        {
          "index_key": 0,
          "schema_version": 0,
          "attributes": {
            "id": "2560088296",
            "json": "{\n  \"Version\": \"2012-10-17\",\n  \"Statement\": [\n    {\n      \"Sid\": \"EKSNodeAssumeRole\",\n      \"Effect\": \"Allow\",\n      \"Action\": \"sts:AssumeRole\",\n      \"Principal\": {\n        \"Service\": \"ec2.amazonaws.com\"\n      }\n    }\n  ]\n}",
            "minified_json": "{\"Version\":\"2012-10-17\",\"Statement\":[{\"Sid\":\"EKSNodeAssumeRole\",\"Effect\":\"Allow\",\"Action\":\"sts:AssumeRole\",\"Principal\":{\"Service\":\"ec2.amazonaws.com\"}}]}",
            "override_json": null,
            "override_policy_documents": null,
            "policy_id": null,
            "source_json": null,
            "source_policy_documents": null,
            "statement": [
              {
                "actions": [
                  "sts:AssumeRole"
                ],
                "condition": [],
                "effect": "Allow",
                "not_actions": [],
                "not_principals": [],
                "not_resources": [],
                "principals": [
                  {
                    "identifiers": [
                      "ec2.amazonaws.com"
                    ],
                    "type": "Service"
                  }
                ],
                "resources": [],
                "sid": "EKSNodeAssumeRole"
              }
            ],
            "version": "2012-10-17"
          },
          "sensitive_attributes": []
        }
      ]
    },
    {
      "module": "module.eks.module.eks_managed_node_group[\"core_node_group\"]",
      "mode": "data",
      "type": "aws_partition",
      "name": "current",
      "provider": "provider[\"registry.terraform.io/hashicorp/aws\"]",
      "instances": [
        {
          "schema_version": 0,
          "attributes": {
            "dns_suffix": "amazonaws.com",
            "id": "aws",
            "partition": "aws",
            "reverse_dns_prefix": "com.amazonaws"
          },
          "sensitive_attributes": []
        }
      ]
    },
    {
      "module": "module.eks.module.eks_managed_node_group[\"core_node_group\"]",
      "mode": "managed",
      "type": "aws_eks_node_group",
      "name": "this",
      "provider": "provider[\"registry.terraform.io/hashicorp/aws\"]",
      "instances": [
        {
          "index_key": 0,
          "schema_version": 0,
          "attributes": {
            "ami_type": "AL2_ARM_64",
            "arn": "arn:aws:eks:eu-west-1:889947746832:nodegroup/aerospike-on-eks/core-node-group-2024082011460909940000000f/cac8b7cd-ea5f-7e5b-e361-d8498fc3b7aa",
            "capacity_type": "ON_DEMAND",
            "cluster_name": "aerospike-on-eks",
            "disk_size": 0,
            "force_update_version": null,
            "id": "aerospike-on-eks:core-node-group-2024082011460909940000000f",
            "instance_types": [
              "m6g.xlarge",
              "m6gd.xlarge",
              "m7g.xlarge",
              "c6g.xlarge",
              "c6gd.xlarge",
              "c7g.xlarge"
            ],
            "labels": {
              "NodeGroupType": "core",
              "WorkerType": "ON_DEMAND"
            },
            "launch_template": [
              {
                "id": "lt-00cbd719630714558",
                "name": "core_node_group-2024082011460877260000000d",
                "version": "1"
              }
            ],
            "node_group_name": "core-node-group-2024082011460909940000000f",
            "node_group_name_prefix": "core-node-group-",
            "node_role_arn": "arn:aws:iam::889947746832:role/core-node-group-eks-node-group-20240820113348328200000003",
            "release_version": "1.30.2-20240807",
            "remote_access": [],
            "resources": [
              {
                "autoscaling_groups": [
                  {
                    "name": "eks-core-node-group-2024082011460909940000000f-cac8b7cd-ea5f-7e5b-e361-d8498fc3b7aa"
                  }
                ],
                "remote_access_security_group_id": ""
              }
            ],
            "scaling_config": [
              {
                "desired_size": 3,
                "max_size": 9,
                "min_size": 3
              }
            ],
            "status": "ACTIVE",
            "subnet_ids": [
              "subnet-034ef0aca9ed6dc07",
              "subnet-0360ba0721a4da589",
              "subnet-04da6bd033646a40f"
            ],
            "tags": {
              "Blueprint": "aerospike-on-eks",
              "GithubRepo": "github.com/awslabs/data-on-eks",
              "Name": "core-node-group",
              "karpenter.sh/discovery": "aerospike-on-eks"
            },
            "tags_all": {
              "Blueprint": "aerospike-on-eks",
              "GithubRepo": "github.com/awslabs/data-on-eks",
              "Name": "core-node-group",
              "karpenter.sh/discovery": "aerospike-on-eks"
            },
            "taint": [],
            "timeouts": {
              "create": null,
              "delete": null,
              "update": null
            },
            "update_config": [
              {
                "max_unavailable": 0,
                "max_unavailable_percentage": 33
              }
            ],
            "version": "1.30"
          },
          "sensitive_attributes": [],
          "private": "eyJlMmJmYjczMC1lY2FhLTExZTYtOGY4OC0zNDM2M2JjN2M0YzAiOnsiY3JlYXRlIjozNjAwMDAwMDAwMDAwLCJkZWxldGUiOjM2MDAwMDAwMDAwMDAsInVwZGF0ZSI6MzYwMDAwMDAwMDAwMH19",
          "dependencies": [
            "data.aws_availability_zones.available",
            "module.eks.aws_cloudwatch_log_group.this",
            "module.eks.aws_eks_cluster.this",
            "module.eks.aws_iam_policy.cni_ipv6_policy",
            "module.eks.aws_iam_role.this",
            "module.eks.aws_iam_role_policy_attachment.this",
            "module.eks.aws_security_group.cluster",
            "module.eks.aws_security_group.node",
            "module.eks.aws_security_group_rule.cluster",
            "module.eks.aws_security_group_rule.node",
            "module.eks.data.aws_caller_identity.current",
            "module.eks.data.aws_iam_policy_document.assume_role_policy",
            "module.eks.data.aws_iam_policy_document.cni_ipv6_policy",
            "module.eks.data.aws_iam_session_context.current",
            "module.eks.data.aws_partition.current",
            "module.eks.module.eks_managed_node_group.aws_iam_role.this",
            "module.eks.module.eks_managed_node_group.aws_iam_role_policy_attachment.additional",
            "module.eks.module.eks_managed_node_group.aws_iam_role_policy_attachment.this",
            "module.eks.module.eks_managed_node_group.aws_launch_template.this",
            "module.eks.module.eks_managed_node_group.aws_placement_group.this",
            "module.eks.module.eks_managed_node_group.data.aws_caller_identity.current",
            "module.eks.module.eks_managed_node_group.data.aws_ec2_instance_type.this",
            "module.eks.module.eks_managed_node_group.data.aws_ec2_instance_type_offerings.this",
            "module.eks.module.eks_managed_node_group.data.aws_iam_policy_document.assume_role_policy",
            "module.eks.module.eks_managed_node_group.data.aws_partition.current",
            "module.eks.module.eks_managed_node_group.data.aws_ssm_parameter.ami",
            "module.eks.module.eks_managed_node_group.data.aws_subnets.placement_group",
            "module.eks.module.eks_managed_node_group.module.user_data.data.cloudinit_config.al2023_eks_managed_node_group",
            "module.eks.module.eks_managed_node_group.module.user_data.data.cloudinit_config.linux_eks_managed_node_group",
            "module.eks.module.kms.aws_kms_external_key.this",
            "module.eks.module.kms.aws_kms_key.this",
            "module.eks.module.kms.aws_kms_replica_external_key.this",
            "module.eks.module.kms.aws_kms_replica_key.this",
            "module.eks.module.kms.data.aws_caller_identity.current",
            "module.eks.module.kms.data.aws_iam_policy_document.this",
            "module.eks.module.kms.data.aws_partition.current",
            "module.eks.time_sleep.this",
            "module.vpc.aws_subnet.private",
            "module.vpc.aws_vpc.this",
            "module.vpc.aws_vpc_ipv4_cidr_block_association.this"
          ],
          "create_before_destroy": true
        }
      ]
    },
    {
      "module": "module.eks.module.eks_managed_node_group[\"core_node_group\"]",
      "mode": "managed",
      "type": "aws_iam_role",
      "name": "this",
      "provider": "provider[\"registry.terraform.io/hashicorp/aws\"]",
      "instances": [
        {
          "index_key": 0,
          "schema_version": 0,
          "attributes": {
            "arn": "arn:aws:iam::889947746832:role/core-node-group-eks-node-group-20240820113348328200000003",
            "assume_role_policy": "{\"Statement\":[{\"Action\":\"sts:AssumeRole\",\"Effect\":\"Allow\",\"Principal\":{\"Service\":\"ec2.amazonaws.com\"},\"Sid\":\"EKSNodeAssumeRole\"}],\"Version\":\"2012-10-17\"}",
            "create_date": "2024-08-20T11:33:48Z",
            "description": "EKS managed node group IAM role",
            "force_detach_policies": true,
            "id": "core-node-group-eks-node-group-20240820113348328200000003",
            "inline_policy": [],
            "managed_policy_arns": [
              "arn:aws:iam::aws:policy/AmazonEC2ContainerRegistryReadOnly",
              "arn:aws:iam::aws:policy/AmazonEKSWorkerNodePolicy",
              "arn:aws:iam::aws:policy/AmazonEKS_CNI_Policy",
              "arn:aws:iam::aws:policy/AmazonSSMManagedInstanceCore"
            ],
            "max_session_duration": 3600,
            "name": "core-node-group-eks-node-group-20240820113348328200000003",
            "name_prefix": "core-node-group-eks-node-group-",
            "path": "/",
            "permissions_boundary": "",
            "tags": {
              "Blueprint": "aerospike-on-eks",
              "GithubRepo": "github.com/awslabs/data-on-eks",
              "Name": "core-node-grp",
              "karpenter.sh/discovery": "aerospike-on-eks"
            },
            "tags_all": {
              "Blueprint": "aerospike-on-eks",
              "GithubRepo": "github.com/awslabs/data-on-eks",
              "Name": "core-node-grp",
              "karpenter.sh/discovery": "aerospike-on-eks"
            },
            "unique_id": "AROA46NIE6IIIBAMGGOPE"
          },
          "sensitive_attributes": [],
          "private": "bnVsbA==",
          "dependencies": [
            "module.eks.module.eks_managed_node_group.data.aws_iam_policy_document.assume_role_policy"
          ],
          "create_before_destroy": true
        }
      ]
    },
    {
      "module": "module.eks.module.eks_managed_node_group[\"core_node_group\"]",
      "mode": "managed",
      "type": "aws_iam_role_policy_attachment",
      "name": "additional",
      "provider": "provider[\"registry.terraform.io/hashicorp/aws\"]",
      "instances": [
        {
          "index_key": "AmazonSSMManagedInstanceCore",
          "schema_version": 0,
          "attributes": {
            "id": "core-node-group-eks-node-group-20240820113348328200000003-20240820113349671600000008",
            "policy_arn": "arn:aws:iam::aws:policy/AmazonSSMManagedInstanceCore",
            "role": "core-node-group-eks-node-group-20240820113348328200000003"
          },
          "sensitive_attributes": [],
          "private": "bnVsbA==",
          "dependencies": [
            "module.eks.module.eks_managed_node_group.aws_iam_role.this",
            "module.eks.module.eks_managed_node_group.data.aws_iam_policy_document.assume_role_policy"
          ],
          "create_before_destroy": true
        }
      ]
    },
    {
      "module": "module.eks.module.eks_managed_node_group[\"core_node_group\"]",
      "mode": "managed",
      "type": "aws_iam_role_policy_attachment",
      "name": "this",
      "provider": "provider[\"registry.terraform.io/hashicorp/aws\"]",
      "instances": [
        {
          "index_key": "AmazonEC2ContainerRegistryReadOnly",
          "schema_version": 0,
          "attributes": {
            "id": "core-node-group-eks-node-group-20240820113348328200000003-20240820113349512800000006",
            "policy_arn": "arn:aws:iam::aws:policy/AmazonEC2ContainerRegistryReadOnly",
            "role": "core-node-group-eks-node-group-20240820113348328200000003"
          },
          "sensitive_attributes": [],
          "private": "bnVsbA==",
          "dependencies": [
            "module.eks.module.eks_managed_node_group.aws_iam_role.this",
            "module.eks.module.eks_managed_node_group.data.aws_caller_identity.current",
            "module.eks.module.eks_managed_node_group.data.aws_iam_policy_document.assume_role_policy",
            "module.eks.module.eks_managed_node_group.data.aws_partition.current"
          ],
          "create_before_destroy": true
        },
        {
          "index_key": "AmazonEKSWorkerNodePolicy",
          "schema_version": 0,
          "attributes": {
            "id": "core-node-group-eks-node-group-20240820113348328200000003-20240820113349582500000007",
            "policy_arn": "arn:aws:iam::aws:policy/AmazonEKSWorkerNodePolicy",
            "role": "core-node-group-eks-node-group-20240820113348328200000003"
          },
          "sensitive_attributes": [],
          "private": "bnVsbA==",
          "dependencies": [
            "module.eks.module.eks_managed_node_group.aws_iam_role.this",
            "module.eks.module.eks_managed_node_group.data.aws_caller_identity.current",
            "module.eks.module.eks_managed_node_group.data.aws_iam_policy_document.assume_role_policy",
            "module.eks.module.eks_managed_node_group.data.aws_partition.current"
          ],
          "create_before_destroy": true
        },
        {
          "index_key": "AmazonEKS_CNI_Policy",
          "schema_version": 0,
          "attributes": {
            "id": "core-node-group-eks-node-group-20240820113348328200000003-20240820113349420700000005",
            "policy_arn": "arn:aws:iam::aws:policy/AmazonEKS_CNI_Policy",
            "role": "core-node-group-eks-node-group-20240820113348328200000003"
          },
          "sensitive_attributes": [],
          "private": "bnVsbA==",
          "dependencies": [
            "module.eks.module.eks_managed_node_group.aws_iam_role.this",
            "module.eks.module.eks_managed_node_group.data.aws_caller_identity.current",
            "module.eks.module.eks_managed_node_group.data.aws_iam_policy_document.assume_role_policy",
            "module.eks.module.eks_managed_node_group.data.aws_partition.current"
          ],
          "create_before_destroy": true
        }
      ]
    },
    {
      "module": "module.eks.module.eks_managed_node_group[\"core_node_group\"]",
      "mode": "managed",
      "type": "aws_launch_template",
      "name": "this",
      "provider": "provider[\"registry.terraform.io/hashicorp/aws\"]",
      "instances": [
        {
          "index_key": 0,
          "schema_version": 0,
          "attributes": {
            "arn": "arn:aws:ec2:eu-west-1:889947746832:launch-template/lt-00cbd719630714558",
            "block_device_mappings": [
              {
                "device_name": "/dev/xvda",
                "ebs": [
                  {
                    "delete_on_termination": "",
                    "encrypted": "",
                    "iops": 0,
                    "kms_key_id": "",
                    "snapshot_id": "",
                    "throughput": 0,
                    "volume_size": 1000,
                    "volume_type": "gp3"
                  }
                ],
                "no_device": "",
                "virtual_name": ""
              }
            ],
            "capacity_reservation_specification": [],
            "cpu_options": [],
            "credit_specification": [],
            "default_version": 1,
            "description": "Custom launch template for core-node-group EKS managed node group",
            "disable_api_stop": false,
            "disable_api_termination": false,
            "ebs_optimized": "true",
            "elastic_gpu_specifications": [],
            "elastic_inference_accelerator": [],
            "enclave_options": [],
            "hibernation_options": [],
            "iam_instance_profile": [],
            "id": "lt-00cbd719630714558",
            "image_id": "",
            "instance_initiated_shutdown_behavior": "",
            "instance_market_options": [],
            "instance_requirements": [],
            "instance_type": "",
            "kernel_id": "",
            "key_name": "",
            "latest_version": 1,
            "license_specification": [],
            "maintenance_options": [],
            "metadata_options": [
              {
                "http_endpoint": "enabled",
                "http_protocol_ipv6": "",
                "http_put_response_hop_limit": 2,
                "http_tokens": "required",
                "instance_metadata_tags": ""
              }
            ],
            "monitoring": [
              {
                "enabled": true
              }
            ],
            "name": "core_node_group-2024082011460877260000000d",
            "name_prefix": "core_node_group-",
            "network_interfaces": [],
            "placement": [],
            "private_dns_name_options": [],
            "ram_disk_id": "",
            "security_group_names": [],
            "tag_specifications": [
              {
                "resource_type": "instance",
                "tags": {
                  "Blueprint": "aerospike-on-eks",
                  "GithubRepo": "github.com/awslabs/data-on-eks",
                  "Name": "core-node-group",
                  "karpenter.sh/discovery": "aerospike-on-eks"
                }
              },
              {
                "resource_type": "network-interface",
                "tags": {
                  "Blueprint": "aerospike-on-eks",
                  "GithubRepo": "github.com/awslabs/data-on-eks",
                  "Name": "core-node-group",
                  "karpenter.sh/discovery": "aerospike-on-eks"
                }
              },
              {
                "resource_type": "volume",
                "tags": {
                  "Blueprint": "aerospike-on-eks",
                  "GithubRepo": "github.com/awslabs/data-on-eks",
                  "Name": "core-node-group",
                  "karpenter.sh/discovery": "aerospike-on-eks"
                }
              }
            ],
            "tags": {
              "Blueprint": "aerospike-on-eks",
              "GithubRepo": "github.com/awslabs/data-on-eks",
              "Name": "core-node-grp",
              "karpenter.sh/discovery": "aerospike-on-eks"
            },
            "tags_all": {
              "Blueprint": "aerospike-on-eks",
              "GithubRepo": "github.com/awslabs/data-on-eks",
              "Name": "core-node-grp",
              "karpenter.sh/discovery": "aerospike-on-eks"
            },
            "update_default_version": true,
            "user_data": "",
            "vpc_security_group_ids": [
              "sg-06d1d6b0a65d793d4"
            ]
          },
          "sensitive_attributes": [],
          "private": "bnVsbA==",
          "dependencies": [
            "data.aws_availability_zones.available",
            "module.eks.aws_cloudwatch_log_group.this",
            "module.eks.aws_eks_cluster.this",
            "module.eks.aws_iam_policy.cni_ipv6_policy",
            "module.eks.aws_iam_role.this",
            "module.eks.aws_iam_role_policy_attachment.this",
            "module.eks.aws_security_group.cluster",
            "module.eks.aws_security_group.node",
            "module.eks.aws_security_group_rule.cluster",
            "module.eks.aws_security_group_rule.node",
            "module.eks.data.aws_caller_identity.current",
            "module.eks.data.aws_iam_policy_document.assume_role_policy",
            "module.eks.data.aws_iam_policy_document.cni_ipv6_policy",
            "module.eks.data.aws_iam_session_context.current",
            "module.eks.data.aws_partition.current",
            "module.eks.module.eks_managed_node_group.aws_iam_role.this",
            "module.eks.module.eks_managed_node_group.aws_iam_role_policy_attachment.additional",
            "module.eks.module.eks_managed_node_group.aws_iam_role_policy_attachment.this",
            "module.eks.module.eks_managed_node_group.aws_placement_group.this",
            "module.eks.module.eks_managed_node_group.data.aws_caller_identity.current",
            "module.eks.module.eks_managed_node_group.data.aws_ec2_instance_type.this",
            "module.eks.module.eks_managed_node_group.data.aws_iam_policy_document.assume_role_policy",
            "module.eks.module.eks_managed_node_group.data.aws_partition.current",
            "module.eks.module.eks_managed_node_group.module.user_data.data.cloudinit_config.al2023_eks_managed_node_group",
            "module.eks.module.eks_managed_node_group.module.user_data.data.cloudinit_config.linux_eks_managed_node_group",
            "module.eks.module.kms.aws_kms_external_key.this",
            "module.eks.module.kms.aws_kms_key.this",
            "module.eks.module.kms.aws_kms_replica_external_key.this",
            "module.eks.module.kms.aws_kms_replica_key.this",
            "module.eks.module.kms.data.aws_caller_identity.current",
            "module.eks.module.kms.data.aws_iam_policy_document.this",
            "module.eks.module.kms.data.aws_partition.current",
            "module.eks.time_sleep.this",
            "module.vpc.aws_subnet.private",
            "module.vpc.aws_vpc.this",
            "module.vpc.aws_vpc_ipv4_cidr_block_association.this"
          ],
          "create_before_destroy": true
        }
      ]
    },
    {
      "module": "module.eks.module.eks_managed_node_group[\"core_node_group\"].module.user_data",
      "mode": "managed",
      "type": "null_resource",
      "name": "validate_cluster_service_cidr",
      "provider": "provider[\"registry.terraform.io/hashicorp/null\"]",
      "instances": [
        {
          "schema_version": 0,
          "attributes": {
            "id": "8808119544638121020",
            "triggers": null
          },
          "sensitive_attributes": [],
          "dependencies": [
            "data.aws_availability_zones.available",
            "module.eks.aws_cloudwatch_log_group.this",
            "module.eks.aws_eks_cluster.this",
            "module.eks.aws_iam_policy.cni_ipv6_policy",
            "module.eks.aws_iam_role.this",
            "module.eks.aws_iam_role_policy_attachment.this",
            "module.eks.aws_security_group.cluster",
            "module.eks.aws_security_group.node",
            "module.eks.aws_security_group_rule.cluster",
            "module.eks.aws_security_group_rule.node",
            "module.eks.data.aws_caller_identity.current",
            "module.eks.data.aws_iam_policy_document.assume_role_policy",
            "module.eks.data.aws_iam_policy_document.cni_ipv6_policy",
            "module.eks.data.aws_iam_session_context.current",
            "module.eks.data.aws_partition.current",
            "module.eks.module.kms.aws_kms_external_key.this",
            "module.eks.module.kms.aws_kms_key.this",
            "module.eks.module.kms.aws_kms_replica_external_key.this",
            "module.eks.module.kms.aws_kms_replica_key.this",
            "module.eks.module.kms.data.aws_caller_identity.current",
            "module.eks.module.kms.data.aws_iam_policy_document.this",
            "module.eks.module.kms.data.aws_partition.current",
            "module.eks.time_sleep.this",
            "module.vpc.aws_subnet.private",
            "module.vpc.aws_vpc.this",
            "module.vpc.aws_vpc_ipv4_cidr_block_association.this"
          ]
        }
      ]
    },
    {
      "module": "module.eks.module.kms",
      "mode": "data",
      "type": "aws_caller_identity",
      "name": "current",
      "provider": "provider[\"registry.terraform.io/hashicorp/aws\"]",
      "instances": [
        {
          "index_key": 0,
          "schema_version": 0,
          "attributes": {
            "account_id": "889947746832",
            "arn": "arn:aws:sts::889947746832:assumed-role/admin/chrismld-Isengard",
            "id": "889947746832",
            "user_id": "AROA46NIE6IIDYJHZNCNC:chrismld-Isengard"
          },
          "sensitive_attributes": []
        }
      ]
    },
    {
      "module": "module.eks.module.kms",
      "mode": "data",
      "type": "aws_iam_policy_document",
      "name": "this",
      "provider": "provider[\"registry.terraform.io/hashicorp/aws\"]",
      "instances": [
        {
          "index_key": 0,
          "schema_version": 0,
          "attributes": {
            "id": "2361628542",
            "json": "{\n  \"Version\": \"2012-10-17\",\n  \"Statement\": [\n    {\n      \"Sid\": \"Default\",\n      \"Effect\": \"Allow\",\n      \"Action\": \"kms:*\",\n      \"Resource\": \"*\",\n      \"Principal\": {\n        \"AWS\": \"arn:aws:iam::889947746832:root\"\n      }\n    },\n    {\n      \"Sid\": \"KeyAdministration\",\n      \"Effect\": \"Allow\",\n      \"Action\": [\n        \"kms:Update*\",\n        \"kms:UntagResource\",\n        \"kms:TagResource\",\n        \"kms:ScheduleKeyDeletion\",\n        \"kms:Revoke*\",\n        \"kms:ReplicateKey\",\n        \"kms:Put*\",\n        \"kms:List*\",\n        \"kms:ImportKeyMaterial\",\n        \"kms:Get*\",\n        \"kms:Enable*\",\n        \"kms:Disable*\",\n        \"kms:Describe*\",\n        \"kms:Delete*\",\n        \"kms:Create*\",\n        \"kms:CancelKeyDeletion\"\n      ],\n      \"Resource\": \"*\",\n      \"Principal\": {\n        \"AWS\": \"arn:aws:iam::889947746832:role/admin\"\n      }\n    },\n    {\n      \"Sid\": \"KeyUsage\",\n      \"Effect\": \"Allow\",\n      \"Action\": [\n        \"kms:ReEncrypt*\",\n        \"kms:GenerateDataKey*\",\n        \"kms:Encrypt\",\n        \"kms:DescribeKey\",\n        \"kms:Decrypt\"\n      ],\n      \"Resource\": \"*\",\n      \"Principal\": {\n        \"AWS\": \"arn:aws:iam::889947746832:role/aerospike-on-eks-cluster-20240820113348327600000002\"\n      }\n    }\n  ]\n}",
            "minified_json": "{\"Version\":\"2012-10-17\",\"Statement\":[{\"Sid\":\"Default\",\"Effect\":\"Allow\",\"Action\":\"kms:*\",\"Resource\":\"*\",\"Principal\":{\"AWS\":\"arn:aws:iam::889947746832:root\"}},{\"Sid\":\"KeyAdministration\",\"Effect\":\"Allow\",\"Action\":[\"kms:Update*\",\"kms:UntagResource\",\"kms:TagResource\",\"kms:ScheduleKeyDeletion\",\"kms:Revoke*\",\"kms:ReplicateKey\",\"kms:Put*\",\"kms:List*\",\"kms:ImportKeyMaterial\",\"kms:Get*\",\"kms:Enable*\",\"kms:Disable*\",\"kms:Describe*\",\"kms:Delete*\",\"kms:Create*\",\"kms:CancelKeyDeletion\"],\"Resource\":\"*\",\"Principal\":{\"AWS\":\"arn:aws:iam::889947746832:role/admin\"}},{\"Sid\":\"KeyUsage\",\"Effect\":\"Allow\",\"Action\":[\"kms:ReEncrypt*\",\"kms:GenerateDataKey*\",\"kms:Encrypt\",\"kms:DescribeKey\",\"kms:Decrypt\"],\"Resource\":\"*\",\"Principal\":{\"AWS\":\"arn:aws:iam::889947746832:role/aerospike-on-eks-cluster-20240820113348327600000002\"}}]}",
            "override_json": null,
            "override_policy_documents": null,
            "policy_id": null,
            "source_json": null,
            "source_policy_documents": null,
            "statement": [
              {
                "actions": [
                  "kms:*"
                ],
                "condition": [],
                "effect": "Allow",
                "not_actions": [],
                "not_principals": [],
                "not_resources": [],
                "principals": [
                  {
                    "identifiers": [
                      "arn:aws:iam::889947746832:root"
                    ],
                    "type": "AWS"
                  }
                ],
                "resources": [
                  "*"
                ],
                "sid": "Default"
              },
              {
                "actions": [
                  "kms:CancelKeyDeletion",
                  "kms:Create*",
                  "kms:Delete*",
                  "kms:Describe*",
                  "kms:Disable*",
                  "kms:Enable*",
                  "kms:Get*",
                  "kms:ImportKeyMaterial",
                  "kms:List*",
                  "kms:Put*",
                  "kms:ReplicateKey",
                  "kms:Revoke*",
                  "kms:ScheduleKeyDeletion",
                  "kms:TagResource",
                  "kms:UntagResource",
                  "kms:Update*"
                ],
                "condition": [],
                "effect": "Allow",
                "not_actions": [],
                "not_principals": [],
                "not_resources": [],
                "principals": [
                  {
                    "identifiers": [
                      "arn:aws:iam::889947746832:role/admin"
                    ],
                    "type": "AWS"
                  }
                ],
                "resources": [
                  "*"
                ],
                "sid": "KeyAdministration"
              },
              {
                "actions": [
                  "kms:Decrypt",
                  "kms:DescribeKey",
                  "kms:Encrypt",
                  "kms:GenerateDataKey*",
                  "kms:ReEncrypt*"
                ],
                "condition": [],
                "effect": "Allow",
                "not_actions": [],
                "not_principals": [],
                "not_resources": [],
                "principals": [
                  {
                    "identifiers": [
                      "arn:aws:iam::889947746832:role/aerospike-on-eks-cluster-20240820113348327600000002"
                    ],
                    "type": "AWS"
                  }
                ],
                "resources": [
                  "*"
                ],
                "sid": "KeyUsage"
              }
            ],
            "version": "2012-10-17"
          },
          "sensitive_attributes": []
        }
      ]
    },
    {
      "module": "module.eks.module.kms",
      "mode": "data",
      "type": "aws_partition",
      "name": "current",
      "provider": "provider[\"registry.terraform.io/hashicorp/aws\"]",
      "instances": [
        {
          "index_key": 0,
          "schema_version": 0,
          "attributes": {
            "dns_suffix": "amazonaws.com",
            "id": "aws",
            "partition": "aws",
            "reverse_dns_prefix": "com.amazonaws"
          },
          "sensitive_attributes": []
        }
      ]
    },
    {
      "module": "module.eks.module.kms",
      "mode": "managed",
      "type": "aws_kms_alias",
      "name": "this",
      "provider": "provider[\"registry.terraform.io/hashicorp/aws\"]",
      "instances": [
        {
          "index_key": "cluster",
          "schema_version": 0,
          "attributes": {
            "arn": "arn:aws:kms:eu-west-1:889947746832:alias/eks/aerospike-on-eks",
            "id": "alias/eks/aerospike-on-eks",
            "name": "alias/eks/aerospike-on-eks",
            "name_prefix": "",
            "target_key_arn": "arn:aws:kms:eu-west-1:889947746832:key/5d637f72-93cb-49ef-b9dd-53d478c44512",
            "target_key_id": "5d637f72-93cb-49ef-b9dd-53d478c44512"
          },
          "sensitive_attributes": [],
          "private": "bnVsbA==",
          "dependencies": [
            "module.eks.aws_iam_role.this",
            "module.eks.data.aws_caller_identity.current",
            "module.eks.data.aws_iam_policy_document.assume_role_policy",
            "module.eks.data.aws_iam_session_context.current",
            "module.eks.module.kms.aws_kms_external_key.this",
            "module.eks.module.kms.aws_kms_key.this",
            "module.eks.module.kms.aws_kms_replica_external_key.this",
            "module.eks.module.kms.aws_kms_replica_key.this",
            "module.eks.module.kms.data.aws_caller_identity.current",
            "module.eks.module.kms.data.aws_iam_policy_document.this",
            "module.eks.module.kms.data.aws_partition.current"
          ]
        }
      ]
    },
    {
      "module": "module.eks.module.kms",
      "mode": "managed",
      "type": "aws_kms_key",
      "name": "this",
      "provider": "provider[\"registry.terraform.io/hashicorp/aws\"]",
      "instances": [
        {
          "index_key": 0,
          "schema_version": 0,
          "attributes": {
            "arn": "arn:aws:kms:eu-west-1:889947746832:key/5d637f72-93cb-49ef-b9dd-53d478c44512",
            "bypass_policy_lockout_safety_check": false,
            "custom_key_store_id": "",
            "customer_master_key_spec": "SYMMETRIC_DEFAULT",
            "deletion_window_in_days": null,
            "description": "aerospike-on-eks cluster encryption key",
            "enable_key_rotation": true,
            "id": "5d637f72-93cb-49ef-b9dd-53d478c44512",
            "is_enabled": true,
            "key_id": "5d637f72-93cb-49ef-b9dd-53d478c44512",
            "key_usage": "ENCRYPT_DECRYPT",
            "multi_region": false,
            "policy": "{\"Statement\":[{\"Action\":\"kms:*\",\"Effect\":\"Allow\",\"Principal\":{\"AWS\":\"arn:aws:iam::889947746832:root\"},\"Resource\":\"*\",\"Sid\":\"Default\"},{\"Action\":[\"kms:Update*\",\"kms:UntagResource\",\"kms:TagResource\",\"kms:ScheduleKeyDeletion\",\"kms:Revoke*\",\"kms:ReplicateKey\",\"kms:Put*\",\"kms:List*\",\"kms:ImportKeyMaterial\",\"kms:Get*\",\"kms:Enable*\",\"kms:Disable*\",\"kms:Describe*\",\"kms:Delete*\",\"kms:Create*\",\"kms:CancelKeyDeletion\"],\"Effect\":\"Allow\",\"Principal\":{\"AWS\":\"arn:aws:iam::889947746832:role/admin\"},\"Resource\":\"*\",\"Sid\":\"KeyAdministration\"},{\"Action\":[\"kms:ReEncrypt*\",\"kms:GenerateDataKey*\",\"kms:Encrypt\",\"kms:DescribeKey\",\"kms:Decrypt\"],\"Effect\":\"Allow\",\"Principal\":{\"AWS\":\"arn:aws:iam::889947746832:role/aerospike-on-eks-cluster-20240820113348327600000002\"},\"Resource\":\"*\",\"Sid\":\"KeyUsage\"}],\"Version\":\"2012-10-17\"}",
            "rotation_period_in_days": 365,
            "tags": {
              "Blueprint": "aerospike-on-eks",
              "GithubRepo": "github.com/awslabs/data-on-eks",
              "karpenter.sh/discovery": "aerospike-on-eks",
              "terraform-aws-modules": "eks"
            },
            "tags_all": {
              "Blueprint": "aerospike-on-eks",
              "GithubRepo": "github.com/awslabs/data-on-eks",
              "karpenter.sh/discovery": "aerospike-on-eks",
              "terraform-aws-modules": "eks"
            },
            "timeouts": null,
            "xks_key_id": ""
          },
          "sensitive_attributes": [],
          "private": "eyJlMmJmYjczMC1lY2FhLTExZTYtOGY4OC0zNDM2M2JjN2M0YzAiOnsiY3JlYXRlIjoxMjAwMDAwMDAwMDB9fQ==",
          "dependencies": [
            "module.eks.aws_iam_role.this",
            "module.eks.data.aws_caller_identity.current",
            "module.eks.data.aws_iam_policy_document.assume_role_policy",
            "module.eks.data.aws_iam_session_context.current",
            "module.eks.module.kms.data.aws_caller_identity.current",
            "module.eks.module.kms.data.aws_iam_policy_document.this",
            "module.eks.module.kms.data.aws_partition.current"
          ],
          "create_before_destroy": true
        }
      ]
    },
    {
      "module": "module.eks_blueprints_addons",
      "mode": "data",
      "type": "aws_caller_identity",
      "name": "current",
      "provider": "provider[\"registry.terraform.io/hashicorp/aws\"]",
      "instances": [
        {
          "schema_version": 0,
          "attributes": {
            "account_id": "889947746832",
            "arn": "arn:aws:sts::889947746832:assumed-role/admin/chrismld-Isengard",
            "id": "889947746832",
            "user_id": "AROA46NIE6IIDYJHZNCNC:chrismld-Isengard"
          },
          "sensitive_attributes": []
        }
      ]
    },
    {
      "module": "module.eks_blueprints_addons",
      "mode": "data",
      "type": "aws_eks_addon_version",
      "name": "this",
      "provider": "provider[\"registry.terraform.io/hashicorp/aws\"]",
      "instances": [
        {
          "index_key": "aws-ebs-csi-driver",
          "schema_version": 0,
          "attributes": {
            "addon_name": "aws-ebs-csi-driver",
            "id": "aws-ebs-csi-driver",
            "kubernetes_version": "1.30",
            "most_recent": true,
            "version": "v1.33.0-eksbuild.1"
          },
          "sensitive_attributes": []
        },
        {
          "index_key": "coredns",
          "schema_version": 0,
          "attributes": {
            "addon_name": "coredns",
            "id": "coredns",
            "kubernetes_version": "1.30",
            "most_recent": true,
            "version": "v1.11.1-eksbuild.11"
          },
          "sensitive_attributes": []
        },
        {
          "index_key": "kube-proxy",
          "schema_version": 0,
          "attributes": {
            "addon_name": "kube-proxy",
            "id": "kube-proxy",
            "kubernetes_version": "1.30",
            "most_recent": true,
            "version": "v1.30.3-eksbuild.2"
          },
          "sensitive_attributes": []
        },
        {
          "index_key": "vpc-cni",
          "schema_version": 0,
          "attributes": {
            "addon_name": "vpc-cni",
            "id": "vpc-cni",
            "kubernetes_version": "1.30",
            "most_recent": true,
            "version": "v1.18.3-eksbuild.2"
          },
          "sensitive_attributes": []
        }
      ]
    },
    {
      "module": "module.eks_blueprints_addons",
      "mode": "data",
      "type": "aws_iam_policy_document",
      "name": "cert_manager",
      "provider": "provider[\"registry.terraform.io/hashicorp/aws\"]",
      "instances": [
        {
          "index_key": 0,
          "schema_version": 0,
          "attributes": {
            "id": "3416383923",
            "json": "{\n  \"Version\": \"2012-10-17\",\n  \"Statement\": [\n    {\n      \"Effect\": \"Allow\",\n      \"Action\": \"route53:GetChange\",\n      \"Resource\": \"arn:aws:route53:::change/*\"\n    },\n    {\n      \"Effect\": \"Allow\",\n      \"Action\": [\n        \"route53:ListResourceRecordSets\",\n        \"route53:ChangeResourceRecordSets\"\n      ],\n      \"Resource\": \"arn:aws:route53:::hostedzone/*\"\n    },\n    {\n      \"Effect\": \"Allow\",\n      \"Action\": \"route53:ListHostedZonesByName\",\n      \"Resource\": \"*\"\n    }\n  ]\n}",
            "minified_json": "{\"Version\":\"2012-10-17\",\"Statement\":[{\"Effect\":\"Allow\",\"Action\":\"route53:GetChange\",\"Resource\":\"arn:aws:route53:::change/*\"},{\"Effect\":\"Allow\",\"Action\":[\"route53:ListResourceRecordSets\",\"route53:ChangeResourceRecordSets\"],\"Resource\":\"arn:aws:route53:::hostedzone/*\"},{\"Effect\":\"Allow\",\"Action\":\"route53:ListHostedZonesByName\",\"Resource\":\"*\"}]}",
            "override_json": null,
            "override_policy_documents": null,
            "policy_id": null,
            "source_json": null,
            "source_policy_documents": null,
            "statement": [
              {
                "actions": [
                  "route53:GetChange"
                ],
                "condition": [],
                "effect": "Allow",
                "not_actions": [],
                "not_principals": [],
                "not_resources": [],
                "principals": [],
                "resources": [
                  "arn:aws:route53:::change/*"
                ],
                "sid": ""
              },
              {
                "actions": [
                  "route53:ChangeResourceRecordSets",
                  "route53:ListResourceRecordSets"
                ],
                "condition": [],
                "effect": "Allow",
                "not_actions": [],
                "not_principals": [],
                "not_resources": [],
                "principals": [],
                "resources": [
                  "arn:aws:route53:::hostedzone/*"
                ],
                "sid": ""
              },
              {
                "actions": [
                  "route53:ListHostedZonesByName"
                ],
                "condition": [],
                "effect": "Allow",
                "not_actions": [],
                "not_principals": [],
                "not_resources": [],
                "principals": [],
                "resources": [
                  "*"
                ],
                "sid": ""
              }
            ],
            "version": "2012-10-17"
          },
          "sensitive_attributes": []
        }
      ]
    },
    {
      "module": "module.eks_blueprints_addons",
      "mode": "data",
      "type": "aws_iam_policy_document",
      "name": "karpenter",
      "provider": "provider[\"registry.terraform.io/hashicorp/aws\"]",
      "instances": [
        {
          "index_key": 0,
          "schema_version": 0,
          "attributes": {
            "id": "621423949",
            "json": "{\n  \"Version\": \"2012-10-17\",\n  \"Statement\": [\n    {\n      \"Effect\": \"Allow\",\n      \"Action\": [\n        \"ec2:DescribeSubnets\",\n        \"ec2:DescribeSpotPriceHistory\",\n        \"ec2:DescribeSecurityGroups\",\n        \"ec2:DescribeLaunchTemplates\",\n        \"ec2:DescribeInstances\",\n        \"ec2:DescribeInstanceTypes\",\n        \"ec2:DescribeInstanceTypeOfferings\",\n        \"ec2:DescribeImages\",\n        \"ec2:DescribeAvailabilityZones\"\n      ],\n      \"Resource\": \"*\"\n    },\n    {\n      \"Effect\": \"Allow\",\n      \"Action\": [\n        \"ec2:RunInstances\",\n        \"ec2:DeleteLaunchTemplate\",\n        \"ec2:CreateTags\",\n        \"ec2:CreateLaunchTemplate\",\n        \"ec2:CreateFleet\"\n      ],\n      \"Resource\": [\n        \"arn:aws:ec2:eu-west-1::image/*\",\n        \"arn:aws:ec2:eu-west-1:889947746832:*\"\n      ]\n    },\n    {\n      \"Effect\": \"Allow\",\n      \"Action\": \"iam:PassRole\",\n      \"Resource\": \"arn:aws:iam::889947746832:role/karpenter-aerospike-on-eks\"\n    },\n    {\n      \"Effect\": \"Allow\",\n      \"Action\": \"pricing:GetProducts\",\n      \"Resource\": \"*\"\n    },\n    {\n      \"Effect\": \"Allow\",\n      \"Action\": \"ssm:GetParameter\",\n      \"Resource\": \"arn:aws:ssm:eu-west-1::parameter/aws/service/*\"\n    },\n    {\n      \"Effect\": \"Allow\",\n      \"Action\": \"eks:DescribeCluster\",\n      \"Resource\": \"arn:aws:eks:*:889947746832:cluster/aerospike-on-eks\"\n    },\n    {\n      \"Effect\": \"Allow\",\n      \"Action\": \"ec2:TerminateInstances\",\n      \"Resource\": \"arn:aws:ec2:eu-west-1:889947746832:instance/*\",\n      \"Condition\": {\n        \"StringLike\": {\n          \"ec2:ResourceTag/kubernetes.io/cluster/aerospike-on-eks\": \"*\"\n        }\n      }\n    },\n    {\n      \"Effect\": \"Allow\",\n      \"Action\": [\n        \"sqs:ReceiveMessage\",\n        \"sqs:GetQueueUrl\",\n        \"sqs:GetQueueAttributes\",\n        \"sqs:DeleteMessage\"\n      ],\n      \"Resource\": \"arn:aws:sqs:eu-west-1:889947746832:karpenter-aerospike-on-eks\"\n    },\n    {\n      \"Effect\": \"Allow\",\n      \"Action\": [\n        \"iam:TagInstanceProfile\",\n        \"iam:RemoveRoleFromInstanceProfile\",\n        \"iam:GetInstanceProfile\",\n        \"iam:DeleteInstanceProfile\",\n        \"iam:CreateInstanceProfile\",\n        \"iam:AddRoleToInstanceProfile\"\n      ],\n      \"Resource\": \"*\"\n    }\n  ]\n}",
            "minified_json": "{\"Version\":\"2012-10-17\",\"Statement\":[{\"Effect\":\"Allow\",\"Action\":[\"ec2:DescribeSubnets\",\"ec2:DescribeSpotPriceHistory\",\"ec2:DescribeSecurityGroups\",\"ec2:DescribeLaunchTemplates\",\"ec2:DescribeInstances\",\"ec2:DescribeInstanceTypes\",\"ec2:DescribeInstanceTypeOfferings\",\"ec2:DescribeImages\",\"ec2:DescribeAvailabilityZones\"],\"Resource\":\"*\"},{\"Effect\":\"Allow\",\"Action\":[\"ec2:RunInstances\",\"ec2:DeleteLaunchTemplate\",\"ec2:CreateTags\",\"ec2:CreateLaunchTemplate\",\"ec2:CreateFleet\"],\"Resource\":[\"arn:aws:ec2:eu-west-1::image/*\",\"arn:aws:ec2:eu-west-1:889947746832:*\"]},{\"Effect\":\"Allow\",\"Action\":\"iam:PassRole\",\"Resource\":\"arn:aws:iam::889947746832:role/karpenter-aerospike-on-eks\"},{\"Effect\":\"Allow\",\"Action\":\"pricing:GetProducts\",\"Resource\":\"*\"},{\"Effect\":\"Allow\",\"Action\":\"ssm:GetParameter\",\"Resource\":\"arn:aws:ssm:eu-west-1::parameter/aws/service/*\"},{\"Effect\":\"Allow\",\"Action\":\"eks:DescribeCluster\",\"Resource\":\"arn:aws:eks:*:889947746832:cluster/aerospike-on-eks\"},{\"Effect\":\"Allow\",\"Action\":\"ec2:TerminateInstances\",\"Resource\":\"arn:aws:ec2:eu-west-1:889947746832:instance/*\",\"Condition\":{\"StringLike\":{\"ec2:ResourceTag/kubernetes.io/cluster/aerospike-on-eks\":\"*\"}}},{\"Effect\":\"Allow\",\"Action\":[\"sqs:ReceiveMessage\",\"sqs:GetQueueUrl\",\"sqs:GetQueueAttributes\",\"sqs:DeleteMessage\"],\"Resource\":\"arn:aws:sqs:eu-west-1:889947746832:karpenter-aerospike-on-eks\"},{\"Effect\":\"Allow\",\"Action\":[\"iam:TagInstanceProfile\",\"iam:RemoveRoleFromInstanceProfile\",\"iam:GetInstanceProfile\",\"iam:DeleteInstanceProfile\",\"iam:CreateInstanceProfile\",\"iam:AddRoleToInstanceProfile\"],\"Resource\":\"*\"}]}",
            "override_json": null,
            "override_policy_documents": null,
            "policy_id": null,
            "source_json": null,
            "source_policy_documents": null,
            "statement": [
              {
                "actions": [
                  "ec2:DescribeAvailabilityZones",
                  "ec2:DescribeImages",
                  "ec2:DescribeInstanceTypeOfferings",
                  "ec2:DescribeInstanceTypes",
                  "ec2:DescribeInstances",
                  "ec2:DescribeLaunchTemplates",
                  "ec2:DescribeSecurityGroups",
                  "ec2:DescribeSpotPriceHistory",
                  "ec2:DescribeSubnets"
                ],
                "condition": [],
                "effect": "Allow",
                "not_actions": [],
                "not_principals": [],
                "not_resources": [],
                "principals": [],
                "resources": [
                  "*"
                ],
                "sid": ""
              },
              {
                "actions": [
                  "ec2:CreateFleet",
                  "ec2:CreateLaunchTemplate",
                  "ec2:CreateTags",
                  "ec2:DeleteLaunchTemplate",
                  "ec2:RunInstances"
                ],
                "condition": [],
                "effect": "Allow",
                "not_actions": [],
                "not_principals": [],
                "not_resources": [],
                "principals": [],
                "resources": [
                  "arn:aws:ec2:eu-west-1:889947746832:*",
                  "arn:aws:ec2:eu-west-1::image/*"
                ],
                "sid": ""
              },
              {
                "actions": [
                  "iam:PassRole"
                ],
                "condition": [],
                "effect": "Allow",
                "not_actions": [],
                "not_principals": [],
                "not_resources": [],
                "principals": [],
                "resources": [
                  "arn:aws:iam::889947746832:role/karpenter-aerospike-on-eks"
                ],
                "sid": ""
              },
              {
                "actions": [
                  "pricing:GetProducts"
                ],
                "condition": [],
                "effect": "Allow",
                "not_actions": [],
                "not_principals": [],
                "not_resources": [],
                "principals": [],
                "resources": [
                  "*"
                ],
                "sid": ""
              },
              {
                "actions": [
                  "ssm:GetParameter"
                ],
                "condition": [],
                "effect": "Allow",
                "not_actions": [],
                "not_principals": [],
                "not_resources": [],
                "principals": [],
                "resources": [
                  "arn:aws:ssm:eu-west-1::parameter/aws/service/*"
                ],
                "sid": ""
              },
              {
                "actions": [
                  "eks:DescribeCluster"
                ],
                "condition": [],
                "effect": "Allow",
                "not_actions": [],
                "not_principals": [],
                "not_resources": [],
                "principals": [],
                "resources": [
                  "arn:aws:eks:*:889947746832:cluster/aerospike-on-eks"
                ],
                "sid": ""
              },
              {
                "actions": [
                  "ec2:TerminateInstances"
                ],
                "condition": [
                  {
                    "test": "StringLike",
                    "values": [
                      "*"
                    ],
                    "variable": "ec2:ResourceTag/kubernetes.io/cluster/aerospike-on-eks"
                  }
                ],
                "effect": "Allow",
                "not_actions": [],
                "not_principals": [],
                "not_resources": [],
                "principals": [],
                "resources": [
                  "arn:aws:ec2:eu-west-1:889947746832:instance/*"
                ],
                "sid": ""
              },
              {
                "actions": [
                  "sqs:DeleteMessage",
                  "sqs:GetQueueAttributes",
                  "sqs:GetQueueUrl",
                  "sqs:ReceiveMessage"
                ],
                "condition": [],
                "effect": "Allow",
                "not_actions": [],
                "not_principals": [],
                "not_resources": [],
                "principals": [],
                "resources": [
                  "arn:aws:sqs:eu-west-1:889947746832:karpenter-aerospike-on-eks"
                ],
                "sid": ""
              },
              {
                "actions": [
                  "iam:AddRoleToInstanceProfile",
                  "iam:CreateInstanceProfile",
                  "iam:DeleteInstanceProfile",
                  "iam:GetInstanceProfile",
                  "iam:RemoveRoleFromInstanceProfile",
                  "iam:TagInstanceProfile"
                ],
                "condition": [],
                "effect": "Allow",
                "not_actions": [],
                "not_principals": [],
                "not_resources": [],
                "principals": [],
                "resources": [
                  "*"
                ],
                "sid": ""
              }
            ],
            "version": "2012-10-17"
          },
          "sensitive_attributes": []
        }
      ]
    },
    {
      "module": "module.eks_blueprints_addons",
      "mode": "data",
      "type": "aws_iam_policy_document",
      "name": "karpenter_assume_role",
      "provider": "provider[\"registry.terraform.io/hashicorp/aws\"]",
      "instances": [
        {
          "index_key": 0,
          "schema_version": 0,
          "attributes": {
            "id": "106987850",
            "json": "{\n  \"Version\": \"2012-10-17\",\n  \"Statement\": [\n    {\n      \"Sid\": \"KarpenterNodeAssumeRole\",\n      \"Effect\": \"Allow\",\n      \"Action\": \"sts:AssumeRole\",\n      \"Principal\": {\n        \"Service\": \"ec2.amazonaws.com\"\n      }\n    }\n  ]\n}",
            "minified_json": "{\"Version\":\"2012-10-17\",\"Statement\":[{\"Sid\":\"KarpenterNodeAssumeRole\",\"Effect\":\"Allow\",\"Action\":\"sts:AssumeRole\",\"Principal\":{\"Service\":\"ec2.amazonaws.com\"}}]}",
            "override_json": null,
            "override_policy_documents": null,
            "policy_id": null,
            "source_json": null,
            "source_policy_documents": null,
            "statement": [
              {
                "actions": [
                  "sts:AssumeRole"
                ],
                "condition": [],
                "effect": "Allow",
                "not_actions": [],
                "not_principals": [],
                "not_resources": [],
                "principals": [
                  {
                    "identifiers": [
                      "ec2.amazonaws.com"
                    ],
                    "type": "Service"
                  }
                ],
                "resources": [],
                "sid": "KarpenterNodeAssumeRole"
              }
            ],
            "version": "2012-10-17"
          },
          "sensitive_attributes": []
        }
      ]
    },
    {
      "module": "module.eks_blueprints_addons",
      "mode": "data",
      "type": "aws_partition",
      "name": "current",
      "provider": "provider[\"registry.terraform.io/hashicorp/aws\"]",
      "instances": [
        {
          "schema_version": 0,
          "attributes": {
            "dns_suffix": "amazonaws.com",
            "id": "aws",
            "partition": "aws",
            "reverse_dns_prefix": "com.amazonaws"
          },
          "sensitive_attributes": []
        }
      ]
    },
    {
      "module": "module.eks_blueprints_addons",
      "mode": "data",
      "type": "aws_region",
      "name": "current",
      "provider": "provider[\"registry.terraform.io/hashicorp/aws\"]",
      "instances": [
        {
          "schema_version": 0,
          "attributes": {
            "description": "Europe (Ireland)",
            "endpoint": "ec2.eu-west-1.amazonaws.com",
            "id": "eu-west-1",
            "name": "eu-west-1"
          },
          "sensitive_attributes": []
        }
      ]
    },
    {
      "module": "module.eks_blueprints_addons",
      "mode": "managed",
      "type": "aws_cloudwatch_event_rule",
      "name": "karpenter",
      "provider": "provider[\"registry.terraform.io/hashicorp/aws\"]",
      "instances": [
        {
          "index_key": "health_event",
          "schema_version": 1,
          "attributes": {
            "arn": "arn:aws:events:eu-west-1:889947746832:rule/Karpenter-HealthEvent-20240820114841805300000003",
            "description": "AWS health event",
            "event_bus_name": "default",
            "event_pattern": "{\"detail-type\":[\"AWS Health Event\"],\"source\":[\"aws.health\"]}",
            "force_destroy": false,
            "id": "Karpenter-HealthEvent-20240820114841805300000003",
            "is_enabled": true,
            "name": "Karpenter-HealthEvent-20240820114841805300000003",
            "name_prefix": "Karpenter-HealthEvent-",
            "role_arn": "",
            "schedule_expression": "",
            "state": "ENABLED",
            "tags": {
              "ClusterName": "aerospike-on-eks"
            },
            "tags_all": {
              "ClusterName": "aerospike-on-eks"
            }
          },
          "sensitive_attributes": [],
          "private": "eyJzY2hlbWFfdmVyc2lvbiI6IjEifQ==",
          "dependencies": [
            "data.aws_availability_zones.available",
            "module.eks.aws_cloudwatch_log_group.this",
            "module.eks.aws_eks_access_entry.this",
            "module.eks.aws_eks_access_policy_association.this",
            "module.eks.aws_eks_cluster.this",
            "module.eks.aws_iam_policy.cni_ipv6_policy",
            "module.eks.aws_iam_role.this",
            "module.eks.aws_iam_role_policy_attachment.this",
            "module.eks.aws_security_group.cluster",
            "module.eks.aws_security_group.node",
            "module.eks.aws_security_group_rule.cluster",
            "module.eks.aws_security_group_rule.node",
            "module.eks.data.aws_caller_identity.current",
            "module.eks.data.aws_iam_policy_document.assume_role_policy",
            "module.eks.data.aws_iam_policy_document.cni_ipv6_policy",
            "module.eks.data.aws_iam_session_context.current",
            "module.eks.data.aws_partition.current",
            "module.eks.module.kms.aws_kms_external_key.this",
            "module.eks.module.kms.aws_kms_key.this",
            "module.eks.module.kms.aws_kms_replica_external_key.this",
            "module.eks.module.kms.aws_kms_replica_key.this",
            "module.eks.module.kms.data.aws_caller_identity.current",
            "module.eks.module.kms.data.aws_iam_policy_document.this",
            "module.eks.module.kms.data.aws_partition.current",
            "module.vpc.aws_subnet.private",
            "module.vpc.aws_vpc.this",
            "module.vpc.aws_vpc_ipv4_cidr_block_association.this"
          ]
        },
        {
          "index_key": "instance_rebalance",
          "schema_version": 1,
          "attributes": {
            "arn": "arn:aws:events:eu-west-1:889947746832:rule/Karpenter-InstanceRebalance-20240820114841804400000001",
            "description": "EC2 instance rebalance recommendation",
            "event_bus_name": "default",
            "event_pattern": "{\"detail-type\":[\"EC2 Instance Rebalance Recommendation\"],\"source\":[\"aws.ec2\"]}",
            "force_destroy": false,
            "id": "Karpenter-InstanceRebalance-20240820114841804400000001",
            "is_enabled": true,
            "name": "Karpenter-InstanceRebalance-20240820114841804400000001",
            "name_prefix": "Karpenter-InstanceRebalance-",
            "role_arn": "",
            "schedule_expression": "",
            "state": "ENABLED",
            "tags": {
              "ClusterName": "aerospike-on-eks"
            },
            "tags_all": {
              "ClusterName": "aerospike-on-eks"
            }
          },
          "sensitive_attributes": [],
          "private": "eyJzY2hlbWFfdmVyc2lvbiI6IjEifQ==",
          "dependencies": [
            "data.aws_availability_zones.available",
            "module.eks.aws_cloudwatch_log_group.this",
            "module.eks.aws_eks_access_entry.this",
            "module.eks.aws_eks_access_policy_association.this",
            "module.eks.aws_eks_cluster.this",
            "module.eks.aws_iam_policy.cni_ipv6_policy",
            "module.eks.aws_iam_role.this",
            "module.eks.aws_iam_role_policy_attachment.this",
            "module.eks.aws_security_group.cluster",
            "module.eks.aws_security_group.node",
            "module.eks.aws_security_group_rule.cluster",
            "module.eks.aws_security_group_rule.node",
            "module.eks.data.aws_caller_identity.current",
            "module.eks.data.aws_iam_policy_document.assume_role_policy",
            "module.eks.data.aws_iam_policy_document.cni_ipv6_policy",
            "module.eks.data.aws_iam_session_context.current",
            "module.eks.data.aws_partition.current",
            "module.eks.module.kms.aws_kms_external_key.this",
            "module.eks.module.kms.aws_kms_key.this",
            "module.eks.module.kms.aws_kms_replica_external_key.this",
            "module.eks.module.kms.aws_kms_replica_key.this",
            "module.eks.module.kms.data.aws_caller_identity.current",
            "module.eks.module.kms.data.aws_iam_policy_document.this",
            "module.eks.module.kms.data.aws_partition.current",
            "module.vpc.aws_subnet.private",
            "module.vpc.aws_vpc.this",
            "module.vpc.aws_vpc_ipv4_cidr_block_association.this"
          ]
        },
        {
          "index_key": "instance_state_change",
          "schema_version": 1,
          "attributes": {
            "arn": "arn:aws:events:eu-west-1:889947746832:rule/Karpenter-InstanceStateChange-20240820114841804900000002",
            "description": "EC2 instance state-change notification",
            "event_bus_name": "default",
            "event_pattern": "{\"detail-type\":[\"EC2 Instance State-change Notification\"],\"source\":[\"aws.ec2\"]}",
            "force_destroy": false,
            "id": "Karpenter-InstanceStateChange-20240820114841804900000002",
            "is_enabled": true,
            "name": "Karpenter-InstanceStateChange-20240820114841804900000002",
            "name_prefix": "Karpenter-InstanceStateChange-",
            "role_arn": "",
            "schedule_expression": "",
            "state": "ENABLED",
            "tags": {
              "ClusterName": "aerospike-on-eks"
            },
            "tags_all": {
              "ClusterName": "aerospike-on-eks"
            }
          },
          "sensitive_attributes": [],
          "private": "eyJzY2hlbWFfdmVyc2lvbiI6IjEifQ==",
          "dependencies": [
            "data.aws_availability_zones.available",
            "module.eks.aws_cloudwatch_log_group.this",
            "module.eks.aws_eks_access_entry.this",
            "module.eks.aws_eks_access_policy_association.this",
            "module.eks.aws_eks_cluster.this",
            "module.eks.aws_iam_policy.cni_ipv6_policy",
            "module.eks.aws_iam_role.this",
            "module.eks.aws_iam_role_policy_attachment.this",
            "module.eks.aws_security_group.cluster",
            "module.eks.aws_security_group.node",
            "module.eks.aws_security_group_rule.cluster",
            "module.eks.aws_security_group_rule.node",
            "module.eks.data.aws_caller_identity.current",
            "module.eks.data.aws_iam_policy_document.assume_role_policy",
            "module.eks.data.aws_iam_policy_document.cni_ipv6_policy",
            "module.eks.data.aws_iam_session_context.current",
            "module.eks.data.aws_partition.current",
            "module.eks.module.kms.aws_kms_external_key.this",
            "module.eks.module.kms.aws_kms_key.this",
            "module.eks.module.kms.aws_kms_replica_external_key.this",
            "module.eks.module.kms.aws_kms_replica_key.this",
            "module.eks.module.kms.data.aws_caller_identity.current",
            "module.eks.module.kms.data.aws_iam_policy_document.this",
            "module.eks.module.kms.data.aws_partition.current",
            "module.vpc.aws_subnet.private",
            "module.vpc.aws_vpc.this",
            "module.vpc.aws_vpc_ipv4_cidr_block_association.this"
          ]
        },
        {
          "index_key": "spot_interupt",
          "schema_version": 1,
          "attributes": {
            "arn": "arn:aws:events:eu-west-1:889947746832:rule/Karpenter-SpotInterrupt-20240820114841806700000005",
            "description": "EC2 spot instance interruption warning",
            "event_bus_name": "default",
            "event_pattern": "{\"detail-type\":[\"EC2 Spot Instance Interruption Warning\"],\"source\":[\"aws.ec2\"]}",
            "force_destroy": false,
            "id": "Karpenter-SpotInterrupt-20240820114841806700000005",
            "is_enabled": true,
            "name": "Karpenter-SpotInterrupt-20240820114841806700000005",
            "name_prefix": "Karpenter-SpotInterrupt-",
            "role_arn": "",
            "schedule_expression": "",
            "state": "ENABLED",
            "tags": {
              "ClusterName": "aerospike-on-eks"
            },
            "tags_all": {
              "ClusterName": "aerospike-on-eks"
            }
          },
          "sensitive_attributes": [],
          "private": "eyJzY2hlbWFfdmVyc2lvbiI6IjEifQ==",
          "dependencies": [
            "data.aws_availability_zones.available",
            "module.eks.aws_cloudwatch_log_group.this",
            "module.eks.aws_eks_access_entry.this",
            "module.eks.aws_eks_access_policy_association.this",
            "module.eks.aws_eks_cluster.this",
            "module.eks.aws_iam_policy.cni_ipv6_policy",
            "module.eks.aws_iam_role.this",
            "module.eks.aws_iam_role_policy_attachment.this",
            "module.eks.aws_security_group.cluster",
            "module.eks.aws_security_group.node",
            "module.eks.aws_security_group_rule.cluster",
            "module.eks.aws_security_group_rule.node",
            "module.eks.data.aws_caller_identity.current",
            "module.eks.data.aws_iam_policy_document.assume_role_policy",
            "module.eks.data.aws_iam_policy_document.cni_ipv6_policy",
            "module.eks.data.aws_iam_session_context.current",
            "module.eks.data.aws_partition.current",
            "module.eks.module.kms.aws_kms_external_key.this",
            "module.eks.module.kms.aws_kms_key.this",
            "module.eks.module.kms.aws_kms_replica_external_key.this",
            "module.eks.module.kms.aws_kms_replica_key.this",
            "module.eks.module.kms.data.aws_caller_identity.current",
            "module.eks.module.kms.data.aws_iam_policy_document.this",
            "module.eks.module.kms.data.aws_partition.current",
            "module.vpc.aws_subnet.private",
            "module.vpc.aws_vpc.this",
            "module.vpc.aws_vpc_ipv4_cidr_block_association.this"
          ]
        }
      ]
    },
    {
      "module": "module.eks_blueprints_addons",
      "mode": "managed",
      "type": "aws_cloudwatch_event_target",
      "name": "karpenter",
      "provider": "provider[\"registry.terraform.io/hashicorp/aws\"]",
      "instances": [
        {
          "index_key": "health_event",
          "schema_version": 1,
          "attributes": {
            "arn": "arn:aws:sqs:eu-west-1:889947746832:karpenter-aerospike-on-eks",
            "batch_target": [],
            "dead_letter_config": [],
            "ecs_target": [],
            "event_bus_name": "default",
            "force_destroy": false,
            "http_target": [],
            "id": "Karpenter-HealthEvent-20240820114841805300000003-KarpenterQueueTarget",
            "input": "",
            "input_path": "",
            "input_transformer": [],
            "kinesis_target": [],
            "redshift_target": [],
            "retry_policy": [],
            "role_arn": "",
            "rule": "Karpenter-HealthEvent-20240820114841805300000003",
            "run_command_targets": [],
            "sagemaker_pipeline_target": [],
            "sqs_target": [],
            "target_id": "KarpenterQueueTarget"
          },
          "sensitive_attributes": [],
          "private": "eyJzY2hlbWFfdmVyc2lvbiI6IjEifQ==",
          "dependencies": [
            "data.aws_availability_zones.available",
            "module.eks.aws_cloudwatch_log_group.this",
            "module.eks.aws_eks_access_entry.this",
            "module.eks.aws_eks_access_policy_association.this",
            "module.eks.aws_eks_cluster.this",
            "module.eks.aws_iam_policy.cni_ipv6_policy",
            "module.eks.aws_iam_role.this",
            "module.eks.aws_iam_role_policy_attachment.this",
            "module.eks.aws_security_group.cluster",
            "module.eks.aws_security_group.node",
            "module.eks.aws_security_group_rule.cluster",
            "module.eks.aws_security_group_rule.node",
            "module.eks.data.aws_caller_identity.current",
            "module.eks.data.aws_iam_policy_document.assume_role_policy",
            "module.eks.data.aws_iam_policy_document.cni_ipv6_policy",
            "module.eks.data.aws_iam_session_context.current",
            "module.eks.data.aws_partition.current",
            "module.eks.module.kms.aws_kms_external_key.this",
            "module.eks.module.kms.aws_kms_key.this",
            "module.eks.module.kms.aws_kms_replica_external_key.this",
            "module.eks.module.kms.aws_kms_replica_key.this",
            "module.eks.module.kms.data.aws_caller_identity.current",
            "module.eks.module.kms.data.aws_iam_policy_document.this",
            "module.eks.module.kms.data.aws_partition.current",
            "module.eks_blueprints_addons.aws_cloudwatch_event_rule.karpenter",
            "module.eks_blueprints_addons.module.karpenter_sqs.aws_sqs_queue.this",
            "module.vpc.aws_subnet.private",
            "module.vpc.aws_vpc.this",
            "module.vpc.aws_vpc_ipv4_cidr_block_association.this"
          ]
        },
        {
          "index_key": "instance_rebalance",
          "schema_version": 1,
          "attributes": {
            "arn": "arn:aws:sqs:eu-west-1:889947746832:karpenter-aerospike-on-eks",
            "batch_target": [],
            "dead_letter_config": [],
            "ecs_target": [],
            "event_bus_name": "default",
            "force_destroy": false,
            "http_target": [],
            "id": "Karpenter-InstanceRebalance-20240820114841804400000001-KarpenterQueueTarget",
            "input": "",
            "input_path": "",
            "input_transformer": [],
            "kinesis_target": [],
            "redshift_target": [],
            "retry_policy": [],
            "role_arn": "",
            "rule": "Karpenter-InstanceRebalance-20240820114841804400000001",
            "run_command_targets": [],
            "sagemaker_pipeline_target": [],
            "sqs_target": [],
            "target_id": "KarpenterQueueTarget"
          },
          "sensitive_attributes": [],
          "private": "eyJzY2hlbWFfdmVyc2lvbiI6IjEifQ==",
          "dependencies": [
            "data.aws_availability_zones.available",
            "module.eks.aws_cloudwatch_log_group.this",
            "module.eks.aws_eks_access_entry.this",
            "module.eks.aws_eks_access_policy_association.this",
            "module.eks.aws_eks_cluster.this",
            "module.eks.aws_iam_policy.cni_ipv6_policy",
            "module.eks.aws_iam_role.this",
            "module.eks.aws_iam_role_policy_attachment.this",
            "module.eks.aws_security_group.cluster",
            "module.eks.aws_security_group.node",
            "module.eks.aws_security_group_rule.cluster",
            "module.eks.aws_security_group_rule.node",
            "module.eks.data.aws_caller_identity.current",
            "module.eks.data.aws_iam_policy_document.assume_role_policy",
            "module.eks.data.aws_iam_policy_document.cni_ipv6_policy",
            "module.eks.data.aws_iam_session_context.current",
            "module.eks.data.aws_partition.current",
            "module.eks.module.kms.aws_kms_external_key.this",
            "module.eks.module.kms.aws_kms_key.this",
            "module.eks.module.kms.aws_kms_replica_external_key.this",
            "module.eks.module.kms.aws_kms_replica_key.this",
            "module.eks.module.kms.data.aws_caller_identity.current",
            "module.eks.module.kms.data.aws_iam_policy_document.this",
            "module.eks.module.kms.data.aws_partition.current",
            "module.eks_blueprints_addons.aws_cloudwatch_event_rule.karpenter",
            "module.eks_blueprints_addons.module.karpenter_sqs.aws_sqs_queue.this",
            "module.vpc.aws_subnet.private",
            "module.vpc.aws_vpc.this",
            "module.vpc.aws_vpc_ipv4_cidr_block_association.this"
          ]
        },
        {
          "index_key": "instance_state_change",
          "schema_version": 1,
          "attributes": {
            "arn": "arn:aws:sqs:eu-west-1:889947746832:karpenter-aerospike-on-eks",
            "batch_target": [],
            "dead_letter_config": [],
            "ecs_target": [],
            "event_bus_name": "default",
            "force_destroy": false,
            "http_target": [],
            "id": "Karpenter-InstanceStateChange-20240820114841804900000002-KarpenterQueueTarget",
            "input": "",
            "input_path": "",
            "input_transformer": [],
            "kinesis_target": [],
            "redshift_target": [],
            "retry_policy": [],
            "role_arn": "",
            "rule": "Karpenter-InstanceStateChange-20240820114841804900000002",
            "run_command_targets": [],
            "sagemaker_pipeline_target": [],
            "sqs_target": [],
            "target_id": "KarpenterQueueTarget"
          },
          "sensitive_attributes": [],
          "private": "eyJzY2hlbWFfdmVyc2lvbiI6IjEifQ==",
          "dependencies": [
            "data.aws_availability_zones.available",
            "module.eks.aws_cloudwatch_log_group.this",
            "module.eks.aws_eks_access_entry.this",
            "module.eks.aws_eks_access_policy_association.this",
            "module.eks.aws_eks_cluster.this",
            "module.eks.aws_iam_policy.cni_ipv6_policy",
            "module.eks.aws_iam_role.this",
            "module.eks.aws_iam_role_policy_attachment.this",
            "module.eks.aws_security_group.cluster",
            "module.eks.aws_security_group.node",
            "module.eks.aws_security_group_rule.cluster",
            "module.eks.aws_security_group_rule.node",
            "module.eks.data.aws_caller_identity.current",
            "module.eks.data.aws_iam_policy_document.assume_role_policy",
            "module.eks.data.aws_iam_policy_document.cni_ipv6_policy",
            "module.eks.data.aws_iam_session_context.current",
            "module.eks.data.aws_partition.current",
            "module.eks.module.kms.aws_kms_external_key.this",
            "module.eks.module.kms.aws_kms_key.this",
            "module.eks.module.kms.aws_kms_replica_external_key.this",
            "module.eks.module.kms.aws_kms_replica_key.this",
            "module.eks.module.kms.data.aws_caller_identity.current",
            "module.eks.module.kms.data.aws_iam_policy_document.this",
            "module.eks.module.kms.data.aws_partition.current",
            "module.eks_blueprints_addons.aws_cloudwatch_event_rule.karpenter",
            "module.eks_blueprints_addons.module.karpenter_sqs.aws_sqs_queue.this",
            "module.vpc.aws_subnet.private",
            "module.vpc.aws_vpc.this",
            "module.vpc.aws_vpc_ipv4_cidr_block_association.this"
          ]
        },
        {
          "index_key": "spot_interupt",
          "schema_version": 1,
          "attributes": {
            "arn": "arn:aws:sqs:eu-west-1:889947746832:karpenter-aerospike-on-eks",
            "batch_target": [],
            "dead_letter_config": [],
            "ecs_target": [],
            "event_bus_name": "default",
            "force_destroy": false,
            "http_target": [],
            "id": "Karpenter-SpotInterrupt-20240820114841806700000005-KarpenterQueueTarget",
            "input": "",
            "input_path": "",
            "input_transformer": [],
            "kinesis_target": [],
            "redshift_target": [],
            "retry_policy": [],
            "role_arn": "",
            "rule": "Karpenter-SpotInterrupt-20240820114841806700000005",
            "run_command_targets": [],
            "sagemaker_pipeline_target": [],
            "sqs_target": [],
            "target_id": "KarpenterQueueTarget"
          },
          "sensitive_attributes": [],
          "private": "eyJzY2hlbWFfdmVyc2lvbiI6IjEifQ==",
          "dependencies": [
            "data.aws_availability_zones.available",
            "module.eks.aws_cloudwatch_log_group.this",
            "module.eks.aws_eks_access_entry.this",
            "module.eks.aws_eks_access_policy_association.this",
            "module.eks.aws_eks_cluster.this",
            "module.eks.aws_iam_policy.cni_ipv6_policy",
            "module.eks.aws_iam_role.this",
            "module.eks.aws_iam_role_policy_attachment.this",
            "module.eks.aws_security_group.cluster",
            "module.eks.aws_security_group.node",
            "module.eks.aws_security_group_rule.cluster",
            "module.eks.aws_security_group_rule.node",
            "module.eks.data.aws_caller_identity.current",
            "module.eks.data.aws_iam_policy_document.assume_role_policy",
            "module.eks.data.aws_iam_policy_document.cni_ipv6_policy",
            "module.eks.data.aws_iam_session_context.current",
            "module.eks.data.aws_partition.current",
            "module.eks.module.kms.aws_kms_external_key.this",
            "module.eks.module.kms.aws_kms_key.this",
            "module.eks.module.kms.aws_kms_replica_external_key.this",
            "module.eks.module.kms.aws_kms_replica_key.this",
            "module.eks.module.kms.data.aws_caller_identity.current",
            "module.eks.module.kms.data.aws_iam_policy_document.this",
            "module.eks.module.kms.data.aws_partition.current",
            "module.eks_blueprints_addons.aws_cloudwatch_event_rule.karpenter",
            "module.eks_blueprints_addons.module.karpenter_sqs.aws_sqs_queue.this",
            "module.vpc.aws_subnet.private",
            "module.vpc.aws_vpc.this",
            "module.vpc.aws_vpc_ipv4_cidr_block_association.this"
          ]
        }
      ]
    },
    {
      "module": "module.eks_blueprints_addons",
      "mode": "managed",
      "type": "aws_eks_addon",
      "name": "this",
      "provider": "provider[\"registry.terraform.io/hashicorp/aws\"]",
      "instances": [
        {
          "index_key": "aws-ebs-csi-driver",
          "schema_version": 0,
          "attributes": {
            "addon_name": "aws-ebs-csi-driver",
            "addon_version": "v1.33.0-eksbuild.1",
            "arn": "arn:aws:eks:eu-west-1:889947746832:addon/aerospike-on-eks/aws-ebs-csi-driver/b2c8b7cf-4f7a-ddac-cae8-a26d1d3b29ca",
            "cluster_name": "aerospike-on-eks",
            "configuration_values": "",
            "created_at": "2024-08-20T11:49:12Z",
            "id": "aerospike-on-eks:aws-ebs-csi-driver",
            "modified_at": "2024-08-20T11:50:00Z",
            "preserve": true,
            "resolve_conflicts": null,
            "resolve_conflicts_on_create": "OVERWRITE",
            "resolve_conflicts_on_update": "OVERWRITE",
            "service_account_role_arn": "arn:aws:iam::889947746832:role/aerospike-on-eks-ebs-csi-driver-20240820114816424600000001",
            "tags": {},
            "tags_all": {},
            "timeouts": {
              "create": null,
              "delete": null,
              "update": null
            }
          },
          "sensitive_attributes": [],
          "private": "eyJlMmJmYjczMC1lY2FhLTExZTYtOGY4OC0zNDM2M2JjN2M0YzAiOnsiY3JlYXRlIjoxMjAwMDAwMDAwMDAwLCJkZWxldGUiOjI0MDAwMDAwMDAwMDAsInVwZGF0ZSI6MTIwMDAwMDAwMDAwMH19",
          "dependencies": [
            "data.aws_availability_zones.available",
            "data.aws_eks_cluster_auth.this",
            "module.ebs_csi_driver_irsa.aws_iam_role.this",
            "module.ebs_csi_driver_irsa.data.aws_caller_identity.current",
            "module.ebs_csi_driver_irsa.data.aws_iam_policy_document.this",
            "module.ebs_csi_driver_irsa.data.aws_partition.current",
            "module.eks.aws_cloudwatch_log_group.this",
            "module.eks.aws_eks_access_entry.this",
            "module.eks.aws_eks_access_policy_association.this",
            "module.eks.aws_eks_cluster.this",
            "module.eks.aws_iam_openid_connect_provider.oidc_provider",
            "module.eks.aws_iam_policy.cni_ipv6_policy",
            "module.eks.aws_iam_role.this",
            "module.eks.aws_iam_role_policy_attachment.this",
            "module.eks.aws_security_group.cluster",
            "module.eks.aws_security_group.node",
            "module.eks.aws_security_group_rule.cluster",
            "module.eks.aws_security_group_rule.node",
            "module.eks.data.aws_caller_identity.current",
            "module.eks.data.aws_iam_policy_document.assume_role_policy",
            "module.eks.data.aws_iam_policy_document.cni_ipv6_policy",
            "module.eks.data.aws_iam_session_context.current",
            "module.eks.data.aws_partition.current",
            "module.eks.data.tls_certificate.this",
            "module.eks.module.kms.aws_kms_external_key.this",
            "module.eks.module.kms.aws_kms_key.this",
            "module.eks.module.kms.aws_kms_replica_external_key.this",
            "module.eks.module.kms.aws_kms_replica_key.this",
            "module.eks.module.kms.data.aws_caller_identity.current",
            "module.eks.module.kms.data.aws_iam_policy_document.this",
            "module.eks.module.kms.data.aws_partition.current",
            "module.eks_blueprints_addons.data.aws_eks_addon_version.this",
            "module.eks_blueprints_addons.module.cert_manager.aws_iam_role.this",
            "module.eks_blueprints_addons.module.cert_manager.data.aws_caller_identity.current",
            "module.eks_blueprints_addons.module.cert_manager.data.aws_iam_policy_document.assume",
            "module.eks_blueprints_addons.module.cert_manager.data.aws_partition.current",
            "module.eks_blueprints_addons.module.cert_manager.helm_release.this",
            "module.eks_blueprints_addons.time_sleep.this",
            "module.vpc.aws_subnet.private",
            "module.vpc.aws_vpc.this",
            "module.vpc.aws_vpc_ipv4_cidr_block_association.this"
          ]
        },
        {
          "index_key": "coredns",
          "schema_version": 0,
          "attributes": {
            "addon_name": "coredns",
            "addon_version": "v1.11.1-eksbuild.11",
            "arn": "arn:aws:eks:eu-west-1:889947746832:addon/aerospike-on-eks/coredns/c0c8b7cf-4f80-d781-689a-a55ac20c461a",
            "cluster_name": "aerospike-on-eks",
            "configuration_values": "",
            "created_at": "2024-08-20T11:49:12Z",
            "id": "aerospike-on-eks:coredns",
            "modified_at": "2024-08-20T11:49:54Z",
            "preserve": true,
            "resolve_conflicts": null,
            "resolve_conflicts_on_create": "OVERWRITE",
            "resolve_conflicts_on_update": "OVERWRITE",
            "service_account_role_arn": "",
            "tags": {},
            "tags_all": {},
            "timeouts": {
              "create": null,
              "delete": null,
              "update": null
            }
          },
          "sensitive_attributes": [],
          "private": "eyJlMmJmYjczMC1lY2FhLTExZTYtOGY4OC0zNDM2M2JjN2M0YzAiOnsiY3JlYXRlIjoxMjAwMDAwMDAwMDAwLCJkZWxldGUiOjI0MDAwMDAwMDAwMDAsInVwZGF0ZSI6MTIwMDAwMDAwMDAwMH19",
          "dependencies": [
            "data.aws_availability_zones.available",
            "data.aws_eks_cluster_auth.this",
            "module.ebs_csi_driver_irsa.aws_iam_role.this",
            "module.ebs_csi_driver_irsa.data.aws_caller_identity.current",
            "module.ebs_csi_driver_irsa.data.aws_iam_policy_document.this",
            "module.ebs_csi_driver_irsa.data.aws_partition.current",
            "module.eks.aws_cloudwatch_log_group.this",
            "module.eks.aws_eks_access_entry.this",
            "module.eks.aws_eks_access_policy_association.this",
            "module.eks.aws_eks_cluster.this",
            "module.eks.aws_iam_openid_connect_provider.oidc_provider",
            "module.eks.aws_iam_policy.cni_ipv6_policy",
            "module.eks.aws_iam_role.this",
            "module.eks.aws_iam_role_policy_attachment.this",
            "module.eks.aws_security_group.cluster",
            "module.eks.aws_security_group.node",
            "module.eks.aws_security_group_rule.cluster",
            "module.eks.aws_security_group_rule.node",
            "module.eks.data.aws_caller_identity.current",
            "module.eks.data.aws_iam_policy_document.assume_role_policy",
            "module.eks.data.aws_iam_policy_document.cni_ipv6_policy",
            "module.eks.data.aws_iam_session_context.current",
            "module.eks.data.aws_partition.current",
            "module.eks.data.tls_certificate.this",
            "module.eks.module.kms.aws_kms_external_key.this",
            "module.eks.module.kms.aws_kms_key.this",
            "module.eks.module.kms.aws_kms_replica_external_key.this",
            "module.eks.module.kms.aws_kms_replica_key.this",
            "module.eks.module.kms.data.aws_caller_identity.current",
            "module.eks.module.kms.data.aws_iam_policy_document.this",
            "module.eks.module.kms.data.aws_partition.current",
            "module.eks_blueprints_addons.data.aws_eks_addon_version.this",
            "module.eks_blueprints_addons.module.cert_manager.aws_iam_role.this",
            "module.eks_blueprints_addons.module.cert_manager.data.aws_caller_identity.current",
            "module.eks_blueprints_addons.module.cert_manager.data.aws_iam_policy_document.assume",
            "module.eks_blueprints_addons.module.cert_manager.data.aws_partition.current",
            "module.eks_blueprints_addons.module.cert_manager.helm_release.this",
            "module.eks_blueprints_addons.time_sleep.this",
            "module.vpc.aws_subnet.private",
            "module.vpc.aws_vpc.this",
            "module.vpc.aws_vpc_ipv4_cidr_block_association.this"
          ]
        },
        {
          "index_key": "kube-proxy",
          "schema_version": 0,
          "attributes": {
            "addon_name": "kube-proxy",
            "addon_version": "v1.30.3-eksbuild.2",
            "arn": "arn:aws:eks:eu-west-1:889947746832:addon/aerospike-on-eks/kube-proxy/c0c8b7cf-4f80-6449-e8de-b58204849654",
            "cluster_name": "aerospike-on-eks",
            "configuration_values": "",
            "created_at": "2024-08-20T11:49:12Z",
            "id": "aerospike-on-eks:kube-proxy",
            "modified_at": "2024-08-20T11:49:49Z",
            "preserve": true,
            "resolve_conflicts": null,
            "resolve_conflicts_on_create": "OVERWRITE",
            "resolve_conflicts_on_update": "OVERWRITE",
            "service_account_role_arn": "",
            "tags": {},
            "tags_all": {},
            "timeouts": {
              "create": null,
              "delete": null,
              "update": null
            }
          },
          "sensitive_attributes": [],
          "private": "eyJlMmJmYjczMC1lY2FhLTExZTYtOGY4OC0zNDM2M2JjN2M0YzAiOnsiY3JlYXRlIjoxMjAwMDAwMDAwMDAwLCJkZWxldGUiOjI0MDAwMDAwMDAwMDAsInVwZGF0ZSI6MTIwMDAwMDAwMDAwMH19",
          "dependencies": [
            "data.aws_availability_zones.available",
            "data.aws_eks_cluster_auth.this",
            "module.ebs_csi_driver_irsa.aws_iam_role.this",
            "module.ebs_csi_driver_irsa.data.aws_caller_identity.current",
            "module.ebs_csi_driver_irsa.data.aws_iam_policy_document.this",
            "module.ebs_csi_driver_irsa.data.aws_partition.current",
            "module.eks.aws_cloudwatch_log_group.this",
            "module.eks.aws_eks_access_entry.this",
            "module.eks.aws_eks_access_policy_association.this",
            "module.eks.aws_eks_cluster.this",
            "module.eks.aws_iam_openid_connect_provider.oidc_provider",
            "module.eks.aws_iam_policy.cni_ipv6_policy",
            "module.eks.aws_iam_role.this",
            "module.eks.aws_iam_role_policy_attachment.this",
            "module.eks.aws_security_group.cluster",
            "module.eks.aws_security_group.node",
            "module.eks.aws_security_group_rule.cluster",
            "module.eks.aws_security_group_rule.node",
            "module.eks.data.aws_caller_identity.current",
            "module.eks.data.aws_iam_policy_document.assume_role_policy",
            "module.eks.data.aws_iam_policy_document.cni_ipv6_policy",
            "module.eks.data.aws_iam_session_context.current",
            "module.eks.data.aws_partition.current",
            "module.eks.data.tls_certificate.this",
            "module.eks.module.kms.aws_kms_external_key.this",
            "module.eks.module.kms.aws_kms_key.this",
            "module.eks.module.kms.aws_kms_replica_external_key.this",
            "module.eks.module.kms.aws_kms_replica_key.this",
            "module.eks.module.kms.data.aws_caller_identity.current",
            "module.eks.module.kms.data.aws_iam_policy_document.this",
            "module.eks.module.kms.data.aws_partition.current",
            "module.eks_blueprints_addons.data.aws_eks_addon_version.this",
            "module.eks_blueprints_addons.module.cert_manager.aws_iam_role.this",
            "module.eks_blueprints_addons.module.cert_manager.data.aws_caller_identity.current",
            "module.eks_blueprints_addons.module.cert_manager.data.aws_iam_policy_document.assume",
            "module.eks_blueprints_addons.module.cert_manager.data.aws_partition.current",
            "module.eks_blueprints_addons.module.cert_manager.helm_release.this",
            "module.eks_blueprints_addons.time_sleep.this",
            "module.vpc.aws_subnet.private",
            "module.vpc.aws_vpc.this",
            "module.vpc.aws_vpc_ipv4_cidr_block_association.this"
          ]
        },
        {
          "index_key": "vpc-cni",
          "schema_version": 0,
          "attributes": {
            "addon_name": "vpc-cni",
            "addon_version": "v1.18.3-eksbuild.2",
            "arn": "arn:aws:eks:eu-west-1:889947746832:addon/aerospike-on-eks/vpc-cni/fcc8b7cf-4f82-adcc-c35d-2da30a1a2e90",
            "cluster_name": "aerospike-on-eks",
            "configuration_values": "",
            "created_at": "2024-08-20T11:49:12Z",
            "id": "aerospike-on-eks:vpc-cni",
            "modified_at": "2024-08-20T11:49:50Z",
            "preserve": true,
            "resolve_conflicts": null,
            "resolve_conflicts_on_create": "OVERWRITE",
            "resolve_conflicts_on_update": "OVERWRITE",
            "service_account_role_arn": "",
            "tags": {},
            "tags_all": {},
            "timeouts": {
              "create": null,
              "delete": null,
              "update": null
            }
          },
          "sensitive_attributes": [],
          "private": "eyJlMmJmYjczMC1lY2FhLTExZTYtOGY4OC0zNDM2M2JjN2M0YzAiOnsiY3JlYXRlIjoxMjAwMDAwMDAwMDAwLCJkZWxldGUiOjI0MDAwMDAwMDAwMDAsInVwZGF0ZSI6MTIwMDAwMDAwMDAwMH19",
          "dependencies": [
            "data.aws_availability_zones.available",
            "data.aws_eks_cluster_auth.this",
            "module.ebs_csi_driver_irsa.aws_iam_role.this",
            "module.ebs_csi_driver_irsa.data.aws_caller_identity.current",
            "module.ebs_csi_driver_irsa.data.aws_iam_policy_document.this",
            "module.ebs_csi_driver_irsa.data.aws_partition.current",
            "module.eks.aws_cloudwatch_log_group.this",
            "module.eks.aws_eks_access_entry.this",
            "module.eks.aws_eks_access_policy_association.this",
            "module.eks.aws_eks_cluster.this",
            "module.eks.aws_iam_openid_connect_provider.oidc_provider",
            "module.eks.aws_iam_policy.cni_ipv6_policy",
            "module.eks.aws_iam_role.this",
            "module.eks.aws_iam_role_policy_attachment.this",
            "module.eks.aws_security_group.cluster",
            "module.eks.aws_security_group.node",
            "module.eks.aws_security_group_rule.cluster",
            "module.eks.aws_security_group_rule.node",
            "module.eks.data.aws_caller_identity.current",
            "module.eks.data.aws_iam_policy_document.assume_role_policy",
            "module.eks.data.aws_iam_policy_document.cni_ipv6_policy",
            "module.eks.data.aws_iam_session_context.current",
            "module.eks.data.aws_partition.current",
            "module.eks.data.tls_certificate.this",
            "module.eks.module.kms.aws_kms_external_key.this",
            "module.eks.module.kms.aws_kms_key.this",
            "module.eks.module.kms.aws_kms_replica_external_key.this",
            "module.eks.module.kms.aws_kms_replica_key.this",
            "module.eks.module.kms.data.aws_caller_identity.current",
            "module.eks.module.kms.data.aws_iam_policy_document.this",
            "module.eks.module.kms.data.aws_partition.current",
            "module.eks_blueprints_addons.data.aws_eks_addon_version.this",
            "module.eks_blueprints_addons.module.cert_manager.aws_iam_role.this",
            "module.eks_blueprints_addons.module.cert_manager.data.aws_caller_identity.current",
            "module.eks_blueprints_addons.module.cert_manager.data.aws_iam_policy_document.assume",
            "module.eks_blueprints_addons.module.cert_manager.data.aws_partition.current",
            "module.eks_blueprints_addons.module.cert_manager.helm_release.this",
            "module.eks_blueprints_addons.time_sleep.this",
            "module.vpc.aws_subnet.private",
            "module.vpc.aws_vpc.this",
            "module.vpc.aws_vpc_ipv4_cidr_block_association.this"
          ]
        }
      ]
    },
    {
      "module": "module.eks_blueprints_addons",
      "mode": "managed",
      "type": "aws_iam_instance_profile",
      "name": "karpenter",
      "provider": "provider[\"registry.terraform.io/hashicorp/aws\"]",
      "instances": [
        {
          "index_key": 0,
          "schema_version": 0,
          "attributes": {
            "arn": "arn:aws:iam::889947746832:instance-profile/karpenter-aerospike-on-eks",
            "create_date": "2024-08-20T11:48:43Z",
            "id": "karpenter-aerospike-on-eks",
            "name": "karpenter-aerospike-on-eks",
            "name_prefix": "",
            "path": "/",
            "role": "karpenter-aerospike-on-eks",
            "tags": {},
            "tags_all": {},
            "unique_id": "AIPA46NIE6IIAODZL6EIX"
          },
          "sensitive_attributes": [],
          "private": "bnVsbA==",
          "dependencies": [
            "data.aws_availability_zones.available",
            "module.eks.aws_cloudwatch_log_group.this",
            "module.eks.aws_eks_access_entry.this",
            "module.eks.aws_eks_access_policy_association.this",
            "module.eks.aws_eks_cluster.this",
            "module.eks.aws_iam_policy.cni_ipv6_policy",
            "module.eks.aws_iam_role.this",
            "module.eks.aws_iam_role_policy_attachment.this",
            "module.eks.aws_security_group.cluster",
            "module.eks.aws_security_group.node",
            "module.eks.aws_security_group_rule.cluster",
            "module.eks.aws_security_group_rule.node",
            "module.eks.data.aws_caller_identity.current",
            "module.eks.data.aws_iam_policy_document.assume_role_policy",
            "module.eks.data.aws_iam_policy_document.cni_ipv6_policy",
            "module.eks.data.aws_iam_session_context.current",
            "module.eks.data.aws_partition.current",
            "module.eks.module.kms.aws_kms_external_key.this",
            "module.eks.module.kms.aws_kms_key.this",
            "module.eks.module.kms.aws_kms_replica_external_key.this",
            "module.eks.module.kms.aws_kms_replica_key.this",
            "module.eks.module.kms.data.aws_caller_identity.current",
            "module.eks.module.kms.data.aws_iam_policy_document.this",
            "module.eks.module.kms.data.aws_partition.current",
            "module.eks_blueprints_addons.aws_iam_role.karpenter",
            "module.eks_blueprints_addons.data.aws_iam_policy_document.karpenter_assume_role",
            "module.vpc.aws_subnet.private",
            "module.vpc.aws_vpc.this",
            "module.vpc.aws_vpc_ipv4_cidr_block_association.this"
          ]
        }
      ]
    },
    {
      "module": "module.eks_blueprints_addons",
      "mode": "managed",
      "type": "aws_iam_role",
      "name": "karpenter",
      "provider": "provider[\"registry.terraform.io/hashicorp/aws\"]",
      "instances": [
        {
          "index_key": 0,
          "schema_version": 0,
          "attributes": {
            "arn": "arn:aws:iam::889947746832:role/karpenter-aerospike-on-eks",
            "assume_role_policy": "{\"Statement\":[{\"Action\":\"sts:AssumeRole\",\"Effect\":\"Allow\",\"Principal\":{\"Service\":\"ec2.amazonaws.com\"},\"Sid\":\"KarpenterNodeAssumeRole\"}],\"Version\":\"2012-10-17\"}",
            "create_date": "2024-08-20T11:48:42Z",
            "description": "Karpenter EC2 node IAM role",
            "force_detach_policies": true,
            "id": "karpenter-aerospike-on-eks",
            "inline_policy": [],
            "managed_policy_arns": [
              "arn:aws:iam::aws:policy/AmazonEC2ContainerRegistryReadOnly",
              "arn:aws:iam::aws:policy/AmazonEKSWorkerNodePolicy",
              "arn:aws:iam::aws:policy/AmazonEKS_CNI_Policy"
            ],
            "max_session_duration": 3600,
            "name": "karpenter-aerospike-on-eks",
            "name_prefix": "",
            "path": "/",
            "permissions_boundary": "",
            "tags": {},
            "tags_all": {},
            "unique_id": "AROA46NIE6IIDNMY7CQSU"
          },
          "sensitive_attributes": [],
          "private": "bnVsbA==",
          "dependencies": [
            "data.aws_availability_zones.available",
            "module.eks.aws_cloudwatch_log_group.this",
            "module.eks.aws_eks_access_entry.this",
            "module.eks.aws_eks_access_policy_association.this",
            "module.eks.aws_eks_cluster.this",
            "module.eks.aws_iam_policy.cni_ipv6_policy",
            "module.eks.aws_iam_role.this",
            "module.eks.aws_iam_role_policy_attachment.this",
            "module.eks.aws_security_group.cluster",
            "module.eks.aws_security_group.node",
            "module.eks.aws_security_group_rule.cluster",
            "module.eks.aws_security_group_rule.node",
            "module.eks.data.aws_caller_identity.current",
            "module.eks.data.aws_iam_policy_document.assume_role_policy",
            "module.eks.data.aws_iam_policy_document.cni_ipv6_policy",
            "module.eks.data.aws_iam_session_context.current",
            "module.eks.data.aws_partition.current",
            "module.eks.module.kms.aws_kms_external_key.this",
            "module.eks.module.kms.aws_kms_key.this",
            "module.eks.module.kms.aws_kms_replica_external_key.this",
            "module.eks.module.kms.aws_kms_replica_key.this",
            "module.eks.module.kms.data.aws_caller_identity.current",
            "module.eks.module.kms.data.aws_iam_policy_document.this",
            "module.eks.module.kms.data.aws_partition.current",
            "module.eks_blueprints_addons.data.aws_iam_policy_document.karpenter_assume_role",
            "module.vpc.aws_subnet.private",
            "module.vpc.aws_vpc.this",
            "module.vpc.aws_vpc_ipv4_cidr_block_association.this"
          ]
        }
      ]
    },
    {
      "module": "module.eks_blueprints_addons",
      "mode": "managed",
      "type": "aws_iam_role_policy_attachment",
      "name": "karpenter",
      "provider": "provider[\"registry.terraform.io/hashicorp/aws\"]",
      "instances": [
        {
          "index_key": "AmazonEC2ContainerRegistryReadOnly",
          "schema_version": 0,
          "attributes": {
            "id": "karpenter-aerospike-on-eks-20240820114842957600000006",
            "policy_arn": "arn:aws:iam::aws:policy/AmazonEC2ContainerRegistryReadOnly",
            "role": "karpenter-aerospike-on-eks"
          },
          "sensitive_attributes": [],
          "private": "bnVsbA==",
          "dependencies": [
            "data.aws_availability_zones.available",
            "module.eks.aws_cloudwatch_log_group.this",
            "module.eks.aws_eks_access_entry.this",
            "module.eks.aws_eks_access_policy_association.this",
            "module.eks.aws_eks_cluster.this",
            "module.eks.aws_iam_policy.cni_ipv6_policy",
            "module.eks.aws_iam_role.this",
            "module.eks.aws_iam_role_policy_attachment.this",
            "module.eks.aws_security_group.cluster",
            "module.eks.aws_security_group.node",
            "module.eks.aws_security_group_rule.cluster",
            "module.eks.aws_security_group_rule.node",
            "module.eks.data.aws_caller_identity.current",
            "module.eks.data.aws_iam_policy_document.assume_role_policy",
            "module.eks.data.aws_iam_policy_document.cni_ipv6_policy",
            "module.eks.data.aws_iam_session_context.current",
            "module.eks.data.aws_partition.current",
            "module.eks.module.kms.aws_kms_external_key.this",
            "module.eks.module.kms.aws_kms_key.this",
            "module.eks.module.kms.aws_kms_replica_external_key.this",
            "module.eks.module.kms.aws_kms_replica_key.this",
            "module.eks.module.kms.data.aws_caller_identity.current",
            "module.eks.module.kms.data.aws_iam_policy_document.this",
            "module.eks.module.kms.data.aws_partition.current",
            "module.eks_blueprints_addons.aws_iam_role.karpenter",
            "module.eks_blueprints_addons.data.aws_iam_policy_document.karpenter_assume_role",
            "module.eks_blueprints_addons.data.aws_partition.current",
            "module.vpc.aws_subnet.private",
            "module.vpc.aws_vpc.this",
            "module.vpc.aws_vpc_ipv4_cidr_block_association.this"
          ]
        },
        {
          "index_key": "AmazonEKSWorkerNodePolicy",
          "schema_version": 0,
          "attributes": {
            "id": "karpenter-aerospike-on-eks-20240820114843120500000008",
            "policy_arn": "arn:aws:iam::aws:policy/AmazonEKSWorkerNodePolicy",
            "role": "karpenter-aerospike-on-eks"
          },
          "sensitive_attributes": [],
          "private": "bnVsbA==",
          "dependencies": [
            "data.aws_availability_zones.available",
            "module.eks.aws_cloudwatch_log_group.this",
            "module.eks.aws_eks_access_entry.this",
            "module.eks.aws_eks_access_policy_association.this",
            "module.eks.aws_eks_cluster.this",
            "module.eks.aws_iam_policy.cni_ipv6_policy",
            "module.eks.aws_iam_role.this",
            "module.eks.aws_iam_role_policy_attachment.this",
            "module.eks.aws_security_group.cluster",
            "module.eks.aws_security_group.node",
            "module.eks.aws_security_group_rule.cluster",
            "module.eks.aws_security_group_rule.node",
            "module.eks.data.aws_caller_identity.current",
            "module.eks.data.aws_iam_policy_document.assume_role_policy",
            "module.eks.data.aws_iam_policy_document.cni_ipv6_policy",
            "module.eks.data.aws_iam_session_context.current",
            "module.eks.data.aws_partition.current",
            "module.eks.module.kms.aws_kms_external_key.this",
            "module.eks.module.kms.aws_kms_key.this",
            "module.eks.module.kms.aws_kms_replica_external_key.this",
            "module.eks.module.kms.aws_kms_replica_key.this",
            "module.eks.module.kms.data.aws_caller_identity.current",
            "module.eks.module.kms.data.aws_iam_policy_document.this",
            "module.eks.module.kms.data.aws_partition.current",
            "module.eks_blueprints_addons.aws_iam_role.karpenter",
            "module.eks_blueprints_addons.data.aws_iam_policy_document.karpenter_assume_role",
            "module.eks_blueprints_addons.data.aws_partition.current",
            "module.vpc.aws_subnet.private",
            "module.vpc.aws_vpc.this",
            "module.vpc.aws_vpc_ipv4_cidr_block_association.this"
          ]
        },
        {
          "index_key": "AmazonEKS_CNI_Policy",
          "schema_version": 0,
          "attributes": {
            "id": "karpenter-aerospike-on-eks-20240820114842996200000007",
            "policy_arn": "arn:aws:iam::aws:policy/AmazonEKS_CNI_Policy",
            "role": "karpenter-aerospike-on-eks"
          },
          "sensitive_attributes": [],
          "private": "bnVsbA==",
          "dependencies": [
            "data.aws_availability_zones.available",
            "module.eks.aws_cloudwatch_log_group.this",
            "module.eks.aws_eks_access_entry.this",
            "module.eks.aws_eks_access_policy_association.this",
            "module.eks.aws_eks_cluster.this",
            "module.eks.aws_iam_policy.cni_ipv6_policy",
            "module.eks.aws_iam_role.this",
            "module.eks.aws_iam_role_policy_attachment.this",
            "module.eks.aws_security_group.cluster",
            "module.eks.aws_security_group.node",
            "module.eks.aws_security_group_rule.cluster",
            "module.eks.aws_security_group_rule.node",
            "module.eks.data.aws_caller_identity.current",
            "module.eks.data.aws_iam_policy_document.assume_role_policy",
            "module.eks.data.aws_iam_policy_document.cni_ipv6_policy",
            "module.eks.data.aws_iam_session_context.current",
            "module.eks.data.aws_partition.current",
            "module.eks.module.kms.aws_kms_external_key.this",
            "module.eks.module.kms.aws_kms_key.this",
            "module.eks.module.kms.aws_kms_replica_external_key.this",
            "module.eks.module.kms.aws_kms_replica_key.this",
            "module.eks.module.kms.data.aws_caller_identity.current",
            "module.eks.module.kms.data.aws_iam_policy_document.this",
            "module.eks.module.kms.data.aws_partition.current",
            "module.eks_blueprints_addons.aws_iam_role.karpenter",
            "module.eks_blueprints_addons.data.aws_iam_policy_document.karpenter_assume_role",
            "module.eks_blueprints_addons.data.aws_partition.current",
            "module.vpc.aws_subnet.private",
            "module.vpc.aws_vpc.this",
            "module.vpc.aws_vpc_ipv4_cidr_block_association.this"
          ]
        }
      ]
    },
    {
      "module": "module.eks_blueprints_addons",
      "mode": "managed",
      "type": "time_sleep",
      "name": "this",
      "provider": "provider[\"registry.terraform.io/hashicorp/time\"]",
      "instances": [
        {
          "schema_version": 0,
          "attributes": {
            "create_duration": "30s",
            "destroy_duration": null,
            "id": "2024-08-20T11:49:11Z",
            "triggers": {
              "cluster_endpoint": "https://D01B84E3BCBD86B9C71643826643271D.sk1.eu-west-1.eks.amazonaws.com",
              "cluster_name": "aerospike-on-eks",
              "custom": "",
              "oidc_provider_arn": "arn:aws:iam::889947746832:oidc-provider/oidc.eks.eu-west-1.amazonaws.com/id/D01B84E3BCBD86B9C71643826643271D"
            }
          },
          "sensitive_attributes": [],
          "dependencies": [
            "data.aws_availability_zones.available",
            "module.eks.aws_cloudwatch_log_group.this",
            "module.eks.aws_eks_access_entry.this",
            "module.eks.aws_eks_access_policy_association.this",
            "module.eks.aws_eks_cluster.this",
            "module.eks.aws_iam_openid_connect_provider.oidc_provider",
            "module.eks.aws_iam_policy.cni_ipv6_policy",
            "module.eks.aws_iam_role.this",
            "module.eks.aws_iam_role_policy_attachment.this",
            "module.eks.aws_security_group.cluster",
            "module.eks.aws_security_group.node",
            "module.eks.aws_security_group_rule.cluster",
            "module.eks.aws_security_group_rule.node",
            "module.eks.data.aws_caller_identity.current",
            "module.eks.data.aws_iam_policy_document.assume_role_policy",
            "module.eks.data.aws_iam_policy_document.cni_ipv6_policy",
            "module.eks.data.aws_iam_session_context.current",
            "module.eks.data.aws_partition.current",
            "module.eks.data.tls_certificate.this",
            "module.eks.module.kms.aws_kms_external_key.this",
            "module.eks.module.kms.aws_kms_key.this",
            "module.eks.module.kms.aws_kms_replica_external_key.this",
            "module.eks.module.kms.aws_kms_replica_key.this",
            "module.eks.module.kms.data.aws_caller_identity.current",
            "module.eks.module.kms.data.aws_iam_policy_document.this",
            "module.eks.module.kms.data.aws_partition.current",
            "module.vpc.aws_subnet.private",
            "module.vpc.aws_vpc.this",
            "module.vpc.aws_vpc_ipv4_cidr_block_association.this"
          ]
        }
      ]
    },
    {
      "module": "module.eks_blueprints_addons.module.cert_manager",
      "mode": "data",
      "type": "aws_caller_identity",
      "name": "current",
      "provider": "provider[\"registry.terraform.io/hashicorp/aws\"]",
      "instances": [
        {
          "index_key": 0,
          "schema_version": 0,
          "attributes": {
            "account_id": "889947746832",
            "arn": "arn:aws:sts::889947746832:assumed-role/admin/chrismld-Isengard",
            "id": "889947746832",
            "user_id": "AROA46NIE6IIDYJHZNCNC:chrismld-Isengard"
          },
          "sensitive_attributes": []
        }
      ]
    },
    {
      "module": "module.eks_blueprints_addons.module.cert_manager",
      "mode": "data",
      "type": "aws_iam_policy_document",
      "name": "assume",
      "provider": "provider[\"registry.terraform.io/hashicorp/aws\"]",
      "instances": [
        {
          "index_key": 0,
          "schema_version": 0,
          "attributes": {
            "id": "3633933973",
            "json": "{\n  \"Version\": \"2012-10-17\",\n  \"Statement\": [\n    {\n      \"Sid\": \"ExplicitSelfRoleAssumption\",\n      \"Effect\": \"Allow\",\n      \"Action\": \"sts:AssumeRole\",\n      \"Principal\": {\n        \"AWS\": \"*\"\n      },\n      \"Condition\": {\n        \"ArnLike\": {\n          \"aws:PrincipalArn\": \"arn:aws:iam::889947746832:role/cert-manager-*\"\n        }\n      }\n    },\n    {\n      \"Effect\": \"Allow\",\n      \"Action\": \"sts:AssumeRoleWithWebIdentity\",\n      \"Principal\": {\n        \"Federated\": \"arn:aws:iam::889947746832:oidc-provider/oidc.eks.eu-west-1.amazonaws.com/id/D01B84E3BCBD86B9C71643826643271D\"\n      },\n      \"Condition\": {\n        \"StringEquals\": {\n          \"oidc.eks.eu-west-1.amazonaws.com/id/D01B84E3BCBD86B9C71643826643271D:aud\": \"sts.amazonaws.com\",\n          \"oidc.eks.eu-west-1.amazonaws.com/id/D01B84E3BCBD86B9C71643826643271D:sub\": \"system:serviceaccount:cert-manager:cert-manager\"\n        }\n      }\n    }\n  ]\n}",
            "minified_json": "{\"Version\":\"2012-10-17\",\"Statement\":[{\"Sid\":\"ExplicitSelfRoleAssumption\",\"Effect\":\"Allow\",\"Action\":\"sts:AssumeRole\",\"Principal\":{\"AWS\":\"*\"},\"Condition\":{\"ArnLike\":{\"aws:PrincipalArn\":\"arn:aws:iam::889947746832:role/cert-manager-*\"}}},{\"Effect\":\"Allow\",\"Action\":\"sts:AssumeRoleWithWebIdentity\",\"Principal\":{\"Federated\":\"arn:aws:iam::889947746832:oidc-provider/oidc.eks.eu-west-1.amazonaws.com/id/D01B84E3BCBD86B9C71643826643271D\"},\"Condition\":{\"StringEquals\":{\"oidc.eks.eu-west-1.amazonaws.com/id/D01B84E3BCBD86B9C71643826643271D:aud\":\"sts.amazonaws.com\",\"oidc.eks.eu-west-1.amazonaws.com/id/D01B84E3BCBD86B9C71643826643271D:sub\":\"system:serviceaccount:cert-manager:cert-manager\"}}}]}",
            "override_json": null,
            "override_policy_documents": null,
            "policy_id": null,
            "source_json": null,
            "source_policy_documents": null,
            "statement": [
              {
                "actions": [
                  "sts:AssumeRole"
                ],
                "condition": [
                  {
                    "test": "ArnLike",
                    "values": [
                      "arn:aws:iam::889947746832:role/cert-manager-*"
                    ],
                    "variable": "aws:PrincipalArn"
                  }
                ],
                "effect": "Allow",
                "not_actions": [],
                "not_principals": [],
                "not_resources": [],
                "principals": [
                  {
                    "identifiers": [
                      "*"
                    ],
                    "type": "AWS"
                  }
                ],
                "resources": [],
                "sid": "ExplicitSelfRoleAssumption"
              },
              {
                "actions": [
                  "sts:AssumeRoleWithWebIdentity"
                ],
                "condition": [
                  {
                    "test": "StringEquals",
                    "values": [
                      "sts.amazonaws.com"
                    ],
                    "variable": "oidc.eks.eu-west-1.amazonaws.com/id/D01B84E3BCBD86B9C71643826643271D:aud"
                  },
                  {
                    "test": "StringEquals",
                    "values": [
                      "system:serviceaccount:cert-manager:cert-manager"
                    ],
                    "variable": "oidc.eks.eu-west-1.amazonaws.com/id/D01B84E3BCBD86B9C71643826643271D:sub"
                  }
                ],
                "effect": "Allow",
                "not_actions": [],
                "not_principals": [],
                "not_resources": [],
                "principals": [
                  {
                    "identifiers": [
                      "arn:aws:iam::889947746832:oidc-provider/oidc.eks.eu-west-1.amazonaws.com/id/D01B84E3BCBD86B9C71643826643271D"
                    ],
                    "type": "Federated"
                  }
                ],
                "resources": [],
                "sid": ""
              }
            ],
            "version": "2012-10-17"
          },
          "sensitive_attributes": []
        }
      ]
    },
    {
      "module": "module.eks_blueprints_addons.module.cert_manager",
      "mode": "data",
      "type": "aws_iam_policy_document",
      "name": "this",
      "provider": "provider[\"registry.terraform.io/hashicorp/aws\"]",
      "instances": [
        {
          "index_key": 0,
          "schema_version": 0,
          "attributes": {
            "id": "3416383923",
            "json": "{\n  \"Version\": \"2012-10-17\",\n  \"Statement\": [\n    {\n      \"Effect\": \"Allow\",\n      \"Action\": \"route53:GetChange\",\n      \"Resource\": \"arn:aws:route53:::change/*\"\n    },\n    {\n      \"Effect\": \"Allow\",\n      \"Action\": [\n        \"route53:ListResourceRecordSets\",\n        \"route53:ChangeResourceRecordSets\"\n      ],\n      \"Resource\": \"arn:aws:route53:::hostedzone/*\"\n    },\n    {\n      \"Effect\": \"Allow\",\n      \"Action\": \"route53:ListHostedZonesByName\",\n      \"Resource\": \"*\"\n    }\n  ]\n}",
            "minified_json": "{\"Version\":\"2012-10-17\",\"Statement\":[{\"Effect\":\"Allow\",\"Action\":\"route53:GetChange\",\"Resource\":\"arn:aws:route53:::change/*\"},{\"Effect\":\"Allow\",\"Action\":[\"route53:ListResourceRecordSets\",\"route53:ChangeResourceRecordSets\"],\"Resource\":\"arn:aws:route53:::hostedzone/*\"},{\"Effect\":\"Allow\",\"Action\":\"route53:ListHostedZonesByName\",\"Resource\":\"*\"}]}",
            "override_json": null,
            "override_policy_documents": null,
            "policy_id": null,
            "source_json": null,
            "source_policy_documents": [
              "{\n  \"Version\": \"2012-10-17\",\n  \"Statement\": [\n    {\n      \"Effect\": \"Allow\",\n      \"Action\": \"route53:GetChange\",\n      \"Resource\": \"arn:aws:route53:::change/*\"\n    },\n    {\n      \"Effect\": \"Allow\",\n      \"Action\": [\n        \"route53:ListResourceRecordSets\",\n        \"route53:ChangeResourceRecordSets\"\n      ],\n      \"Resource\": \"arn:aws:route53:::hostedzone/*\"\n    },\n    {\n      \"Effect\": \"Allow\",\n      \"Action\": \"route53:ListHostedZonesByName\",\n      \"Resource\": \"*\"\n    }\n  ]\n}"
            ],
            "statement": null,
            "version": "2012-10-17"
          },
          "sensitive_attributes": []
        }
      ]
    },
    {
      "module": "module.eks_blueprints_addons.module.cert_manager",
      "mode": "data",
      "type": "aws_partition",
      "name": "current",
      "provider": "provider[\"registry.terraform.io/hashicorp/aws\"]",
      "instances": [
        {
          "index_key": 0,
          "schema_version": 0,
          "attributes": {
            "dns_suffix": "amazonaws.com",
            "id": "aws",
            "partition": "aws",
            "reverse_dns_prefix": "com.amazonaws"
          },
          "sensitive_attributes": []
        }
      ]
    },
    {
      "module": "module.eks_blueprints_addons.module.cert_manager",
      "mode": "managed",
      "type": "aws_iam_policy",
      "name": "this",
      "provider": "provider[\"registry.terraform.io/hashicorp/aws\"]",
      "instances": [
        {
          "index_key": 0,
          "schema_version": 0,
          "attributes": {
            "arn": "arn:aws:iam::889947746832:policy/cert-manager-20240826122024982700000002",
            "attachment_count": 1,
            "description": "IAM Policy for cert-manager",
            "id": "arn:aws:iam::889947746832:policy/cert-manager-20240826122024982700000002",
            "name": "cert-manager-20240826122024982700000002",
            "name_prefix": "cert-manager-",
            "path": "/",
            "policy": "{\"Statement\":[{\"Action\":\"route53:GetChange\",\"Effect\":\"Allow\",\"Resource\":\"arn:aws:route53:::change/*\"},{\"Action\":[\"route53:ListResourceRecordSets\",\"route53:ChangeResourceRecordSets\"],\"Effect\":\"Allow\",\"Resource\":\"arn:aws:route53:::hostedzone/*\"},{\"Action\":\"route53:ListHostedZonesByName\",\"Effect\":\"Allow\",\"Resource\":\"*\"}],\"Version\":\"2012-10-17\"}",
            "policy_id": "ANPA46NIE6IIG4DVPB5BB",
            "tags": {},
            "tags_all": {}
          },
          "sensitive_attributes": [],
          "private": "bnVsbA==",
          "dependencies": [
            "module.eks_blueprints_addons.data.aws_iam_policy_document.cert_manager",
            "module.eks_blueprints_addons.data.aws_partition.current",
            "module.eks_blueprints_addons.module.cert_manager.data.aws_iam_policy_document.this"
          ]
        }
      ]
    },
    {
      "module": "module.eks_blueprints_addons.module.cert_manager",
      "mode": "managed",
      "type": "aws_iam_role",
      "name": "this",
      "provider": "provider[\"registry.terraform.io/hashicorp/aws\"]",
      "instances": [
        {
          "index_key": 0,
          "schema_version": 0,
          "attributes": {
            "arn": "arn:aws:iam::889947746832:role/cert-manager-20240826122024980200000001",
            "assume_role_policy": "{\"Statement\":[{\"Action\":\"sts:AssumeRole\",\"Condition\":{\"ArnLike\":{\"aws:PrincipalArn\":\"arn:aws:iam::889947746832:role/cert-manager-*\"}},\"Effect\":\"Allow\",\"Principal\":{\"AWS\":\"*\"},\"Sid\":\"ExplicitSelfRoleAssumption\"},{\"Action\":\"sts:AssumeRoleWithWebIdentity\",\"Condition\":{\"StringEquals\":{\"oidc.eks.eu-west-1.amazonaws.com/id/D01B84E3BCBD86B9C71643826643271D:aud\":\"sts.amazonaws.com\",\"oidc.eks.eu-west-1.amazonaws.com/id/D01B84E3BCBD86B9C71643826643271D:sub\":\"system:serviceaccount:cert-manager:cert-manager\"}},\"Effect\":\"Allow\",\"Principal\":{\"Federated\":\"arn:aws:iam::889947746832:oidc-provider/oidc.eks.eu-west-1.amazonaws.com/id/D01B84E3BCBD86B9C71643826643271D\"}}],\"Version\":\"2012-10-17\"}",
            "create_date": "2024-08-26T12:20:25Z",
            "description": "IRSA for cert-manger project",
            "force_detach_policies": true,
            "id": "cert-manager-20240826122024980200000001",
            "inline_policy": [],
            "managed_policy_arns": [
              "arn:aws:iam::889947746832:policy/cert-manager-20240826122024982700000002"
            ],
            "max_session_duration": 3600,
            "name": "cert-manager-20240826122024980200000001",
            "name_prefix": "cert-manager-",
            "path": "/",
            "permissions_boundary": "",
            "tags": {},
            "tags_all": {},
            "unique_id": "AROA46NIE6IIHO5YZVLVS"
          },
          "sensitive_attributes": [],
          "private": "bnVsbA==",
          "dependencies": [
            "data.aws_availability_zones.available",
            "module.eks.aws_cloudwatch_log_group.this",
            "module.eks.aws_eks_access_entry.this",
            "module.eks.aws_eks_access_policy_association.this",
            "module.eks.aws_eks_cluster.this",
            "module.eks.aws_iam_openid_connect_provider.oidc_provider",
            "module.eks.aws_iam_policy.cni_ipv6_policy",
            "module.eks.aws_iam_role.this",
            "module.eks.aws_iam_role_policy_attachment.this",
            "module.eks.aws_security_group.cluster",
            "module.eks.aws_security_group.node",
            "module.eks.aws_security_group_rule.cluster",
            "module.eks.aws_security_group_rule.node",
            "module.eks.data.aws_caller_identity.current",
            "module.eks.data.aws_iam_policy_document.assume_role_policy",
            "module.eks.data.aws_iam_policy_document.cni_ipv6_policy",
            "module.eks.data.aws_iam_session_context.current",
            "module.eks.data.aws_partition.current",
            "module.eks.data.tls_certificate.this",
            "module.eks.module.kms.aws_kms_external_key.this",
            "module.eks.module.kms.aws_kms_key.this",
            "module.eks.module.kms.aws_kms_replica_external_key.this",
            "module.eks.module.kms.aws_kms_replica_key.this",
            "module.eks.module.kms.data.aws_caller_identity.current",
            "module.eks.module.kms.data.aws_iam_policy_document.this",
            "module.eks.module.kms.data.aws_partition.current",
            "module.eks_blueprints_addons.module.cert_manager.data.aws_caller_identity.current",
            "module.eks_blueprints_addons.module.cert_manager.data.aws_iam_policy_document.assume",
            "module.eks_blueprints_addons.module.cert_manager.data.aws_partition.current",
            "module.eks_blueprints_addons.time_sleep.this",
            "module.vpc.aws_subnet.private",
            "module.vpc.aws_vpc.this",
            "module.vpc.aws_vpc_ipv4_cidr_block_association.this"
          ]
        }
      ]
    },
    {
      "module": "module.eks_blueprints_addons.module.cert_manager",
      "mode": "managed",
      "type": "aws_iam_role_policy_attachment",
      "name": "this",
      "provider": "provider[\"registry.terraform.io/hashicorp/aws\"]",
      "instances": [
        {
          "index_key": 0,
          "schema_version": 0,
          "attributes": {
            "id": "cert-manager-20240826122024980200000001-20240826122026069600000003",
            "policy_arn": "arn:aws:iam::889947746832:policy/cert-manager-20240826122024982700000002",
            "role": "cert-manager-20240826122024980200000001"
          },
          "sensitive_attributes": [],
          "private": "bnVsbA==",
          "dependencies": [
            "data.aws_availability_zones.available",
            "module.eks.aws_cloudwatch_log_group.this",
            "module.eks.aws_eks_access_entry.this",
            "module.eks.aws_eks_access_policy_association.this",
            "module.eks.aws_eks_cluster.this",
            "module.eks.aws_iam_openid_connect_provider.oidc_provider",
            "module.eks.aws_iam_policy.cni_ipv6_policy",
            "module.eks.aws_iam_role.this",
            "module.eks.aws_iam_role_policy_attachment.this",
            "module.eks.aws_security_group.cluster",
            "module.eks.aws_security_group.node",
            "module.eks.aws_security_group_rule.cluster",
            "module.eks.aws_security_group_rule.node",
            "module.eks.data.aws_caller_identity.current",
            "module.eks.data.aws_iam_policy_document.assume_role_policy",
            "module.eks.data.aws_iam_policy_document.cni_ipv6_policy",
            "module.eks.data.aws_iam_session_context.current",
            "module.eks.data.aws_partition.current",
            "module.eks.data.tls_certificate.this",
            "module.eks.module.kms.aws_kms_external_key.this",
            "module.eks.module.kms.aws_kms_key.this",
            "module.eks.module.kms.aws_kms_replica_external_key.this",
            "module.eks.module.kms.aws_kms_replica_key.this",
            "module.eks.module.kms.data.aws_caller_identity.current",
            "module.eks.module.kms.data.aws_iam_policy_document.this",
            "module.eks.module.kms.data.aws_partition.current",
            "module.eks_blueprints_addons.data.aws_iam_policy_document.cert_manager",
            "module.eks_blueprints_addons.data.aws_partition.current",
            "module.eks_blueprints_addons.module.cert_manager.aws_iam_policy.this",
            "module.eks_blueprints_addons.module.cert_manager.aws_iam_role.this",
            "module.eks_blueprints_addons.module.cert_manager.data.aws_caller_identity.current",
            "module.eks_blueprints_addons.module.cert_manager.data.aws_iam_policy_document.assume",
            "module.eks_blueprints_addons.module.cert_manager.data.aws_iam_policy_document.this",
            "module.eks_blueprints_addons.module.cert_manager.data.aws_partition.current",
            "module.eks_blueprints_addons.time_sleep.this",
            "module.vpc.aws_subnet.private",
            "module.vpc.aws_vpc.this",
            "module.vpc.aws_vpc_ipv4_cidr_block_association.this"
          ]
        }
      ]
    },
    {
      "module": "module.eks_blueprints_addons.module.cert_manager",
      "mode": "managed",
      "type": "helm_release",
      "name": "this",
      "provider": "provider[\"registry.terraform.io/hashicorp/helm\"]",
      "instances": [
        {
          "index_key": 0,
          "schema_version": 1,
          "attributes": {
            "atomic": false,
            "chart": "cert-manager",
            "cleanup_on_fail": false,
            "create_namespace": true,
            "dependency_update": false,
            "description": "A Helm chart to deploy cert-manager",
            "devel": null,
            "disable_crd_hooks": false,
            "disable_openapi_validation": false,
            "disable_webhooks": false,
            "force_update": false,
            "id": "cert-manager",
            "keyring": null,
            "lint": false,
            "manifest": null,
            "max_history": 0,
            "metadata": [
              {
                "app_version": "v1.14.3",
                "chart": "cert-manager",
                "first_deployed": 1724674830,
                "last_deployed": 1724674830,
                "name": "cert-manager",
                "namespace": "cert-manager",
                "notes": "cert-manager v1.14.3 has been deployed successfully!\n\nIn order to begin issuing certificates, you will need to set up a ClusterIssuer\nor Issuer resource (for example, by creating a 'letsencrypt-staging' issuer).\n\nMore information on the different types of issuers and how to configure them\ncan be found in our documentation:\n\nhttps://cert-manager.io/docs/configuration/\n\nFor information on how to configure cert-manager to automatically provision\nCertificates for Ingress resources, take a look at the `ingress-shim`\ndocumentation:\n\nhttps://cert-manager.io/docs/usage/ingress/\n",
                "revision": 1,
                "values": "{\"installCRDs\":true,\"serviceAccount\":{\"annotations\":{\"eks.amazonaws.com/role-arn\":\"arn:aws:iam::889947746832:role/cert-manager-20240826122024980200000001\"},\"name\":\"cert-manager\"}}",
                "version": "v1.14.3"
              }
            ],
            "name": "cert-manager",
            "namespace": "cert-manager",
            "pass_credentials": false,
            "postrender": [],
            "recreate_pods": false,
            "render_subchart_notes": true,
            "replace": false,
            "repository": "https://charts.jetstack.io",
            "repository_ca_file": null,
            "repository_cert_file": null,
            "repository_key_file": null,
            "repository_password": null,
            "repository_username": null,
            "reset_values": false,
            "reuse_values": false,
            "set": [
              {
                "name": "installCRDs",
                "type": "",
                "value": "true"
              },
              {
                "name": "serviceAccount.annotations.eks\\.amazonaws\\.com/role-arn",
                "type": "",
                "value": "arn:aws:iam::889947746832:role/cert-manager-20240826122024980200000001"
              },
              {
                "name": "serviceAccount.name",
                "type": "",
                "value": "cert-manager"
              }
            ],
            "set_list": [],
            "set_sensitive": [],
            "skip_crds": false,
            "status": "deployed",
            "timeout": 300,
            "upgrade_install": null,
            "values": [],
            "verify": false,
            "version": "v1.14.3",
            "wait": false,
            "wait_for_jobs": false
          },
          "sensitive_attributes": [],
          "private": "eyJzY2hlbWFfdmVyc2lvbiI6IjEifQ==",
          "dependencies": [
            "data.aws_availability_zones.available",
            "data.aws_eks_cluster_auth.this",
            "module.eks.aws_cloudwatch_log_group.this",
            "module.eks.aws_eks_access_entry.this",
            "module.eks.aws_eks_access_policy_association.this",
            "module.eks.aws_eks_cluster.this",
            "module.eks.aws_iam_openid_connect_provider.oidc_provider",
            "module.eks.aws_iam_policy.cni_ipv6_policy",
            "module.eks.aws_iam_role.this",
            "module.eks.aws_iam_role_policy_attachment.this",
            "module.eks.aws_security_group.cluster",
            "module.eks.aws_security_group.node",
            "module.eks.aws_security_group_rule.cluster",
            "module.eks.aws_security_group_rule.node",
            "module.eks.data.aws_caller_identity.current",
            "module.eks.data.aws_iam_policy_document.assume_role_policy",
            "module.eks.data.aws_iam_policy_document.cni_ipv6_policy",
            "module.eks.data.aws_iam_session_context.current",
            "module.eks.data.aws_partition.current",
            "module.eks.data.tls_certificate.this",
            "module.eks.module.kms.aws_kms_external_key.this",
            "module.eks.module.kms.aws_kms_key.this",
            "module.eks.module.kms.aws_kms_replica_external_key.this",
            "module.eks.module.kms.aws_kms_replica_key.this",
            "module.eks.module.kms.data.aws_caller_identity.current",
            "module.eks.module.kms.data.aws_iam_policy_document.this",
            "module.eks.module.kms.data.aws_partition.current",
            "module.eks_blueprints_addons.module.cert_manager.aws_iam_role.this",
            "module.eks_blueprints_addons.module.cert_manager.data.aws_caller_identity.current",
            "module.eks_blueprints_addons.module.cert_manager.data.aws_iam_policy_document.assume",
            "module.eks_blueprints_addons.module.cert_manager.data.aws_partition.current",
            "module.eks_blueprints_addons.time_sleep.this",
            "module.vpc.aws_subnet.private",
            "module.vpc.aws_vpc.this",
            "module.vpc.aws_vpc_ipv4_cidr_block_association.this"
          ]
        }
      ]
    },
    {
      "module": "module.eks_blueprints_addons.module.karpenter",
      "mode": "data",
      "type": "aws_caller_identity",
      "name": "current",
      "provider": "provider[\"registry.terraform.io/hashicorp/aws\"]",
      "instances": [
        {
          "index_key": 0,
          "schema_version": 0,
          "attributes": {
            "account_id": "889947746832",
            "arn": "arn:aws:sts::889947746832:assumed-role/admin/chrismld-Isengard",
            "id": "889947746832",
            "user_id": "AROA46NIE6IIDYJHZNCNC:chrismld-Isengard"
          },
          "sensitive_attributes": []
        }
      ]
    },
    {
      "module": "module.eks_blueprints_addons.module.karpenter",
      "mode": "data",
      "type": "aws_iam_policy_document",
      "name": "assume",
      "provider": "provider[\"registry.terraform.io/hashicorp/aws\"]",
      "instances": [
        {
          "index_key": 0,
          "schema_version": 0,
          "attributes": {
            "id": "3828173884",
            "json": "{\n  \"Version\": \"2012-10-17\",\n  \"Statement\": [\n    {\n      \"Effect\": \"Allow\",\n      \"Action\": \"sts:AssumeRoleWithWebIdentity\",\n      \"Principal\": {\n        \"Federated\": \"arn:aws:iam::889947746832:oidc-provider/oidc.eks.eu-west-1.amazonaws.com/id/D01B84E3BCBD86B9C71643826643271D\"\n      },\n      \"Condition\": {\n        \"StringEquals\": {\n          \"oidc.eks.eu-west-1.amazonaws.com/id/D01B84E3BCBD86B9C71643826643271D:aud\": \"sts.amazonaws.com\",\n          \"oidc.eks.eu-west-1.amazonaws.com/id/D01B84E3BCBD86B9C71643826643271D:sub\": \"system:serviceaccount:karpenter:karpenter\"\n        }\n      }\n    }\n  ]\n}",
            "minified_json": "{\"Version\":\"2012-10-17\",\"Statement\":[{\"Effect\":\"Allow\",\"Action\":\"sts:AssumeRoleWithWebIdentity\",\"Principal\":{\"Federated\":\"arn:aws:iam::889947746832:oidc-provider/oidc.eks.eu-west-1.amazonaws.com/id/D01B84E3BCBD86B9C71643826643271D\"},\"Condition\":{\"StringEquals\":{\"oidc.eks.eu-west-1.amazonaws.com/id/D01B84E3BCBD86B9C71643826643271D:aud\":\"sts.amazonaws.com\",\"oidc.eks.eu-west-1.amazonaws.com/id/D01B84E3BCBD86B9C71643826643271D:sub\":\"system:serviceaccount:karpenter:karpenter\"}}}]}",
            "override_json": null,
            "override_policy_documents": null,
            "policy_id": null,
            "source_json": null,
            "source_policy_documents": null,
            "statement": [
              {
                "actions": [
                  "sts:AssumeRoleWithWebIdentity"
                ],
                "condition": [
                  {
                    "test": "StringEquals",
                    "values": [
                      "sts.amazonaws.com"
                    ],
                    "variable": "oidc.eks.eu-west-1.amazonaws.com/id/D01B84E3BCBD86B9C71643826643271D:aud"
                  },
                  {
                    "test": "StringEquals",
                    "values": [
                      "system:serviceaccount:karpenter:karpenter"
                    ],
                    "variable": "oidc.eks.eu-west-1.amazonaws.com/id/D01B84E3BCBD86B9C71643826643271D:sub"
                  }
                ],
                "effect": "Allow",
                "not_actions": [],
                "not_principals": [],
                "not_resources": [],
                "principals": [
                  {
                    "identifiers": [
                      "arn:aws:iam::889947746832:oidc-provider/oidc.eks.eu-west-1.amazonaws.com/id/D01B84E3BCBD86B9C71643826643271D"
                    ],
                    "type": "Federated"
                  }
                ],
                "resources": [],
                "sid": ""
              }
            ],
            "version": "2012-10-17"
          },
          "sensitive_attributes": []
        }
      ]
    },
    {
      "module": "module.eks_blueprints_addons.module.karpenter",
      "mode": "data",
      "type": "aws_iam_policy_document",
      "name": "this",
      "provider": "provider[\"registry.terraform.io/hashicorp/aws\"]",
      "instances": [
        {
          "index_key": 0,
          "schema_version": 0,
          "attributes": {
            "id": "621423949",
            "json": "{\n  \"Version\": \"2012-10-17\",\n  \"Statement\": [\n    {\n      \"Effect\": \"Allow\",\n      \"Action\": [\n        \"ec2:DescribeSubnets\",\n        \"ec2:DescribeSpotPriceHistory\",\n        \"ec2:DescribeSecurityGroups\",\n        \"ec2:DescribeLaunchTemplates\",\n        \"ec2:DescribeInstances\",\n        \"ec2:DescribeInstanceTypes\",\n        \"ec2:DescribeInstanceTypeOfferings\",\n        \"ec2:DescribeImages\",\n        \"ec2:DescribeAvailabilityZones\"\n      ],\n      \"Resource\": \"*\"\n    },\n    {\n      \"Effect\": \"Allow\",\n      \"Action\": [\n        \"ec2:RunInstances\",\n        \"ec2:DeleteLaunchTemplate\",\n        \"ec2:CreateTags\",\n        \"ec2:CreateLaunchTemplate\",\n        \"ec2:CreateFleet\"\n      ],\n      \"Resource\": [\n        \"arn:aws:ec2:eu-west-1::image/*\",\n        \"arn:aws:ec2:eu-west-1:889947746832:*\"\n      ]\n    },\n    {\n      \"Effect\": \"Allow\",\n      \"Action\": \"iam:PassRole\",\n      \"Resource\": \"arn:aws:iam::889947746832:role/karpenter-aerospike-on-eks\"\n    },\n    {\n      \"Effect\": \"Allow\",\n      \"Action\": \"pricing:GetProducts\",\n      \"Resource\": \"*\"\n    },\n    {\n      \"Effect\": \"Allow\",\n      \"Action\": \"ssm:GetParameter\",\n      \"Resource\": \"arn:aws:ssm:eu-west-1::parameter/aws/service/*\"\n    },\n    {\n      \"Effect\": \"Allow\",\n      \"Action\": \"eks:DescribeCluster\",\n      \"Resource\": \"arn:aws:eks:*:889947746832:cluster/aerospike-on-eks\"\n    },\n    {\n      \"Effect\": \"Allow\",\n      \"Action\": \"ec2:TerminateInstances\",\n      \"Resource\": \"arn:aws:ec2:eu-west-1:889947746832:instance/*\",\n      \"Condition\": {\n        \"StringLike\": {\n          \"ec2:ResourceTag/kubernetes.io/cluster/aerospike-on-eks\": \"*\"\n        }\n      }\n    },\n    {\n      \"Effect\": \"Allow\",\n      \"Action\": [\n        \"sqs:ReceiveMessage\",\n        \"sqs:GetQueueUrl\",\n        \"sqs:GetQueueAttributes\",\n        \"sqs:DeleteMessage\"\n      ],\n      \"Resource\": \"arn:aws:sqs:eu-west-1:889947746832:karpenter-aerospike-on-eks\"\n    },\n    {\n      \"Effect\": \"Allow\",\n      \"Action\": [\n        \"iam:TagInstanceProfile\",\n        \"iam:RemoveRoleFromInstanceProfile\",\n        \"iam:GetInstanceProfile\",\n        \"iam:DeleteInstanceProfile\",\n        \"iam:CreateInstanceProfile\",\n        \"iam:AddRoleToInstanceProfile\"\n      ],\n      \"Resource\": \"*\"\n    }\n  ]\n}",
            "minified_json": "{\"Version\":\"2012-10-17\",\"Statement\":[{\"Effect\":\"Allow\",\"Action\":[\"ec2:DescribeSubnets\",\"ec2:DescribeSpotPriceHistory\",\"ec2:DescribeSecurityGroups\",\"ec2:DescribeLaunchTemplates\",\"ec2:DescribeInstances\",\"ec2:DescribeInstanceTypes\",\"ec2:DescribeInstanceTypeOfferings\",\"ec2:DescribeImages\",\"ec2:DescribeAvailabilityZones\"],\"Resource\":\"*\"},{\"Effect\":\"Allow\",\"Action\":[\"ec2:RunInstances\",\"ec2:DeleteLaunchTemplate\",\"ec2:CreateTags\",\"ec2:CreateLaunchTemplate\",\"ec2:CreateFleet\"],\"Resource\":[\"arn:aws:ec2:eu-west-1::image/*\",\"arn:aws:ec2:eu-west-1:889947746832:*\"]},{\"Effect\":\"Allow\",\"Action\":\"iam:PassRole\",\"Resource\":\"arn:aws:iam::889947746832:role/karpenter-aerospike-on-eks\"},{\"Effect\":\"Allow\",\"Action\":\"pricing:GetProducts\",\"Resource\":\"*\"},{\"Effect\":\"Allow\",\"Action\":\"ssm:GetParameter\",\"Resource\":\"arn:aws:ssm:eu-west-1::parameter/aws/service/*\"},{\"Effect\":\"Allow\",\"Action\":\"eks:DescribeCluster\",\"Resource\":\"arn:aws:eks:*:889947746832:cluster/aerospike-on-eks\"},{\"Effect\":\"Allow\",\"Action\":\"ec2:TerminateInstances\",\"Resource\":\"arn:aws:ec2:eu-west-1:889947746832:instance/*\",\"Condition\":{\"StringLike\":{\"ec2:ResourceTag/kubernetes.io/cluster/aerospike-on-eks\":\"*\"}}},{\"Effect\":\"Allow\",\"Action\":[\"sqs:ReceiveMessage\",\"sqs:GetQueueUrl\",\"sqs:GetQueueAttributes\",\"sqs:DeleteMessage\"],\"Resource\":\"arn:aws:sqs:eu-west-1:889947746832:karpenter-aerospike-on-eks\"},{\"Effect\":\"Allow\",\"Action\":[\"iam:TagInstanceProfile\",\"iam:RemoveRoleFromInstanceProfile\",\"iam:GetInstanceProfile\",\"iam:DeleteInstanceProfile\",\"iam:CreateInstanceProfile\",\"iam:AddRoleToInstanceProfile\"],\"Resource\":\"*\"}]}",
            "override_json": null,
            "override_policy_documents": null,
            "policy_id": null,
            "source_json": null,
            "source_policy_documents": [
              "{\n  \"Version\": \"2012-10-17\",\n  \"Statement\": [\n    {\n      \"Effect\": \"Allow\",\n      \"Action\": [\n        \"ec2:DescribeSubnets\",\n        \"ec2:DescribeSpotPriceHistory\",\n        \"ec2:DescribeSecurityGroups\",\n        \"ec2:DescribeLaunchTemplates\",\n        \"ec2:DescribeInstances\",\n        \"ec2:DescribeInstanceTypes\",\n        \"ec2:DescribeInstanceTypeOfferings\",\n        \"ec2:DescribeImages\",\n        \"ec2:DescribeAvailabilityZones\"\n      ],\n      \"Resource\": \"*\"\n    },\n    {\n      \"Effect\": \"Allow\",\n      \"Action\": [\n        \"ec2:RunInstances\",\n        \"ec2:DeleteLaunchTemplate\",\n        \"ec2:CreateTags\",\n        \"ec2:CreateLaunchTemplate\",\n        \"ec2:CreateFleet\"\n      ],\n      \"Resource\": [\n        \"arn:aws:ec2:eu-west-1::image/*\",\n        \"arn:aws:ec2:eu-west-1:889947746832:*\"\n      ]\n    },\n    {\n      \"Effect\": \"Allow\",\n      \"Action\": \"iam:PassRole\",\n      \"Resource\": \"arn:aws:iam::889947746832:role/karpenter-aerospike-on-eks\"\n    },\n    {\n      \"Effect\": \"Allow\",\n      \"Action\": \"pricing:GetProducts\",\n      \"Resource\": \"*\"\n    },\n    {\n      \"Effect\": \"Allow\",\n      \"Action\": \"ssm:GetParameter\",\n      \"Resource\": \"arn:aws:ssm:eu-west-1::parameter/aws/service/*\"\n    },\n    {\n      \"Effect\": \"Allow\",\n      \"Action\": \"eks:DescribeCluster\",\n      \"Resource\": \"arn:aws:eks:*:889947746832:cluster/aerospike-on-eks\"\n    },\n    {\n      \"Effect\": \"Allow\",\n      \"Action\": \"ec2:TerminateInstances\",\n      \"Resource\": \"arn:aws:ec2:eu-west-1:889947746832:instance/*\",\n      \"Condition\": {\n        \"StringLike\": {\n          \"ec2:ResourceTag/kubernetes.io/cluster/aerospike-on-eks\": \"*\"\n        }\n      }\n    },\n    {\n      \"Effect\": \"Allow\",\n      \"Action\": [\n        \"sqs:ReceiveMessage\",\n        \"sqs:GetQueueUrl\",\n        \"sqs:GetQueueAttributes\",\n        \"sqs:DeleteMessage\"\n      ],\n      \"Resource\": \"arn:aws:sqs:eu-west-1:889947746832:karpenter-aerospike-on-eks\"\n    },\n    {\n      \"Effect\": \"Allow\",\n      \"Action\": [\n        \"iam:TagInstanceProfile\",\n        \"iam:RemoveRoleFromInstanceProfile\",\n        \"iam:GetInstanceProfile\",\n        \"iam:DeleteInstanceProfile\",\n        \"iam:CreateInstanceProfile\",\n        \"iam:AddRoleToInstanceProfile\"\n      ],\n      \"Resource\": \"*\"\n    }\n  ]\n}"
            ],
            "statement": null,
            "version": "2012-10-17"
          },
          "sensitive_attributes": []
        }
      ]
    },
    {
      "module": "module.eks_blueprints_addons.module.karpenter",
      "mode": "data",
      "type": "aws_partition",
      "name": "current",
      "provider": "provider[\"registry.terraform.io/hashicorp/aws\"]",
      "instances": [
        {
          "index_key": 0,
          "schema_version": 0,
          "attributes": {
            "dns_suffix": "amazonaws.com",
            "id": "aws",
            "partition": "aws",
            "reverse_dns_prefix": "com.amazonaws"
          },
          "sensitive_attributes": []
        }
      ]
    },
    {
      "module": "module.eks_blueprints_addons.module.karpenter",
      "mode": "managed",
      "type": "aws_iam_policy",
      "name": "this",
      "provider": "provider[\"registry.terraform.io/hashicorp/aws\"]",
      "instances": [
        {
          "index_key": 0,
          "schema_version": 0,
          "attributes": {
            "arn": "arn:aws:iam::889947746832:policy/karpenter-20240820114907541800000009",
            "attachment_count": 1,
            "description": "IAM Policy for karpenter",
            "id": "arn:aws:iam::889947746832:policy/karpenter-20240820114907541800000009",
            "name": "karpenter-20240820114907541800000009",
            "name_prefix": "karpenter-",
            "path": "/",
            "policy": "{\"Statement\":[{\"Action\":[\"ec2:DescribeSubnets\",\"ec2:DescribeSpotPriceHistory\",\"ec2:DescribeSecurityGroups\",\"ec2:DescribeLaunchTemplates\",\"ec2:DescribeInstances\",\"ec2:DescribeInstanceTypes\",\"ec2:DescribeInstanceTypeOfferings\",\"ec2:DescribeImages\",\"ec2:DescribeAvailabilityZones\"],\"Effect\":\"Allow\",\"Resource\":\"*\"},{\"Action\":[\"ec2:RunInstances\",\"ec2:DeleteLaunchTemplate\",\"ec2:CreateTags\",\"ec2:CreateLaunchTemplate\",\"ec2:CreateFleet\"],\"Effect\":\"Allow\",\"Resource\":[\"arn:aws:ec2:eu-west-1::image/*\",\"arn:aws:ec2:eu-west-1:889947746832:*\"]},{\"Action\":\"iam:PassRole\",\"Effect\":\"Allow\",\"Resource\":\"arn:aws:iam::889947746832:role/karpenter-aerospike-on-eks\"},{\"Action\":\"pricing:GetProducts\",\"Effect\":\"Allow\",\"Resource\":\"*\"},{\"Action\":\"ssm:GetParameter\",\"Effect\":\"Allow\",\"Resource\":\"arn:aws:ssm:eu-west-1::parameter/aws/service/*\"},{\"Action\":\"eks:DescribeCluster\",\"Effect\":\"Allow\",\"Resource\":\"arn:aws:eks:*:889947746832:cluster/aerospike-on-eks\"},{\"Action\":\"ec2:TerminateInstances\",\"Condition\":{\"StringLike\":{\"ec2:ResourceTag/kubernetes.io/cluster/aerospike-on-eks\":\"*\"}},\"Effect\":\"Allow\",\"Resource\":\"arn:aws:ec2:eu-west-1:889947746832:instance/*\"},{\"Action\":[\"sqs:ReceiveMessage\",\"sqs:GetQueueUrl\",\"sqs:GetQueueAttributes\",\"sqs:DeleteMessage\"],\"Effect\":\"Allow\",\"Resource\":\"arn:aws:sqs:eu-west-1:889947746832:karpenter-aerospike-on-eks\"},{\"Action\":[\"iam:TagInstanceProfile\",\"iam:RemoveRoleFromInstanceProfile\",\"iam:GetInstanceProfile\",\"iam:DeleteInstanceProfile\",\"iam:CreateInstanceProfile\",\"iam:AddRoleToInstanceProfile\"],\"Effect\":\"Allow\",\"Resource\":\"*\"}],\"Version\":\"2012-10-17\"}",
            "policy_id": "ANPA46NIE6IIAOVBQSF2J",
            "tags": {},
            "tags_all": {}
          },
          "sensitive_attributes": [],
          "private": "bnVsbA==",
          "dependencies": [
            "data.aws_availability_zones.available",
            "data.aws_ecrpublic_authorization_token.token",
            "module.eks.aws_cloudwatch_log_group.this",
            "module.eks.aws_eks_access_entry.this",
            "module.eks.aws_eks_access_policy_association.this",
            "module.eks.aws_eks_cluster.this",
            "module.eks.aws_iam_policy.cni_ipv6_policy",
            "module.eks.aws_iam_role.this",
            "module.eks.aws_iam_role_policy_attachment.this",
            "module.eks.aws_security_group.cluster",
            "module.eks.aws_security_group.node",
            "module.eks.aws_security_group_rule.cluster",
            "module.eks.aws_security_group_rule.node",
            "module.eks.data.aws_caller_identity.current",
            "module.eks.data.aws_iam_policy_document.assume_role_policy",
            "module.eks.data.aws_iam_policy_document.cni_ipv6_policy",
            "module.eks.data.aws_iam_session_context.current",
            "module.eks.data.aws_partition.current",
            "module.eks.module.kms.aws_kms_external_key.this",
            "module.eks.module.kms.aws_kms_key.this",
            "module.eks.module.kms.aws_kms_replica_external_key.this",
            "module.eks.module.kms.aws_kms_replica_key.this",
            "module.eks.module.kms.data.aws_caller_identity.current",
            "module.eks.module.kms.data.aws_iam_policy_document.this",
            "module.eks.module.kms.data.aws_partition.current",
            "module.eks_blueprints_addons.aws_iam_role.karpenter",
            "module.eks_blueprints_addons.data.aws_caller_identity.current",
            "module.eks_blueprints_addons.data.aws_iam_policy_document.karpenter",
            "module.eks_blueprints_addons.data.aws_iam_policy_document.karpenter_assume_role",
            "module.eks_blueprints_addons.data.aws_partition.current",
            "module.eks_blueprints_addons.data.aws_region.current",
            "module.eks_blueprints_addons.module.karpenter.data.aws_iam_policy_document.this",
            "module.eks_blueprints_addons.module.karpenter_sqs.aws_sqs_queue.this",
            "module.vpc.aws_subnet.private",
            "module.vpc.aws_vpc.this",
            "module.vpc.aws_vpc_ipv4_cidr_block_association.this"
          ]
        }
      ]
    },
    {
      "module": "module.eks_blueprints_addons.module.karpenter",
      "mode": "managed",
      "type": "aws_iam_role",
      "name": "this",
      "provider": "provider[\"registry.terraform.io/hashicorp/aws\"]",
      "instances": [
        {
          "index_key": 0,
          "schema_version": 0,
          "attributes": {
            "arn": "arn:aws:iam::889947746832:role/karpenter-20240820114841805300000004",
            "assume_role_policy": "{\"Statement\":[{\"Action\":\"sts:AssumeRoleWithWebIdentity\",\"Condition\":{\"StringEquals\":{\"oidc.eks.eu-west-1.amazonaws.com/id/D01B84E3BCBD86B9C71643826643271D:aud\":\"sts.amazonaws.com\",\"oidc.eks.eu-west-1.amazonaws.com/id/D01B84E3BCBD86B9C71643826643271D:sub\":\"system:serviceaccount:karpenter:karpenter\"}},\"Effect\":\"Allow\",\"Principal\":{\"Federated\":\"arn:aws:iam::889947746832:oidc-provider/oidc.eks.eu-west-1.amazonaws.com/id/D01B84E3BCBD86B9C71643826643271D\"}}],\"Version\":\"2012-10-17\"}",
            "create_date": "2024-08-20T11:48:42Z",
            "description": "IRSA for Karpenter",
            "force_detach_policies": true,
            "id": "karpenter-20240820114841805300000004",
            "inline_policy": [],
            "managed_policy_arns": [
              "arn:aws:iam::889947746832:policy/karpenter-20240820114907541800000009"
            ],
            "max_session_duration": 3600,
            "name": "karpenter-20240820114841805300000004",
            "name_prefix": "karpenter-",
            "path": "/",
            "permissions_boundary": "",
            "tags": {},
            "tags_all": {},
            "unique_id": "AROA46NIE6IIPZA6474GO"
          },
          "sensitive_attributes": [],
          "private": "bnVsbA==",
          "dependencies": [
            "data.aws_availability_zones.available",
            "data.aws_ecrpublic_authorization_token.token",
            "module.eks.aws_cloudwatch_log_group.this",
            "module.eks.aws_eks_access_entry.this",
            "module.eks.aws_eks_access_policy_association.this",
            "module.eks.aws_eks_cluster.this",
            "module.eks.aws_iam_openid_connect_provider.oidc_provider",
            "module.eks.aws_iam_policy.cni_ipv6_policy",
            "module.eks.aws_iam_role.this",
            "module.eks.aws_iam_role_policy_attachment.this",
            "module.eks.aws_security_group.cluster",
            "module.eks.aws_security_group.node",
            "module.eks.aws_security_group_rule.cluster",
            "module.eks.aws_security_group_rule.node",
            "module.eks.data.aws_caller_identity.current",
            "module.eks.data.aws_iam_policy_document.assume_role_policy",
            "module.eks.data.aws_iam_policy_document.cni_ipv6_policy",
            "module.eks.data.aws_iam_session_context.current",
            "module.eks.data.aws_partition.current",
            "module.eks.data.tls_certificate.this",
            "module.eks.module.kms.aws_kms_external_key.this",
            "module.eks.module.kms.aws_kms_key.this",
            "module.eks.module.kms.aws_kms_replica_external_key.this",
            "module.eks.module.kms.aws_kms_replica_key.this",
            "module.eks.module.kms.data.aws_caller_identity.current",
            "module.eks.module.kms.data.aws_iam_policy_document.this",
            "module.eks.module.kms.data.aws_partition.current",
            "module.eks_blueprints_addons.module.karpenter.data.aws_caller_identity.current",
            "module.eks_blueprints_addons.module.karpenter.data.aws_iam_policy_document.assume",
            "module.eks_blueprints_addons.module.karpenter.data.aws_partition.current",
            "module.eks_blueprints_addons.time_sleep.this",
            "module.vpc.aws_subnet.private",
            "module.vpc.aws_vpc.this",
            "module.vpc.aws_vpc_ipv4_cidr_block_association.this"
          ]
        }
      ]
    },
    {
      "module": "module.eks_blueprints_addons.module.karpenter",
      "mode": "managed",
      "type": "aws_iam_role_policy_attachment",
      "name": "this",
      "provider": "provider[\"registry.terraform.io/hashicorp/aws\"]",
      "instances": [
        {
          "index_key": 0,
          "schema_version": 0,
          "attributes": {
            "id": "karpenter-20240820114841805300000004-2024082011490824930000000a",
            "policy_arn": "arn:aws:iam::889947746832:policy/karpenter-20240820114907541800000009",
            "role": "karpenter-20240820114841805300000004"
          },
          "sensitive_attributes": [],
          "private": "bnVsbA==",
          "dependencies": [
            "data.aws_availability_zones.available",
            "data.aws_ecrpublic_authorization_token.token",
            "module.eks.aws_cloudwatch_log_group.this",
            "module.eks.aws_eks_access_entry.this",
            "module.eks.aws_eks_access_policy_association.this",
            "module.eks.aws_eks_cluster.this",
            "module.eks.aws_iam_openid_connect_provider.oidc_provider",
            "module.eks.aws_iam_policy.cni_ipv6_policy",
            "module.eks.aws_iam_role.this",
            "module.eks.aws_iam_role_policy_attachment.this",
            "module.eks.aws_security_group.cluster",
            "module.eks.aws_security_group.node",
            "module.eks.aws_security_group_rule.cluster",
            "module.eks.aws_security_group_rule.node",
            "module.eks.data.aws_caller_identity.current",
            "module.eks.data.aws_iam_policy_document.assume_role_policy",
            "module.eks.data.aws_iam_policy_document.cni_ipv6_policy",
            "module.eks.data.aws_iam_session_context.current",
            "module.eks.data.aws_partition.current",
            "module.eks.data.tls_certificate.this",
            "module.eks.module.kms.aws_kms_external_key.this",
            "module.eks.module.kms.aws_kms_key.this",
            "module.eks.module.kms.aws_kms_replica_external_key.this",
            "module.eks.module.kms.aws_kms_replica_key.this",
            "module.eks.module.kms.data.aws_caller_identity.current",
            "module.eks.module.kms.data.aws_iam_policy_document.this",
            "module.eks.module.kms.data.aws_partition.current",
            "module.eks_blueprints_addons.aws_iam_role.karpenter",
            "module.eks_blueprints_addons.data.aws_caller_identity.current",
            "module.eks_blueprints_addons.data.aws_iam_policy_document.karpenter",
            "module.eks_blueprints_addons.data.aws_iam_policy_document.karpenter_assume_role",
            "module.eks_blueprints_addons.data.aws_partition.current",
            "module.eks_blueprints_addons.data.aws_region.current",
            "module.eks_blueprints_addons.module.karpenter.aws_iam_policy.this",
            "module.eks_blueprints_addons.module.karpenter.aws_iam_role.this",
            "module.eks_blueprints_addons.module.karpenter.data.aws_caller_identity.current",
            "module.eks_blueprints_addons.module.karpenter.data.aws_iam_policy_document.assume",
            "module.eks_blueprints_addons.module.karpenter.data.aws_iam_policy_document.this",
            "module.eks_blueprints_addons.module.karpenter.data.aws_partition.current",
            "module.eks_blueprints_addons.module.karpenter_sqs.aws_sqs_queue.this",
            "module.eks_blueprints_addons.time_sleep.this",
            "module.vpc.aws_subnet.private",
            "module.vpc.aws_vpc.this",
            "module.vpc.aws_vpc_ipv4_cidr_block_association.this"
          ]
        }
      ]
    },
    {
      "module": "module.eks_blueprints_addons.module.karpenter",
      "mode": "managed",
      "type": "helm_release",
      "name": "this",
      "provider": "provider[\"registry.terraform.io/hashicorp/helm\"]",
      "instances": [
        {
          "index_key": 0,
          "schema_version": 1,
          "attributes": {
            "atomic": false,
            "chart": "karpenter",
            "cleanup_on_fail": false,
            "create_namespace": true,
            "dependency_update": false,
            "description": "A Helm chart to deploy Karpenter",
            "devel": null,
            "disable_crd_hooks": false,
            "disable_openapi_validation": false,
            "disable_webhooks": false,
            "force_update": false,
            "id": "karpenter",
            "keyring": null,
            "lint": false,
            "manifest": null,
            "max_history": 0,
            "metadata": [
              {
                "app_version": "1.0.1",
                "chart": "karpenter",
                "first_deployed": 1724406645,
                "last_deployed": 1724678922,
                "name": "karpenter",
                "namespace": "karpenter",
                "notes": "",
                "revision": 17,
                "values": "{\"serviceAccount\":{\"annotations\":{\"eks.amazonaws.com/role-arn\":\"arn:aws:iam::889947746832:role/karpenter-20240820114841805300000004\"},\"name\":\"karpenter\"},\"settings\":{\"aws\":{\"clusterEndpoint\":\"https://D01B84E3BCBD86B9C71643826643271D.sk1.eu-west-1.eks.amazonaws.com\",\"clusterName\":\"aerospike-on-eks\",\"interruptionQueueName\":\"karpenter-aerospike-on-eks\"},\"clusterEndpoint\":\"https://D01B84E3BCBD86B9C71643826643271D.sk1.eu-west-1.eks.amazonaws.com\",\"clusterName\":\"aerospike-on-eks\",\"interruptionQueue\":\"karpenter-aerospike-on-eks\"}}",
                "version": "1.0.1"
              }
            ],
            "name": "karpenter",
            "namespace": "karpenter",
            "pass_credentials": false,
            "postrender": [],
            "recreate_pods": false,
            "render_subchart_notes": true,
            "replace": false,
            "repository": "oci://public.ecr.aws/karpenter",
            "repository_ca_file": null,
            "repository_cert_file": null,
            "repository_key_file": null,
            "repository_password": "eyJwYXlsb2FkIjoiUk9pQlg3K0ZGeDBCbjVNUHZGaCtKdlhQYmJRS1h3cjROakx1NDlOSTN6cmZwWWthSUJVUWx0NTVPczRwTVFZb1Q2OUZoeTJVL3BKaTZCSlFqL0F1dUk0bGFpbWJFRFpOVmlFUkhFSFZsZkRQQnpTOVlYM1N0MEZYeHVjSWtsM01JcHY3WTJHaEx4ampOVkpBa3dHbGpOOG9DNjdFTThPMm16M3NsNmE2dmNaU1ZEdCsrMUVod0pmN3hjK1R4S0hSS2trOXo3S0E0cnNwZUE5UVJIdGxsS2hnYXZ2dVdmVzk4eXBudXBRWEJXa25PODRxSy8xWUNTMnlDODVEKzBrTWZRdCtodS95NHF1T1QwU1M3VVdWVFEwYVUrS04yMFQzQk9zT3ppcEd0TmJ1Y21YSXRETjFVOFBEUE9ub2c3WlFpNWFZNmpzOUYwdFlIQXg0K2ZQbXk4QW1RL21SNHd6N3F3MWQwK2crUGVOZjVrektPTUREUmVYTG04bENpTWIwczVQUzh5YTJCd29KalMra1Q3U1VlcThnTzE4bEpkMHY3dXBwTnJqRUh4VTl5UmxaakFERHliMHZwQ0F0MitqaFAyMTF2Mit6MW1uRndVd1ZKc0tiTEc5QjdncEVsai9kRTVFbU1jajkrMXEvWUE5M1ZtWGJ0SktGRjUyeDQ4SEtHcHVaeWFrSTd6b21GaFpoNXNjL3JHY3BGNFlOTkhjdVBWSFJpM1ZFTHExQ1Z1UFRmamRFSVJtYm9MNEdBdGRjSkVEbDM0bFlIOFZpL0NENk10NGIybW15WGdjVzFJWmtSZ0JuSTFUaVBiY2h5NHRCMEtVWmhiRS80T0FCZVZLSXlWTzVuVnNXUi9LRlZLVHlNL0xqbzMxeUJJbmJTcHgwcTEybThwa1NEQlZiQnpsOURKdUZaMys4ait1eDJRUEkrazB1SEZURmNBTkR5NyttSUNPcXZTbXZpVlZaMnpBVTJpVEQ2b0Rad1pZQlJRR0pMcW1FOTRNUFNrdld2bEhaU1pRTUxLTmRzZ3FXbzNpTXJSY05oVjVqWDZCQ2d4aUQ1TkhhT1dSUXFFbXZyV2lVOGFWcHpzUHozRmY0THd1eXlieEttdkZVMkNwcGppbG5tWXBqN0U2YW8wOWRNSGhoeVhWTkxmWEdrbE9aaFphblRRWkJkSzRpSGJNeVlqZnFsNi9BenRGUGtPUmJDVlhOQ0srZ3pWTDdEeSt4SjZyemNwSVhJaXlOcytrYUpLVWgyV2MvNGc2aXUwKzFLcjM0N0ViWVNsdG9mcXFyVmVMTGpNellQT0w2Mms5dUJoQVl0ODZDV013eFZqYXFJTU5udGgvb2dNVEFJVTM2RW9QMnFnbG5sbytiaTluYnFMKy80eWVPeTBYb3ptcHFJYWMyb1lTbU84dXdWZGg4NTVhVWdjQXg5K1NPN0tiNkpraW9ES21BNVQ1QkNPM2dEYUM3Q0dFWTNmeHI4eTU5YlVvRTVkNHUvOVhlYTU1cDU3MnRGK1IyTzR5UjFocmdMUzVzYjd6KzB0ZWZTdHdKVzVzcE9PTkRoYWE3SnlRNUVsTzA4MHk0akdkZmZCbVY3TjZRT3NXREpKT1lkZFhjK2t6YkxQTUNVclZmMDc4NHpzMVBtTlBEdUtXa3VmaVJDUSsrcjVRTm43U2pRWGV1QWhsNFJ4Qy9pV2htY2hZL0h0RU5GeStpSkYwOHRxbTljcHNwQ2c9PSIsImRhdGFrZXkiOiJleUpRUkZnaU9pSnBWM0YzUkUxVFRWWldNR0p0WVdSNE0wNVpkM001UkcwMmNqTjVhR2QxUkRSNVJtNUlVSEJqYzI5RlpIbDNaMjVPVDJ4QmEzbFdORXhIVDI1blFtVlBkbkZYU2xCNU1tTXZPVkoxTldSWFJEbDNRV3BMTkVoUU56QmtLMlJJWTBkT0syd3pRVzVzYzFkYUx6Sk9LMEYxUTAxT2NWY3hVMHhMTWsxWVFrWjVWMjlqSzFrek1sTlBSVVZOZDJ0amRtcDBXblZ2V0Rkc1pHWmthRVpLYkVocFZYaG9SbVpaY2xSRFNtRjROV0ZSUjBOVlltRjNhVUZMUWtsNWVtMVliVVZsU2xOaVFUQndXRkkzUkhaaWVtMVhiRmQ0ZVRocVkwUjRLM0ZtTlZCSWQyZDFRV1JyYVROTE1FcFNSVTl4T0U5Q2IzcHRTa1pqYm1KYU1uSkhjM0pMYVRsNWIyZHFOR2R4TDNaRU5FVjJPSGwwV21kRlUyaEtjekpOUTNnM2REVk9aVFZST0VJNGFHVXdWa0pKYkZad1JuVjJlRVpvUm5wblJHbHFXamRsUmxOa1JYUXhNRmhaY1RaMFFtUnBPR1o1Y25sNVYwRTlQU0lzSWtsQlJDSTZJbXc0TjNkVFZIbFVaMlF5VTFBd2JWRmliR2x5U20xdmVuaEdTbEZOUXk4M0t6aFRORlpLSzNKa1RtaEZNVFkyWVhwcWVtMUxVVGRCS3l0NVpHVk1SSFJQWkVOVmFtMU9jRThyVUVwQlJrTkdTelYwZHpSMFMxazFTMUY0WlV4SmNVWjRhbkJOYm5oallXUnNRbElyWWxoTVptcEVXVnA0VkUxMlRVSXlRazB4YjJkbkwybzVWRFJqYW1aV1pGSkVSVVZuVFV0U2JFNVNWVWt6VmpaWWRITTJTMWxaU1ZoMWIzVnhPR3BsVkRSUlNuZDFUa0poU0Vsb1JqaEhUa0UzT0hkdlJsQkRiMWN4TUZaVlN5dFBSeTlCVGs1SFdqUkNiVTVSYUdsSFdIaEpkVUpRVlc0M2MyY3JSRlpZSzA5eWRsUktTVXRhZUc0M1NGb3lSM1J5YlZaa1dTOUNka3RoUjA5bVlXMW1TVFJYWm1KT1VrOTZhVmxQVm5SMFRUQnBhM2RKTVVsSGVVaEtZVTl0TWtaek1UUlpWMGh1VkRFMGMwUkhMMnBuWTB0clUwNWFibXRHZW0xYWVYWlllVU5RUlVoYVQzSXhaejA5SW4wPSIsInZlcnNpb24iOiIzIiwidHlwZSI6IkRBVEFfS0VZIiwiZXhwaXJhdGlvbiI6MTcyNDcyMjA2Mn0=",
            "repository_username": "AWS",
            "reset_values": false,
            "reuse_values": false,
            "set": [
              {
                "name": "serviceAccount.annotations.eks\\.amazonaws\\.com/role-arn",
                "type": "",
                "value": "arn:aws:iam::889947746832:role/karpenter-20240820114841805300000004"
              },
              {
                "name": "serviceAccount.name",
                "type": "",
                "value": "karpenter"
              },
              {
                "name": "settings.aws.clusterEndpoint",
                "type": "",
                "value": "https://D01B84E3BCBD86B9C71643826643271D.sk1.eu-west-1.eks.amazonaws.com"
              },
              {
                "name": "settings.aws.clusterName",
                "type": "",
                "value": "aerospike-on-eks"
              },
              {
                "name": "settings.aws.interruptionQueueName",
                "type": "",
                "value": "karpenter-aerospike-on-eks"
              },
              {
                "name": "settings.clusterEndpoint",
                "type": "",
                "value": "https://D01B84E3BCBD86B9C71643826643271D.sk1.eu-west-1.eks.amazonaws.com"
              },
              {
                "name": "settings.clusterName",
                "type": "",
                "value": "aerospike-on-eks"
              },
              {
                "name": "settings.interruptionQueue",
                "type": "",
                "value": "karpenter-aerospike-on-eks"
              }
            ],
            "set_list": [],
            "set_sensitive": [],
            "skip_crds": false,
            "status": "deployed",
            "timeout": 300,
            "upgrade_install": null,
            "values": [],
            "verify": false,
            "version": "1.0.1",
            "wait": false,
            "wait_for_jobs": false
          },
          "sensitive_attributes": [
            [
              {
                "type": "get_attr",
                "value": "repository_password"
              }
            ]
          ],
          "private": "eyJzY2hlbWFfdmVyc2lvbiI6IjEifQ==",
          "dependencies": [
            "data.aws_ecrpublic_authorization_token.token",
            "data.aws_eks_cluster_auth.this",
            "module.eks.aws_eks_access_entry.this",
            "module.eks.aws_eks_access_policy_association.this",
            "module.eks.aws_eks_cluster.this",
            "module.eks.data.aws_iam_session_context.current",
            "module.eks.data.aws_partition.current",
            "module.eks_blueprints_addons.aws_iam_instance_profile.karpenter",
            "module.eks_blueprints_addons.module.karpenter.aws_iam_role.this",
            "module.eks_blueprints_addons.module.karpenter_sqs.aws_sqs_queue.this",
            "module.eks_blueprints_addons.time_sleep.this"
          ]
        }
      ]
    },
    {
      "module": "module.eks_blueprints_addons.module.karpenter_sqs",
      "mode": "data",
      "type": "aws_iam_policy_document",
      "name": "this",
      "provider": "provider[\"registry.terraform.io/hashicorp/aws\"]",
      "instances": [
        {
          "index_key": 0,
          "schema_version": 0,
          "attributes": {
            "id": "3184482852",
            "json": "{\n  \"Version\": \"2012-10-17\",\n  \"Statement\": [\n    {\n      \"Sid\": \"SendEventsToQueue\",\n      \"Effect\": \"Allow\",\n      \"Action\": \"sqs:SendMessage\",\n      \"Resource\": \"arn:aws:sqs:eu-west-1:889947746832:karpenter-aerospike-on-eks\",\n      \"Principal\": {\n        \"Service\": [\n          \"sqs.amazonaws.com\",\n          \"events.amazonaws.com\"\n        ]\n      }\n    }\n  ]\n}",
            "minified_json": "{\"Version\":\"2012-10-17\",\"Statement\":[{\"Sid\":\"SendEventsToQueue\",\"Effect\":\"Allow\",\"Action\":\"sqs:SendMessage\",\"Resource\":\"arn:aws:sqs:eu-west-1:889947746832:karpenter-aerospike-on-eks\",\"Principal\":{\"Service\":[\"sqs.amazonaws.com\",\"events.amazonaws.com\"]}}]}",
            "override_json": null,
            "override_policy_documents": null,
            "policy_id": null,
            "source_json": null,
            "source_policy_documents": null,
            "statement": [
              {
                "actions": [
                  "sqs:SendMessage"
                ],
                "condition": [],
                "effect": "Allow",
                "not_actions": [],
                "not_principals": [],
                "not_resources": [],
                "principals": [
                  {
                    "identifiers": [
                      "events.amazonaws.com",
                      "sqs.amazonaws.com"
                    ],
                    "type": "Service"
                  }
                ],
                "resources": [
                  "arn:aws:sqs:eu-west-1:889947746832:karpenter-aerospike-on-eks"
                ],
                "sid": "SendEventsToQueue"
              }
            ],
            "version": "2012-10-17"
          },
          "sensitive_attributes": []
        }
      ]
    },
    {
      "module": "module.eks_blueprints_addons.module.karpenter_sqs",
      "mode": "managed",
      "type": "aws_sqs_queue",
      "name": "this",
      "provider": "provider[\"registry.terraform.io/hashicorp/aws\"]",
      "instances": [
        {
          "index_key": 0,
          "schema_version": 0,
          "attributes": {
            "arn": "arn:aws:sqs:eu-west-1:889947746832:karpenter-aerospike-on-eks",
            "content_based_deduplication": false,
            "deduplication_scope": "",
            "delay_seconds": 0,
            "fifo_queue": false,
            "fifo_throughput_limit": "",
            "id": "https://sqs.eu-west-1.amazonaws.com/889947746832/karpenter-aerospike-on-eks",
            "kms_data_key_reuse_period_seconds": 300,
            "kms_master_key_id": "",
            "max_message_size": 262144,
            "message_retention_seconds": 300,
            "name": "karpenter-aerospike-on-eks",
            "name_prefix": "",
            "policy": "{\"Statement\":[{\"Action\":\"sqs:SendMessage\",\"Effect\":\"Allow\",\"Principal\":{\"Service\":[\"events.amazonaws.com\",\"sqs.amazonaws.com\"]},\"Resource\":\"arn:aws:sqs:eu-west-1:889947746832:karpenter-aerospike-on-eks\",\"Sid\":\"SendEventsToQueue\"}],\"Version\":\"2012-10-17\"}",
            "receive_wait_time_seconds": 0,
            "redrive_allow_policy": "",
            "redrive_policy": "",
            "sqs_managed_sse_enabled": true,
            "tags": {},
            "tags_all": {},
            "url": "https://sqs.eu-west-1.amazonaws.com/889947746832/karpenter-aerospike-on-eks",
            "visibility_timeout_seconds": 30
          },
          "sensitive_attributes": [],
          "private": "bnVsbA==",
          "dependencies": [
            "data.aws_availability_zones.available",
            "module.eks.aws_cloudwatch_log_group.this",
            "module.eks.aws_eks_access_entry.this",
            "module.eks.aws_eks_access_policy_association.this",
            "module.eks.aws_eks_cluster.this",
            "module.eks.aws_iam_policy.cni_ipv6_policy",
            "module.eks.aws_iam_role.this",
            "module.eks.aws_iam_role_policy_attachment.this",
            "module.eks.aws_security_group.cluster",
            "module.eks.aws_security_group.node",
            "module.eks.aws_security_group_rule.cluster",
            "module.eks.aws_security_group_rule.node",
            "module.eks.data.aws_caller_identity.current",
            "module.eks.data.aws_iam_policy_document.assume_role_policy",
            "module.eks.data.aws_iam_policy_document.cni_ipv6_policy",
            "module.eks.data.aws_iam_session_context.current",
            "module.eks.data.aws_partition.current",
            "module.eks.module.kms.aws_kms_external_key.this",
            "module.eks.module.kms.aws_kms_key.this",
            "module.eks.module.kms.aws_kms_replica_external_key.this",
            "module.eks.module.kms.aws_kms_replica_key.this",
            "module.eks.module.kms.data.aws_caller_identity.current",
            "module.eks.module.kms.data.aws_iam_policy_document.this",
            "module.eks.module.kms.data.aws_partition.current",
            "module.vpc.aws_subnet.private",
            "module.vpc.aws_vpc.this",
            "module.vpc.aws_vpc_ipv4_cidr_block_association.this"
          ]
        }
      ]
    },
    {
      "module": "module.eks_blueprints_addons.module.karpenter_sqs",
      "mode": "managed",
      "type": "aws_sqs_queue_policy",
      "name": "this",
      "provider": "provider[\"registry.terraform.io/hashicorp/aws\"]",
      "instances": [
        {
          "index_key": 0,
          "schema_version": 1,
          "attributes": {
            "id": "https://sqs.eu-west-1.amazonaws.com/889947746832/karpenter-aerospike-on-eks",
            "policy": "{\"Statement\":[{\"Action\":\"sqs:SendMessage\",\"Effect\":\"Allow\",\"Principal\":{\"Service\":[\"sqs.amazonaws.com\",\"events.amazonaws.com\"]},\"Resource\":\"arn:aws:sqs:eu-west-1:889947746832:karpenter-aerospike-on-eks\",\"Sid\":\"SendEventsToQueue\"}],\"Version\":\"2012-10-17\"}",
            "queue_url": "https://sqs.eu-west-1.amazonaws.com/889947746832/karpenter-aerospike-on-eks"
          },
          "sensitive_attributes": [],
          "private": "eyJzY2hlbWFfdmVyc2lvbiI6IjEifQ==",
          "dependencies": [
            "data.aws_availability_zones.available",
            "module.eks.aws_cloudwatch_log_group.this",
            "module.eks.aws_eks_access_entry.this",
            "module.eks.aws_eks_access_policy_association.this",
            "module.eks.aws_eks_cluster.this",
            "module.eks.aws_iam_policy.cni_ipv6_policy",
            "module.eks.aws_iam_role.this",
            "module.eks.aws_iam_role_policy_attachment.this",
            "module.eks.aws_security_group.cluster",
            "module.eks.aws_security_group.node",
            "module.eks.aws_security_group_rule.cluster",
            "module.eks.aws_security_group_rule.node",
            "module.eks.data.aws_caller_identity.current",
            "module.eks.data.aws_iam_policy_document.assume_role_policy",
            "module.eks.data.aws_iam_policy_document.cni_ipv6_policy",
            "module.eks.data.aws_iam_session_context.current",
            "module.eks.data.aws_partition.current",
            "module.eks.module.kms.aws_kms_external_key.this",
            "module.eks.module.kms.aws_kms_key.this",
            "module.eks.module.kms.aws_kms_replica_external_key.this",
            "module.eks.module.kms.aws_kms_replica_key.this",
            "module.eks.module.kms.data.aws_caller_identity.current",
            "module.eks.module.kms.data.aws_iam_policy_document.this",
            "module.eks.module.kms.data.aws_partition.current",
            "module.eks_blueprints_addons.module.karpenter_sqs.aws_sqs_queue.this",
            "module.eks_blueprints_addons.module.karpenter_sqs.data.aws_iam_policy_document.this",
            "module.vpc.aws_subnet.private",
            "module.vpc.aws_vpc.this",
            "module.vpc.aws_vpc_ipv4_cidr_block_association.this"
          ]
        }
      ]
    },
    {
      "module": "module.eks_blueprints_addons.module.metrics_server",
      "mode": "managed",
      "type": "helm_release",
      "name": "this",
      "provider": "provider[\"registry.terraform.io/hashicorp/helm\"]",
      "instances": [
        {
          "index_key": 0,
          "schema_version": 1,
          "attributes": {
            "atomic": false,
            "chart": "metrics-server",
            "cleanup_on_fail": false,
            "create_namespace": false,
            "dependency_update": false,
            "description": "A Helm chart to install the Metrics Server",
            "devel": null,
            "disable_crd_hooks": false,
            "disable_openapi_validation": false,
            "disable_webhooks": false,
            "force_update": false,
            "id": "metrics-server",
            "keyring": null,
            "lint": false,
            "manifest": null,
            "max_history": 0,
            "metadata": [
              {
                "app_version": "0.7.0",
                "chart": "metrics-server",
                "first_deployed": 1724169808,
                "last_deployed": 1724169808,
                "name": "metrics-server",
                "namespace": "kube-system",
                "notes": "***********************************************************************\n* Metrics Server                                                      *\n***********************************************************************\n  Chart version: 3.12.0\n  App version:   0.7.0\n  Image tag:     registry.k8s.io/metrics-server/metrics-server:v0.7.0\n***********************************************************************\n",
                "revision": 1,
                "values": "{\"affinity\":{\"podAntiAffinity\":{\"requiredDuringSchedulingIgnoredDuringExecution\":[{\"labelSelector\":{\"matchLabels\":{\"k8s-app\":\"metrics-server\"}},\"namespaces\":[\"kube-system\"],\"topologyKey\":\"kubernetes.io/hostname\"}]}},\"apiService\":{\"create\":true},\"defaultArgs\":[\"--cert-dir=/tmp\",\"--kubelet-preferred-address-types=InternalIP,ExternalIP,Hostname\",\"--kubelet-use-node-status-port\",\"--metric-resolution=15s\"],\"image\":{\"pullPolicy\":\"IfNotPresent\",\"repository\":\"registry.k8s.io/metrics-server/metrics-server\"},\"podDisruptionBudget\":{\"enabled\":true,\"minAvailable\":1},\"podLabels\":{\"k8s-app\":\"metrics-server\"},\"rbac\":{\"create\":true,\"pspEnabled\":false},\"replicas\":2,\"resources\":{\"requests\":{\"cpu\":\"200m\",\"memory\":\"512Mi\"}},\"serviceAccount\":{\"create\":true,\"name\":\"metrics-server\"},\"updateStrategy\":{\"rollingUpdate\":{\"maxSurge\":0,\"maxUnavailable\":1},\"type\":\"RollingUpdate\"}}",
                "version": "3.12.0"
              }
            ],
            "name": "metrics-server",
            "namespace": "kube-system",
            "pass_credentials": false,
            "postrender": [],
            "recreate_pods": false,
            "render_subchart_notes": true,
            "replace": false,
            "repository": "https://kubernetes-sigs.github.io/metrics-server/",
            "repository_ca_file": null,
            "repository_cert_file": null,
            "repository_key_file": null,
            "repository_password": null,
            "repository_username": null,
            "reset_values": false,
            "reuse_values": false,
            "set": [],
            "set_list": [],
            "set_sensitive": [],
            "skip_crds": false,
            "status": "deployed",
            "timeout": 300,
            "upgrade_install": null,
            "values": [
              "# HA config for metrics-server\nimage:\n  repository: registry.k8s.io/metrics-server/metrics-server\n  pullPolicy: IfNotPresent\n\nserviceAccount:\n  create: true\n  name: metrics-server\n\nrbac:\n  create: true\n  pspEnabled: false\n\napiService:\n  create: true\n\npodLabels:\n  k8s-app: metrics-server\n\n# HA enabled by enabling replicas to 2, updateStrategy and podDisruptionBudget to true\nreplicas: 2\n\nupdateStrategy:\n   type: RollingUpdate\n   rollingUpdate:\n     maxSurge: 0\n     maxUnavailable: 1\n\npodDisruptionBudget:\n  enabled: true\n  minAvailable: 1\n\ndefaultArgs:\n  - --cert-dir=/tmp\n  - --kubelet-preferred-address-types=InternalIP,ExternalIP,Hostname\n  - --kubelet-use-node-status-port\n  - --metric-resolution=15s\n\nresources:\n  requests:\n    cpu: 200m\n    memory: 512Mi\n\naffinity:\n  podAntiAffinity:\n    requiredDuringSchedulingIgnoredDuringExecution:\n      - labelSelector:\n          matchLabels:\n            k8s-app: metrics-server\n        namespaces:\n          - kube-system\n        topologyKey: kubernetes.io/hostname\n"
            ],
            "verify": false,
            "version": "3.12.0",
            "wait": false,
            "wait_for_jobs": false
          },
          "sensitive_attributes": [],
          "private": "eyJzY2hlbWFfdmVyc2lvbiI6IjEifQ==",
          "dependencies": [
            "data.aws_availability_zones.available",
            "data.aws_eks_cluster_auth.this",
            "module.eks.aws_cloudwatch_log_group.this",
            "module.eks.aws_eks_access_entry.this",
            "module.eks.aws_eks_access_policy_association.this",
            "module.eks.aws_eks_cluster.this",
            "module.eks.aws_iam_policy.cni_ipv6_policy",
            "module.eks.aws_iam_role.this",
            "module.eks.aws_iam_role_policy_attachment.this",
            "module.eks.aws_security_group.cluster",
            "module.eks.aws_security_group.node",
            "module.eks.aws_security_group_rule.cluster",
            "module.eks.aws_security_group_rule.node",
            "module.eks.data.aws_caller_identity.current",
            "module.eks.data.aws_iam_policy_document.assume_role_policy",
            "module.eks.data.aws_iam_policy_document.cni_ipv6_policy",
            "module.eks.data.aws_iam_session_context.current",
            "module.eks.data.aws_partition.current",
            "module.eks.module.kms.aws_kms_external_key.this",
            "module.eks.module.kms.aws_kms_key.this",
            "module.eks.module.kms.aws_kms_replica_external_key.this",
            "module.eks.module.kms.aws_kms_replica_key.this",
            "module.eks.module.kms.data.aws_caller_identity.current",
            "module.eks.module.kms.data.aws_iam_policy_document.this",
            "module.eks.module.kms.data.aws_partition.current",
            "module.eks_blueprints_addons.module.metrics_server.aws_iam_role.this",
            "module.eks_blueprints_addons.module.metrics_server.data.aws_caller_identity.current",
            "module.eks_blueprints_addons.module.metrics_server.data.aws_iam_policy_document.assume",
            "module.eks_blueprints_addons.module.metrics_server.data.aws_partition.current",
            "module.vpc.aws_subnet.private",
            "module.vpc.aws_vpc.this",
            "module.vpc.aws_vpc_ipv4_cidr_block_association.this"
          ]
        }
      ]
    },
    {
      "module": "module.vpc",
      "mode": "managed",
      "type": "aws_default_network_acl",
      "name": "this",
      "provider": "provider[\"registry.terraform.io/hashicorp/aws\"]",
      "instances": [
        {
          "index_key": 0,
          "schema_version": 0,
          "attributes": {
            "arn": "arn:aws:ec2:eu-west-1:889947746832:network-acl/acl-0f77433268b77bdc1",
            "default_network_acl_id": "acl-0f77433268b77bdc1",
            "egress": [
              {
                "action": "allow",
                "cidr_block": "",
                "from_port": 0,
                "icmp_code": 0,
                "icmp_type": 0,
                "ipv6_cidr_block": "::/0",
                "protocol": "-1",
                "rule_no": 101,
                "to_port": 0
              },
              {
                "action": "allow",
                "cidr_block": "0.0.0.0/0",
                "from_port": 0,
                "icmp_code": 0,
                "icmp_type": 0,
                "ipv6_cidr_block": "",
                "protocol": "-1",
                "rule_no": 100,
                "to_port": 0
              }
            ],
            "id": "acl-0f77433268b77bdc1",
            "ingress": [
              {
                "action": "allow",
                "cidr_block": "",
                "from_port": 0,
                "icmp_code": 0,
                "icmp_type": 0,
                "ipv6_cidr_block": "::/0",
                "protocol": "-1",
                "rule_no": 101,
                "to_port": 0
              },
              {
                "action": "allow",
                "cidr_block": "0.0.0.0/0",
                "from_port": 0,
                "icmp_code": 0,
                "icmp_type": 0,
                "ipv6_cidr_block": "",
                "protocol": "-1",
                "rule_no": 100,
                "to_port": 0
              }
            ],
            "owner_id": "889947746832",
            "subnet_ids": [
              "subnet-01423a4e818e71fbc",
              "subnet-034ef0aca9ed6dc07",
              "subnet-0360ba0721a4da589",
              "subnet-04da6bd033646a40f",
              "subnet-0627ccddaa53e2fb0",
              "subnet-0d90a5b847a67c5bb"
            ],
            "tags": {
              "Blueprint": "aerospike-on-eks",
              "GithubRepo": "github.com/awslabs/data-on-eks",
              "Name": "aerospike-on-eks-default"
            },
            "tags_all": {
              "Blueprint": "aerospike-on-eks",
              "GithubRepo": "github.com/awslabs/data-on-eks",
              "Name": "aerospike-on-eks-default"
            },
            "vpc_id": "vpc-053f5aad5581eaead"
          },
          "sensitive_attributes": [],
          "private": "bnVsbA==",
          "dependencies": [
            "module.vpc.aws_vpc.this"
          ]
        }
      ]
    },
    {
      "module": "module.vpc",
      "mode": "managed",
      "type": "aws_default_route_table",
      "name": "default",
      "provider": "provider[\"registry.terraform.io/hashicorp/aws\"]",
      "instances": [
        {
          "index_key": 0,
          "schema_version": 0,
          "attributes": {
            "arn": "arn:aws:ec2:eu-west-1:889947746832:route-table/rtb-0e5dd4d1fe332f1ce",
            "default_route_table_id": "rtb-0e5dd4d1fe332f1ce",
            "id": "rtb-0e5dd4d1fe332f1ce",
            "owner_id": "889947746832",
            "propagating_vgws": [],
            "route": [],
            "tags": {
              "Blueprint": "aerospike-on-eks",
              "GithubRepo": "github.com/awslabs/data-on-eks",
              "Name": "aerospike-on-eks-default"
            },
            "tags_all": {
              "Blueprint": "aerospike-on-eks",
              "GithubRepo": "github.com/awslabs/data-on-eks",
              "Name": "aerospike-on-eks-default"
            },
            "timeouts": {
              "create": "5m",
              "update": "5m"
            },
            "vpc_id": "vpc-053f5aad5581eaead"
          },
          "sensitive_attributes": [],
          "private": "eyJlMmJmYjczMC1lY2FhLTExZTYtOGY4OC0zNDM2M2JjN2M0YzAiOnsiY3JlYXRlIjozMDAwMDAwMDAwMDAsInVwZGF0ZSI6MzAwMDAwMDAwMDAwfX0=",
          "dependencies": [
            "module.vpc.aws_vpc.this"
          ]
        }
      ]
    },
    {
      "module": "module.vpc",
      "mode": "managed",
      "type": "aws_default_security_group",
      "name": "this",
      "provider": "provider[\"registry.terraform.io/hashicorp/aws\"]",
      "instances": [
        {
          "index_key": 0,
          "schema_version": 1,
          "attributes": {
            "arn": "arn:aws:ec2:eu-west-1:889947746832:security-group/sg-0967d8bd4207fc35f",
            "description": "default VPC security group",
            "egress": [],
            "id": "sg-0967d8bd4207fc35f",
            "ingress": [],
            "name": "default",
            "name_prefix": "",
            "owner_id": "889947746832",
            "revoke_rules_on_delete": false,
            "tags": {
              "Blueprint": "aerospike-on-eks",
              "GithubRepo": "github.com/awslabs/data-on-eks",
              "Name": "aerospike-on-eks-default"
            },
            "tags_all": {
              "Blueprint": "aerospike-on-eks",
              "GithubRepo": "github.com/awslabs/data-on-eks",
              "Name": "aerospike-on-eks-default"
            },
            "vpc_id": "vpc-053f5aad5581eaead"
          },
          "sensitive_attributes": [],
          "private": "eyJzY2hlbWFfdmVyc2lvbiI6IjEifQ==",
          "dependencies": [
            "module.vpc.aws_vpc.this"
          ]
        }
      ]
    },
    {
      "module": "module.vpc",
      "mode": "managed",
      "type": "aws_eip",
      "name": "nat",
      "provider": "provider[\"registry.terraform.io/hashicorp/aws\"]",
      "instances": [
        {
          "index_key": 0,
          "schema_version": 0,
          "attributes": {
            "address": null,
            "allocation_id": "eipalloc-0cbd1756e1b9b2bec",
            "arn": "arn:aws:ec2:eu-west-1:889947746832:elastic-ip/eipalloc-0cbd1756e1b9b2bec",
            "associate_with_private_ip": null,
            "association_id": "eipassoc-0c95960dcefbf8414",
            "carrier_ip": "",
            "customer_owned_ip": "",
            "customer_owned_ipv4_pool": "",
            "domain": "vpc",
            "id": "eipalloc-0cbd1756e1b9b2bec",
            "instance": "",
            "network_border_group": "eu-west-1",
            "network_interface": "eni-0c94293c85159b837",
            "private_dns": "ip-10-1-10-237.eu-west-1.compute.internal",
            "private_ip": "10.1.10.237",
            "ptr_record": "",
            "public_dns": "ec2-176-34-122-177.eu-west-1.compute.amazonaws.com",
            "public_ip": "176.34.122.177",
            "public_ipv4_pool": "amazon",
            "tags": {
              "Blueprint": "aerospike-on-eks",
              "GithubRepo": "github.com/awslabs/data-on-eks",
              "Name": "aerospike-on-eks-eu-west-1a"
            },
            "tags_all": {
              "Blueprint": "aerospike-on-eks",
              "GithubRepo": "github.com/awslabs/data-on-eks",
              "Name": "aerospike-on-eks-eu-west-1a"
            },
            "timeouts": null,
            "vpc": true
          },
          "sensitive_attributes": [],
          "private": "eyJlMmJmYjczMC1lY2FhLTExZTYtOGY4OC0zNDM2M2JjN2M0YzAiOnsiZGVsZXRlIjoxODAwMDAwMDAwMDAsInJlYWQiOjkwMDAwMDAwMDAwMCwidXBkYXRlIjozMDAwMDAwMDAwMDB9fQ==",
          "dependencies": [
            "data.aws_availability_zones.available",
            "module.vpc.aws_internet_gateway.this",
            "module.vpc.aws_vpc.this",
            "module.vpc.aws_vpc_ipv4_cidr_block_association.this"
          ]
        }
      ]
    },
    {
      "module": "module.vpc",
      "mode": "managed",
      "type": "aws_internet_gateway",
      "name": "this",
      "provider": "provider[\"registry.terraform.io/hashicorp/aws\"]",
      "instances": [
        {
          "index_key": 0,
          "schema_version": 0,
          "attributes": {
            "arn": "arn:aws:ec2:eu-west-1:889947746832:internet-gateway/igw-0ecb43ec2227820ef",
            "id": "igw-0ecb43ec2227820ef",
            "owner_id": "889947746832",
            "tags": {
              "Blueprint": "aerospike-on-eks",
              "GithubRepo": "github.com/awslabs/data-on-eks",
              "Name": "aerospike-on-eks"
            },
            "tags_all": {
              "Blueprint": "aerospike-on-eks",
              "GithubRepo": "github.com/awslabs/data-on-eks",
              "Name": "aerospike-on-eks"
            },
            "timeouts": null,
            "vpc_id": "vpc-053f5aad5581eaead"
          },
          "sensitive_attributes": [],
          "private": "eyJlMmJmYjczMC1lY2FhLTExZTYtOGY4OC0zNDM2M2JjN2M0YzAiOnsiY3JlYXRlIjoxMjAwMDAwMDAwMDAwLCJkZWxldGUiOjEyMDAwMDAwMDAwMDAsInVwZGF0ZSI6MTIwMDAwMDAwMDAwMH19",
          "dependencies": [
            "data.aws_availability_zones.available",
            "module.vpc.aws_vpc.this",
            "module.vpc.aws_vpc_ipv4_cidr_block_association.this"
          ]
        }
      ]
    },
    {
      "module": "module.vpc",
      "mode": "managed",
      "type": "aws_nat_gateway",
      "name": "this",
      "provider": "provider[\"registry.terraform.io/hashicorp/aws\"]",
      "instances": [
        {
          "index_key": 0,
          "schema_version": 0,
          "attributes": {
            "allocation_id": "eipalloc-0cbd1756e1b9b2bec",
            "association_id": "eipassoc-0c95960dcefbf8414",
            "connectivity_type": "public",
            "id": "nat-0f718026c5e109e48",
            "network_interface_id": "eni-0c94293c85159b837",
            "private_ip": "10.1.10.237",
            "public_ip": "176.34.122.177",
            "secondary_allocation_ids": [],
            "secondary_private_ip_address_count": 0,
            "secondary_private_ip_addresses": [],
            "subnet_id": "subnet-01423a4e818e71fbc",
            "tags": {
              "Blueprint": "aerospike-on-eks",
              "GithubRepo": "github.com/awslabs/data-on-eks",
              "Name": "aerospike-on-eks-eu-west-1a"
            },
            "tags_all": {
              "Blueprint": "aerospike-on-eks",
              "GithubRepo": "github.com/awslabs/data-on-eks",
              "Name": "aerospike-on-eks-eu-west-1a"
            },
            "timeouts": null
          },
          "sensitive_attributes": [],
          "private": "eyJlMmJmYjczMC1lY2FhLTExZTYtOGY4OC0zNDM2M2JjN2M0YzAiOnsiY3JlYXRlIjo2MDAwMDAwMDAwMDAsImRlbGV0ZSI6MTgwMDAwMDAwMDAwMCwidXBkYXRlIjo2MDAwMDAwMDAwMDB9fQ==",
          "dependencies": [
            "data.aws_availability_zones.available",
            "module.vpc.aws_eip.nat",
            "module.vpc.aws_internet_gateway.this",
            "module.vpc.aws_subnet.public",
            "module.vpc.aws_vpc.this",
            "module.vpc.aws_vpc_ipv4_cidr_block_association.this"
          ]
        }
      ]
    },
    {
      "module": "module.vpc",
      "mode": "managed",
      "type": "aws_route",
      "name": "private_nat_gateway",
      "provider": "provider[\"registry.terraform.io/hashicorp/aws\"]",
      "instances": [
        {
          "index_key": 0,
          "schema_version": 0,
          "attributes": {
            "carrier_gateway_id": "",
            "core_network_arn": "",
            "destination_cidr_block": "0.0.0.0/0",
            "destination_ipv6_cidr_block": "",
            "destination_prefix_list_id": "",
            "egress_only_gateway_id": "",
            "gateway_id": "",
            "id": "r-rtb-022d614b59296490b1080289494",
            "instance_id": "",
            "instance_owner_id": "",
            "local_gateway_id": "",
            "nat_gateway_id": "nat-0f718026c5e109e48",
            "network_interface_id": "",
            "origin": "CreateRoute",
            "route_table_id": "rtb-022d614b59296490b",
            "state": "active",
            "timeouts": {
              "create": "5m",
              "delete": null,
              "update": null
            },
            "transit_gateway_id": "",
            "vpc_endpoint_id": "",
            "vpc_peering_connection_id": ""
          },
          "sensitive_attributes": [],
          "private": "eyJlMmJmYjczMC1lY2FhLTExZTYtOGY4OC0zNDM2M2JjN2M0YzAiOnsiY3JlYXRlIjozMDAwMDAwMDAwMDAsImRlbGV0ZSI6MzAwMDAwMDAwMDAwLCJ1cGRhdGUiOjEyMDAwMDAwMDAwMH19",
          "dependencies": [
            "data.aws_availability_zones.available",
            "module.vpc.aws_eip.nat",
            "module.vpc.aws_internet_gateway.this",
            "module.vpc.aws_nat_gateway.this",
            "module.vpc.aws_route_table.private",
            "module.vpc.aws_subnet.public",
            "module.vpc.aws_vpc.this",
            "module.vpc.aws_vpc_ipv4_cidr_block_association.this"
          ]
        }
      ]
    },
    {
      "module": "module.vpc",
      "mode": "managed",
      "type": "aws_route",
      "name": "public_internet_gateway",
      "provider": "provider[\"registry.terraform.io/hashicorp/aws\"]",
      "instances": [
        {
          "index_key": 0,
          "schema_version": 0,
          "attributes": {
            "carrier_gateway_id": "",
            "core_network_arn": "",
            "destination_cidr_block": "0.0.0.0/0",
            "destination_ipv6_cidr_block": "",
            "destination_prefix_list_id": "",
            "egress_only_gateway_id": "",
            "gateway_id": "igw-0ecb43ec2227820ef",
            "id": "r-rtb-0d12bff8ddfd70c891080289494",
            "instance_id": "",
            "instance_owner_id": "",
            "local_gateway_id": "",
            "nat_gateway_id": "",
            "network_interface_id": "",
            "origin": "CreateRoute",
            "route_table_id": "rtb-0d12bff8ddfd70c89",
            "state": "active",
            "timeouts": {
              "create": "5m",
              "delete": null,
              "update": null
            },
            "transit_gateway_id": "",
            "vpc_endpoint_id": "",
            "vpc_peering_connection_id": ""
          },
          "sensitive_attributes": [],
          "private": "eyJlMmJmYjczMC1lY2FhLTExZTYtOGY4OC0zNDM2M2JjN2M0YzAiOnsiY3JlYXRlIjozMDAwMDAwMDAwMDAsImRlbGV0ZSI6MzAwMDAwMDAwMDAwLCJ1cGRhdGUiOjEyMDAwMDAwMDAwMH19",
          "dependencies": [
            "data.aws_availability_zones.available",
            "module.vpc.aws_internet_gateway.this",
            "module.vpc.aws_route_table.public",
            "module.vpc.aws_vpc.this",
            "module.vpc.aws_vpc_ipv4_cidr_block_association.this"
          ]
        }
      ]
    },
    {
      "module": "module.vpc",
      "mode": "managed",
      "type": "aws_route_table",
      "name": "private",
      "provider": "provider[\"registry.terraform.io/hashicorp/aws\"]",
      "instances": [
        {
          "index_key": 0,
          "schema_version": 0,
          "attributes": {
            "arn": "arn:aws:ec2:eu-west-1:889947746832:route-table/rtb-022d614b59296490b",
            "id": "rtb-022d614b59296490b",
            "owner_id": "889947746832",
            "propagating_vgws": [],
            "route": [
              {
                "carrier_gateway_id": "",
                "cidr_block": "0.0.0.0/0",
                "core_network_arn": "",
                "destination_prefix_list_id": "",
                "egress_only_gateway_id": "",
                "gateway_id": "",
                "ipv6_cidr_block": "",
                "local_gateway_id": "",
                "nat_gateway_id": "nat-0f718026c5e109e48",
                "network_interface_id": "",
                "transit_gateway_id": "",
                "vpc_endpoint_id": "",
                "vpc_peering_connection_id": ""
              }
            ],
            "tags": {
              "Blueprint": "aerospike-on-eks",
              "GithubRepo": "github.com/awslabs/data-on-eks",
              "Name": "aerospike-on-eks-private"
            },
            "tags_all": {
              "Blueprint": "aerospike-on-eks",
              "GithubRepo": "github.com/awslabs/data-on-eks",
              "Name": "aerospike-on-eks-private"
            },
            "timeouts": null,
            "vpc_id": "vpc-053f5aad5581eaead"
          },
          "sensitive_attributes": [],
          "private": "eyJlMmJmYjczMC1lY2FhLTExZTYtOGY4OC0zNDM2M2JjN2M0YzAiOnsiY3JlYXRlIjozMDAwMDAwMDAwMDAsImRlbGV0ZSI6MzAwMDAwMDAwMDAwLCJ1cGRhdGUiOjEyMDAwMDAwMDAwMH19",
          "dependencies": [
            "data.aws_availability_zones.available",
            "module.vpc.aws_vpc.this",
            "module.vpc.aws_vpc_ipv4_cidr_block_association.this"
          ]
        }
      ]
    },
    {
      "module": "module.vpc",
      "mode": "managed",
      "type": "aws_route_table",
      "name": "public",
      "provider": "provider[\"registry.terraform.io/hashicorp/aws\"]",
      "instances": [
        {
          "index_key": 0,
          "schema_version": 0,
          "attributes": {
            "arn": "arn:aws:ec2:eu-west-1:889947746832:route-table/rtb-0d12bff8ddfd70c89",
            "id": "rtb-0d12bff8ddfd70c89",
            "owner_id": "889947746832",
            "propagating_vgws": [],
            "route": [
              {
                "carrier_gateway_id": "",
                "cidr_block": "0.0.0.0/0",
                "core_network_arn": "",
                "destination_prefix_list_id": "",
                "egress_only_gateway_id": "",
                "gateway_id": "igw-0ecb43ec2227820ef",
                "ipv6_cidr_block": "",
                "local_gateway_id": "",
                "nat_gateway_id": "",
                "network_interface_id": "",
                "transit_gateway_id": "",
                "vpc_endpoint_id": "",
                "vpc_peering_connection_id": ""
              }
            ],
            "tags": {
              "Blueprint": "aerospike-on-eks",
              "GithubRepo": "github.com/awslabs/data-on-eks",
              "Name": "aerospike-on-eks-public"
            },
            "tags_all": {
              "Blueprint": "aerospike-on-eks",
              "GithubRepo": "github.com/awslabs/data-on-eks",
              "Name": "aerospike-on-eks-public"
            },
            "timeouts": null,
            "vpc_id": "vpc-053f5aad5581eaead"
          },
          "sensitive_attributes": [],
          "private": "eyJlMmJmYjczMC1lY2FhLTExZTYtOGY4OC0zNDM2M2JjN2M0YzAiOnsiY3JlYXRlIjozMDAwMDAwMDAwMDAsImRlbGV0ZSI6MzAwMDAwMDAwMDAwLCJ1cGRhdGUiOjEyMDAwMDAwMDAwMH19",
          "dependencies": [
            "data.aws_availability_zones.available",
            "module.vpc.aws_vpc.this",
            "module.vpc.aws_vpc_ipv4_cidr_block_association.this"
          ]
        }
      ]
    },
    {
      "module": "module.vpc",
      "mode": "managed",
      "type": "aws_route_table_association",
      "name": "private",
      "provider": "provider[\"registry.terraform.io/hashicorp/aws\"]",
      "instances": [
        {
          "index_key": 0,
          "schema_version": 0,
          "attributes": {
            "gateway_id": "",
            "id": "rtbassoc-0c344768a8c574e95",
            "route_table_id": "rtb-022d614b59296490b",
            "subnet_id": "subnet-034ef0aca9ed6dc07",
            "timeouts": null
          },
          "sensitive_attributes": [],
          "private": "eyJlMmJmYjczMC1lY2FhLTExZTYtOGY4OC0zNDM2M2JjN2M0YzAiOnsiY3JlYXRlIjozMDAwMDAwMDAwMDAsImRlbGV0ZSI6MzAwMDAwMDAwMDAwLCJ1cGRhdGUiOjEyMDAwMDAwMDAwMH19",
          "dependencies": [
            "data.aws_availability_zones.available",
            "module.vpc.aws_route_table.private",
            "module.vpc.aws_subnet.private",
            "module.vpc.aws_vpc.this",
            "module.vpc.aws_vpc_ipv4_cidr_block_association.this"
          ]
        },
        {
          "index_key": 1,
          "schema_version": 0,
          "attributes": {
            "gateway_id": "",
            "id": "rtbassoc-081ebb0beb98908aa",
            "route_table_id": "rtb-022d614b59296490b",
            "subnet_id": "subnet-0360ba0721a4da589",
            "timeouts": null
          },
          "sensitive_attributes": [],
          "private": "eyJlMmJmYjczMC1lY2FhLTExZTYtOGY4OC0zNDM2M2JjN2M0YzAiOnsiY3JlYXRlIjozMDAwMDAwMDAwMDAsImRlbGV0ZSI6MzAwMDAwMDAwMDAwLCJ1cGRhdGUiOjEyMDAwMDAwMDAwMH19",
          "dependencies": [
            "data.aws_availability_zones.available",
            "module.vpc.aws_route_table.private",
            "module.vpc.aws_subnet.private",
            "module.vpc.aws_vpc.this",
            "module.vpc.aws_vpc_ipv4_cidr_block_association.this"
          ]
        },
        {
          "index_key": 2,
          "schema_version": 0,
          "attributes": {
            "gateway_id": "",
            "id": "rtbassoc-014fa6f5eb564066b",
            "route_table_id": "rtb-022d614b59296490b",
            "subnet_id": "subnet-04da6bd033646a40f",
            "timeouts": null
          },
          "sensitive_attributes": [],
          "private": "eyJlMmJmYjczMC1lY2FhLTExZTYtOGY4OC0zNDM2M2JjN2M0YzAiOnsiY3JlYXRlIjozMDAwMDAwMDAwMDAsImRlbGV0ZSI6MzAwMDAwMDAwMDAwLCJ1cGRhdGUiOjEyMDAwMDAwMDAwMH19",
          "dependencies": [
            "data.aws_availability_zones.available",
            "module.vpc.aws_route_table.private",
            "module.vpc.aws_subnet.private",
            "module.vpc.aws_vpc.this",
            "module.vpc.aws_vpc_ipv4_cidr_block_association.this"
          ]
        }
      ]
    },
    {
      "module": "module.vpc",
      "mode": "managed",
      "type": "aws_route_table_association",
      "name": "public",
      "provider": "provider[\"registry.terraform.io/hashicorp/aws\"]",
      "instances": [
        {
          "index_key": 0,
          "schema_version": 0,
          "attributes": {
            "gateway_id": "",
            "id": "rtbassoc-0f7ccdc701d82f4d1",
            "route_table_id": "rtb-0d12bff8ddfd70c89",
            "subnet_id": "subnet-01423a4e818e71fbc",
            "timeouts": null
          },
          "sensitive_attributes": [],
          "private": "eyJlMmJmYjczMC1lY2FhLTExZTYtOGY4OC0zNDM2M2JjN2M0YzAiOnsiY3JlYXRlIjozMDAwMDAwMDAwMDAsImRlbGV0ZSI6MzAwMDAwMDAwMDAwLCJ1cGRhdGUiOjEyMDAwMDAwMDAwMH19",
          "dependencies": [
            "data.aws_availability_zones.available",
            "module.vpc.aws_route_table.public",
            "module.vpc.aws_subnet.public",
            "module.vpc.aws_vpc.this",
            "module.vpc.aws_vpc_ipv4_cidr_block_association.this"
          ]
        },
        {
          "index_key": 1,
          "schema_version": 0,
          "attributes": {
            "gateway_id": "",
            "id": "rtbassoc-0e7d6df7da70911c7",
            "route_table_id": "rtb-0d12bff8ddfd70c89",
            "subnet_id": "subnet-0d90a5b847a67c5bb",
            "timeouts": null
          },
          "sensitive_attributes": [],
          "private": "eyJlMmJmYjczMC1lY2FhLTExZTYtOGY4OC0zNDM2M2JjN2M0YzAiOnsiY3JlYXRlIjozMDAwMDAwMDAwMDAsImRlbGV0ZSI6MzAwMDAwMDAwMDAwLCJ1cGRhdGUiOjEyMDAwMDAwMDAwMH19",
          "dependencies": [
            "data.aws_availability_zones.available",
            "module.vpc.aws_route_table.public",
            "module.vpc.aws_subnet.public",
            "module.vpc.aws_vpc.this",
            "module.vpc.aws_vpc_ipv4_cidr_block_association.this"
          ]
        },
        {
          "index_key": 2,
          "schema_version": 0,
          "attributes": {
            "gateway_id": "",
            "id": "rtbassoc-00968795920c1c06e",
            "route_table_id": "rtb-0d12bff8ddfd70c89",
            "subnet_id": "subnet-0627ccddaa53e2fb0",
            "timeouts": null
          },
          "sensitive_attributes": [],
          "private": "eyJlMmJmYjczMC1lY2FhLTExZTYtOGY4OC0zNDM2M2JjN2M0YzAiOnsiY3JlYXRlIjozMDAwMDAwMDAwMDAsImRlbGV0ZSI6MzAwMDAwMDAwMDAwLCJ1cGRhdGUiOjEyMDAwMDAwMDAwMH19",
          "dependencies": [
            "data.aws_availability_zones.available",
            "module.vpc.aws_route_table.public",
            "module.vpc.aws_subnet.public",
            "module.vpc.aws_vpc.this",
            "module.vpc.aws_vpc_ipv4_cidr_block_association.this"
          ]
        }
      ]
    },
    {
      "module": "module.vpc",
      "mode": "managed",
      "type": "aws_subnet",
      "name": "private",
      "provider": "provider[\"registry.terraform.io/hashicorp/aws\"]",
      "instances": [
        {
          "index_key": 0,
          "schema_version": 1,
          "attributes": {
            "arn": "arn:aws:ec2:eu-west-1:889947746832:subnet/subnet-034ef0aca9ed6dc07",
            "assign_ipv6_address_on_creation": false,
            "availability_zone": "eu-west-1a",
            "availability_zone_id": "euw1-az1",
            "cidr_block": "10.1.0.0/24",
            "customer_owned_ipv4_pool": "",
            "enable_dns64": false,
            "enable_lni_at_device_index": 0,
            "enable_resource_name_dns_a_record_on_launch": false,
            "enable_resource_name_dns_aaaa_record_on_launch": false,
            "id": "subnet-034ef0aca9ed6dc07",
            "ipv6_cidr_block": "",
            "ipv6_cidr_block_association_id": "",
            "ipv6_native": false,
            "map_customer_owned_ip_on_launch": false,
            "map_public_ip_on_launch": false,
            "outpost_arn": "",
            "owner_id": "889947746832",
            "private_dns_hostname_type_on_launch": "ip-name",
            "tags": {
              "Blueprint": "aerospike-on-eks",
              "GithubRepo": "github.com/awslabs/data-on-eks",
              "Name": "aerospike-on-eks-private-eu-west-1a",
              "karpenter.sh/discovery": "aerospike-on-eks",
              "kubernetes.io/role/internal-elb": "1"
            },
            "tags_all": {
              "Blueprint": "aerospike-on-eks",
              "GithubRepo": "github.com/awslabs/data-on-eks",
              "Name": "aerospike-on-eks-private-eu-west-1a",
              "karpenter.sh/discovery": "aerospike-on-eks",
              "kubernetes.io/role/internal-elb": "1"
            },
            "timeouts": null,
            "vpc_id": "vpc-053f5aad5581eaead"
          },
          "sensitive_attributes": [],
          "private": "eyJlMmJmYjczMC1lY2FhLTExZTYtOGY4OC0zNDM2M2JjN2M0YzAiOnsiY3JlYXRlIjo2MDAwMDAwMDAwMDAsImRlbGV0ZSI6MTIwMDAwMDAwMDAwMH0sInNjaGVtYV92ZXJzaW9uIjoiMSJ9",
          "dependencies": [
            "data.aws_availability_zones.available",
            "module.vpc.aws_vpc.this",
            "module.vpc.aws_vpc_ipv4_cidr_block_association.this"
          ],
          "create_before_destroy": true
        },
        {
          "index_key": 1,
          "schema_version": 1,
          "attributes": {
            "arn": "arn:aws:ec2:eu-west-1:889947746832:subnet/subnet-0360ba0721a4da589",
            "assign_ipv6_address_on_creation": false,
            "availability_zone": "eu-west-1b",
            "availability_zone_id": "euw1-az2",
            "cidr_block": "10.1.1.0/24",
            "customer_owned_ipv4_pool": "",
            "enable_dns64": false,
            "enable_lni_at_device_index": 0,
            "enable_resource_name_dns_a_record_on_launch": false,
            "enable_resource_name_dns_aaaa_record_on_launch": false,
            "id": "subnet-0360ba0721a4da589",
            "ipv6_cidr_block": "",
            "ipv6_cidr_block_association_id": "",
            "ipv6_native": false,
            "map_customer_owned_ip_on_launch": false,
            "map_public_ip_on_launch": false,
            "outpost_arn": "",
            "owner_id": "889947746832",
            "private_dns_hostname_type_on_launch": "ip-name",
            "tags": {
              "Blueprint": "aerospike-on-eks",
              "GithubRepo": "github.com/awslabs/data-on-eks",
              "Name": "aerospike-on-eks-private-eu-west-1b",
              "karpenter.sh/discovery": "aerospike-on-eks",
              "kubernetes.io/role/internal-elb": "1"
            },
            "tags_all": {
              "Blueprint": "aerospike-on-eks",
              "GithubRepo": "github.com/awslabs/data-on-eks",
              "Name": "aerospike-on-eks-private-eu-west-1b",
              "karpenter.sh/discovery": "aerospike-on-eks",
              "kubernetes.io/role/internal-elb": "1"
            },
            "timeouts": null,
            "vpc_id": "vpc-053f5aad5581eaead"
          },
          "sensitive_attributes": [],
          "private": "eyJlMmJmYjczMC1lY2FhLTExZTYtOGY4OC0zNDM2M2JjN2M0YzAiOnsiY3JlYXRlIjo2MDAwMDAwMDAwMDAsImRlbGV0ZSI6MTIwMDAwMDAwMDAwMH0sInNjaGVtYV92ZXJzaW9uIjoiMSJ9",
          "dependencies": [
            "data.aws_availability_zones.available",
            "module.vpc.aws_vpc.this",
            "module.vpc.aws_vpc_ipv4_cidr_block_association.this"
          ],
          "create_before_destroy": true
        },
        {
          "index_key": 2,
          "schema_version": 1,
          "attributes": {
            "arn": "arn:aws:ec2:eu-west-1:889947746832:subnet/subnet-04da6bd033646a40f",
            "assign_ipv6_address_on_creation": false,
            "availability_zone": "eu-west-1c",
            "availability_zone_id": "euw1-az3",
            "cidr_block": "10.1.2.0/24",
            "customer_owned_ipv4_pool": "",
            "enable_dns64": false,
            "enable_lni_at_device_index": 0,
            "enable_resource_name_dns_a_record_on_launch": false,
            "enable_resource_name_dns_aaaa_record_on_launch": false,
            "id": "subnet-04da6bd033646a40f",
            "ipv6_cidr_block": "",
            "ipv6_cidr_block_association_id": "",
            "ipv6_native": false,
            "map_customer_owned_ip_on_launch": false,
            "map_public_ip_on_launch": false,
            "outpost_arn": "",
            "owner_id": "889947746832",
            "private_dns_hostname_type_on_launch": "ip-name",
            "tags": {
              "Blueprint": "aerospike-on-eks",
              "GithubRepo": "github.com/awslabs/data-on-eks",
              "Name": "aerospike-on-eks-private-eu-west-1c",
              "karpenter.sh/discovery": "aerospike-on-eks",
              "kubernetes.io/role/internal-elb": "1"
            },
            "tags_all": {
              "Blueprint": "aerospike-on-eks",
              "GithubRepo": "github.com/awslabs/data-on-eks",
              "Name": "aerospike-on-eks-private-eu-west-1c",
              "karpenter.sh/discovery": "aerospike-on-eks",
              "kubernetes.io/role/internal-elb": "1"
            },
            "timeouts": null,
            "vpc_id": "vpc-053f5aad5581eaead"
          },
          "sensitive_attributes": [],
          "private": "eyJlMmJmYjczMC1lY2FhLTExZTYtOGY4OC0zNDM2M2JjN2M0YzAiOnsiY3JlYXRlIjo2MDAwMDAwMDAwMDAsImRlbGV0ZSI6MTIwMDAwMDAwMDAwMH0sInNjaGVtYV92ZXJzaW9uIjoiMSJ9",
          "dependencies": [
            "data.aws_availability_zones.available",
            "module.vpc.aws_vpc.this",
            "module.vpc.aws_vpc_ipv4_cidr_block_association.this"
          ],
          "create_before_destroy": true
        }
      ]
    },
    {
      "module": "module.vpc",
      "mode": "managed",
      "type": "aws_subnet",
      "name": "public",
      "provider": "provider[\"registry.terraform.io/hashicorp/aws\"]",
      "instances": [
        {
          "index_key": 0,
          "schema_version": 1,
          "attributes": {
            "arn": "arn:aws:ec2:eu-west-1:889947746832:subnet/subnet-01423a4e818e71fbc",
            "assign_ipv6_address_on_creation": false,
            "availability_zone": "eu-west-1a",
            "availability_zone_id": "euw1-az1",
            "cidr_block": "10.1.10.0/24",
            "customer_owned_ipv4_pool": "",
            "enable_dns64": false,
            "enable_lni_at_device_index": 0,
            "enable_resource_name_dns_a_record_on_launch": false,
            "enable_resource_name_dns_aaaa_record_on_launch": false,
            "id": "subnet-01423a4e818e71fbc",
            "ipv6_cidr_block": "",
            "ipv6_cidr_block_association_id": "",
            "ipv6_native": false,
            "map_customer_owned_ip_on_launch": false,
            "map_public_ip_on_launch": false,
            "outpost_arn": "",
            "owner_id": "889947746832",
            "private_dns_hostname_type_on_launch": "ip-name",
            "tags": {
              "Blueprint": "aerospike-on-eks",
              "GithubRepo": "github.com/awslabs/data-on-eks",
              "Name": "aerospike-on-eks-public-eu-west-1a",
              "kubernetes.io/role/elb": "1"
            },
            "tags_all": {
              "Blueprint": "aerospike-on-eks",
              "GithubRepo": "github.com/awslabs/data-on-eks",
              "Name": "aerospike-on-eks-public-eu-west-1a",
              "kubernetes.io/role/elb": "1"
            },
            "timeouts": null,
            "vpc_id": "vpc-053f5aad5581eaead"
          },
          "sensitive_attributes": [],
          "private": "eyJlMmJmYjczMC1lY2FhLTExZTYtOGY4OC0zNDM2M2JjN2M0YzAiOnsiY3JlYXRlIjo2MDAwMDAwMDAwMDAsImRlbGV0ZSI6MTIwMDAwMDAwMDAwMH0sInNjaGVtYV92ZXJzaW9uIjoiMSJ9",
          "dependencies": [
            "data.aws_availability_zones.available",
            "module.vpc.aws_vpc.this",
            "module.vpc.aws_vpc_ipv4_cidr_block_association.this"
          ]
        },
        {
          "index_key": 1,
          "schema_version": 1,
          "attributes": {
            "arn": "arn:aws:ec2:eu-west-1:889947746832:subnet/subnet-0d90a5b847a67c5bb",
            "assign_ipv6_address_on_creation": false,
            "availability_zone": "eu-west-1b",
            "availability_zone_id": "euw1-az2",
            "cidr_block": "10.1.11.0/24",
            "customer_owned_ipv4_pool": "",
            "enable_dns64": false,
            "enable_lni_at_device_index": 0,
            "enable_resource_name_dns_a_record_on_launch": false,
            "enable_resource_name_dns_aaaa_record_on_launch": false,
            "id": "subnet-0d90a5b847a67c5bb",
            "ipv6_cidr_block": "",
            "ipv6_cidr_block_association_id": "",
            "ipv6_native": false,
            "map_customer_owned_ip_on_launch": false,
            "map_public_ip_on_launch": false,
            "outpost_arn": "",
            "owner_id": "889947746832",
            "private_dns_hostname_type_on_launch": "ip-name",
            "tags": {
              "Blueprint": "aerospike-on-eks",
              "GithubRepo": "github.com/awslabs/data-on-eks",
              "Name": "aerospike-on-eks-public-eu-west-1b",
              "kubernetes.io/role/elb": "1"
            },
            "tags_all": {
              "Blueprint": "aerospike-on-eks",
              "GithubRepo": "github.com/awslabs/data-on-eks",
              "Name": "aerospike-on-eks-public-eu-west-1b",
              "kubernetes.io/role/elb": "1"
            },
            "timeouts": null,
            "vpc_id": "vpc-053f5aad5581eaead"
          },
          "sensitive_attributes": [],
          "private": "eyJlMmJmYjczMC1lY2FhLTExZTYtOGY4OC0zNDM2M2JjN2M0YzAiOnsiY3JlYXRlIjo2MDAwMDAwMDAwMDAsImRlbGV0ZSI6MTIwMDAwMDAwMDAwMH0sInNjaGVtYV92ZXJzaW9uIjoiMSJ9",
          "dependencies": [
            "data.aws_availability_zones.available",
            "module.vpc.aws_vpc.this",
            "module.vpc.aws_vpc_ipv4_cidr_block_association.this"
          ]
        },
        {
          "index_key": 2,
          "schema_version": 1,
          "attributes": {
            "arn": "arn:aws:ec2:eu-west-1:889947746832:subnet/subnet-0627ccddaa53e2fb0",
            "assign_ipv6_address_on_creation": false,
            "availability_zone": "eu-west-1c",
            "availability_zone_id": "euw1-az3",
            "cidr_block": "10.1.12.0/24",
            "customer_owned_ipv4_pool": "",
            "enable_dns64": false,
            "enable_lni_at_device_index": 0,
            "enable_resource_name_dns_a_record_on_launch": false,
            "enable_resource_name_dns_aaaa_record_on_launch": false,
            "id": "subnet-0627ccddaa53e2fb0",
            "ipv6_cidr_block": "",
            "ipv6_cidr_block_association_id": "",
            "ipv6_native": false,
            "map_customer_owned_ip_on_launch": false,
            "map_public_ip_on_launch": false,
            "outpost_arn": "",
            "owner_id": "889947746832",
            "private_dns_hostname_type_on_launch": "ip-name",
            "tags": {
              "Blueprint": "aerospike-on-eks",
              "GithubRepo": "github.com/awslabs/data-on-eks",
              "Name": "aerospike-on-eks-public-eu-west-1c",
              "kubernetes.io/role/elb": "1"
            },
            "tags_all": {
              "Blueprint": "aerospike-on-eks",
              "GithubRepo": "github.com/awslabs/data-on-eks",
              "Name": "aerospike-on-eks-public-eu-west-1c",
              "kubernetes.io/role/elb": "1"
            },
            "timeouts": null,
            "vpc_id": "vpc-053f5aad5581eaead"
          },
          "sensitive_attributes": [],
          "private": "eyJlMmJmYjczMC1lY2FhLTExZTYtOGY4OC0zNDM2M2JjN2M0YzAiOnsiY3JlYXRlIjo2MDAwMDAwMDAwMDAsImRlbGV0ZSI6MTIwMDAwMDAwMDAwMH0sInNjaGVtYV92ZXJzaW9uIjoiMSJ9",
          "dependencies": [
            "data.aws_availability_zones.available",
            "module.vpc.aws_vpc.this",
            "module.vpc.aws_vpc_ipv4_cidr_block_association.this"
          ]
        }
      ]
    },
    {
      "module": "module.vpc",
      "mode": "managed",
      "type": "aws_vpc",
      "name": "this",
      "provider": "provider[\"registry.terraform.io/hashicorp/aws\"]",
      "instances": [
        {
          "index_key": 0,
          "schema_version": 1,
          "attributes": {
            "arn": "arn:aws:ec2:eu-west-1:889947746832:vpc/vpc-053f5aad5581eaead",
            "assign_generated_ipv6_cidr_block": false,
            "cidr_block": "10.1.0.0/16",
            "default_network_acl_id": "acl-0f77433268b77bdc1",
            "default_route_table_id": "rtb-0e5dd4d1fe332f1ce",
            "default_security_group_id": "sg-0967d8bd4207fc35f",
            "dhcp_options_id": "dopt-038b51cea99800409",
            "enable_dns_hostnames": true,
            "enable_dns_support": true,
            "enable_network_address_usage_metrics": false,
            "id": "vpc-053f5aad5581eaead",
            "instance_tenancy": "default",
            "ipv4_ipam_pool_id": null,
            "ipv4_netmask_length": null,
            "ipv6_association_id": "",
            "ipv6_cidr_block": "",
            "ipv6_cidr_block_network_border_group": "",
            "ipv6_ipam_pool_id": "",
            "ipv6_netmask_length": 0,
            "main_route_table_id": "rtb-0e5dd4d1fe332f1ce",
            "owner_id": "889947746832",
            "tags": {
              "Blueprint": "aerospike-on-eks",
              "GithubRepo": "github.com/awslabs/data-on-eks",
              "Name": "aerospike-on-eks"
            },
            "tags_all": {
              "Blueprint": "aerospike-on-eks",
              "GithubRepo": "github.com/awslabs/data-on-eks",
              "Name": "aerospike-on-eks"
            }
          },
          "sensitive_attributes": [],
          "private": "eyJzY2hlbWFfdmVyc2lvbiI6IjEifQ==",
          "create_before_destroy": true
        }
      ]
    }
  ],
  "check_results": [
    {
      "object_kind": "resource",
      "config_addr": "module.eks.module.eks_managed_node_group.module.user_data.null_resource.validate_cluster_service_cidr",
      "status": "pass",
      "objects": [
        {
          "object_addr": "module.eks.module.eks_managed_node_group[\"core_node_group\"].module.user_data.null_resource.validate_cluster_service_cidr",
          "status": "pass"
        }
      ]
    },
    {
      "object_kind": "resource",
      "config_addr": "module.eks.module.self_managed_node_group.module.user_data.null_resource.validate_cluster_service_cidr",
      "status": "pass",
      "objects": null
    }
  ]
}
